{
  "version": 4,
  "terraform_version": "1.15.8",
  "serial": 1221,
  "lineage": "7fbbd196-82d5-271c-7d3a-dd878bd60ec4",
  "outputs": {},
  "resources": [
    {
      "module": "module.ecr",
      "mode": "managed",
      "type": "aws_ecr_repository",
      "name": "product",
      "provider": "provider[\"registry.terraform.io/hashicorp/aws\"]",
      "instances": [
        {
          "schema_version": 0,
          "attributes": {
            "arn": "arn:aws:ecr:ap-northeast-2:076472864721:repository/apdev-product-ecr",
            "encryption_configuration": [
              {
                "encryption_type": "AES256",
                "kms_key": ""
              }
            ],
            "force_delete": null,
            "id": "apdev-product-ecr",
            "image_scanning_configuration": [
              {
                "scan_on_push": false
              }
            ],
            "image_tag_mutability": "MUTABLE",
            "image_tag_mutability_exclusion_filter": [],
            "name": "apdev-product-ecr",
            "region": "ap-northeast-2",
            "registry_id": "076472864721",
            "repository_url": "076472864721.dkr.ecr.ap-northeast-2.amazonaws.com/apdev-product-ecr",
            "tags": {
              "Name": "apdev-product-ecr"
            },
            "tags_all": {
              "Name": "apdev-product-ecr"
            },
            "timeouts": null
          },
          "sensitive_attributes": [],
          "identity_schema_version": 0,
          "identity": {
            "account_id": "076472864721",
            "name": "apdev-product-ecr",
            "region": "ap-northeast-2"
          },
          "private": "eyJlMmJmYjczMC1lY2FhLTExZTYtOGY4OC0zNDM2M2JjN2M0YzAiOnsiZGVsZXRlIjoxMjAwMDAwMDAwMDAwfX0="
        }
      ]
    },
    {
      "module": "module.ecr",
      "mode": "managed",
      "type": "aws_ecr_repository",
      "name": "stress",
      "provider": "provider[\"registry.terraform.io/hashicorp/aws\"]",
      "instances": [
        {
          "schema_version": 0,
          "attributes": {
            "arn": "arn:aws:ecr:ap-northeast-2:076472864721:repository/apdev-stress-ecr",
            "encryption_configuration": [
              {
                "encryption_type": "AES256",
                "kms_key": ""
              }
            ],
            "force_delete": null,
            "id": "apdev-stress-ecr",
            "image_scanning_configuration": [
              {
                "scan_on_push": false
              }
            ],
            "image_tag_mutability": "MUTABLE",
            "image_tag_mutability_exclusion_filter": [],
            "name": "apdev-stress-ecr",
            "region": "ap-northeast-2",
            "registry_id": "076472864721",
            "repository_url": "076472864721.dkr.ecr.ap-northeast-2.amazonaws.com/apdev-stress-ecr",
            "tags": {
              "Name": "apdev-stress-ecr"
            },
            "tags_all": {
              "Name": "apdev-stress-ecr"
            },
            "timeouts": null
          },
          "sensitive_attributes": [],
          "identity_schema_version": 0,
          "identity": {
            "account_id": "076472864721",
            "name": "apdev-stress-ecr",
            "region": "ap-northeast-2"
          },
          "private": "eyJlMmJmYjczMC1lY2FhLTExZTYtOGY4OC0zNDM2M2JjN2M0YzAiOnsiZGVsZXRlIjoxMjAwMDAwMDAwMDAwfX0="
        }
      ]
    },
    {
      "module": "module.ecr",
      "mode": "managed",
      "type": "aws_ecr_repository",
      "name": "user",
      "provider": "provider[\"registry.terraform.io/hashicorp/aws\"]",
      "instances": [
        {
          "schema_version": 0,
          "attributes": {
            "arn": "arn:aws:ecr:ap-northeast-2:076472864721:repository/apdev-user-ecr",
            "encryption_configuration": [
              {
                "encryption_type": "AES256",
                "kms_key": ""
              }
            ],
            "force_delete": null,
            "id": "apdev-user-ecr",
            "image_scanning_configuration": [
              {
                "scan_on_push": false
              }
            ],
            "image_tag_mutability": "MUTABLE",
            "image_tag_mutability_exclusion_filter": [],
            "name": "apdev-user-ecr",
            "region": "ap-northeast-2",
            "registry_id": "076472864721",
            "repository_url": "076472864721.dkr.ecr.ap-northeast-2.amazonaws.com/apdev-user-ecr",
            "tags": {
              "Name": "apdev-user-ecr"
            },
            "tags_all": {
              "Name": "apdev-user-ecr"
            },
            "timeouts": null
          },
          "sensitive_attributes": [],
          "identity_schema_version": 0,
          "identity": {
            "account_id": "076472864721",
            "name": "apdev-user-ecr",
            "region": "ap-northeast-2"
          },
          "private": "eyJlMmJmYjczMC1lY2FhLTExZTYtOGY4OC0zNDM2M2JjN2M0YzAiOnsiZGVsZXRlIjoxMjAwMDAwMDAwMDAwfX0="
        }
      ]
    },
    {
      "module": "module.file",
      "mode": "managed",
      "type": "null_resource",
      "name": "ecr",
      "provider": "provider[\"registry.terraform.io/hashicorp/null\"]",
      "instances": [
        {
          "schema_version": 0,
          "attributes": {
            "id": "6141660829624080129",
            "triggers": {
              "always_run": "2026-08-20T08:44:09Z"
            }
          },
          "sensitive_attributes": [],
          "identity_schema_version": 0,
          "dependencies": [
            "module.file.aws_s3_bucket.this",
            "module.file.random_string.this"
          ]
        }
      ]
    },
    {
      "module": "module.file",
      "mode": "managed",
      "type": "null_resource",
      "name": "eks",
      "provider": "provider[\"registry.terraform.io/hashicorp/null\"]",
      "instances": [
        {
          "schema_version": 0,
          "attributes": {
            "id": "6671348773412575332",
            "triggers": {
              "always_run": "2026-08-20T08:44:09Z"
            }
          },
          "sensitive_attributes": [],
          "identity_schema_version": 0,
          "dependencies": [
            "module.file.aws_s3_bucket.this",
            "module.file.random_string.this"
          ]
        }
      ]
    },
    {
      "module": "module.file",
      "mode": "managed",
      "type": "null_resource",
      "name": "rds",
      "provider": "provider[\"registry.terraform.io/hashicorp/null\"]",
      "instances": [
        {
          "schema_version": 0,
          "attributes": {
            "id": "8597498285504562073",
            "triggers": {
              "always_run": "2026-08-20T08:44:09Z"
            }
          },
          "sensitive_attributes": [],
          "identity_schema_version": 0,
          "dependencies": [
            "module.file.aws_s3_bucket.this",
            "module.file.random_string.this"
          ]
        }
      ]
    },
    {
      "module": "module.file",
      "mode": "managed",
      "type": "null_resource",
      "name": "scripts",
      "provider": "provider[\"registry.terraform.io/hashicorp/null\"]",
      "instances": [
        {
          "schema_version": 0,
          "attributes": {
            "id": "3031538934082215454",
            "triggers": {
              "always_run": "2026-08-20T08:44:09Z"
            }
          },
          "sensitive_attributes": [],
          "identity_schema_version": 0,
          "dependencies": [
            "module.file.aws_s3_bucket.this",
            "module.file.random_string.this"
          ]
        }
      ]
    },
    {
      "module": "module.file",
      "mode": "managed",
      "type": "random_string",
      "name": "this",
      "provider": "provider[\"registry.terraform.io/hashicorp/random\"]",
      "instances": [
        {
          "schema_version": 2,
          "attributes": {
            "id": "8803",
            "keepers": null,
            "length": 4,
            "lower": false,
            "min_lower": 0,
            "min_numeric": 0,
            "min_special": 0,
            "min_upper": 0,
            "number": true,
            "numeric": true,
            "override_special": null,
            "result": "8803",
            "special": false,
            "upper": false
          },
          "sensitive_attributes": [],
          "identity_schema_version": 0
        }
      ]
    },
    {
      "module": "module.rds",
      "mode": "managed",
      "type": "aws_db_instance",
      "name": "this",
      "provider": "provider[\"registry.terraform.io/hashicorp/aws\"]",
      "instances": [
        {
          "schema_version": 2,
          "attributes": {
            "address": "apdev-rds-instance.cvkc6u22kl99.ap-northeast-2.rds.amazonaws.com",
            "allocated_storage": 20,
            "allow_major_version_upgrade": null,
            "apply_immediately": false,
            "arn": "arn:aws:rds:ap-northeast-2:076472864721:db:apdev-rds-instance",
            "auto_minor_version_upgrade": true,
            "availability_zone": "ap-northeast-2a",
            "backup_retention_period": 0,
            "backup_target": "region",
            "backup_window": "17:20-17:50",
            "blue_green_update": [],
            "ca_cert_identifier": "rds-ca-rsa2048-g1",
            "character_set_name": "",
            "copy_tags_to_snapshot": false,
            "custom_iam_instance_profile": "",
            "customer_owned_ip_enabled": false,
            "database_insights_mode": "standard",
            "db_name": "apdev",
            "db_subnet_group_name": "apdev-db-subnet-group",
            "dedicated_log_volume": false,
            "delete_automated_backups": true,
            "deletion_protection": false,
            "domain": "",
            "domain_auth_secret_arn": "",
            "domain_dns_ips": [],
            "domain_fqdn": "",
            "domain_iam_role_name": "",
            "domain_ou": "",
            "enabled_cloudwatch_logs_exports": [
              "error",
              "general",
              "iam-db-auth-error",
              "slowquery"
            ],
            "endpoint": "apdev-rds-instance.cvkc6u22kl99.ap-northeast-2.rds.amazonaws.com:3306",
            "engine": "mysql",
            "engine_lifecycle_support": "open-source-rds-extended-support",
            "engine_version": "8.0",
            "engine_version_actual": "8.0.46",
            "final_snapshot_identifier": null,
            "hosted_zone_id": "ZLA2NUCOLGUUR",
            "iam_database_authentication_enabled": false,
            "id": "db-DG5VQGHX4K3YXXBL2R7JTAMZII",
            "identifier": "apdev-rds-instance",
            "identifier_prefix": "",
            "instance_class": "db.t3.micro",
            "iops": 3000,
            "kms_key_id": "",
            "latest_restorable_time": "",
            "license_model": "general-public-license",
            "listener_endpoint": [],
            "maintenance_window": "thu:13:38-thu:14:08",
            "manage_master_user_password": null,
            "master_user_secret": [],
            "master_user_secret_kms_key_id": null,
            "max_allocated_storage": 0,
            "monitoring_interval": 0,
            "monitoring_role_arn": "",
            "multi_az": true,
            "nchar_character_set_name": "",
            "network_type": "IPV4",
            "option_group_name": "apdev-option-group",
            "parameter_group_name": "apdev-parameter-group",
            "password": "Skill53##",
            "password_wo": null,
            "password_wo_version": null,
            "performance_insights_enabled": false,
            "performance_insights_kms_key_id": "",
            "performance_insights_retention_period": 0,
            "port": 3306,
            "publicly_accessible": false,
            "region": "ap-northeast-2",
            "replica_mode": "",
            "replicas": [],
            "replicate_source_db": "",
            "resource_id": "db-DG5VQGHX4K3YXXBL2R7JTAMZII",
            "restore_to_point_in_time": [],
            "s3_import": [],
            "skip_final_snapshot": true,
            "snapshot_identifier": null,
            "status": "available",
            "storage_encrypted": false,
            "storage_throughput": 125,
            "storage_type": "gp3",
            "tags": {
              "Name": "apdev-rds-instance"
            },
            "tags_all": {
              "Name": "apdev-rds-instance"
            },
            "timeouts": null,
            "timezone": "",
            "upgrade_rollout_order": "second",
            "upgrade_storage_config": null,
            "username": "admin",
            "vpc_security_group_ids": [
              "sg-06de76bea9c3f90f1"
            ]
          },
          "sensitive_attributes": [
            [
              {
                "type": "get_attr",
                "value": "password"
              }
            ],
            [
              {
                "type": "get_attr",
                "value": "password_wo"
              }
            ]
          ],
          "identity_schema_version": 0,
          "private": "eyJlMmJmYjczMC1lY2FhLTExZTYtOGY4OC0zNDM2M2JjN2M0YzAiOnsiY3JlYXRlIjozMDAwMDAwMDAwMDAwLCJkZWxldGUiOjM2MDAwMDAwMDAwMDAsInVwZGF0ZSI6NDgwMDAwMDAwMDAwMH0sInNjaGVtYV92ZXJzaW9uIjoiMiJ9",
          "dependencies": [
            "module.file.aws_s3_bucket.this",
            "module.file.null_resource.ecr",
            "module.file.null_resource.eks",
            "module.file.null_resource.rds",
            "module.file.null_resource.scripts",
            "module.file.random_string.this",
            "module.rds.aws_db_option_group.this",
            "module.rds.aws_db_parameter_group.this",
            "module.rds.aws_db_subnet_group.this",
            "module.rds.aws_security_group.this",
            "module.vpc.aws_subnet.private_protect_1",
            "module.vpc.aws_subnet.private_protect_2",
            "module.vpc.aws_vpc.this"
          ]
        }
      ]
    },
    {
      "module": "module.rds",
      "mode": "managed",
      "type": "aws_db_option_group",
      "name": "this",
      "provider": "provider[\"registry.terraform.io/hashicorp/aws\"]",
      "instances": [
        {
          "schema_version": 0,
          "attributes": {
            "arn": "arn:aws:rds:ap-northeast-2:076472864721:og:apdev-option-group",
            "engine_name": "mysql",
            "id": "apdev-option-group",
            "major_engine_version": "8.0",
            "name": "apdev-option-group",
            "name_prefix": "",
            "option": [],
            "option_group_description": "APDEV MySQL 8.0 option group",
            "region": "ap-northeast-2",
            "skip_destroy": false,
            "tags": {
              "Name": "apdev-option-group"
            },
            "tags_all": {
              "Name": "apdev-option-group"
            },
            "timeouts": null
          },
          "sensitive_attributes": [],
          "identity_schema_version": 0,
          "private": "eyJlMmJmYjczMC1lY2FhLTExZTYtOGY4OC0zNDM2M2JjN2M0YzAiOnsiZGVsZXRlIjo5MDAwMDAwMDAwMDB9fQ=="
        }
      ]
    },
    {
      "module": "module.rds",
      "mode": "managed",
      "type": "aws_db_parameter_group",
      "name": "this",
      "provider": "provider[\"registry.terraform.io/hashicorp/aws\"]",
      "instances": [
        {
          "schema_version": 0,
          "attributes": {
            "arn": "arn:aws:rds:ap-northeast-2:076472864721:pg:apdev-parameter-group",
            "description": "APDEV MySQL 8.0 parameter group",
            "family": "mysql8.0",
            "id": "apdev-parameter-group",
            "name": "apdev-parameter-group",
            "name_prefix": "",
            "parameter": [
              {
                "apply_method": "immediate",
                "name": "character_set_client",
                "value": "utf8mb4"
              },
              {
                "apply_method": "immediate",
                "name": "character_set_server",
                "value": "utf8mb4"
              },
              {
                "apply_method": "immediate",
                "name": "collation_server",
                "value": "utf8mb4_unicode_ci"
              },
              {
                "apply_method": "immediate",
                "name": "general_log",
                "value": "1"
              },
              {
                "apply_method": "immediate",
                "name": "log_output",
                "value": "FILE"
              },
              {
                "apply_method": "immediate",
                "name": "long_query_time",
                "value": "1"
              },
              {
                "apply_method": "immediate",
                "name": "max_connections",
                "value": "200"
              },
              {
                "apply_method": "immediate",
                "name": "slow_query_log",
                "value": "1"
              }
            ],
            "region": "ap-northeast-2",
            "skip_destroy": false,
            "tags": {
              "Name": "apdev-parameter-group"
            },
            "tags_all": {
              "Name": "apdev-parameter-group"
            }
          },
          "sensitive_attributes": [],
          "identity_schema_version": 0,
          "identity": {
            "account_id": "076472864721",
            "name": "apdev-parameter-group",
            "region": "ap-northeast-2"
          },
          "private": "bnVsbA=="
        }
      ]
    },
    {
      "module": "module.rds",
      "mode": "managed",
      "type": "aws_db_subnet_group",
      "name": "this",
      "provider": "provider[\"registry.terraform.io/hashicorp/aws\"]",
      "instances": [
        {
          "schema_version": 0,
          "attributes": {
            "arn": "arn:aws:rds:ap-northeast-2:076472864721:subgrp:apdev-db-subnet-group",
            "description": "Managed by Terraform",
            "id": "apdev-db-subnet-group",
            "name": "apdev-db-subnet-group",
            "name_prefix": "",
            "region": "ap-northeast-2",
            "subnet_ids": [
              "subnet-03cc692737fbbffed",
              "subnet-0c518a21fa92bd6e7"
            ],
            "supported_network_types": [
              "IPV4"
            ],
            "tags": {
              "Name": "apdev-db-subnet-group"
            },
            "tags_all": {
              "Name": "apdev-db-subnet-group"
            },
            "vpc_id": "vpc-081838a3e26798134"
          },
          "sensitive_attributes": [],
          "identity_schema_version": 0,
          "identity": {
            "account_id": "076472864721",
            "name": "apdev-db-subnet-group",
            "region": "ap-northeast-2"
          },
          "private": "bnVsbA==",
          "dependencies": [
            "module.file.aws_s3_bucket.this",
            "module.file.null_resource.ecr",
            "module.file.null_resource.eks",
            "module.file.null_resource.rds",
            "module.file.null_resource.scripts",
            "module.file.random_string.this",
            "module.vpc.aws_subnet.private_protect_1",
            "module.vpc.aws_subnet.private_protect_2",
            "module.vpc.aws_vpc.this"
          ]
        }
      ]
    },
    {
      "module": "module.rds",
      "mode": "managed",
      "type": "aws_security_group",
      "name": "this",
      "provider": "provider[\"registry.terraform.io/hashicorp/aws\"]",
      "instances": [
        {
          "schema_version": 1,
          "attributes": {
            "arn": "arn:aws:ec2:ap-northeast-2:076472864721:security-group/sg-06de76bea9c3f90f1",
            "description": "RDS Security Group",
            "egress": [
              {
                "cidr_blocks": [
                  "0.0.0.0/0"
                ],
                "description": "",
                "from_port": 0,
                "ipv6_cidr_blocks": [],
                "prefix_list_ids": [],
                "protocol": "-1",
                "security_groups": [],
                "self": false,
                "to_port": 0
              }
            ],
            "id": "sg-06de76bea9c3f90f1",
            "ingress": [
              {
                "cidr_blocks": [
                  "0.0.0.0/0"
                ],
                "description": "",
                "from_port": 3306,
                "ipv6_cidr_blocks": [],
                "prefix_list_ids": [],
                "protocol": "tcp",
                "security_groups": [],
                "self": false,
                "to_port": 3306
              }
            ],
            "name": "apdev-rds-sg",
            "name_prefix": "",
            "owner_id": "076472864721",
            "region": "ap-northeast-2",
            "revoke_rules_on_delete": false,
            "tags": {
              "Name": "apdev-rds-sg"
            },
            "tags_all": {
              "Name": "apdev-rds-sg"
            },
            "timeouts": null,
            "vpc_id": "vpc-081838a3e26798134"
          },
          "sensitive_attributes": [],
          "identity_schema_version": 0,
          "identity": {
            "account_id": "076472864721",
            "id": "sg-06de76bea9c3f90f1",
            "region": "ap-northeast-2"
          },
          "private": "eyJlMmJmYjczMC1lY2FhLTExZTYtOGY4OC0zNDM2M2JjN2M0YzAiOnsiY3JlYXRlIjo2MDAwMDAwMDAwMDAsImRlbGV0ZSI6OTAwMDAwMDAwMDAwfSwic2NoZW1hX3ZlcnNpb24iOiIxIn0=",
          "dependencies": [
            "module.file.aws_s3_bucket.this",
            "module.file.null_resource.ecr",
            "module.file.null_resource.eks",
            "module.file.null_resource.rds",
            "module.file.null_resource.scripts",
            "module.file.random_string.this",
            "module.vpc.aws_vpc.this"
          ]
        }
      ]
    },
    {
      "module": "module.rds",
      "mode": "managed",
      "type": "null_resource",
      "name": "init_db",
      "provider": "provider[\"registry.terraform.io/hashicorp/null\"]",
      "instances": [
        {
          "schema_version": 0,
          "attributes": {
            "id": "9067020981966163219",
            "triggers": {
              "db_endpoint": "apdev-rds-instance.cvkc6u22kl99.ap-northeast-2.rds.amazonaws.com"
            }
          },
          "sensitive_attributes": [],
          "identity_schema_version": 0,
          "dependencies": [
            "module.file.aws_s3_bucket.this",
            "module.file.null_resource.ecr",
            "module.file.null_resource.eks",
            "module.file.null_resource.rds",
            "module.file.null_resource.scripts",
            "module.file.random_string.this",
            "module.rds.aws_db_instance.this",
            "module.rds.aws_db_option_group.this",
            "module.rds.aws_db_parameter_group.this",
            "module.rds.aws_db_subnet_group.this",
            "module.rds.aws_security_group.this",
            "module.vpc.aws_subnet.private_protect_1",
            "module.vpc.aws_subnet.private_protect_2",
            "module.vpc.aws_vpc.this"
          ]
        }
      ]
    },
    {
      "module": "module.rds_proxy",
      "mode": "managed",
      "type": "aws_db_proxy",
      "name": "this",
      "provider": "provider[\"registry.terraform.io/hashicorp/aws\"]",
      "instances": [
        {
          "schema_version": 0,
          "attributes": {
            "arn": "arn:aws:rds:ap-northeast-2:076472864721:db-proxy:prx-062abdfc172357b84",
            "auth": [
              {
                "auth_scheme": "SECRETS",
                "client_password_auth_type": "MYSQL_CACHING_SHA2_PASSWORD",
                "description": "",
                "iam_auth": "DISABLED",
                "secret_arn": "arn:aws:secretsmanager:ap-northeast-2:076472864721:secret:apdev-rds-proxy-secret-JJx5O7",
                "username": ""
              }
            ],
            "debug_logging": false,
            "default_auth_scheme": "NONE",
            "endpoint": "apdev-rds-proxy.proxy-cvkc6u22kl99.ap-northeast-2.rds.amazonaws.com",
            "endpoint_network_type": "IPV4",
            "engine_family": "MYSQL",
            "id": "apdev-rds-proxy",
            "idle_client_timeout": 1800,
            "name": "apdev-rds-proxy",
            "region": "ap-northeast-2",
            "require_tls": false,
            "role_arn": "arn:aws:iam::076472864721:role/apdev-rds-proxy-role",
            "tags": {},
            "tags_all": {},
            "target_connection_network_type": "IPV4",
            "timeouts": null,
            "vpc_security_group_ids": [
              "sg-0aeae5c92160b3c2e"
            ],
            "vpc_subnet_ids": [
              "subnet-0ecc1094e55b1ed68",
              "subnet-0f9dc517b84733f5f"
            ]
          },
          "sensitive_attributes": [],
          "identity_schema_version": 0,
          "private": "eyJlMmJmYjczMC1lY2FhLTExZTYtOGY4OC0zNDM2M2JjN2M0YzAiOnsiY3JlYXRlIjoxODAwMDAwMDAwMDAwLCJkZWxldGUiOjM2MDAwMDAwMDAwMDAsInVwZGF0ZSI6MTgwMDAwMDAwMDAwMH19",
          "dependencies": [
            "module.file.aws_s3_bucket.this",
            "module.file.null_resource.ecr",
            "module.file.null_resource.eks",
            "module.file.null_resource.rds",
            "module.file.null_resource.scripts",
            "module.file.random_string.this",
            "module.rds.aws_db_instance.this",
            "module.rds.aws_db_option_group.this",
            "module.rds.aws_db_parameter_group.this",
            "module.rds.aws_db_subnet_group.this",
            "module.rds.aws_security_group.this",
            "module.rds.null_resource.init_db",
            "module.rds_proxy.aws_iam_role.this",
            "module.rds_proxy.aws_iam_role_policy.this",
            "module.rds_proxy.aws_security_group.this",
            "module.secrets_manager.aws_secretsmanager_secret.proxy",
            "module.secrets_manager.aws_secretsmanager_secret.rds",
            "module.secrets_manager.aws_secretsmanager_secret_version.proxy",
            "module.secrets_manager.aws_secretsmanager_secret_version.rds",
            "module.vpc.aws_subnet.private_1",
            "module.vpc.aws_subnet.private_2",
            "module.vpc.aws_subnet.private_protect_1",
            "module.vpc.aws_subnet.private_protect_2",
            "module.vpc.aws_subnet.public_1",
            "module.vpc.aws_subnet.public_2",
            "module.vpc.aws_vpc.this"
          ]
        }
      ]
    },
    {
      "module": "module.rds_proxy",
      "mode": "managed",
      "type": "aws_db_proxy_default_target_group",
      "name": "this",
      "provider": "provider[\"registry.terraform.io/hashicorp/aws\"]",
      "instances": [
        {
          "schema_version": 0,
          "attributes": {
            "arn": "arn:aws:rds:ap-northeast-2:076472864721:target-group:prx-tg-078125075ab105ec5",
            "connection_pool_config": [
              {
                "connection_borrow_timeout": 120,
                "init_query": "",
                "max_connections_percent": 100,
                "max_idle_connections_percent": 50,
                "session_pinning_filters": []
              }
            ],
            "db_proxy_name": "apdev-rds-proxy",
            "id": "apdev-rds-proxy",
            "name": "default",
            "region": "ap-northeast-2",
            "timeouts": null
          },
          "sensitive_attributes": [],
          "identity_schema_version": 0,
          "private": "eyJlMmJmYjczMC1lY2FhLTExZTYtOGY4OC0zNDM2M2JjN2M0YzAiOnsiY3JlYXRlIjoxODAwMDAwMDAwMDAwLCJ1cGRhdGUiOjE4MDAwMDAwMDAwMDB9fQ==",
          "dependencies": [
            "module.file.aws_s3_bucket.this",
            "module.file.null_resource.ecr",
            "module.file.null_resource.eks",
            "module.file.null_resource.rds",
            "module.file.null_resource.scripts",
            "module.file.random_string.this",
            "module.rds.aws_db_instance.this",
            "module.rds.aws_db_option_group.this",
            "module.rds.aws_db_parameter_group.this",
            "module.rds.aws_db_subnet_group.this",
            "module.rds.aws_security_group.this",
            "module.rds.null_resource.init_db",
            "module.rds_proxy.aws_db_proxy.this",
            "module.rds_proxy.aws_iam_role.this",
            "module.rds_proxy.aws_iam_role_policy.this",
            "module.rds_proxy.aws_security_group.this",
            "module.secrets_manager.aws_secretsmanager_secret.proxy",
            "module.secrets_manager.aws_secretsmanager_secret.rds",
            "module.secrets_manager.aws_secretsmanager_secret_version.proxy",
            "module.secrets_manager.aws_secretsmanager_secret_version.rds",
            "module.vpc.aws_subnet.private_1",
            "module.vpc.aws_subnet.private_2",
            "module.vpc.aws_subnet.private_protect_1",
            "module.vpc.aws_subnet.private_protect_2",
            "module.vpc.aws_subnet.public_1",
            "module.vpc.aws_subnet.public_2",
            "module.vpc.aws_vpc.this"
          ]
        }
      ]
    },
    {
      "module": "module.rds_proxy",
      "mode": "managed",
      "type": "aws_db_proxy_target",
      "name": "this",
      "provider": "provider[\"registry.terraform.io/hashicorp/aws\"]",
      "instances": [
        {
          "schema_version": 0,
          "attributes": {
            "db_cluster_identifier": null,
            "db_instance_identifier": "apdev-rds-instance",
            "db_proxy_name": "apdev-rds-proxy",
            "endpoint": "apdev-rds-instance.cvkc6u22kl99.ap-northeast-2.rds.amazonaws.com",
            "id": "apdev-rds-proxy/default/RDS_INSTANCE/apdev-rds-instance",
            "port": 3306,
            "rds_resource_id": "apdev-rds-instance",
            "region": "ap-northeast-2",
            "target_arn": "",
            "target_group_name": "default",
            "tracked_cluster_id": "",
            "type": "RDS_INSTANCE"
          },
          "sensitive_attributes": [],
          "identity_schema_version": 0,
          "private": "bnVsbA==",
          "dependencies": [
            "module.file.aws_s3_bucket.this",
            "module.file.null_resource.ecr",
            "module.file.null_resource.eks",
            "module.file.null_resource.rds",
            "module.file.null_resource.scripts",
            "module.file.random_string.this",
            "module.rds.aws_db_instance.this",
            "module.rds.aws_db_option_group.this",
            "module.rds.aws_db_parameter_group.this",
            "module.rds.aws_db_subnet_group.this",
            "module.rds.aws_security_group.this",
            "module.rds.null_resource.init_db",
            "module.rds_proxy.aws_db_proxy.this",
            "module.rds_proxy.aws_db_proxy_default_target_group.this",
            "module.rds_proxy.aws_iam_role.this",
            "module.rds_proxy.aws_iam_role_policy.this",
            "module.rds_proxy.aws_security_group.this",
            "module.secrets_manager.aws_secretsmanager_secret.proxy",
            "module.secrets_manager.aws_secretsmanager_secret.rds",
            "module.secrets_manager.aws_secretsmanager_secret_version.proxy",
            "module.secrets_manager.aws_secretsmanager_secret_version.rds",
            "module.vpc.aws_subnet.private_1",
            "module.vpc.aws_subnet.private_2",
            "module.vpc.aws_subnet.private_protect_1",
            "module.vpc.aws_subnet.private_protect_2",
            "module.vpc.aws_subnet.public_1",
            "module.vpc.aws_subnet.public_2",
            "module.vpc.aws_vpc.this"
          ]
        }
      ]
    },
    {
      "module": "module.rds_proxy",
      "mode": "managed",
      "type": "aws_iam_role",
      "name": "this",
      "provider": "provider[\"registry.terraform.io/hashicorp/aws\"]",
      "instances": [
        {
          "schema_version": 0,
          "attributes": {
            "arn": "arn:aws:iam::076472864721:role/apdev-rds-proxy-role",
            "assume_role_policy": "{\"Statement\":[{\"Action\":\"sts:AssumeRole\",\"Effect\":\"Allow\",\"Principal\":{\"Service\":\"rds.amazonaws.com\"}}],\"Version\":\"2012-10-17\"}",
            "create_date": "2026-08-20T09:00:23Z",
            "description": "",
            "force_detach_policies": false,
            "id": "apdev-rds-proxy-role",
            "inline_policy": [
              {
                "name": "apdev-rds-proxy-policy",
                "policy": "{\"Version\":\"2012-10-17\",\"Statement\":[{\"Action\":[\"secretsmanager:GetSecretValue\"],\"Effect\":\"Allow\",\"Resource\":\"arn:aws:secretsmanager:ap-northeast-2:076472864721:secret:apdev-rds-proxy-secret-JJx5O7\"}]}"
              }
            ],
            "managed_policy_arns": [],
            "max_session_duration": 3600,
            "name": "apdev-rds-proxy-role",
            "name_prefix": "",
            "path": "/",
            "permissions_boundary": "",
            "tags": {},
            "tags_all": {},
            "unique_id": "AROARDTRDJ7I5LBZBBRA6"
          },
          "sensitive_attributes": [],
          "identity_schema_version": 0,
          "identity": {
            "account_id": "076472864721",
            "name": "apdev-rds-proxy-role"
          },
          "private": "bnVsbA==",
          "dependencies": [
            "module.file.aws_s3_bucket.this",
            "module.file.null_resource.ecr",
            "module.file.null_resource.eks",
            "module.file.null_resource.rds",
            "module.file.null_resource.scripts",
            "module.file.random_string.this",
            "module.rds.aws_db_instance.this",
            "module.rds.aws_db_option_group.this",
            "module.rds.aws_db_parameter_group.this",
            "module.rds.aws_db_subnet_group.this",
            "module.rds.aws_security_group.this",
            "module.rds.null_resource.init_db",
            "module.secrets_manager.aws_secretsmanager_secret.proxy",
            "module.secrets_manager.aws_secretsmanager_secret.rds",
            "module.secrets_manager.aws_secretsmanager_secret_version.proxy",
            "module.secrets_manager.aws_secretsmanager_secret_version.rds",
            "module.vpc.aws_subnet.private_protect_1",
            "module.vpc.aws_subnet.private_protect_2",
            "module.vpc.aws_subnet.public_1",
            "module.vpc.aws_subnet.public_2",
            "module.vpc.aws_vpc.this"
          ]
        }
      ]
    },
    {
      "module": "module.rds_proxy",
      "mode": "managed",
      "type": "aws_iam_role_policy",
      "name": "this",
      "provider": "provider[\"registry.terraform.io/hashicorp/aws\"]",
      "instances": [
        {
          "schema_version": 0,
          "attributes": {
            "id": "apdev-rds-proxy-role:apdev-rds-proxy-policy",
            "name": "apdev-rds-proxy-policy",
            "name_prefix": "",
            "policy": "{\"Version\":\"2012-10-17\",\"Statement\":[{\"Action\":[\"secretsmanager:GetSecretValue\"],\"Effect\":\"Allow\",\"Resource\":\"arn:aws:secretsmanager:ap-northeast-2:076472864721:secret:apdev-rds-proxy-secret-JJx5O7\"}]}",
            "role": "apdev-rds-proxy-role"
          },
          "sensitive_attributes": [],
          "identity_schema_version": 0,
          "identity": {
            "account_id": "076472864721",
            "name": "apdev-rds-proxy-policy",
            "role": "apdev-rds-proxy-role"
          },
          "private": "bnVsbA==",
          "dependencies": [
            "module.file.aws_s3_bucket.this",
            "module.file.null_resource.ecr",
            "module.file.null_resource.eks",
            "module.file.null_resource.rds",
            "module.file.null_resource.scripts",
            "module.file.random_string.this",
            "module.rds.aws_db_instance.this",
            "module.rds.aws_db_option_group.this",
            "module.rds.aws_db_parameter_group.this",
            "module.rds.aws_db_subnet_group.this",
            "module.rds.aws_security_group.this",
            "module.rds.null_resource.init_db",
            "module.rds_proxy.aws_iam_role.this",
            "module.secrets_manager.aws_secretsmanager_secret.proxy",
            "module.secrets_manager.aws_secretsmanager_secret.rds",
            "module.secrets_manager.aws_secretsmanager_secret_version.proxy",
            "module.secrets_manager.aws_secretsmanager_secret_version.rds",
            "module.vpc.aws_subnet.private_protect_1",
            "module.vpc.aws_subnet.private_protect_2",
            "module.vpc.aws_subnet.public_1",
            "module.vpc.aws_subnet.public_2",
            "module.vpc.aws_vpc.this"
          ]
        }
      ]
    },
    {
      "module": "module.rds_proxy",
      "mode": "managed",
      "type": "aws_security_group",
      "name": "this",
      "provider": "provider[\"registry.terraform.io/hashicorp/aws\"]",
      "instances": [
        {
          "schema_version": 1,
          "attributes": {
            "arn": "arn:aws:ec2:ap-northeast-2:076472864721:security-group/sg-0aeae5c92160b3c2e",
            "description": "RDS Proxy Security Group",
            "egress": [
              {
                "cidr_blocks": [
                  "0.0.0.0/0"
                ],
                "description": "",
                "from_port": 0,
                "ipv6_cidr_blocks": [],
                "prefix_list_ids": [],
                "protocol": "-1",
                "security_groups": [],
                "self": false,
                "to_port": 0
              }
            ],
            "id": "sg-0aeae5c92160b3c2e",
            "ingress": [
              {
                "cidr_blocks": [
                  "0.0.0.0/0"
                ],
                "description": "",
                "from_port": 3306,
                "ipv6_cidr_blocks": [],
                "prefix_list_ids": [],
                "protocol": "tcp",
                "security_groups": [],
                "self": false,
                "to_port": 3306
              }
            ],
            "name": "apdev-rds-proxy-sg",
            "name_prefix": "",
            "owner_id": "076472864721",
            "region": "ap-northeast-2",
            "revoke_rules_on_delete": false,
            "tags": {
              "Name": "apdev-rds-proxy-sg"
            },
            "tags_all": {
              "Name": "apdev-rds-proxy-sg"
            },
            "timeouts": null,
            "vpc_id": "vpc-081838a3e26798134"
          },
          "sensitive_attributes": [],
          "identity_schema_version": 0,
          "identity": {
            "account_id": "076472864721",
            "id": "sg-0aeae5c92160b3c2e",
            "region": "ap-northeast-2"
          },
          "private": "eyJlMmJmYjczMC1lY2FhLTExZTYtOGY4OC0zNDM2M2JjN2M0YzAiOnsiY3JlYXRlIjo2MDAwMDAwMDAwMDAsImRlbGV0ZSI6OTAwMDAwMDAwMDAwfSwic2NoZW1hX3ZlcnNpb24iOiIxIn0=",
          "dependencies": [
            "module.file.aws_s3_bucket.this",
            "module.file.null_resource.ecr",
            "module.file.null_resource.eks",
            "module.file.null_resource.rds",
            "module.file.null_resource.scripts",
            "module.file.random_string.this",
            "module.rds.aws_db_instance.this",
            "module.rds.aws_db_option_group.this",
            "module.rds.aws_db_parameter_group.this",
            "module.rds.aws_db_subnet_group.this",
            "module.rds.aws_security_group.this",
            "module.rds.null_resource.init_db",
            "module.secrets_manager.aws_secretsmanager_secret.proxy",
            "module.secrets_manager.aws_secretsmanager_secret.rds",
            "module.secrets_manager.aws_secretsmanager_secret_version.proxy",
            "module.secrets_manager.aws_secretsmanager_secret_version.rds",
            "module.vpc.aws_subnet.private_protect_1",
            "module.vpc.aws_subnet.private_protect_2",
            "module.vpc.aws_subnet.public_1",
            "module.vpc.aws_subnet.public_2",
            "module.vpc.aws_vpc.this"
          ]
        }
      ]
    },
    {
      "module": "module.secrets_manager",
      "mode": "managed",
      "type": "aws_secretsmanager_secret",
      "name": "proxy",
      "provider": "provider[\"registry.terraform.io/hashicorp/aws\"]",
      "instances": [
        {
          "schema_version": 0,
          "attributes": {
            "arn": "arn:aws:secretsmanager:ap-northeast-2:076472864721:secret:apdev-rds-proxy-secret-JJx5O7",
            "description": "",
            "force_overwrite_replica_secret": false,
            "id": "arn:aws:secretsmanager:ap-northeast-2:076472864721:secret:apdev-rds-proxy-secret-JJx5O7",
            "kms_key_id": "",
            "name": "apdev-rds-proxy-secret",
            "name_prefix": "",
            "policy": "",
            "recovery_window_in_days": 0,
            "region": "ap-northeast-2",
            "replica": [],
            "tags": {},
            "tags_all": {},
            "type": ""
          },
          "sensitive_attributes": [],
          "identity_schema_version": 0,
          "identity": {
            "arn": "arn:aws:secretsmanager:ap-northeast-2:076472864721:secret:apdev-rds-proxy-secret-JJx5O7"
          },
          "private": "bnVsbA==",
          "dependencies": [
            "module.file.aws_s3_bucket.this",
            "module.file.null_resource.ecr",
            "module.file.null_resource.eks",
            "module.file.null_resource.rds",
            "module.file.null_resource.scripts",
            "module.file.random_string.this",
            "module.rds.aws_db_instance.this",
            "module.rds.aws_db_option_group.this",
            "module.rds.aws_db_parameter_group.this",
            "module.rds.aws_db_subnet_group.this",
            "module.rds.aws_security_group.this",
            "module.rds.null_resource.init_db",
            "module.vpc.aws_subnet.private_protect_1",
            "module.vpc.aws_subnet.private_protect_2",
            "module.vpc.aws_subnet.public_1",
            "module.vpc.aws_subnet.public_2",
            "module.vpc.aws_vpc.this"
          ]
        }
      ]
    },
    {
      "module": "module.secrets_manager",
      "mode": "managed",
      "type": "aws_secretsmanager_secret",
      "name": "rds",
      "provider": "provider[\"registry.terraform.io/hashicorp/aws\"]",
      "instances": [
        {
          "schema_version": 0,
          "attributes": {
            "arn": "arn:aws:secretsmanager:ap-northeast-2:076472864721:secret:apdev-rds-secrets-ZLKaB6",
            "description": "",
            "force_overwrite_replica_secret": false,
            "id": "arn:aws:secretsmanager:ap-northeast-2:076472864721:secret:apdev-rds-secrets-ZLKaB6",
            "kms_key_id": "",
            "name": "apdev-rds-secrets",
            "name_prefix": "",
            "policy": "",
            "recovery_window_in_days": 0,
            "region": "ap-northeast-2",
            "replica": [],
            "tags": {},
            "tags_all": {},
            "type": ""
          },
          "sensitive_attributes": [],
          "identity_schema_version": 0,
          "identity": {
            "arn": "arn:aws:secretsmanager:ap-northeast-2:076472864721:secret:apdev-rds-secrets-ZLKaB6"
          },
          "private": "bnVsbA==",
          "dependencies": [
            "module.file.aws_s3_bucket.this",
            "module.file.null_resource.ecr",
            "module.file.null_resource.eks",
            "module.file.null_resource.rds",
            "module.file.null_resource.scripts",
            "module.file.random_string.this",
            "module.rds.aws_db_instance.this",
            "module.rds.aws_db_option_group.this",
            "module.rds.aws_db_parameter_group.this",
            "module.rds.aws_db_subnet_group.this",
            "module.rds.aws_security_group.this",
            "module.rds.null_resource.init_db",
            "module.vpc.aws_subnet.private_protect_1",
            "module.vpc.aws_subnet.private_protect_2",
            "module.vpc.aws_subnet.public_1",
            "module.vpc.aws_subnet.public_2",
            "module.vpc.aws_vpc.this"
          ]
        }
      ]
    },
    {
      "module": "module.secrets_manager",
      "mode": "managed",
      "type": "aws_secretsmanager_secret_version",
      "name": "proxy",
      "provider": "provider[\"registry.terraform.io/hashicorp/aws\"]",
      "instances": [
        {
          "schema_version": 0,
          "attributes": {
            "arn": "arn:aws:secretsmanager:ap-northeast-2:076472864721:secret:apdev-rds-proxy-secret-JJx5O7",
            "has_secret_string_wo": null,
            "id": "arn:aws:secretsmanager:ap-northeast-2:076472864721:secret:apdev-rds-proxy-secret-JJx5O7|terraform-1XU5wOCX9TjyZ5ZOUmoNGwdbTf",
            "region": "ap-northeast-2",
            "secret_arn": "arn:aws:secretsmanager:ap-northeast-2:076472864721:secret:apdev-rds-proxy-secret-JJx5O7",
            "secret_binary": "",
            "secret_id": "arn:aws:secretsmanager:ap-northeast-2:076472864721:secret:apdev-rds-proxy-secret-JJx5O7",
            "secret_string": "{\"password\":\"Skill53##\",\"username\":\"admin\"}",
            "secret_string_wo": null,
            "secret_string_wo_version": null,
            "version_id": "terraform-1XU5wOCX9TjyZ5ZOUmoNGwdbTf",
            "version_stages": [
              "AWSCURRENT"
            ]
          },
          "sensitive_attributes": [
            [
              {
                "type": "get_attr",
                "value": "secret_binary"
              }
            ],
            [
              {
                "type": "get_attr",
                "value": "secret_string"
              }
            ],
            [
              {
                "type": "get_attr",
                "value": "secret_string_wo"
              }
            ]
          ],
          "identity_schema_version": 0,
          "identity": {
            "account_id": "076472864721",
            "region": "ap-northeast-2",
            "secret_id": "arn:aws:secretsmanager:ap-northeast-2:076472864721:secret:apdev-rds-proxy-secret-JJx5O7",
            "version_id": "terraform-1XU5wOCX9TjyZ5ZOUmoNGwdbTf"
          },
          "private": "bnVsbA==",
          "dependencies": [
            "module.file.aws_s3_bucket.this",
            "module.file.null_resource.ecr",
            "module.file.null_resource.eks",
            "module.file.null_resource.rds",
            "module.file.null_resource.scripts",
            "module.file.random_string.this",
            "module.rds.aws_db_instance.this",
            "module.rds.aws_db_option_group.this",
            "module.rds.aws_db_parameter_group.this",
            "module.rds.aws_db_subnet_group.this",
            "module.rds.aws_security_group.this",
            "module.rds.null_resource.init_db",
            "module.secrets_manager.aws_secretsmanager_secret.proxy",
            "module.vpc.aws_subnet.private_protect_1",
            "module.vpc.aws_subnet.private_protect_2",
            "module.vpc.aws_subnet.public_1",
            "module.vpc.aws_subnet.public_2",
            "module.vpc.aws_vpc.this"
          ]
        }
      ]
    },
    {
      "module": "module.secrets_manager",
      "mode": "managed",
      "type": "aws_secretsmanager_secret_version",
      "name": "rds",
      "provider": "provider[\"registry.terraform.io/hashicorp/aws\"]",
      "instances": [
        {
          "schema_version": 0,
          "attributes": {
            "arn": "arn:aws:secretsmanager:ap-northeast-2:076472864721:secret:apdev-rds-secrets-ZLKaB6",
            "has_secret_string_wo": null,
            "id": "arn:aws:secretsmanager:ap-northeast-2:076472864721:secret:apdev-rds-secrets-ZLKaB6|terraform-ZZATSmVyUukGQVfeEGvpnCf2OO",
            "region": "ap-northeast-2",
            "secret_arn": "arn:aws:secretsmanager:ap-northeast-2:076472864721:secret:apdev-rds-secrets-ZLKaB6",
            "secret_binary": "",
            "secret_id": "arn:aws:secretsmanager:ap-northeast-2:076472864721:secret:apdev-rds-secrets-ZLKaB6",
            "secret_string": "{\"MYSQL_DBNAME\":\"apdev\",\"MYSQL_HOST\":\"\",\"MYSQL_PASSWORD\":\"Skill53##\",\"MYSQL_PORT\":\"3306\",\"MYSQL_USER\":\"admin\"}",
            "secret_string_wo": null,
            "secret_string_wo_version": null,
            "version_id": "terraform-ZZATSmVyUukGQVfeEGvpnCf2OO",
            "version_stages": [
              "AWSCURRENT"
            ]
          },
          "sensitive_attributes": [
            [
              {
                "type": "get_attr",
                "value": "secret_binary"
              }
            ],
            [
              {
                "type": "get_attr",
                "value": "secret_string"
              }
            ],
            [
              {
                "type": "get_attr",
                "value": "secret_string_wo"
              }
            ]
          ],
          "identity_schema_version": 0,
          "identity": {
            "account_id": "076472864721",
            "region": "ap-northeast-2",
            "secret_id": "arn:aws:secretsmanager:ap-northeast-2:076472864721:secret:apdev-rds-secrets-ZLKaB6",
            "version_id": "terraform-ZZATSmVyUukGQVfeEGvpnCf2OO"
          },
          "private": "bnVsbA==",
          "dependencies": [
            "module.file.aws_s3_bucket.this",
            "module.file.null_resource.ecr",
            "module.file.null_resource.eks",
            "module.file.null_resource.rds",
            "module.file.null_resource.scripts",
            "module.file.random_string.this",
            "module.rds.aws_db_instance.this",
            "module.rds.aws_db_option_group.this",
            "module.rds.aws_db_parameter_group.this",
            "module.rds.aws_db_subnet_group.this",
            "module.rds.aws_security_group.this",
            "module.rds.null_resource.init_db",
            "module.secrets_manager.aws_secretsmanager_secret.rds",
            "module.vpc.aws_subnet.private_protect_1",
            "module.vpc.aws_subnet.private_protect_2",
            "module.vpc.aws_subnet.public_1",
            "module.vpc.aws_subnet.public_2",
            "module.vpc.aws_vpc.this"
          ]
        }
      ]
    },
    {
      "module": "module.vpc",
      "mode": "managed",
      "type": "aws_subnet",
      "name": "private_1",
      "provider": "provider[\"registry.terraform.io/hashicorp/aws\"]",
      "instances": [
        {
          "schema_version": 1,
          "attributes": {
            "arn": "arn:aws:ec2:ap-northeast-2:076472864721:subnet/subnet-0f9dc517b84733f5f",
            "assign_ipv6_address_on_creation": false,
            "availability_zone": "ap-northeast-2a",
            "availability_zone_id": "apne2-az1",
            "cidr_block": "10.0.2.0/24",
            "customer_owned_ipv4_pool": "",
            "enable_dns64": false,
            "enable_lni_at_device_index": 0,
            "enable_resource_name_dns_a_record_on_launch": false,
            "enable_resource_name_dns_aaaa_record_on_launch": false,
            "id": "subnet-0f9dc517b84733f5f",
            "ipv4_ipam_pool_id": null,
            "ipv4_netmask_length": null,
            "ipv6_cidr_block": "",
            "ipv6_cidr_block_association_id": "",
            "ipv6_ipam_pool_id": null,
            "ipv6_native": false,
            "ipv6_netmask_length": null,
            "map_customer_owned_ip_on_launch": false,
            "map_public_ip_on_launch": false,
            "outpost_arn": "",
            "owner_id": "076472864721",
            "private_dns_hostname_type_on_launch": "ip-name",
            "region": "ap-northeast-2",
            "tags": {
              "Name": "apdev-private-subnet-a",
              "karpenter.sh/discovery": "apdev-eks-cluster",
              "kubernetes.io/cluster/apdev-eks-cluster": "",
              "kubernetes.io/role/internal-elb": "1"
            },
            "tags_all": {
              "Name": "apdev-private-subnet-a",
              "karpenter.sh/discovery": "apdev-eks-cluster",
              "kubernetes.io/cluster/apdev-eks-cluster": "",
              "kubernetes.io/role/internal-elb": "1"
            },
            "timeouts": null,
            "vpc_id": "vpc-081838a3e26798134"
          },
          "sensitive_attributes": [],
          "identity_schema_version": 0,
          "identity": {
            "account_id": "076472864721",
            "id": "subnet-0f9dc517b84733f5f",
            "region": "ap-northeast-2"
          },
          "private": "eyJlMmJmYjczMC1lY2FhLTExZTYtOGY4OC0zNDM2M2JjN2M0YzAiOnsiY3JlYXRlIjo2MDAwMDAwMDAwMDAsImRlbGV0ZSI6MTIwMDAwMDAwMDAwMH0sInNjaGVtYV92ZXJzaW9uIjoiMSJ9",
          "dependencies": [
            "module.file.aws_s3_bucket.this",
            "module.file.null_resource.ecr",
            "module.file.null_resource.eks",
            "module.file.null_resource.rds",
            "module.file.null_resource.scripts",
            "module.file.random_string.this",
            "module.vpc.aws_vpc.this"
          ]
        }
      ]
    },
    {
      "module": "module.vpc",
      "mode": "managed",
      "type": "aws_subnet",
      "name": "private_2",
      "provider": "provider[\"registry.terraform.io/hashicorp/aws\"]",
      "instances": [
        {
          "schema_version": 1,
          "attributes": {
            "arn": "arn:aws:ec2:ap-northeast-2:076472864721:subnet/subnet-0ecc1094e55b1ed68",
            "assign_ipv6_address_on_creation": false,
            "availability_zone": "ap-northeast-2c",
            "availability_zone_id": "apne2-az3",
            "cidr_block": "10.0.3.0/24",
            "customer_owned_ipv4_pool": "",
            "enable_dns64": false,
            "enable_lni_at_device_index": 0,
            "enable_resource_name_dns_a_record_on_launch": false,
            "enable_resource_name_dns_aaaa_record_on_launch": false,
            "id": "subnet-0ecc1094e55b1ed68",
            "ipv4_ipam_pool_id": null,
            "ipv4_netmask_length": null,
            "ipv6_cidr_block": "",
            "ipv6_cidr_block_association_id": "",
            "ipv6_ipam_pool_id": null,
            "ipv6_native": false,
            "ipv6_netmask_length": null,
            "map_customer_owned_ip_on_launch": false,
            "map_public_ip_on_launch": false,
            "outpost_arn": "",
            "owner_id": "076472864721",
            "private_dns_hostname_type_on_launch": "ip-name",
            "region": "ap-northeast-2",
            "tags": {
              "Name": "apdev-private-subnet-c",
              "karpenter.sh/discovery": "apdev-eks-cluster",
              "kubernetes.io/cluster/apdev-eks-cluster": "",
              "kubernetes.io/role/internal-elb": "1"
            },
            "tags_all": {
              "Name": "apdev-private-subnet-c",
              "karpenter.sh/discovery": "apdev-eks-cluster",
              "kubernetes.io/cluster/apdev-eks-cluster": "",
              "kubernetes.io/role/internal-elb": "1"
            },
            "timeouts": null,
            "vpc_id": "vpc-081838a3e26798134"
          },
          "sensitive_attributes": [],
          "identity_schema_version": 0,
          "identity": {
            "account_id": "076472864721",
            "id": "subnet-0ecc1094e55b1ed68",
            "region": "ap-northeast-2"
          },
          "private": "eyJlMmJmYjczMC1lY2FhLTExZTYtOGY4OC0zNDM2M2JjN2M0YzAiOnsiY3JlYXRlIjo2MDAwMDAwMDAwMDAsImRlbGV0ZSI6MTIwMDAwMDAwMDAwMH0sInNjaGVtYV92ZXJzaW9uIjoiMSJ9",
          "dependencies": [
            "module.file.aws_s3_bucket.this",
            "module.file.null_resource.ecr",
            "module.file.null_resource.eks",
            "module.file.null_resource.rds",
            "module.file.null_resource.scripts",
            "module.file.random_string.this",
            "module.vpc.aws_vpc.this"
          ]
        }
      ]
    },
    {
      "module": "module.vpc",
      "mode": "managed",
      "type": "aws_subnet",
      "name": "private_protect_1",
      "provider": "provider[\"registry.terraform.io/hashicorp/aws\"]",
      "instances": [
        {
          "schema_version": 1,
          "attributes": {
            "arn": "arn:aws:ec2:ap-northeast-2:076472864721:subnet/subnet-0c518a21fa92bd6e7",
            "assign_ipv6_address_on_creation": false,
            "availability_zone": "ap-northeast-2a",
            "availability_zone_id": "apne2-az1",
            "cidr_block": "10.0.4.0/24",
            "customer_owned_ipv4_pool": "",
            "enable_dns64": false,
            "enable_lni_at_device_index": 0,
            "enable_resource_name_dns_a_record_on_launch": false,
            "enable_resource_name_dns_aaaa_record_on_launch": false,
            "id": "subnet-0c518a21fa92bd6e7",
            "ipv4_ipam_pool_id": null,
            "ipv4_netmask_length": null,
            "ipv6_cidr_block": "",
            "ipv6_cidr_block_association_id": "",
            "ipv6_ipam_pool_id": null,
            "ipv6_native": false,
            "ipv6_netmask_length": null,
            "map_customer_owned_ip_on_launch": false,
            "map_public_ip_on_launch": false,
            "outpost_arn": "",
            "owner_id": "076472864721",
            "private_dns_hostname_type_on_launch": "ip-name",
            "region": "ap-northeast-2",
            "tags": {
              "Name": "apdev-protect-a"
            },
            "tags_all": {
              "Name": "apdev-protect-a"
            },
            "timeouts": null,
            "vpc_id": "vpc-081838a3e26798134"
          },
          "sensitive_attributes": [],
          "identity_schema_version": 0,
          "identity": {
            "account_id": "076472864721",
            "id": "subnet-0c518a21fa92bd6e7",
            "region": "ap-northeast-2"
          },
          "private": "eyJlMmJmYjczMC1lY2FhLTExZTYtOGY4OC0zNDM2M2JjN2M0YzAiOnsiY3JlYXRlIjo2MDAwMDAwMDAwMDAsImRlbGV0ZSI6MTIwMDAwMDAwMDAwMH0sInNjaGVtYV92ZXJzaW9uIjoiMSJ9",
          "dependencies": [
            "module.file.aws_s3_bucket.this",
            "module.file.null_resource.ecr",
            "module.file.null_resource.eks",
            "module.file.null_resource.rds",
            "module.file.null_resource.scripts",
            "module.file.random_string.this",
            "module.vpc.aws_vpc.this"
          ]
        }
      ]
    },
    {
      "module": "module.vpc",
      "mode": "managed",
      "type": "aws_subnet",
      "name": "private_protect_2",
      "provider": "provider[\"registry.terraform.io/hashicorp/aws\"]",
      "instances": [
        {
          "schema_version": 1,
          "attributes": {
            "arn": "arn:aws:ec2:ap-northeast-2:076472864721:subnet/subnet-03cc692737fbbffed",
            "assign_ipv6_address_on_creation": false,
            "availability_zone": "ap-northeast-2c",
            "availability_zone_id": "apne2-az3",
            "cidr_block": "10.0.5.0/24",
            "customer_owned_ipv4_pool": "",
            "enable_dns64": false,
            "enable_lni_at_device_index": 0,
            "enable_resource_name_dns_a_record_on_launch": false,
            "enable_resource_name_dns_aaaa_record_on_launch": false,
            "id": "subnet-03cc692737fbbffed",
            "ipv4_ipam_pool_id": null,
            "ipv4_netmask_length": null,
            "ipv6_cidr_block": "",
            "ipv6_cidr_block_association_id": "",
            "ipv6_ipam_pool_id": null,
            "ipv6_native": false,
            "ipv6_netmask_length": null,
            "map_customer_owned_ip_on_launch": false,
            "map_public_ip_on_launch": false,
            "outpost_arn": "",
            "owner_id": "076472864721",
            "private_dns_hostname_type_on_launch": "ip-name",
            "region": "ap-northeast-2",
            "tags": {
              "Name": "apdev-protect-c"
            },
            "tags_all": {
              "Name": "apdev-protect-c"
            },
            "timeouts": null,
            "vpc_id": "vpc-081838a3e26798134"
          },
          "sensitive_attributes": [],
          "identity_schema_version": 0,
          "identity": {
            "account_id": "076472864721",
            "id": "subnet-03cc692737fbbffed",
            "region": "ap-northeast-2"
          },
          "private": "eyJlMmJmYjczMC1lY2FhLTExZTYtOGY4OC0zNDM2M2JjN2M0YzAiOnsiY3JlYXRlIjo2MDAwMDAwMDAwMDAsImRlbGV0ZSI6MTIwMDAwMDAwMDAwMH0sInNjaGVtYV92ZXJzaW9uIjoiMSJ9",
          "dependencies": [
            "module.file.aws_s3_bucket.this",
            "module.file.null_resource.ecr",
            "module.file.null_resource.eks",
            "module.file.null_resource.rds",
            "module.file.null_resource.scripts",
            "module.file.random_string.this",
            "module.vpc.aws_vpc.this"
          ]
        }
      ]
    },
    {
      "module": "module.vpc",
      "mode": "managed",
      "type": "aws_subnet",
      "name": "public_1",
      "provider": "provider[\"registry.terraform.io/hashicorp/aws\"]",
      "instances": [
        {
          "schema_version": 1,
          "attributes": {
            "arn": "arn:aws:ec2:ap-northeast-2:076472864721:subnet/subnet-06e3d36341e25a3f2",
            "assign_ipv6_address_on_creation": false,
            "availability_zone": "ap-northeast-2a",
            "availability_zone_id": "apne2-az1",
            "cidr_block": "10.0.0.0/24",
            "customer_owned_ipv4_pool": "",
            "enable_dns64": false,
            "enable_lni_at_device_index": 0,
            "enable_resource_name_dns_a_record_on_launch": false,
            "enable_resource_name_dns_aaaa_record_on_launch": false,
            "id": "subnet-06e3d36341e25a3f2",
            "ipv4_ipam_pool_id": null,
            "ipv4_netmask_length": null,
            "ipv6_cidr_block": "",
            "ipv6_cidr_block_association_id": "",
            "ipv6_ipam_pool_id": null,
            "ipv6_native": false,
            "ipv6_netmask_length": null,
            "map_customer_owned_ip_on_launch": false,
            "map_public_ip_on_launch": true,
            "outpost_arn": "",
            "owner_id": "076472864721",
            "private_dns_hostname_type_on_launch": "ip-name",
            "region": "ap-northeast-2",
            "tags": {
              "Name": "apdev-public-subnet-a",
              "karpenter.sh/discovery": "apdev-eks-cluster",
              "kubernetes.io/cluster/apdev-eks-cluster": "",
              "kubernetes.io/role/elb": "1"
            },
            "tags_all": {
              "Name": "apdev-public-subnet-a",
              "karpenter.sh/discovery": "apdev-eks-cluster",
              "kubernetes.io/cluster/apdev-eks-cluster": "",
              "kubernetes.io/role/elb": "1"
            },
            "timeouts": null,
            "vpc_id": "vpc-081838a3e26798134"
          },
          "sensitive_attributes": [],
          "identity_schema_version": 0,
          "identity": {
            "account_id": "076472864721",
            "id": "subnet-06e3d36341e25a3f2",
            "region": "ap-northeast-2"
          },
          "private": "eyJlMmJmYjczMC1lY2FhLTExZTYtOGY4OC0zNDM2M2JjN2M0YzAiOnsiY3JlYXRlIjo2MDAwMDAwMDAwMDAsImRlbGV0ZSI6MTIwMDAwMDAwMDAwMH0sInNjaGVtYV92ZXJzaW9uIjoiMSJ9",
          "dependencies": [
            "module.file.aws_s3_bucket.this",
            "module.file.null_resource.ecr",
            "module.file.null_resource.eks",
            "module.file.null_resource.rds",
            "module.file.null_resource.scripts",
            "module.file.random_string.this",
            "module.vpc.aws_vpc.this"
          ]
        }
      ]
    },
    {
      "module": "module.vpc",
      "mode": "managed",
      "type": "aws_subnet",
      "name": "public_2",
      "provider": "provider[\"registry.terraform.io/hashicorp/aws\"]",
      "instances": [
        {
          "schema_version": 1,
          "attributes": {
            "arn": "arn:aws:ec2:ap-northeast-2:076472864721:subnet/subnet-00977f9dd14c5a75c",
            "assign_ipv6_address_on_creation": false,
            "availability_zone": "ap-northeast-2c",
            "availability_zone_id": "apne2-az3",
            "cidr_block": "10.0.1.0/24",
            "customer_owned_ipv4_pool": "",
            "enable_dns64": false,
            "enable_lni_at_device_index": 0,
            "enable_resource_name_dns_a_record_on_launch": false,
            "enable_resource_name_dns_aaaa_record_on_launch": false,
            "id": "subnet-00977f9dd14c5a75c",
            "ipv4_ipam_pool_id": null,
            "ipv4_netmask_length": null,
            "ipv6_cidr_block": "",
            "ipv6_cidr_block_association_id": "",
            "ipv6_ipam_pool_id": null,
            "ipv6_native": false,
            "ipv6_netmask_length": null,
            "map_customer_owned_ip_on_launch": false,
            "map_public_ip_on_launch": true,
            "outpost_arn": "",
            "owner_id": "076472864721",
            "private_dns_hostname_type_on_launch": "ip-name",
            "region": "ap-northeast-2",
            "tags": {
              "Name": "apdev-public-subnet-c",
              "karpenter.sh/discovery": "apdev-eks-cluster",
              "kubernetes.io/cluster/apdev-eks-cluster": "",
              "kubernetes.io/role/elb": "1"
            },
            "tags_all": {
              "Name": "apdev-public-subnet-c",
              "karpenter.sh/discovery": "apdev-eks-cluster",
              "kubernetes.io/cluster/apdev-eks-cluster": "",
              "kubernetes.io/role/elb": "1"
            },
            "timeouts": null,
            "vpc_id": "vpc-081838a3e26798134"
          },
          "sensitive_attributes": [],
          "identity_schema_version": 0,
          "identity": {
            "account_id": "076472864721",
            "id": "subnet-00977f9dd14c5a75c",
            "region": "ap-northeast-2"
          },
          "private": "eyJlMmJmYjczMC1lY2FhLTExZTYtOGY4OC0zNDM2M2JjN2M0YzAiOnsiY3JlYXRlIjo2MDAwMDAwMDAwMDAsImRlbGV0ZSI6MTIwMDAwMDAwMDAwMH0sInNjaGVtYV92ZXJzaW9uIjoiMSJ9",
          "dependencies": [
            "module.file.aws_s3_bucket.this",
            "module.file.null_resource.ecr",
            "module.file.null_resource.eks",
            "module.file.null_resource.rds",
            "module.file.null_resource.scripts",
            "module.file.random_string.this",
            "module.vpc.aws_vpc.this"
          ]
        }
      ]
    },
    {
      "module": "module.vpc",
      "mode": "managed",
      "type": "aws_vpc",
      "name": "this",
      "provider": "provider[\"registry.terraform.io/hashicorp/aws\"]",
      "instances": [
        {
          "schema_version": 1,
          "attributes": {
            "arn": "arn:aws:ec2:ap-northeast-2:076472864721:vpc/vpc-081838a3e26798134",
            "assign_generated_ipv6_cidr_block": false,
            "cidr_block": "10.0.0.0/16",
            "default_network_acl_id": "acl-03d564e106f0ba735",
            "default_route_table_id": "rtb-09200571a53c47b1c",
            "default_security_group_id": "sg-09f07baab0354d319",
            "dhcp_options_id": "dopt-04b4d7201744c51a3",
            "enable_dns_hostnames": true,
            "enable_dns_support": true,
            "enable_network_address_usage_metrics": false,
            "id": "vpc-081838a3e26798134",
            "instance_tenancy": "default",
            "ipv4_ipam_pool_id": null,
            "ipv4_netmask_length": null,
            "ipv6_association_id": "",
            "ipv6_cidr_block": "",
            "ipv6_cidr_block_network_border_group": "",
            "ipv6_ipam_pool_id": "",
            "ipv6_netmask_length": 0,
            "main_route_table_id": "rtb-09200571a53c47b1c",
            "owner_id": "076472864721",
            "region": "ap-northeast-2",
            "tags": {
              "Name": "apdev-vpc"
            },
            "tags_all": {
              "Name": "apdev-vpc"
            }
          },
          "sensitive_attributes": [],
          "identity_schema_version": 0,
          "identity": {
            "account_id": "076472864721",
            "id": "vpc-081838a3e26798134",
            "region": "ap-northeast-2"
          },
          "private": "eyJzY2hlbWFfdmVyc2lvbiI6IjEifQ==",
          "dependencies": [
            "module.file.aws_s3_bucket.this",
            "module.file.null_resource.ecr",
            "module.file.null_resource.eks",
            "module.file.null_resource.rds",
            "module.file.null_resource.scripts",
            "module.file.random_string.this"
          ]
        }
      ]
    }
  ],
  "check_results": null
}
