{
  "version": 4,
  "terraform_version": "1.15.5",
  "serial": 30,
  "lineage": "7c8e8bc3-0835-6e50-2a0a-b983033912bf",
  "outputs": {},
  "resources": [
    {
      "module": "module.docdb",
      "mode": "managed",
      "type": "aws_docdb_cluster",
      "name": "this",
      "provider": "provider[\"registry.terraform.io/hashicorp/aws\"]",
      "instances": [
        {
          "schema_version": 0,
          "attributes": {
            "allow_major_version_upgrade": null,
            "apply_immediately": true,
            "arn": "arn:aws:rds:ap-northeast-2:076472864721:cluster:skills-nosql-docdb-cluster",
            "availability_zones": [
              "ap-northeast-2a",
              "ap-northeast-2b",
              "ap-northeast-2c"
            ],
            "backup_retention_period": 7,
            "cluster_identifier": "skills-nosql-docdb-cluster",
            "cluster_identifier_prefix": "",
            "cluster_members": [],
            "cluster_resource_id": "cluster-WJPF2LUSNJNI5DZOZ5T4VIRK4M",
            "db_cluster_parameter_group_name": "skills-nosql-docdb-pg",
            "db_subnet_group_name": "skills-nosql-docdb-subnet-group",
            "deletion_protection": false,
            "enabled_cloudwatch_logs_exports": null,
            "endpoint": "skills-nosql-docdb-cluster.cluster-cvkc6u22kl99.ap-northeast-2.docdb.amazonaws.com",
            "engine": "docdb",
            "engine_version": "5.0.0",
            "final_snapshot_identifier": null,
            "global_cluster_identifier": "",
            "hosted_zone_id": "ZB9XW5O3Q7N8N",
            "id": "skills-nosql-docdb-cluster",
            "kms_key_id": "arn:aws:kms:ap-northeast-2:076472864721:key/add85973-647d-4d98-825a-490bcd2a8e3d",
            "manage_master_user_password": null,
            "master_password": "zjawjd123",
            "master_password_wo": null,
            "master_password_wo_version": null,
            "master_user_secret": [],
            "master_username": "skillsadmin",
            "network_type": "IPV4",
            "port": 27017,
            "preferred_backup_window": "14:06-14:36",
            "preferred_maintenance_window": "mon:15:32-mon:16:02",
            "reader_endpoint": "skills-nosql-docdb-cluster.cluster-ro-cvkc6u22kl99.ap-northeast-2.docdb.amazonaws.com",
            "region": "ap-northeast-2",
            "restore_to_point_in_time": [],
            "serverless_v2_scaling_configuration": [],
            "skip_final_snapshot": true,
            "snapshot_identifier": null,
            "storage_encrypted": true,
            "storage_type": "",
            "tags": null,
            "tags_all": {
              "Project": "skills-nosql"
            },
            "timeouts": null,
            "vpc_security_group_ids": [
              "sg-0434b5ba8c2df9f98"
            ]
          },
          "sensitive_attributes": [
            [
              {
                "type": "get_attr",
                "value": "master_password"
              }
            ]
          ],
          "identity_schema_version": 0,
          "private": "eyJlMmJmYjczMC1lY2FhLTExZTYtOGY4OC0zNDM2M2JjN2M0YzAiOnsiY3JlYXRlIjo3MjAwMDAwMDAwMDAwLCJkZWxldGUiOjcyMDAwMDAwMDAwMDAsInVwZGF0ZSI6NzIwMDAwMDAwMDAwMH19",
          "dependencies": [
            "module.docdb.aws_docdb_cluster_parameter_group.this",
            "module.docdb.aws_docdb_subnet_group.this",
            "module.kms.aws_kms_key.docdb",
            "module.network.aws_security_group.client_ec2",
            "module.network.aws_security_group.docdb",
            "module.network.aws_subnet.private",
            "module.network.aws_vpc.this"
          ]
        }
      ]
    },
    {
      "module": "module.docdb",
      "mode": "managed",
      "type": "aws_docdb_cluster_instance",
      "name": "this",
      "provider": "provider[\"registry.terraform.io/hashicorp/aws\"]",
      "instances": [
        {
          "schema_version": 0,
          "attributes": {
            "apply_immediately": true,
            "arn": "arn:aws:rds:ap-northeast-2:076472864721:db:skills-nosql-docdb-instance-1",
            "auto_minor_version_upgrade": true,
            "availability_zone": "ap-northeast-2b",
            "ca_cert_identifier": "rds-ca-rsa2048-g1",
            "certificate_rotation_restart": null,
            "cluster_identifier": "skills-nosql-docdb-cluster",
            "copy_tags_to_snapshot": false,
            "db_subnet_group_name": "skills-nosql-docdb-subnet-group",
            "dbi_resource_id": "db-J47DBCPMJR5Q2Z4DZYGP7EO434",
            "enable_performance_insights": null,
            "endpoint": "skills-nosql-docdb-instance-1.cvkc6u22kl99.ap-northeast-2.docdb.amazonaws.com",
            "engine": "docdb",
            "engine_version": "5.0.0",
            "id": "skills-nosql-docdb-instance-1",
            "identifier": "skills-nosql-docdb-instance-1",
            "identifier_prefix": "",
            "instance_class": "db.t3.medium",
            "kms_key_id": "arn:aws:kms:ap-northeast-2:076472864721:key/add85973-647d-4d98-825a-490bcd2a8e3d",
            "performance_insights_kms_key_id": null,
            "port": 27017,
            "preferred_backup_window": "14:06-14:36",
            "preferred_maintenance_window": "fri:15:10-fri:15:40",
            "promotion_tier": 0,
            "publicly_accessible": false,
            "region": "ap-northeast-2",
            "storage_encrypted": true,
            "tags": null,
            "tags_all": {
              "Project": "skills-nosql"
            },
            "timeouts": null,
            "writer": true
          },
          "sensitive_attributes": [],
          "identity_schema_version": 0,
          "private": "eyJlMmJmYjczMC1lY2FhLTExZTYtOGY4OC0zNDM2M2JjN2M0YzAiOnsiY3JlYXRlIjo1NDAwMDAwMDAwMDAwLCJkZWxldGUiOjU0MDAwMDAwMDAwMDAsInVwZGF0ZSI6NTQwMDAwMDAwMDAwMH19",
          "dependencies": [
            "module.docdb.aws_docdb_cluster.this",
            "module.docdb.aws_docdb_cluster_parameter_group.this",
            "module.docdb.aws_docdb_subnet_group.this",
            "module.kms.aws_kms_key.docdb",
            "module.network.aws_security_group.client_ec2",
            "module.network.aws_security_group.docdb",
            "module.network.aws_subnet.private",
            "module.network.aws_vpc.this"
          ]
        }
      ]
    },
    {
      "module": "module.docdb",
      "mode": "managed",
      "type": "aws_docdb_cluster_parameter_group",
      "name": "this",
      "provider": "provider[\"registry.terraform.io/hashicorp/aws\"]",
      "instances": [
        {
          "schema_version": 0,
          "attributes": {
            "arn": "arn:aws:rds:ap-northeast-2:076472864721:cluster-pg:skills-nosql-docdb-pg",
            "description": "TLS enabled parameter group for skills-nosql",
            "family": "docdb5.0",
            "id": "skills-nosql-docdb-pg",
            "name": "skills-nosql-docdb-pg",
            "name_prefix": "",
            "parameter": [
              {
                "apply_method": "pending-reboot",
                "name": "tls",
                "value": "enabled"
              }
            ],
            "region": "ap-northeast-2",
            "tags": null,
            "tags_all": {
              "Project": "skills-nosql"
            }
          },
          "sensitive_attributes": [],
          "identity_schema_version": 0,
          "private": "bnVsbA=="
        }
      ]
    },
    {
      "module": "module.docdb",
      "mode": "managed",
      "type": "aws_docdb_subnet_group",
      "name": "this",
      "provider": "provider[\"registry.terraform.io/hashicorp/aws\"]",
      "instances": [
        {
          "schema_version": 0,
          "attributes": {
            "arn": "arn:aws:rds:ap-northeast-2:076472864721:subgrp:skills-nosql-docdb-subnet-group",
            "description": "Managed by Terraform",
            "id": "skills-nosql-docdb-subnet-group",
            "name": "skills-nosql-docdb-subnet-group",
            "name_prefix": "",
            "region": "ap-northeast-2",
            "subnet_ids": [
              "subnet-064dc4eb515f6ec1f",
              "subnet-0ce4b21aa98ac36d9"
            ],
            "supported_network_types": [
              "IPV4"
            ],
            "tags": {
              "Name": "skills-nosql-docdb-subnet-group"
            },
            "tags_all": {
              "Name": "skills-nosql-docdb-subnet-group",
              "Project": "skills-nosql"
            }
          },
          "sensitive_attributes": [],
          "identity_schema_version": 0,
          "private": "bnVsbA==",
          "dependencies": [
            "module.network.aws_subnet.private",
            "module.network.aws_vpc.this"
          ]
        }
      ]
    },
    {
      "module": "module.ec2",
      "mode": "data",
      "type": "aws_ami",
      "name": "al2023",
      "provider": "provider[\"registry.terraform.io/hashicorp/aws\"]",
      "instances": [
        {
          "schema_version": 0,
          "attributes": {
            "allow_unsafe_filter": null,
            "architecture": "x86_64",
            "arn": "arn:aws:ec2:ap-northeast-2::image/ami-007c91c04919b0e28",
            "block_device_mappings": [
              {
                "device_name": "/dev/xvda",
                "ebs": {
                  "delete_on_termination": "true",
                  "encrypted": "false",
                  "iops": "3000",
                  "snapshot_id": "snap-0952a91e7cc54e157",
                  "throughput": "125",
                  "volume_initialization_rate": "0",
                  "volume_size": "30",
                  "volume_type": "gp3"
                },
                "no_device": "",
                "virtual_name": ""
              }
            ],
            "boot_mode": "uefi-preferred",
            "creation_date": "2026-07-27T23:26:36.000Z",
            "deprecation_time": "2028-07-27T23:26:36.000Z",
            "description": "Amazon Linux AMI 2023.0.20260727 x86_64 ECS HVM EBS",
            "ena_support": true,
            "executable_users": null,
            "filter": [
              {
                "name": "name",
                "values": [
                  "al2023-ami-*-x86_64"
                ]
              },
              {
                "name": "virtualization-type",
                "values": [
                  "hvm"
                ]
              }
            ],
            "hypervisor": "xen",
            "id": "ami-007c91c04919b0e28",
            "image_id": "ami-007c91c04919b0e28",
            "image_location": "amazon/al2023-ami-ecs-neuron-hvm-2023.0.20260727-kernel-6.1-x86_64",
            "image_owner_alias": "amazon",
            "image_type": "machine",
            "imds_support": "v2.0",
            "include_deprecated": false,
            "kernel_id": "",
            "last_launched_time": "",
            "most_recent": true,
            "name": "al2023-ami-ecs-neuron-hvm-2023.0.20260727-kernel-6.1-x86_64",
            "name_regex": null,
            "owner_id": "591542846629",
            "owners": [
              "amazon"
            ],
            "platform": "",
            "platform_details": "Linux/UNIX",
            "product_codes": [],
            "public": true,
            "ramdisk_id": "",
            "region": "ap-northeast-2",
            "root_device_name": "/dev/xvda",
            "root_device_type": "ebs",
            "root_snapshot_id": "snap-0952a91e7cc54e157",
            "sriov_net_support": "simple",
            "state": "available",
            "state_reason": {
              "code": "UNSET",
              "message": "UNSET"
            },
            "tags": {},
            "timeouts": null,
            "tpm_support": "",
            "uefi_data": null,
            "usage_operation": "RunInstances",
            "virtualization_type": "hvm"
          },
          "sensitive_attributes": [],
          "identity_schema_version": 0
        }
      ]
    },
    {
      "module": "module.ec2",
      "mode": "data",
      "type": "aws_iam_policy_document",
      "name": "assume",
      "provider": "provider[\"registry.terraform.io/hashicorp/aws\"]",
      "instances": [
        {
          "schema_version": 0,
          "attributes": {
            "id": "2851119427",
            "json": "{\n  \"Version\": \"2012-10-17\",\n  \"Statement\": [\n    {\n      \"Effect\": \"Allow\",\n      \"Action\": \"sts:AssumeRole\",\n      \"Principal\": {\n        \"Service\": \"ec2.amazonaws.com\"\n      }\n    }\n  ]\n}",
            "minified_json": "{\"Version\":\"2012-10-17\",\"Statement\":[{\"Effect\":\"Allow\",\"Action\":\"sts:AssumeRole\",\"Principal\":{\"Service\":\"ec2.amazonaws.com\"}}]}",
            "override_json": null,
            "override_policy_documents": null,
            "policy_id": null,
            "source_json": null,
            "source_policy_documents": null,
            "statement": [
              {
                "actions": [
                  "sts:AssumeRole"
                ],
                "condition": [],
                "effect": "Allow",
                "not_actions": [],
                "not_principals": [],
                "not_resources": [],
                "principals": [
                  {
                    "identifiers": [
                      "ec2.amazonaws.com"
                    ],
                    "type": "Service"
                  }
                ],
                "resources": [],
                "sid": ""
              }
            ],
            "version": "2012-10-17"
          },
          "sensitive_attributes": [],
          "identity_schema_version": 0
        }
      ]
    },
    {
      "module": "module.ec2",
      "mode": "data",
      "type": "aws_iam_policy_document",
      "name": "ec2_permissions",
      "provider": "provider[\"registry.terraform.io/hashicorp/aws\"]",
      "instances": [
        {
          "schema_version": 0,
          "attributes": {
            "id": "3131185868",
            "json": "{\n  \"Version\": \"2012-10-17\",\n  \"Statement\": [\n    {\n      \"Sid\": \"GetDocdbSecret\",\n      \"Effect\": \"Allow\",\n      \"Action\": \"secretsmanager:GetSecretValue\",\n      \"Resource\": \"arn:aws:secretsmanager:ap-northeast-2:076472864721:secret:skills-nosql-docdb-secret-Nb1e5g\"\n    },\n    {\n      \"Sid\": \"DecryptKms\",\n      \"Effect\": \"Allow\",\n      \"Action\": \"kms:Decrypt\",\n      \"Resource\": \"arn:aws:kms:ap-northeast-2:076472864721:key/add85973-647d-4d98-825a-490bcd2a8e3d\"\n    },\n    {\n      \"Sid\": \"GetAppFiles\",\n      \"Effect\": \"Allow\",\n      \"Action\": \"s3:GetObject\",\n      \"Resource\": \"arn:aws:s3:::skills-nosql-app-cbc2c3/*\"\n    },\n    {\n      \"Sid\": \"ListAppBucket\",\n      \"Effect\": \"Allow\",\n      \"Action\": \"s3:ListBucket\",\n      \"Resource\": \"arn:aws:s3:::skills-nosql-app-cbc2c3\"\n    }\n  ]\n}",
            "minified_json": "{\"Version\":\"2012-10-17\",\"Statement\":[{\"Sid\":\"GetDocdbSecret\",\"Effect\":\"Allow\",\"Action\":\"secretsmanager:GetSecretValue\",\"Resource\":\"arn:aws:secretsmanager:ap-northeast-2:076472864721:secret:skills-nosql-docdb-secret-Nb1e5g\"},{\"Sid\":\"DecryptKms\",\"Effect\":\"Allow\",\"Action\":\"kms:Decrypt\",\"Resource\":\"arn:aws:kms:ap-northeast-2:076472864721:key/add85973-647d-4d98-825a-490bcd2a8e3d\"},{\"Sid\":\"GetAppFiles\",\"Effect\":\"Allow\",\"Action\":\"s3:GetObject\",\"Resource\":\"arn:aws:s3:::skills-nosql-app-cbc2c3/*\"},{\"Sid\":\"ListAppBucket\",\"Effect\":\"Allow\",\"Action\":\"s3:ListBucket\",\"Resource\":\"arn:aws:s3:::skills-nosql-app-cbc2c3\"}]}",
            "override_json": null,
            "override_policy_documents": null,
            "policy_id": null,
            "source_json": null,
            "source_policy_documents": null,
            "statement": [
              {
                "actions": [
                  "secretsmanager:GetSecretValue"
                ],
                "condition": [],
                "effect": "Allow",
                "not_actions": [],
                "not_principals": [],
                "not_resources": [],
                "principals": [],
                "resources": [
                  "arn:aws:secretsmanager:ap-northeast-2:076472864721:secret:skills-nosql-docdb-secret-Nb1e5g"
                ],
                "sid": "GetDocdbSecret"
              },
              {
                "actions": [
                  "kms:Decrypt"
                ],
                "condition": [],
                "effect": "Allow",
                "not_actions": [],
                "not_principals": [],
                "not_resources": [],
                "principals": [],
                "resources": [
                  "arn:aws:kms:ap-northeast-2:076472864721:key/add85973-647d-4d98-825a-490bcd2a8e3d"
                ],
                "sid": "DecryptKms"
              },
              {
                "actions": [
                  "s3:GetObject"
                ],
                "condition": [],
                "effect": "Allow",
                "not_actions": [],
                "not_principals": [],
                "not_resources": [],
                "principals": [],
                "resources": [
                  "arn:aws:s3:::skills-nosql-app-cbc2c3/*"
                ],
                "sid": "GetAppFiles"
              },
              {
                "actions": [
                  "s3:ListBucket"
                ],
                "condition": [],
                "effect": "Allow",
                "not_actions": [],
                "not_principals": [],
                "not_resources": [],
                "principals": [],
                "resources": [
                  "arn:aws:s3:::skills-nosql-app-cbc2c3"
                ],
                "sid": "ListAppBucket"
              }
            ],
            "version": "2012-10-17"
          },
          "sensitive_attributes": [],
          "identity_schema_version": 0
        }
      ]
    },
    {
      "module": "module.ec2",
      "mode": "managed",
      "type": "aws_iam_instance_profile",
      "name": "ec2",
      "provider": "provider[\"registry.terraform.io/hashicorp/aws\"]",
      "instances": [
        {
          "schema_version": 0,
          "attributes": {
            "arn": "arn:aws:iam::076472864721:instance-profile/skills-nosql-client-ec2-profile",
            "create_date": "2026-08-03T04:01:55Z",
            "id": "skills-nosql-client-ec2-profile",
            "name": "skills-nosql-client-ec2-profile",
            "name_prefix": "",
            "path": "/",
            "role": "skills-nosql-client-ec2-role",
            "tags": null,
            "tags_all": {
              "Project": "skills-nosql"
            },
            "unique_id": "AIPARDTRDJ7IWOI5763GR"
          },
          "sensitive_attributes": [],
          "identity_schema_version": 0,
          "identity": {
            "account_id": "076472864721",
            "name": "skills-nosql-client-ec2-profile"
          },
          "private": "bnVsbA==",
          "dependencies": [
            "module.docdb.aws_docdb_cluster.this",
            "module.docdb.aws_docdb_cluster_instance.this",
            "module.docdb.aws_docdb_cluster_parameter_group.this",
            "module.docdb.aws_docdb_subnet_group.this",
            "module.ec2.aws_iam_role.ec2",
            "module.ec2.data.aws_iam_policy_document.assume",
            "module.kms.aws_kms_key.docdb",
            "module.network.aws_security_group.client_ec2",
            "module.network.aws_security_group.docdb",
            "module.network.aws_subnet.private",
            "module.network.aws_vpc.this",
            "module.secrets.aws_secretsmanager_secret.docdb",
            "module.secrets.aws_secretsmanager_secret_version.docdb"
          ]
        }
      ]
    },
    {
      "module": "module.ec2",
      "mode": "managed",
      "type": "aws_iam_role",
      "name": "ec2",
      "provider": "provider[\"registry.terraform.io/hashicorp/aws\"]",
      "instances": [
        {
          "schema_version": 0,
          "attributes": {
            "arn": "arn:aws:iam::076472864721:role/skills-nosql-client-ec2-role",
            "assume_role_policy": "{\"Statement\":[{\"Action\":\"sts:AssumeRole\",\"Effect\":\"Allow\",\"Principal\":{\"Service\":\"ec2.amazonaws.com\"}}],\"Version\":\"2012-10-17\"}",
            "create_date": "2026-08-03T04:01:54Z",
            "description": "",
            "force_detach_policies": false,
            "id": "skills-nosql-client-ec2-role",
            "inline_policy": [],
            "managed_policy_arns": [],
            "max_session_duration": 3600,
            "name": "skills-nosql-client-ec2-role",
            "name_prefix": "",
            "path": "/",
            "permissions_boundary": "",
            "tags": null,
            "tags_all": {
              "Project": "skills-nosql"
            },
            "unique_id": "AROARDTRDJ7ITFYHY3MFA"
          },
          "sensitive_attributes": [],
          "identity_schema_version": 0,
          "identity": {
            "account_id": "076472864721",
            "name": "skills-nosql-client-ec2-role"
          },
          "private": "bnVsbA==",
          "dependencies": [
            "module.docdb.aws_docdb_cluster.this",
            "module.docdb.aws_docdb_cluster_instance.this",
            "module.docdb.aws_docdb_cluster_parameter_group.this",
            "module.docdb.aws_docdb_subnet_group.this",
            "module.ec2.data.aws_iam_policy_document.assume",
            "module.kms.aws_kms_key.docdb",
            "module.network.aws_security_group.client_ec2",
            "module.network.aws_security_group.docdb",
            "module.network.aws_subnet.private",
            "module.network.aws_vpc.this",
            "module.secrets.aws_secretsmanager_secret.docdb",
            "module.secrets.aws_secretsmanager_secret_version.docdb"
          ]
        }
      ]
    },
    {
      "module": "module.ec2",
      "mode": "managed",
      "type": "aws_iam_role_policy",
      "name": "ec2",
      "provider": "provider[\"registry.terraform.io/hashicorp/aws\"]",
      "instances": [
        {
          "schema_version": 0,
          "attributes": {
            "id": "skills-nosql-client-ec2-role:skills-nosql-client-ec2-policy",
            "name": "skills-nosql-client-ec2-policy",
            "name_prefix": "",
            "policy": "{\"Version\":\"2012-10-17\",\"Statement\":[{\"Action\":\"secretsmanager:GetSecretValue\",\"Effect\":\"Allow\",\"Resource\":\"arn:aws:secretsmanager:ap-northeast-2:076472864721:secret:skills-nosql-docdb-secret-Nb1e5g\",\"Sid\":\"GetDocdbSecret\"},{\"Action\":\"kms:Decrypt\",\"Effect\":\"Allow\",\"Resource\":\"arn:aws:kms:ap-northeast-2:076472864721:key/add85973-647d-4d98-825a-490bcd2a8e3d\",\"Sid\":\"DecryptKms\"},{\"Action\":\"s3:GetObject\",\"Effect\":\"Allow\",\"Resource\":\"arn:aws:s3:::skills-nosql-app-cbc2c3/*\",\"Sid\":\"GetAppFiles\"},{\"Action\":\"s3:ListBucket\",\"Effect\":\"Allow\",\"Resource\":\"arn:aws:s3:::skills-nosql-app-cbc2c3\",\"Sid\":\"ListAppBucket\"}]}",
            "role": "skills-nosql-client-ec2-role"
          },
          "sensitive_attributes": [],
          "identity_schema_version": 0,
          "identity": {
            "account_id": "076472864721",
            "name": "skills-nosql-client-ec2-policy",
            "role": "skills-nosql-client-ec2-role"
          },
          "private": "bnVsbA==",
          "dependencies": [
            "module.docdb.aws_docdb_cluster.this",
            "module.docdb.aws_docdb_cluster_instance.this",
            "module.docdb.aws_docdb_cluster_parameter_group.this",
            "module.docdb.aws_docdb_subnet_group.this",
            "module.ec2.aws_iam_role.ec2",
            "module.ec2.data.aws_iam_policy_document.assume",
            "module.ec2.data.aws_iam_policy_document.ec2_permissions",
            "module.kms.aws_kms_key.docdb",
            "module.network.aws_security_group.client_ec2",
            "module.network.aws_security_group.docdb",
            "module.network.aws_subnet.private",
            "module.network.aws_vpc.this",
            "module.s3_app.aws_s3_bucket.app",
            "module.s3_app.random_id.suffix",
            "module.secrets.aws_secretsmanager_secret.docdb",
            "module.secrets.aws_secretsmanager_secret_version.docdb"
          ]
        }
      ]
    },
    {
      "module": "module.ec2",
      "mode": "managed",
      "type": "aws_instance",
      "name": "client",
      "provider": "provider[\"registry.terraform.io/hashicorp/aws\"]",
      "instances": [
        {
          "schema_version": 2,
          "attributes": {
            "ami": "ami-007c91c04919b0e28",
            "arn": "arn:aws:ec2:ap-northeast-2:076472864721:instance/i-0429ec3b48242bc42",
            "associate_public_ip_address": true,
            "availability_zone": "ap-northeast-2a",
            "capacity_reservation_specification": [
              {
                "capacity_reservation_preference": "open",
                "capacity_reservation_target": []
              }
            ],
            "cpu_options": [
              {
                "amd_sev_snp": "",
                "core_count": 1,
                "nested_virtualization": "",
                "threads_per_core": 2
              }
            ],
            "credit_specification": [
              {
                "cpu_credits": "unlimited"
              }
            ],
            "disable_api_stop": false,
            "disable_api_termination": false,
            "ebs_block_device": [],
            "ebs_optimized": false,
            "enable_primary_ipv6": null,
            "enclave_options": [
              {
                "enabled": false
              }
            ],
            "ephemeral_block_device": [],
            "force_destroy": false,
            "get_password_data": false,
            "hibernation": false,
            "host_id": "",
            "host_resource_group_arn": null,
            "iam_instance_profile": "skills-nosql-client-ec2-profile",
            "id": "i-0429ec3b48242bc42",
            "instance_initiated_shutdown_behavior": "stop",
            "instance_lifecycle": "",
            "instance_market_options": [],
            "instance_state": "running",
            "instance_type": "t3.micro",
            "ipv6_address_count": 0,
            "ipv6_addresses": [],
            "key_name": "",
            "launch_template": [],
            "maintenance_options": [
              {
                "auto_recovery": "default"
              }
            ],
            "metadata_options": [
              {
                "http_endpoint": "enabled",
                "http_protocol_ipv6": "disabled",
                "http_put_response_hop_limit": 2,
                "http_tokens": "required",
                "instance_metadata_tags": "disabled"
              }
            ],
            "monitoring": false,
            "network_interface": [],
            "outpost_arn": "",
            "password_data": "",
            "placement_group": "",
            "placement_group_id": "",
            "placement_partition_number": 0,
            "primary_network_interface": [
              {
                "delete_on_termination": true,
                "network_interface_id": "eni-0c0c3d7786e03775e"
              }
            ],
            "primary_network_interface_id": "eni-0c0c3d7786e03775e",
            "private_dns": "ip-10-50-1-8.ap-northeast-2.compute.internal",
            "private_dns_name_options": [
              {
                "enable_resource_name_dns_a_record": false,
                "enable_resource_name_dns_aaaa_record": false,
                "hostname_type": "ip-name"
              }
            ],
            "private_ip": "10.50.1.8",
            "public_dns": "ec2-13-125-209-225.ap-northeast-2.compute.amazonaws.com",
            "public_ip": "13.125.209.225",
            "region": "ap-northeast-2",
            "root_block_device": [
              {
                "delete_on_termination": true,
                "device_name": "/dev/xvda",
                "encrypted": false,
                "iops": 3000,
                "kms_key_id": "",
                "tags": {
                  "Project": "skills-nosql"
                },
                "tags_all": {
                  "Project": "skills-nosql"
                },
                "throughput": 125,
                "volume_id": "vol-009ac4d467a710c95",
                "volume_size": 30,
                "volume_type": "gp3"
              }
            ],
            "secondary_network_interface": [],
            "secondary_private_ips": [],
            "security_groups": [],
            "source_dest_check": true,
            "spot_instance_request_id": "",
            "subnet_id": "subnet-0450dce0d4c7dcdac",
            "tags": {
              "Name": "skills-nosql-client-ec2"
            },
            "tags_all": {
              "Name": "skills-nosql-client-ec2",
              "Project": "skills-nosql"
            },
            "tenancy": "default",
            "timeouts": null,
            "user_data": "#!/bin/bash\nset -e\nexport AWS_DEFAULT_REGION=ap-northeast-2\n\ndnf install -y python3-pip\n\nmkdir -p /opt/skills-nosql\n\naws s3 cp \"s3://skills-nosql-app-cbc2c3/docdb_client.py\" /opt/skills-nosql/docdb_client.py\naws s3 cp \"s3://skills-nosql-app-cbc2c3/retail_dataset.json\" /opt/skills-nosql/retail_dataset.json\n\ncurl -s -o /opt/skills-nosql/global-bundle.pem https://truststore.pki.rds.amazonaws.com/global/global-bundle.pem\n\npip3 install boto3 pymongo\n\ncat \u003e /etc/systemd/system/skills-nosql-client.service \u003c\u003c'UNIT'\n[Unit]\nDescription=Skills NoSQL DocumentDB Client Application\nAfter=network.target\n\n[Service]\nType=simple\nWorkingDirectory=/opt/skills-nosql\nExecStart=/usr/bin/python3 /opt/skills-nosql/docdb_client.py serve\nRestart=always\nRestartSec=5\n\n[Install]\nWantedBy=multi-user.target\nUNIT\n\nsystemctl daemon-reload\nsystemctl enable --now skills-nosql-client.service\n\ncat \u003e /opt/skills-nosql/create_indexes.py \u003c\u003c'PYEOF'\nimport sys\nsys.path.insert(0, \"/opt/skills-nosql\")\nfrom docdb_client import db\n\ndatabase = db()\n\ndatabase.orders.create_index([(\"orderId\", 1)], unique=True)\ndatabase.orders.create_index([(\"customerId\", 1), (\"createdAt\", -1)])\ndatabase.orders.create_index([(\"status\", 1), (\"dueAt\", 1)])\n\ndatabase.products.create_index([(\"productId\", 1)], unique=True)\ndatabase.products.create_index([(\"warehouseId\", 1), (\"stock\", 1)])\n\ndatabase.sessions.create_index([(\"sessionId\", 1)], unique=True)\ndatabase.sessions.create_index([(\"expiresAt\", 1)], expireAfterSeconds=0)\ndatabase.sessions.create_index([(\"customerId\", 1), (\"lastSeen\", -1)])\n\nprint(\"indexes ready\")\nPYEOF\n\nfor i in $(seq 1 20); do\n  if /usr/bin/python3 /opt/skills-nosql/docdb_client.py health \u003e /tmp/health.json 2\u003e/tmp/health.err; then\n    break\n  fi\n  sleep 15\ndone\n\n/usr/bin/python3 /opt/skills-nosql/docdb_client.py seed\n/usr/bin/python3 /opt/skills-nosql/create_indexes.py\n",
            "user_data_base64": null,
            "user_data_replace_on_change": false,
            "volume_tags": null,
            "vpc_security_group_ids": [
              "sg-0479b04244192d1c9"
            ]
          },
          "sensitive_attributes": [],
          "identity_schema_version": 0,
          "identity": {
            "account_id": "076472864721",
            "id": "i-0429ec3b48242bc42",
            "region": "ap-northeast-2"
          },
          "private": "eyJlMmJmYjczMC1lY2FhLTExZTYtOGY4OC0zNDM2M2JjN2M0YzAiOnsiY3JlYXRlIjo2MDAwMDAwMDAwMDAsImRlbGV0ZSI6MTIwMDAwMDAwMDAwMCwicmVhZCI6OTAwMDAwMDAwMDAwLCJ1cGRhdGUiOjYwMDAwMDAwMDAwMH0sInNjaGVtYV92ZXJzaW9uIjoiMiJ9",
          "dependencies": [
            "module.docdb.aws_docdb_cluster.this",
            "module.docdb.aws_docdb_cluster_instance.this",
            "module.docdb.aws_docdb_cluster_parameter_group.this",
            "module.docdb.aws_docdb_subnet_group.this",
            "module.ec2.aws_iam_instance_profile.ec2",
            "module.ec2.aws_iam_role.ec2",
            "module.ec2.data.aws_ami.al2023",
            "module.ec2.data.aws_iam_policy_document.assume",
            "module.kms.aws_kms_key.docdb",
            "module.network.aws_security_group.client_ec2",
            "module.network.aws_security_group.docdb",
            "module.network.aws_subnet.private",
            "module.network.aws_subnet.public",
            "module.network.aws_vpc.this",
            "module.s3_app.aws_s3_bucket.app",
            "module.s3_app.aws_s3_object.docdb_client_py",
            "module.s3_app.aws_s3_object.retail_dataset_json",
            "module.s3_app.random_id.suffix",
            "module.secrets.aws_secretsmanager_secret.docdb",
            "module.secrets.aws_secretsmanager_secret_version.docdb"
          ]
        }
      ]
    },
    {
      "module": "module.kms",
      "mode": "managed",
      "type": "aws_kms_alias",
      "name": "docdb",
      "provider": "provider[\"registry.terraform.io/hashicorp/aws\"]",
      "instances": [
        {
          "schema_version": 0,
          "attributes": {
            "arn": "arn:aws:kms:ap-northeast-2:076472864721:alias/skills-nosql-docdb",
            "id": "alias/skills-nosql-docdb",
            "name": "alias/skills-nosql-docdb",
            "name_prefix": "",
            "region": "ap-northeast-2",
            "target_key_arn": "arn:aws:kms:ap-northeast-2:076472864721:key/add85973-647d-4d98-825a-490bcd2a8e3d",
            "target_key_id": "add85973-647d-4d98-825a-490bcd2a8e3d"
          },
          "sensitive_attributes": [],
          "identity_schema_version": 0,
          "identity": {
            "account_id": "076472864721",
            "name": "alias/skills-nosql-docdb",
            "region": "ap-northeast-2"
          },
          "private": "bnVsbA==",
          "dependencies": [
            "module.kms.aws_kms_key.docdb"
          ]
        }
      ]
    },
    {
      "module": "module.kms",
      "mode": "managed",
      "type": "aws_kms_key",
      "name": "docdb",
      "provider": "provider[\"registry.terraform.io/hashicorp/aws\"]",
      "instances": [
        {
          "schema_version": 0,
          "attributes": {
            "arn": "arn:aws:kms:ap-northeast-2:076472864721:key/add85973-647d-4d98-825a-490bcd2a8e3d",
            "bypass_policy_lockout_safety_check": false,
            "custom_key_store_id": "",
            "customer_master_key_spec": "SYMMETRIC_DEFAULT",
            "deletion_window_in_days": 7,
            "description": "KMS key for skills-nosql DocumentDB storage encryption",
            "enable_key_rotation": true,
            "id": "add85973-647d-4d98-825a-490bcd2a8e3d",
            "is_enabled": true,
            "key_id": "add85973-647d-4d98-825a-490bcd2a8e3d",
            "key_usage": "ENCRYPT_DECRYPT",
            "multi_region": false,
            "policy": "{\"Id\":\"key-default-1\",\"Statement\":[{\"Action\":\"kms:*\",\"Effect\":\"Allow\",\"Principal\":{\"AWS\":\"arn:aws:iam::076472864721:root\"},\"Resource\":\"*\",\"Sid\":\"Enable IAM User Permissions\"}],\"Version\":\"2012-10-17\"}",
            "region": "ap-northeast-2",
            "rotation_period_in_days": 365,
            "tags": null,
            "tags_all": {
              "Project": "skills-nosql"
            },
            "timeouts": null,
            "xks_key_id": ""
          },
          "sensitive_attributes": [],
          "identity_schema_version": 0,
          "identity": {
            "account_id": "076472864721",
            "id": "add85973-647d-4d98-825a-490bcd2a8e3d",
            "region": "ap-northeast-2"
          },
          "private": "eyJlMmJmYjczMC1lY2FhLTExZTYtOGY4OC0zNDM2M2JjN2M0YzAiOnsiY3JlYXRlIjoxMjAwMDAwMDAwMDB9fQ=="
        }
      ]
    },
    {
      "module": "module.network",
      "mode": "managed",
      "type": "aws_internet_gateway",
      "name": "this",
      "provider": "provider[\"registry.terraform.io/hashicorp/aws\"]",
      "instances": [
        {
          "schema_version": 0,
          "attributes": {
            "arn": "arn:aws:ec2:ap-northeast-2:076472864721:internet-gateway/igw-04522600d2f07c9b8",
            "id": "igw-04522600d2f07c9b8",
            "owner_id": "076472864721",
            "region": "ap-northeast-2",
            "tags": {
              "Name": "skills-nosql-igw"
            },
            "tags_all": {
              "Name": "skills-nosql-igw",
              "Project": "skills-nosql"
            },
            "timeouts": null,
            "vpc_id": "vpc-039f4af0147b9be26"
          },
          "sensitive_attributes": [],
          "identity_schema_version": 0,
          "identity": {
            "account_id": "076472864721",
            "id": "igw-04522600d2f07c9b8",
            "region": "ap-northeast-2"
          },
          "private": "eyJlMmJmYjczMC1lY2FhLTExZTYtOGY4OC0zNDM2M2JjN2M0YzAiOnsiY3JlYXRlIjoxMjAwMDAwMDAwMDAwLCJkZWxldGUiOjEyMDAwMDAwMDAwMDAsInVwZGF0ZSI6MTIwMDAwMDAwMDAwMH19",
          "dependencies": [
            "module.network.aws_vpc.this"
          ]
        }
      ]
    },
    {
      "module": "module.network",
      "mode": "managed",
      "type": "aws_route_table",
      "name": "public",
      "provider": "provider[\"registry.terraform.io/hashicorp/aws\"]",
      "instances": [
        {
          "schema_version": 0,
          "attributes": {
            "arn": "arn:aws:ec2:ap-northeast-2:076472864721:route-table/rtb-08c6acfffd5e59292",
            "id": "rtb-08c6acfffd5e59292",
            "owner_id": "076472864721",
            "propagating_vgws": [],
            "region": "ap-northeast-2",
            "route": [
              {
                "carrier_gateway_id": "",
                "cidr_block": "0.0.0.0/0",
                "core_network_arn": "",
                "destination_prefix_list_id": "",
                "egress_only_gateway_id": "",
                "gateway_id": "igw-04522600d2f07c9b8",
                "ipv6_cidr_block": "",
                "local_gateway_id": "",
                "nat_gateway_id": "",
                "network_interface_id": "",
                "odb_network_arn": "",
                "transit_gateway_id": "",
                "vpc_endpoint_id": "",
                "vpc_peering_connection_id": ""
              }
            ],
            "tags": {
              "Name": "skills-nosql-public-rt"
            },
            "tags_all": {
              "Name": "skills-nosql-public-rt",
              "Project": "skills-nosql"
            },
            "timeouts": null,
            "vpc_id": "vpc-039f4af0147b9be26"
          },
          "sensitive_attributes": [],
          "identity_schema_version": 0,
          "identity": {
            "account_id": "076472864721",
            "id": "rtb-08c6acfffd5e59292",
            "region": "ap-northeast-2"
          },
          "private": "eyJlMmJmYjczMC1lY2FhLTExZTYtOGY4OC0zNDM2M2JjN2M0YzAiOnsiY3JlYXRlIjozMDAwMDAwMDAwMDAsImRlbGV0ZSI6MzAwMDAwMDAwMDAwLCJ1cGRhdGUiOjEyMDAwMDAwMDAwMH19",
          "dependencies": [
            "module.network.aws_internet_gateway.this",
            "module.network.aws_vpc.this"
          ]
        }
      ]
    },
    {
      "module": "module.network",
      "mode": "managed",
      "type": "aws_route_table_association",
      "name": "public",
      "provider": "provider[\"registry.terraform.io/hashicorp/aws\"]",
      "instances": [
        {
          "schema_version": 0,
          "attributes": {
            "gateway_id": "",
            "id": "rtbassoc-0f943b770edc4d1d1",
            "region": "ap-northeast-2",
            "route_table_id": "rtb-08c6acfffd5e59292",
            "subnet_id": "subnet-0450dce0d4c7dcdac",
            "timeouts": null
          },
          "sensitive_attributes": [],
          "identity_schema_version": 0,
          "identity": {
            "account_id": "076472864721",
            "id": "rtbassoc-0f943b770edc4d1d1",
            "region": "ap-northeast-2"
          },
          "private": "eyJlMmJmYjczMC1lY2FhLTExZTYtOGY4OC0zNDM2M2JjN2M0YzAiOnsiY3JlYXRlIjozMDAwMDAwMDAwMDAsImRlbGV0ZSI6MzAwMDAwMDAwMDAwLCJ1cGRhdGUiOjEyMDAwMDAwMDAwMH19",
          "dependencies": [
            "module.network.aws_internet_gateway.this",
            "module.network.aws_route_table.public",
            "module.network.aws_subnet.public",
            "module.network.aws_vpc.this"
          ]
        }
      ]
    },
    {
      "module": "module.network",
      "mode": "managed",
      "type": "aws_security_group",
      "name": "client_ec2",
      "provider": "provider[\"registry.terraform.io/hashicorp/aws\"]",
      "instances": [
        {
          "schema_version": 1,
          "attributes": {
            "arn": "arn:aws:ec2:ap-northeast-2:076472864721:security-group/sg-0479b04244192d1c9",
            "description": "Client EC2 - allow 8080 inbound from internet",
            "egress": [
              {
                "cidr_blocks": [
                  "0.0.0.0/0"
                ],
                "description": "",
                "from_port": 0,
                "ipv6_cidr_blocks": [],
                "prefix_list_ids": [],
                "protocol": "-1",
                "security_groups": [],
                "self": false,
                "to_port": 0
              }
            ],
            "id": "sg-0479b04244192d1c9",
            "ingress": [
              {
                "cidr_blocks": [
                  "0.0.0.0/0"
                ],
                "description": "Client application port",
                "from_port": 8080,
                "ipv6_cidr_blocks": [],
                "prefix_list_ids": [],
                "protocol": "tcp",
                "security_groups": [],
                "self": false,
                "to_port": 8080
              }
            ],
            "name": "skills-nosql-client-ec2-sg",
            "name_prefix": "",
            "owner_id": "076472864721",
            "region": "ap-northeast-2",
            "revoke_rules_on_delete": false,
            "tags": {
              "Name": "skills-nosql-client-ec2-sg"
            },
            "tags_all": {
              "Name": "skills-nosql-client-ec2-sg",
              "Project": "skills-nosql"
            },
            "timeouts": null,
            "vpc_id": "vpc-039f4af0147b9be26"
          },
          "sensitive_attributes": [],
          "identity_schema_version": 0,
          "identity": {
            "account_id": "076472864721",
            "id": "sg-0479b04244192d1c9",
            "region": "ap-northeast-2"
          },
          "private": "eyJlMmJmYjczMC1lY2FhLTExZTYtOGY4OC0zNDM2M2JjN2M0YzAiOnsiY3JlYXRlIjo2MDAwMDAwMDAwMDAsImRlbGV0ZSI6OTAwMDAwMDAwMDAwfSwic2NoZW1hX3ZlcnNpb24iOiIxIn0=",
          "dependencies": [
            "module.network.aws_vpc.this"
          ]
        }
      ]
    },
    {
      "module": "module.network",
      "mode": "managed",
      "type": "aws_security_group",
      "name": "docdb",
      "provider": "provider[\"registry.terraform.io/hashicorp/aws\"]",
      "instances": [
        {
          "schema_version": 1,
          "attributes": {
            "arn": "arn:aws:ec2:ap-northeast-2:076472864721:security-group/sg-0434b5ba8c2df9f98",
            "description": "DocumentDB - allow 27017 only from client EC2 security group",
            "egress": [
              {
                "cidr_blocks": [
                  "0.0.0.0/0"
                ],
                "description": "",
                "from_port": 0,
                "ipv6_cidr_blocks": [],
                "prefix_list_ids": [],
                "protocol": "-1",
                "security_groups": [],
                "self": false,
                "to_port": 0
              }
            ],
            "id": "sg-0434b5ba8c2df9f98",
            "ingress": [
              {
                "cidr_blocks": [],
                "description": "DocumentDB from client EC2",
                "from_port": 27017,
                "ipv6_cidr_blocks": [],
                "prefix_list_ids": [],
                "protocol": "tcp",
                "security_groups": [
                  "sg-0479b04244192d1c9"
                ],
                "self": false,
                "to_port": 27017
              }
            ],
            "name": "skills-nosql-docdb-sg",
            "name_prefix": "",
            "owner_id": "076472864721",
            "region": "ap-northeast-2",
            "revoke_rules_on_delete": false,
            "tags": {
              "Name": "skills-nosql-docdb-sg"
            },
            "tags_all": {
              "Name": "skills-nosql-docdb-sg",
              "Project": "skills-nosql"
            },
            "timeouts": null,
            "vpc_id": "vpc-039f4af0147b9be26"
          },
          "sensitive_attributes": [],
          "identity_schema_version": 0,
          "identity": {
            "account_id": "076472864721",
            "id": "sg-0434b5ba8c2df9f98",
            "region": "ap-northeast-2"
          },
          "private": "eyJlMmJmYjczMC1lY2FhLTExZTYtOGY4OC0zNDM2M2JjN2M0YzAiOnsiY3JlYXRlIjo2MDAwMDAwMDAwMDAsImRlbGV0ZSI6OTAwMDAwMDAwMDAwfSwic2NoZW1hX3ZlcnNpb24iOiIxIn0=",
          "dependencies": [
            "module.network.aws_security_group.client_ec2",
            "module.network.aws_vpc.this"
          ]
        }
      ]
    },
    {
      "module": "module.network",
      "mode": "managed",
      "type": "aws_subnet",
      "name": "private",
      "provider": "provider[\"registry.terraform.io/hashicorp/aws\"]",
      "instances": [
        {
          "index_key": 0,
          "schema_version": 1,
          "attributes": {
            "arn": "arn:aws:ec2:ap-northeast-2:076472864721:subnet/subnet-0ce4b21aa98ac36d9",
            "assign_ipv6_address_on_creation": false,
            "availability_zone": "ap-northeast-2a",
            "availability_zone_id": "apne2-az1",
            "cidr_block": "10.50.11.0/24",
            "customer_owned_ipv4_pool": "",
            "enable_dns64": false,
            "enable_lni_at_device_index": 0,
            "enable_resource_name_dns_a_record_on_launch": false,
            "enable_resource_name_dns_aaaa_record_on_launch": false,
            "id": "subnet-0ce4b21aa98ac36d9",
            "ipv4_ipam_pool_id": null,
            "ipv4_netmask_length": null,
            "ipv6_cidr_block": "",
            "ipv6_cidr_block_association_id": "",
            "ipv6_ipam_pool_id": null,
            "ipv6_native": false,
            "ipv6_netmask_length": null,
            "map_customer_owned_ip_on_launch": false,
            "map_public_ip_on_launch": false,
            "outpost_arn": "",
            "owner_id": "076472864721",
            "private_dns_hostname_type_on_launch": "ip-name",
            "region": "ap-northeast-2",
            "tags": {
              "Name": "skills-nosql-private-subnet-1"
            },
            "tags_all": {
              "Name": "skills-nosql-private-subnet-1",
              "Project": "skills-nosql"
            },
            "timeouts": null,
            "vpc_id": "vpc-039f4af0147b9be26"
          },
          "sensitive_attributes": [],
          "identity_schema_version": 0,
          "identity": {
            "account_id": "076472864721",
            "id": "subnet-0ce4b21aa98ac36d9",
            "region": "ap-northeast-2"
          },
          "private": "eyJlMmJmYjczMC1lY2FhLTExZTYtOGY4OC0zNDM2M2JjN2M0YzAiOnsiY3JlYXRlIjo2MDAwMDAwMDAwMDAsImRlbGV0ZSI6MTIwMDAwMDAwMDAwMH0sInNjaGVtYV92ZXJzaW9uIjoiMSJ9",
          "dependencies": [
            "module.network.aws_vpc.this"
          ]
        },
        {
          "index_key": 1,
          "schema_version": 1,
          "attributes": {
            "arn": "arn:aws:ec2:ap-northeast-2:076472864721:subnet/subnet-064dc4eb515f6ec1f",
            "assign_ipv6_address_on_creation": false,
            "availability_zone": "ap-northeast-2b",
            "availability_zone_id": "apne2-az2",
            "cidr_block": "10.50.12.0/24",
            "customer_owned_ipv4_pool": "",
            "enable_dns64": false,
            "enable_lni_at_device_index": 0,
            "enable_resource_name_dns_a_record_on_launch": false,
            "enable_resource_name_dns_aaaa_record_on_launch": false,
            "id": "subnet-064dc4eb515f6ec1f",
            "ipv4_ipam_pool_id": null,
            "ipv4_netmask_length": null,
            "ipv6_cidr_block": "",
            "ipv6_cidr_block_association_id": "",
            "ipv6_ipam_pool_id": null,
            "ipv6_native": false,
            "ipv6_netmask_length": null,
            "map_customer_owned_ip_on_launch": false,
            "map_public_ip_on_launch": false,
            "outpost_arn": "",
            "owner_id": "076472864721",
            "private_dns_hostname_type_on_launch": "ip-name",
            "region": "ap-northeast-2",
            "tags": {
              "Name": "skills-nosql-private-subnet-2"
            },
            "tags_all": {
              "Name": "skills-nosql-private-subnet-2",
              "Project": "skills-nosql"
            },
            "timeouts": null,
            "vpc_id": "vpc-039f4af0147b9be26"
          },
          "sensitive_attributes": [],
          "identity_schema_version": 0,
          "identity": {
            "account_id": "076472864721",
            "id": "subnet-064dc4eb515f6ec1f",
            "region": "ap-northeast-2"
          },
          "private": "eyJlMmJmYjczMC1lY2FhLTExZTYtOGY4OC0zNDM2M2JjN2M0YzAiOnsiY3JlYXRlIjo2MDAwMDAwMDAwMDAsImRlbGV0ZSI6MTIwMDAwMDAwMDAwMH0sInNjaGVtYV92ZXJzaW9uIjoiMSJ9",
          "dependencies": [
            "module.network.aws_vpc.this"
          ]
        }
      ]
    },
    {
      "module": "module.network",
      "mode": "managed",
      "type": "aws_subnet",
      "name": "public",
      "provider": "provider[\"registry.terraform.io/hashicorp/aws\"]",
      "instances": [
        {
          "schema_version": 1,
          "attributes": {
            "arn": "arn:aws:ec2:ap-northeast-2:076472864721:subnet/subnet-0450dce0d4c7dcdac",
            "assign_ipv6_address_on_creation": false,
            "availability_zone": "ap-northeast-2a",
            "availability_zone_id": "apne2-az1",
            "cidr_block": "10.50.1.0/24",
            "customer_owned_ipv4_pool": "",
            "enable_dns64": false,
            "enable_lni_at_device_index": 0,
            "enable_resource_name_dns_a_record_on_launch": false,
            "enable_resource_name_dns_aaaa_record_on_launch": false,
            "id": "subnet-0450dce0d4c7dcdac",
            "ipv4_ipam_pool_id": null,
            "ipv4_netmask_length": null,
            "ipv6_cidr_block": "",
            "ipv6_cidr_block_association_id": "",
            "ipv6_ipam_pool_id": null,
            "ipv6_native": false,
            "ipv6_netmask_length": null,
            "map_customer_owned_ip_on_launch": false,
            "map_public_ip_on_launch": true,
            "outpost_arn": "",
            "owner_id": "076472864721",
            "private_dns_hostname_type_on_launch": "ip-name",
            "region": "ap-northeast-2",
            "tags": {
              "Name": "skills-nosql-public-subnet"
            },
            "tags_all": {
              "Name": "skills-nosql-public-subnet",
              "Project": "skills-nosql"
            },
            "timeouts": null,
            "vpc_id": "vpc-039f4af0147b9be26"
          },
          "sensitive_attributes": [],
          "identity_schema_version": 0,
          "identity": {
            "account_id": "076472864721",
            "id": "subnet-0450dce0d4c7dcdac",
            "region": "ap-northeast-2"
          },
          "private": "eyJlMmJmYjczMC1lY2FhLTExZTYtOGY4OC0zNDM2M2JjN2M0YzAiOnsiY3JlYXRlIjo2MDAwMDAwMDAwMDAsImRlbGV0ZSI6MTIwMDAwMDAwMDAwMH0sInNjaGVtYV92ZXJzaW9uIjoiMSJ9",
          "dependencies": [
            "module.network.aws_vpc.this"
          ]
        }
      ]
    },
    {
      "module": "module.network",
      "mode": "managed",
      "type": "aws_vpc",
      "name": "this",
      "provider": "provider[\"registry.terraform.io/hashicorp/aws\"]",
      "instances": [
        {
          "schema_version": 1,
          "attributes": {
            "arn": "arn:aws:ec2:ap-northeast-2:076472864721:vpc/vpc-039f4af0147b9be26",
            "assign_generated_ipv6_cidr_block": false,
            "cidr_block": "10.50.0.0/16",
            "default_network_acl_id": "acl-07a2a3d6cc29333f5",
            "default_route_table_id": "rtb-0407be4a313113f0b",
            "default_security_group_id": "sg-08899fac703c5ba18",
            "dhcp_options_id": "dopt-06a0b0a59e6bde460",
            "enable_dns_hostnames": true,
            "enable_dns_support": true,
            "enable_network_address_usage_metrics": false,
            "id": "vpc-039f4af0147b9be26",
            "instance_tenancy": "default",
            "ipv4_ipam_pool_id": null,
            "ipv4_netmask_length": null,
            "ipv6_association_id": "",
            "ipv6_cidr_block": "",
            "ipv6_cidr_block_network_border_group": "",
            "ipv6_ipam_pool_id": "",
            "ipv6_netmask_length": 0,
            "main_route_table_id": "rtb-0407be4a313113f0b",
            "owner_id": "076472864721",
            "region": "ap-northeast-2",
            "tags": {
              "Name": "skills-nosql-vpc"
            },
            "tags_all": {
              "Name": "skills-nosql-vpc",
              "Project": "skills-nosql"
            }
          },
          "sensitive_attributes": [],
          "identity_schema_version": 0,
          "identity": {
            "account_id": "076472864721",
            "id": "vpc-039f4af0147b9be26",
            "region": "ap-northeast-2"
          },
          "private": "eyJzY2hlbWFfdmVyc2lvbiI6IjEifQ=="
        }
      ]
    },
    {
      "module": "module.s3_app",
      "mode": "managed",
      "type": "aws_s3_bucket",
      "name": "app",
      "provider": "provider[\"registry.terraform.io/hashicorp/aws\"]",
      "instances": [
        {
          "schema_version": 0,
          "attributes": {
            "acceleration_status": "",
            "acl": null,
            "arn": "arn:aws:s3:::skills-nosql-app-cbc2c3",
            "bucket": "skills-nosql-app-cbc2c3",
            "bucket_domain_name": "skills-nosql-app-cbc2c3.s3.amazonaws.com",
            "bucket_namespace": "global",
            "bucket_prefix": "",
            "bucket_region": "ap-northeast-2",
            "bucket_regional_domain_name": "skills-nosql-app-cbc2c3.s3.ap-northeast-2.amazonaws.com",
            "cors_rule": [],
            "force_destroy": true,
            "grant": [
              {
                "id": "9fdbee916b1016faf02368d714b7743fa0ce13569966c7cb9d6ec97b9fc2c45a",
                "permissions": [
                  "FULL_CONTROL"
                ],
                "type": "CanonicalUser",
                "uri": ""
              }
            ],
            "hosted_zone_id": "Z3W03O7B5YMIYP",
            "id": "skills-nosql-app-cbc2c3",
            "lifecycle_rule": [],
            "logging": [],
            "object_lock_configuration": [],
            "object_lock_enabled": false,
            "policy": "",
            "region": "ap-northeast-2",
            "replication_configuration": [],
            "request_payer": "BucketOwner",
            "server_side_encryption_configuration": [
              {
                "rule": [
                  {
                    "apply_server_side_encryption_by_default": [
                      {
                        "kms_master_key_id": "",
                        "sse_algorithm": "AES256"
                      }
                    ],
                    "bucket_key_enabled": false
                  }
                ]
              }
            ],
            "tags": null,
            "tags_all": {
              "Project": "skills-nosql"
            },
            "timeouts": null,
            "versioning": [
              {
                "enabled": false,
                "mfa_delete": false
              }
            ],
            "website": [],
            "website_domain": null,
            "website_endpoint": null
          },
          "sensitive_attributes": [],
          "identity_schema_version": 0,
          "identity": {
            "account_id": "076472864721",
            "bucket": "skills-nosql-app-cbc2c3",
            "region": "ap-northeast-2"
          },
          "private": "eyJlMmJmYjczMC1lY2FhLTExZTYtOGY4OC0zNDM2M2JjN2M0YzAiOnsiY3JlYXRlIjoxMjAwMDAwMDAwMDAwLCJkZWxldGUiOjM2MDAwMDAwMDAwMDAsInJlYWQiOjEyMDAwMDAwMDAwMDAsInVwZGF0ZSI6MTIwMDAwMDAwMDAwMH19",
          "dependencies": [
            "module.s3_app.random_id.suffix"
          ]
        }
      ]
    },
    {
      "module": "module.s3_app",
      "mode": "managed",
      "type": "aws_s3_bucket_public_access_block",
      "name": "app",
      "provider": "provider[\"registry.terraform.io/hashicorp/aws\"]",
      "instances": [
        {
          "schema_version": 0,
          "attributes": {
            "block_public_acls": true,
            "block_public_policy": true,
            "bucket": "skills-nosql-app-cbc2c3",
            "id": "skills-nosql-app-cbc2c3",
            "ignore_public_acls": true,
            "region": "ap-northeast-2",
            "restrict_public_buckets": true,
            "skip_destroy": null
          },
          "sensitive_attributes": [],
          "identity_schema_version": 0,
          "identity": {
            "account_id": "076472864721",
            "bucket": "skills-nosql-app-cbc2c3",
            "region": "ap-northeast-2"
          },
          "private": "bnVsbA==",
          "dependencies": [
            "module.s3_app.aws_s3_bucket.app",
            "module.s3_app.random_id.suffix"
          ]
        }
      ]
    },
    {
      "module": "module.s3_app",
      "mode": "managed",
      "type": "aws_s3_object",
      "name": "docdb_client_py",
      "provider": "provider[\"registry.terraform.io/hashicorp/aws\"]",
      "instances": [
        {
          "schema_version": 0,
          "attributes": {
            "acl": null,
            "arn": "arn:aws:s3:::skills-nosql-app-cbc2c3/docdb_client.py",
            "bucket": "skills-nosql-app-cbc2c3",
            "bucket_key_enabled": false,
            "cache_control": "",
            "checksum_algorithm": null,
            "checksum_crc32": "",
            "checksum_crc32c": "",
            "checksum_crc64nvme": "",
            "checksum_sha1": "",
            "checksum_sha256": "",
            "content": null,
            "content_base64": null,
            "content_disposition": "",
            "content_encoding": "",
            "content_language": "",
            "content_type": "application/octet-stream",
            "etag": "53c5ac91f8d61febe928e630364c5a16",
            "force_destroy": false,
            "id": "skills-nosql-app-cbc2c3/docdb_client.py",
            "key": "docdb_client.py",
            "kms_key_id": null,
            "metadata": null,
            "object_lock_legal_hold_status": "",
            "object_lock_mode": "",
            "object_lock_retain_until_date": "",
            "override_provider": [],
            "region": "ap-northeast-2",
            "server_side_encryption": "AES256",
            "source": "./files/docdb_client.py",
            "source_hash": null,
            "storage_class": "STANDARD",
            "tags": null,
            "tags_all": {
              "Project": "skills-nosql"
            },
            "version_id": "",
            "website_redirect": ""
          },
          "sensitive_attributes": [],
          "identity_schema_version": 0,
          "identity": {
            "account_id": "076472864721",
            "bucket": "skills-nosql-app-cbc2c3",
            "key": "docdb_client.py",
            "region": "ap-northeast-2"
          },
          "private": "bnVsbA==",
          "dependencies": [
            "module.s3_app.aws_s3_bucket.app",
            "module.s3_app.random_id.suffix"
          ]
        }
      ]
    },
    {
      "module": "module.s3_app",
      "mode": "managed",
      "type": "aws_s3_object",
      "name": "retail_dataset_json",
      "provider": "provider[\"registry.terraform.io/hashicorp/aws\"]",
      "instances": [
        {
          "schema_version": 0,
          "attributes": {
            "acl": null,
            "arn": "arn:aws:s3:::skills-nosql-app-cbc2c3/retail_dataset.json",
            "bucket": "skills-nosql-app-cbc2c3",
            "bucket_key_enabled": false,
            "cache_control": "",
            "checksum_algorithm": null,
            "checksum_crc32": "",
            "checksum_crc32c": "",
            "checksum_crc64nvme": "",
            "checksum_sha1": "",
            "checksum_sha256": "",
            "content": null,
            "content_base64": null,
            "content_disposition": "",
            "content_encoding": "",
            "content_language": "",
            "content_type": "application/octet-stream",
            "etag": "a0aaee613527f05e040529ea1141cf7e",
            "force_destroy": false,
            "id": "skills-nosql-app-cbc2c3/retail_dataset.json",
            "key": "retail_dataset.json",
            "kms_key_id": null,
            "metadata": null,
            "object_lock_legal_hold_status": "",
            "object_lock_mode": "",
            "object_lock_retain_until_date": "",
            "override_provider": [],
            "region": "ap-northeast-2",
            "server_side_encryption": "AES256",
            "source": "./files/retail_dataset.json",
            "source_hash": null,
            "storage_class": "STANDARD",
            "tags": null,
            "tags_all": {
              "Project": "skills-nosql"
            },
            "version_id": "",
            "website_redirect": ""
          },
          "sensitive_attributes": [],
          "identity_schema_version": 0,
          "identity": {
            "account_id": "076472864721",
            "bucket": "skills-nosql-app-cbc2c3",
            "key": "retail_dataset.json",
            "region": "ap-northeast-2"
          },
          "private": "bnVsbA==",
          "dependencies": [
            "module.s3_app.aws_s3_bucket.app",
            "module.s3_app.random_id.suffix"
          ]
        }
      ]
    },
    {
      "module": "module.s3_app",
      "mode": "managed",
      "type": "random_id",
      "name": "suffix",
      "provider": "provider[\"registry.terraform.io/hashicorp/random\"]",
      "instances": [
        {
          "schema_version": 0,
          "attributes": {
            "b64_std": "y8LD",
            "b64_url": "y8LD",
            "byte_length": 3,
            "dec": "13353667",
            "hex": "cbc2c3",
            "id": "y8LD",
            "keepers": null,
            "prefix": null
          },
          "sensitive_attributes": [],
          "identity_schema_version": 0
        }
      ]
    },
    {
      "module": "module.secrets",
      "mode": "managed",
      "type": "aws_secretsmanager_secret",
      "name": "docdb",
      "provider": "provider[\"registry.terraform.io/hashicorp/aws\"]",
      "instances": [
        {
          "schema_version": 0,
          "attributes": {
            "arn": "arn:aws:secretsmanager:ap-northeast-2:076472864721:secret:skills-nosql-docdb-secret-Nb1e5g",
            "description": "",
            "force_overwrite_replica_secret": false,
            "id": "arn:aws:secretsmanager:ap-northeast-2:076472864721:secret:skills-nosql-docdb-secret-Nb1e5g",
            "kms_key_id": "arn:aws:kms:ap-northeast-2:076472864721:key/add85973-647d-4d98-825a-490bcd2a8e3d",
            "name": "skills-nosql-docdb-secret",
            "name_prefix": "",
            "policy": "",
            "recovery_window_in_days": 30,
            "region": "ap-northeast-2",
            "replica": [],
            "tags": null,
            "tags_all": {
              "Project": "skills-nosql"
            },
            "type": ""
          },
          "sensitive_attributes": [],
          "identity_schema_version": 0,
          "identity": {
            "arn": "arn:aws:secretsmanager:ap-northeast-2:076472864721:secret:skills-nosql-docdb-secret-Nb1e5g"
          },
          "private": "bnVsbA==",
          "dependencies": [
            "module.kms.aws_kms_key.docdb"
          ]
        }
      ]
    },
    {
      "module": "module.secrets",
      "mode": "managed",
      "type": "aws_secretsmanager_secret_version",
      "name": "docdb",
      "provider": "provider[\"registry.terraform.io/hashicorp/aws\"]",
      "instances": [
        {
          "schema_version": 0,
          "attributes": {
            "arn": "arn:aws:secretsmanager:ap-northeast-2:076472864721:secret:skills-nosql-docdb-secret-Nb1e5g",
            "has_secret_string_wo": null,
            "id": "arn:aws:secretsmanager:ap-northeast-2:076472864721:secret:skills-nosql-docdb-secret-Nb1e5g|terraform-L86tghvErBWP431K2J4nGbBySW",
            "region": "ap-northeast-2",
            "secret_arn": "arn:aws:secretsmanager:ap-northeast-2:076472864721:secret:skills-nosql-docdb-secret-Nb1e5g",
            "secret_binary": "",
            "secret_id": "arn:aws:secretsmanager:ap-northeast-2:076472864721:secret:skills-nosql-docdb-secret-Nb1e5g",
            "secret_string": "{\"host\":\"skills-nosql-docdb-cluster.cluster-cvkc6u22kl99.ap-northeast-2.docdb.amazonaws.com\",\"password\":\"zjawjd123\",\"username\":\"skillsadmin\"}",
            "secret_string_wo": null,
            "secret_string_wo_version": null,
            "version_id": "terraform-L86tghvErBWP431K2J4nGbBySW",
            "version_stages": [
              "AWSCURRENT"
            ]
          },
          "sensitive_attributes": [
            [
              {
                "type": "get_attr",
                "value": "secret_binary"
              }
            ],
            [
              {
                "type": "get_attr",
                "value": "secret_string"
              }
            ],
            [
              {
                "type": "get_attr",
                "value": "secret_string_wo"
              }
            ]
          ],
          "identity_schema_version": 0,
          "identity": {
            "account_id": "076472864721",
            "region": "ap-northeast-2",
            "secret_id": "arn:aws:secretsmanager:ap-northeast-2:076472864721:secret:skills-nosql-docdb-secret-Nb1e5g",
            "version_id": "terraform-L86tghvErBWP431K2J4nGbBySW"
          },
          "private": "bnVsbA==",
          "dependencies": [
            "module.docdb.aws_docdb_cluster.this",
            "module.docdb.aws_docdb_cluster_parameter_group.this",
            "module.docdb.aws_docdb_subnet_group.this",
            "module.kms.aws_kms_key.docdb",
            "module.network.aws_security_group.client_ec2",
            "module.network.aws_security_group.docdb",
            "module.network.aws_subnet.private",
            "module.network.aws_vpc.this",
            "module.secrets.aws_secretsmanager_secret.docdb"
          ]
        }
      ]
    }
  ],
  "check_results": [
    {
      "object_kind": "var",
      "config_addr": "var.docdb_master_password",
      "status": "pass",
      "objects": [
        {
          "object_addr": "var.docdb_master_password",
          "status": "pass"
        }
      ]
    }
  ]
}
