{
  "version": 4,
  "terraform_version": "1.15.8",
  "serial": 1169,
  "lineage": "f7e0a1e6-235b-935e-b82f-00b712657db3",
  "outputs": {},
  "resources": [
    {
      "mode": "data",
      "type": "aws_availability_zones",
      "name": "az",
      "provider": "provider[\"registry.terraform.io/hashicorp/aws\"]",
      "instances": [
        {
          "schema_version": 0,
          "attributes": {
            "all_availability_zones": null,
            "exclude_names": null,
            "exclude_zone_ids": null,
            "filter": null,
            "group_names": [
              "ap-northeast-2-zg-1"
            ],
            "id": "ap-northeast-2",
            "names": [
              "ap-northeast-2a",
              "ap-northeast-2b",
              "ap-northeast-2c",
              "ap-northeast-2d"
            ],
            "region": "ap-northeast-2",
            "state": "available",
            "timeouts": null,
            "zone_ids": [
              "apne2-az1",
              "apne2-az2",
              "apne2-az3",
              "apne2-az4"
            ]
          },
          "sensitive_attributes": [],
          "identity_schema_version": 0
        }
      ]
    },
    {
      "mode": "data",
      "type": "aws_caller_identity",
      "name": "current",
      "provider": "provider[\"registry.terraform.io/hashicorp/aws\"]",
      "instances": [
        {
          "schema_version": 0,
          "attributes": {
            "account_id": "076472864721",
            "arn": "arn:aws:iam::076472864721:user/skills-user",
            "id": "076472864721",
            "user_id": "AIDARDTRDJ7I2YOPX6I2M"
          },
          "sensitive_attributes": [],
          "identity_schema_version": 0
        }
      ]
    },
    {
      "mode": "data",
      "type": "aws_ec2_managed_prefix_list",
      "name": "cloudfront",
      "provider": "provider[\"registry.terraform.io/hashicorp/aws\"]",
      "instances": [
        {
          "schema_version": 0,
          "attributes": {
            "address_family": "IPv4",
            "arn": "arn:aws:ec2:ap-northeast-2:aws:prefix-list/pl-22a6434b",
            "entries": [
              {
                "cidr": "13.124.199.0/24",
                "description": ""
              },
              {
                "cidr": "130.176.0.0/18",
                "description": ""
              },
              {
                "cidr": "130.176.128.0/21",
                "description": ""
              },
              {
                "cidr": "130.176.136.0/23",
                "description": ""
              },
              {
                "cidr": "130.176.140.0/22",
                "description": ""
              },
              {
                "cidr": "130.176.144.0/20",
                "description": ""
              },
              {
                "cidr": "130.176.160.0/19",
                "description": ""
              },
              {
                "cidr": "130.176.192.0/19",
                "description": ""
              },
              {
                "cidr": "130.176.64.0/21",
                "description": ""
              },
              {
                "cidr": "130.176.72.0/22",
                "description": ""
              },
              {
                "cidr": "130.176.76.0/24",
                "description": ""
              },
              {
                "cidr": "130.176.78.0/23",
                "description": ""
              },
              {
                "cidr": "130.176.80.0/22",
                "description": ""
              },
              {
                "cidr": "130.176.86.0/23",
                "description": ""
              },
              {
                "cidr": "130.176.88.0/21",
                "description": ""
              },
              {
                "cidr": "130.176.96.0/19",
                "description": ""
              },
              {
                "cidr": "15.158.0.0/16",
                "description": ""
              },
              {
                "cidr": "18.68.0.0/16",
                "description": ""
              },
              {
                "cidr": "204.246.166.0/24",
                "description": ""
              },
              {
                "cidr": "205.251.218.0/24",
                "description": ""
              },
              {
                "cidr": "24.110.128.0/17",
                "description": ""
              },
              {
                "cidr": "3.172.0.0/18",
                "description": ""
              },
              {
                "cidr": "3.172.64.0/18",
                "description": ""
              },
              {
                "cidr": "3.29.57.0/26",
                "description": ""
              },
              {
                "cidr": "52.46.0.0/18",
                "description": ""
              },
              {
                "cidr": "52.82.128.0/23",
                "description": ""
              },
              {
                "cidr": "52.82.134.0/23",
                "description": ""
              },
              {
                "cidr": "54.182.128.0/20",
                "description": ""
              },
              {
                "cidr": "54.182.144.0/21",
                "description": ""
              },
              {
                "cidr": "54.182.154.0/23",
                "description": ""
              },
              {
                "cidr": "54.182.156.0/22",
                "description": ""
              },
              {
                "cidr": "54.182.160.0/21",
                "description": ""
              },
              {
                "cidr": "54.182.172.0/22",
                "description": ""
              },
              {
                "cidr": "54.182.176.0/21",
                "description": ""
              },
              {
                "cidr": "54.182.184.0/22",
                "description": ""
              },
              {
                "cidr": "54.182.188.0/23",
                "description": ""
              },
              {
                "cidr": "54.182.224.0/21",
                "description": ""
              },
              {
                "cidr": "54.182.240.0/21",
                "description": ""
              },
              {
                "cidr": "54.182.248.0/22",
                "description": ""
              },
              {
                "cidr": "54.239.134.0/23",
                "description": ""
              },
              {
                "cidr": "54.239.170.0/23",
                "description": ""
              },
              {
                "cidr": "54.239.204.0/22",
                "description": ""
              },
              {
                "cidr": "54.239.208.0/21",
                "description": ""
              },
              {
                "cidr": "64.252.128.0/18",
                "description": ""
              },
              {
                "cidr": "64.252.64.0/18",
                "description": ""
              },
              {
                "cidr": "70.132.0.0/18",
                "description": ""
              }
            ],
            "filter": null,
            "id": "pl-22a6434b",
            "max_entries": 0,
            "name": "com.amazonaws.global.cloudfront.origin-facing",
            "owner_id": "AWS",
            "region": "ap-northeast-2",
            "tags": {},
            "timeouts": null,
            "version": 0
          },
          "sensitive_attributes": [],
          "identity_schema_version": 0
        }
      ]
    },
    {
      "mode": "data",
      "type": "aws_region",
      "name": "current",
      "provider": "provider[\"registry.terraform.io/hashicorp/aws\"]",
      "instances": [
        {
          "schema_version": 0,
          "attributes": {
            "description": "Asia Pacific (Seoul)",
            "endpoint": "ec2.ap-northeast-2.amazonaws.com",
            "id": "ap-northeast-2",
            "name": "ap-northeast-2",
            "region": "ap-northeast-2"
          },
          "sensitive_attributes": [],
          "identity_schema_version": 0
        }
      ]
    },
    {
      "module": "module.dynamodb[\"unicorn-concert-db\"]",
      "mode": "data",
      "type": "aws_iam_policy_document",
      "name": "this",
      "provider": "provider[\"registry.terraform.io/hashicorp/aws\"]",
      "instances": [
        {
          "schema_version": 0,
          "attributes": {
            "id": "1132004489",
            "json": "{\n  \"Version\": \"2012-10-17\"\n}",
            "minified_json": "{\"Version\":\"2012-10-17\"}",
            "override_json": null,
            "override_policy_documents": null,
            "policy_id": null,
            "source_json": null,
            "source_policy_documents": null,
            "statement": null,
            "version": "2012-10-17"
          },
          "sensitive_attributes": [],
          "identity_schema_version": 0
        }
      ]
    },
    {
      "module": "module.dynamodb[\"unicorn-concert-db\"]",
      "mode": "managed",
      "type": "aws_dynamodb_resource_policy",
      "name": "this",
      "provider": "provider[\"registry.terraform.io/hashicorp/aws\"]",
      "instances": []
    },
    {
      "module": "module.dynamodb[\"unicorn-concert-db\"]",
      "mode": "managed",
      "type": "aws_dynamodb_table",
      "name": "this",
      "provider": "provider[\"registry.terraform.io/hashicorp/aws\"]",
      "instances": [
        {
          "schema_version": 1,
          "attributes": {
            "arn": "arn:aws:dynamodb:ap-northeast-2:076472864721:table/unicorn-concert-db",
            "attribute": [
              {
                "name": "booking_id",
                "type": "S"
              },
              {
                "name": "client_id",
                "type": "S"
              },
              {
                "name": "created_at",
                "type": "S"
              }
            ],
            "billing_mode": "PAY_PER_REQUEST",
            "deletion_protection_enabled": true,
            "global_secondary_index": [
              {
                "hash_key": "client_id",
                "key_schema": [
                  {
                    "attribute_name": "client_id",
                    "key_type": "HASH"
                  },
                  {
                    "attribute_name": "created_at",
                    "key_type": "RANGE"
                  }
                ],
                "name": "client-id-created-at-index",
                "non_key_attributes": [],
                "on_demand_throughput": [],
                "projection_type": "ALL",
                "range_key": "created_at",
                "read_capacity": 0,
                "warm_throughput": [],
                "write_capacity": 0
              }
            ],
            "global_table_witness": [],
            "hash_key": "booking_id",
            "id": "unicorn-concert-db",
            "import_table": [],
            "local_secondary_index": [],
            "name": "unicorn-concert-db",
            "on_demand_throughput": [],
            "point_in_time_recovery": [
              {
                "enabled": true,
                "recovery_period_in_days": 35
              }
            ],
            "range_key": null,
            "read_capacity": 0,
            "region": "ap-northeast-2",
            "replica": [],
            "restore_backup_arn": null,
            "restore_date_time": null,
            "restore_source_name": null,
            "restore_source_table_arn": null,
            "restore_to_latest_time": null,
            "server_side_encryption": [
              {
                "enabled": true,
                "kms_key_arn": "arn:aws:kms:ap-northeast-2:076472864721:key/2536d057-17e6-4b1e-a604-3b2bb967a2d5"
              }
            ],
            "stream_arn": "",
            "stream_enabled": false,
            "stream_label": "",
            "stream_view_type": "",
            "table_class": "STANDARD",
            "tags": {
              "Name": "unicorn-concert-db"
            },
            "tags_all": {
              "Name": "unicorn-concert-db"
            },
            "timeouts": null,
            "ttl": [
              {
                "attribute_name": "",
                "enabled": false
              }
            ],
            "warm_throughput": [],
            "write_capacity": 0
          },
          "sensitive_attributes": [],
          "identity_schema_version": 0,
          "identity": {
            "account_id": "076472864721",
            "name": "unicorn-concert-db",
            "region": "ap-northeast-2"
          },
          "private": "eyJlMmJmYjczMC1lY2FhLTExZTYtOGY4OC0zNDM2M2JjN2M0YzAiOnsiY3JlYXRlIjoxODAwMDAwMDAwMDAwLCJkZWxldGUiOjYwMDAwMDAwMDAwMCwidXBkYXRlIjozNjAwMDAwMDAwMDAwfSwic2NoZW1hX3ZlcnNpb24iOiIxIn0=",
          "dependencies": [
            "data.aws_caller_identity.current",
            "data.aws_region.current",
            "module.iam.aws_iam_policy.this",
            "module.iam.aws_iam_role.this",
            "module.iam.aws_iam_role_policy.inline",
            "module.iam.aws_iam_role_policy_attachment.custom",
            "module.iam.aws_iam_role_policy_attachment.managed",
            "module.iam.data.aws_iam_policy_document.this_policy",
            "module.iam.data.aws_iam_policy_document.this_role",
            "module.kms_seoul.aws_kms_alias.this",
            "module.kms_seoul.aws_kms_alias.this_replica",
            "module.kms_seoul.aws_kms_key.this",
            "module.kms_seoul.aws_kms_replica_key.this",
            "module.kms_seoul.data.aws_iam_policy_document.this"
          ]
        }
      ]
    },
    {
      "module": "module.dynamodb[\"unicorn-concert-db\"]",
      "mode": "managed",
      "type": "aws_dynamodb_table_item",
      "name": "this",
      "provider": "provider[\"registry.terraform.io/hashicorp/aws\"]",
      "instances": []
    },
    {
      "module": "module.ec2[\"unicorn-bastion\"]",
      "mode": "data",
      "type": "aws_ssm_parameter",
      "name": "latest_ami",
      "provider": "provider[\"registry.terraform.io/hashicorp/aws\"]",
      "instances": [
        {
          "schema_version": 0,
          "attributes": {
            "arn": "arn:aws:ssm:ap-northeast-2::parameter/aws/service/ami-amazon-linux-latest/al2023-ami-minimal-kernel-default-x86_64",
            "id": "/aws/service/ami-amazon-linux-latest/al2023-ami-minimal-kernel-default-x86_64",
            "insecure_value": "ami-0b08702f8675347e1",
            "name": "/aws/service/ami-amazon-linux-latest/al2023-ami-minimal-kernel-default-x86_64",
            "region": "ap-northeast-2",
            "type": "String",
            "value": "ami-0b08702f8675347e1",
            "version": 184,
            "with_decryption": true
          },
          "sensitive_attributes": [
            [
              {
                "type": "get_attr",
                "value": "value"
              }
            ]
          ],
          "identity_schema_version": 0
        }
      ]
    },
    {
      "module": "module.ec2[\"unicorn-bastion\"]",
      "mode": "managed",
      "type": "aws_eip",
      "name": "this",
      "provider": "provider[\"registry.terraform.io/hashicorp/aws\"]",
      "instances": [
        {
          "index_key": 0,
          "schema_version": 0,
          "attributes": {
            "address": null,
            "allocation_id": "eipalloc-01b671a16a4fb61ef",
            "arn": "arn:aws:ec2:ap-northeast-2:076472864721:elastic-ip/eipalloc-01b671a16a4fb61ef",
            "associate_with_private_ip": "10.97.0.55",
            "association_id": "eipassoc-047d3de6347d13db9",
            "carrier_ip": "",
            "customer_owned_ip": "",
            "customer_owned_ipv4_pool": "",
            "domain": "vpc",
            "id": "eipalloc-01b671a16a4fb61ef",
            "instance": "i-09fcd7b380198f0bc",
            "ipam_pool_id": "",
            "network_border_group": "ap-northeast-2",
            "network_interface": "eni-00a349c212d003bd8",
            "private_dns": "ip-10-97-0-55.ap-northeast-2.compute.internal",
            "private_ip": "10.97.0.55",
            "ptr_record": "",
            "public_dns": "ec2-3-39-105-148.ap-northeast-2.compute.amazonaws.com",
            "public_ip": "3.39.105.148",
            "public_ipv4_pool": "amazon",
            "region": "ap-northeast-2",
            "tags": {
              "Name": "unicorn-bastion-eip"
            },
            "tags_all": {
              "Name": "unicorn-bastion-eip"
            },
            "timeouts": null
          },
          "sensitive_attributes": [],
          "identity_schema_version": 0,
          "identity": {
            "account_id": "076472864721",
            "id": "eipalloc-01b671a16a4fb61ef",
            "region": "ap-northeast-2"
          },
          "private": "eyJlMmJmYjczMC1lY2FhLTExZTYtOGY4OC0zNDM2M2JjN2M0YzAiOnsiZGVsZXRlIjoxODAwMDAwMDAwMDAsInJlYWQiOjkwMDAwMDAwMDAwMCwidXBkYXRlIjozMDAwMDAwMDAwMDB9fQ==",
          "dependencies": [
            "data.aws_availability_zones.az",
            "data.aws_ec2_managed_prefix_list.cloudfront",
            "module.ec2.aws_iam_instance_profile.this",
            "module.ec2.aws_iam_role.this",
            "module.ec2.aws_instance.this",
            "module.ec2.aws_key_pair.this",
            "module.ec2.aws_security_group.this",
            "module.ec2.data.aws_ssm_parameter.latest_ami",
            "module.ec2.tls_private_key.this",
            "module.endpoint.aws_vpc_endpoint.this",
            "module.file.aws_s3_bucket.this",
            "module.file.null_resource.ecr",
            "module.file.null_resource.eks",
            "module.file.null_resource.scripts",
            "module.file.random_string.this",
            "module.security_group.aws_security_group.this",
            "module.vpc.aws_default_route_table.this",
            "module.vpc.aws_default_security_group.this",
            "module.vpc.aws_eip.this",
            "module.vpc.aws_internet_gateway.this",
            "module.vpc.aws_nat_gateway.this",
            "module.vpc.aws_route.this",
            "module.vpc.aws_route_table.this",
            "module.vpc.aws_route_table_association.this",
            "module.vpc.aws_subnet.this",
            "module.vpc.aws_vpc.this"
          ]
        }
      ]
    },
    {
      "module": "module.ec2[\"unicorn-bastion\"]",
      "mode": "managed",
      "type": "aws_iam_instance_profile",
      "name": "this",
      "provider": "provider[\"registry.terraform.io/hashicorp/aws\"]",
      "instances": [
        {
          "index_key": 0,
          "schema_version": 0,
          "attributes": {
            "arn": "arn:aws:iam::076472864721:instance-profile/unicorn-bastion-profile",
            "create_date": "2026-08-22T19:42:19Z",
            "id": "unicorn-bastion-profile",
            "name": "unicorn-bastion-profile",
            "name_prefix": "",
            "path": "/",
            "role": "unicorn-bastion-role",
            "tags": null,
            "tags_all": {},
            "unique_id": "AIPARDTRDJ7IX5TNWRA2O"
          },
          "sensitive_attributes": [],
          "identity_schema_version": 0,
          "identity": {
            "account_id": "076472864721",
            "name": "unicorn-bastion-profile"
          },
          "private": "bnVsbA==",
          "dependencies": [
            "data.aws_availability_zones.az",
            "data.aws_ec2_managed_prefix_list.cloudfront",
            "module.ec2.aws_iam_role.this",
            "module.endpoint.aws_vpc_endpoint.this",
            "module.file.aws_s3_bucket.this",
            "module.file.null_resource.ecr",
            "module.file.null_resource.eks",
            "module.file.null_resource.scripts",
            "module.file.random_string.this",
            "module.security_group.aws_security_group.this",
            "module.vpc.aws_default_route_table.this",
            "module.vpc.aws_default_security_group.this",
            "module.vpc.aws_eip.this",
            "module.vpc.aws_internet_gateway.this",
            "module.vpc.aws_nat_gateway.this",
            "module.vpc.aws_route.this",
            "module.vpc.aws_route_table.this",
            "module.vpc.aws_route_table_association.this",
            "module.vpc.aws_subnet.this",
            "module.vpc.aws_vpc.this"
          ]
        }
      ]
    },
    {
      "module": "module.ec2[\"unicorn-bastion\"]",
      "mode": "managed",
      "type": "aws_iam_role",
      "name": "this",
      "provider": "provider[\"registry.terraform.io/hashicorp/aws\"]",
      "instances": [
        {
          "index_key": 0,
          "schema_version": 0,
          "attributes": {
            "arn": "arn:aws:iam::076472864721:role/unicorn-bastion-role",
            "assume_role_policy": "{\"Statement\":[{\"Action\":\"sts:AssumeRole\",\"Effect\":\"Allow\",\"Principal\":{\"Service\":\"ec2.amazonaws.com\"}}],\"Version\":\"2012-10-17\"}",
            "create_date": "2026-08-22T19:42:18Z",
            "description": "",
            "force_detach_policies": false,
            "id": "unicorn-bastion-role",
            "inline_policy": [],
            "managed_policy_arns": [],
            "max_session_duration": 3600,
            "name": "unicorn-bastion-role",
            "name_prefix": "",
            "path": "/",
            "permissions_boundary": "",
            "tags": null,
            "tags_all": {},
            "unique_id": "AROARDTRDJ7I6XCULC4X2"
          },
          "sensitive_attributes": [],
          "identity_schema_version": 0,
          "identity": {
            "account_id": "076472864721",
            "name": "unicorn-bastion-role"
          },
          "private": "bnVsbA==",
          "dependencies": [
            "data.aws_availability_zones.az",
            "data.aws_ec2_managed_prefix_list.cloudfront",
            "module.endpoint.aws_vpc_endpoint.this",
            "module.file.aws_s3_bucket.this",
            "module.file.null_resource.ecr",
            "module.file.null_resource.eks",
            "module.file.null_resource.scripts",
            "module.file.random_string.this",
            "module.security_group.aws_security_group.this",
            "module.vpc.aws_default_route_table.this",
            "module.vpc.aws_default_security_group.this",
            "module.vpc.aws_eip.this",
            "module.vpc.aws_internet_gateway.this",
            "module.vpc.aws_nat_gateway.this",
            "module.vpc.aws_route.this",
            "module.vpc.aws_route_table.this",
            "module.vpc.aws_route_table_association.this",
            "module.vpc.aws_subnet.this",
            "module.vpc.aws_vpc.this"
          ]
        }
      ]
    },
    {
      "module": "module.ec2[\"unicorn-bastion\"]",
      "mode": "managed",
      "type": "aws_iam_role_policy_attachment",
      "name": "this",
      "provider": "provider[\"registry.terraform.io/hashicorp/aws\"]",
      "instances": [
        {
          "index_key": "arn:aws:iam::aws:policy/AdministratorAccess",
          "schema_version": 0,
          "attributes": {
            "id": "unicorn-bastion-role/arn:aws:iam::aws:policy/AdministratorAccess",
            "policy_arn": "arn:aws:iam::aws:policy/AdministratorAccess",
            "role": "unicorn-bastion-role"
          },
          "sensitive_attributes": [],
          "identity_schema_version": 0,
          "identity": {
            "account_id": "076472864721",
            "policy_arn": "arn:aws:iam::aws:policy/AdministratorAccess",
            "role": "unicorn-bastion-role"
          },
          "private": "bnVsbA==",
          "dependencies": [
            "data.aws_availability_zones.az",
            "data.aws_ec2_managed_prefix_list.cloudfront",
            "module.ec2.aws_iam_role.this",
            "module.endpoint.aws_vpc_endpoint.this",
            "module.file.aws_s3_bucket.this",
            "module.file.null_resource.ecr",
            "module.file.null_resource.eks",
            "module.file.null_resource.scripts",
            "module.file.random_string.this",
            "module.security_group.aws_security_group.this",
            "module.vpc.aws_default_route_table.this",
            "module.vpc.aws_default_security_group.this",
            "module.vpc.aws_eip.this",
            "module.vpc.aws_internet_gateway.this",
            "module.vpc.aws_nat_gateway.this",
            "module.vpc.aws_route.this",
            "module.vpc.aws_route_table.this",
            "module.vpc.aws_route_table_association.this",
            "module.vpc.aws_subnet.this",
            "module.vpc.aws_vpc.this"
          ]
        }
      ]
    },
    {
      "module": "module.ec2[\"unicorn-bastion\"]",
      "mode": "managed",
      "type": "aws_instance",
      "name": "this",
      "provider": "provider[\"registry.terraform.io/hashicorp/aws\"]",
      "instances": [
        {
          "schema_version": 2,
          "attributes": {
            "ami": "ami-0b08702f8675347e1",
            "arn": "arn:aws:ec2:ap-northeast-2:076472864721:instance/i-09fcd7b380198f0bc",
            "associate_public_ip_address": true,
            "availability_zone": "ap-northeast-2a",
            "capacity_reservation_specification": [
              {
                "capacity_reservation_preference": "open",
                "capacity_reservation_target": []
              }
            ],
            "cpu_options": [
              {
                "amd_sev_snp": "",
                "core_count": 1,
                "nested_virtualization": "",
                "threads_per_core": 2
              }
            ],
            "credit_specification": [
              {
                "cpu_credits": "unlimited"
              }
            ],
            "disable_api_stop": false,
            "disable_api_termination": false,
            "ebs_block_device": [],
            "ebs_optimized": false,
            "enable_primary_ipv6": null,
            "enclave_options": [
              {
                "enabled": false
              }
            ],
            "ephemeral_block_device": [],
            "force_destroy": false,
            "get_password_data": false,
            "hibernation": false,
            "host_id": "",
            "host_resource_group_arn": null,
            "iam_instance_profile": "unicorn-bastion-profile",
            "id": "i-09fcd7b380198f0bc",
            "instance_initiated_shutdown_behavior": "stop",
            "instance_lifecycle": "",
            "instance_market_options": [],
            "instance_state": "running",
            "instance_type": "t3.medium",
            "ipv6_address_count": 0,
            "ipv6_addresses": [],
            "key_name": "unicorn",
            "launch_template": [],
            "maintenance_options": [
              {
                "auto_recovery": "default"
              }
            ],
            "metadata_options": [
              {
                "http_endpoint": "enabled",
                "http_protocol_ipv6": "disabled",
                "http_put_response_hop_limit": 2,
                "http_tokens": "required",
                "instance_metadata_tags": "disabled"
              }
            ],
            "monitoring": false,
            "network_interface": [],
            "outpost_arn": "",
            "password_data": "",
            "placement_group": "",
            "placement_group_id": "",
            "placement_partition_number": 0,
            "primary_network_interface": [
              {
                "delete_on_termination": true,
                "network_interface_id": "eni-00a349c212d003bd8"
              }
            ],
            "primary_network_interface_id": "eni-00a349c212d003bd8",
            "private_dns": "ip-10-97-0-55.ap-northeast-2.compute.internal",
            "private_dns_name_options": [
              {
                "enable_resource_name_dns_a_record": false,
                "enable_resource_name_dns_aaaa_record": false,
                "hostname_type": "ip-name"
              }
            ],
            "private_ip": "10.97.0.55",
            "public_dns": "ec2-3-35-17-40.ap-northeast-2.compute.amazonaws.com",
            "public_ip": "3.35.17.40",
            "region": "ap-northeast-2",
            "root_block_device": [
              {
                "delete_on_termination": true,
                "device_name": "/dev/xvda",
                "encrypted": false,
                "iops": 3000,
                "kms_key_id": "",
                "tags": null,
                "tags_all": {},
                "throughput": 125,
                "volume_id": "vol-0c11e9507cc617980",
                "volume_size": 30,
                "volume_type": "gp3"
              }
            ],
            "secondary_network_interface": [],
            "secondary_private_ips": [],
            "security_groups": [],
            "source_dest_check": true,
            "spot_instance_request_id": "",
            "subnet_id": "subnet-03472410b45c2c83a",
            "tags": {
              "Name": "unicorn-bastion"
            },
            "tags_all": {
              "Name": "unicorn-bastion"
            },
            "tenancy": "default",
            "timeouts": null,
            "user_data": "#!/bin/bash\r\nREGION_CODE=\"ap-northeast-2\"\r\nPLAYER_NUMBER=130\r\n\r\ndnf update -y\r\ndnf upgrade -y\r\ndnf install --allowerasing -y jq curl wget unzip vim dos2unix\r\ncurl \"https://awscli.amazonaws.com/awscli-exe-linux-x86_64.zip\" -o \"awscliv2.zip\"\r\nunzip awscliv2.zip\r\nsudo ./aws/install\r\nsudo dnf install -y https://s3.amazonaws.com/ec2-downloads-windows/SSMAgent/latest/linux_amd64/amazon-ssm-agent.rpm\r\n\r\nsed -i 's|PasswordAuthentication no|PasswordAuthentication yes|g' /etc/ssh/sshd_config\r\nsystemctl restart sshd\r\necho 'Skill53##' | passwd --stdin ec2-user\r\necho 'Skill53##' | passwd --stdin root\r\n\r\ndnf install -y docker\r\nsystemctl enable --now docker\r\nusermod -aG docker ec2-user\r\nchmod 666 /var/run/docker.sock\r\n\r\ncurl --silent --location \"https://github.com/weaveworks/eksctl/releases/latest/download/eksctl_$(uname -s)_amd64.tar.gz\" | tar xz -C /tmp\r\nsudo mv /tmp/eksctl /usr/local/bin\r\n\r\ncurl -O https://s3.us-west-2.amazonaws.com/amazon-eks/1.35.2/2026-02-27/bin/linux/amd64/kubectl\r\nchmod +x kubectl\r\nmv kubectl /usr/local/bin\r\n\r\ncurl -fsSL -o get_helm.sh https://raw.githubusercontent.com/helm/helm/main/scripts/get-helm-4\r\nchmod 700 get_helm.sh\r\n./get_helm.sh\r\nrm -rf get_helm.sh\r\n\r\nmkdir k9s \u0026\u0026 cd k9s/\r\ncurl -LO https://github.com/derailed/k9s/releases/download/v0.50.18/k9s_Linux_amd64.tar.gz\r\ntar -xf k9s_Linux_amd64.tar.gz\r\nchmod +x k9s\r\nsudo mv k9s /usr/local/bin\r\ncd ..\r\nrm -rf k9s\r\n\r\nS3_BUCKET_NAME=$(aws s3api list-buckets --query \"Buckets[?contains(Name, 'image')].Name\" --output text --region $REGION_CODE)\r\naws s3 cp s3://$S3_BUCKET_NAME/ /home/ec2-user/ --recursive --region $REGION_CODE\r\naws s3 rb s3://$S3_BUCKET_NAME --force --region $REGION_CODE\r\n\r\nsed -i \"s|PLAYER_NUMBER|$PLAYER_NUMBER|g\" /home/ec2-user/eks/manifest/grafana/values.yaml\r\nchown -R ec2-user:ec2-user /home/ec2-user/\r\nchmod +x /home/ec2-user/scripts/*\r\ndos2unix /home/ec2-user/scripts/*\r\n/home/ec2-user/scripts/cluster-tag.sh\r\n/home/ec2-user/scripts/image.sh\r\n/home/ec2-user/scripts/kube-setup.sh\r\n/home/ec2-user/scripts/edge-setup.sh",
            "user_data_base64": null,
            "user_data_replace_on_change": false,
            "volume_tags": null,
            "vpc_security_group_ids": [
              "sg-0182d7f0661960cd1"
            ]
          },
          "sensitive_attributes": [
            [
              {
                "type": "get_attr",
                "value": "ami"
              }
            ]
          ],
          "identity_schema_version": 0,
          "identity": {
            "account_id": "076472864721",
            "id": "i-09fcd7b380198f0bc",
            "region": "ap-northeast-2"
          },
          "private": "eyJlMmJmYjczMC1lY2FhLTExZTYtOGY4OC0zNDM2M2JjN2M0YzAiOnsiY3JlYXRlIjo2MDAwMDAwMDAwMDAsImRlbGV0ZSI6MTIwMDAwMDAwMDAwMCwicmVhZCI6OTAwMDAwMDAwMDAwLCJ1cGRhdGUiOjYwMDAwMDAwMDAwMH0sInNjaGVtYV92ZXJzaW9uIjoiMiJ9",
          "dependencies": [
            "data.aws_availability_zones.az",
            "data.aws_ec2_managed_prefix_list.cloudfront",
            "module.ec2.aws_iam_instance_profile.this",
            "module.ec2.aws_iam_role.this",
            "module.ec2.aws_key_pair.this",
            "module.ec2.aws_security_group.this",
            "module.ec2.data.aws_ssm_parameter.latest_ami",
            "module.ec2.tls_private_key.this",
            "module.endpoint.aws_vpc_endpoint.this",
            "module.file.aws_s3_bucket.this",
            "module.file.null_resource.ecr",
            "module.file.null_resource.eks",
            "module.file.null_resource.scripts",
            "module.file.random_string.this",
            "module.security_group.aws_security_group.this",
            "module.vpc.aws_default_route_table.this",
            "module.vpc.aws_default_security_group.this",
            "module.vpc.aws_eip.this",
            "module.vpc.aws_internet_gateway.this",
            "module.vpc.aws_nat_gateway.this",
            "module.vpc.aws_route.this",
            "module.vpc.aws_route_table.this",
            "module.vpc.aws_route_table_association.this",
            "module.vpc.aws_subnet.this",
            "module.vpc.aws_vpc.this"
          ]
        }
      ]
    },
    {
      "module": "module.ec2[\"unicorn-bastion\"]",
      "mode": "managed",
      "type": "aws_key_pair",
      "name": "this",
      "provider": "provider[\"registry.terraform.io/hashicorp/aws\"]",
      "instances": [
        {
          "index_key": 0,
          "schema_version": 1,
          "attributes": {
            "arn": "arn:aws:ec2:ap-northeast-2:076472864721:key-pair/unicorn",
            "fingerprint": "9c:19:e9:2d:84:67:98:f7:02:b0:03:92:86:0d:03:9a",
            "id": "unicorn",
            "key_name": "unicorn",
            "key_name_prefix": "",
            "key_pair_id": "key-0b3fc4ed7c0f3652d",
            "key_type": "rsa",
            "public_key": "ssh-rsa AAAAB3NzaC1yc2EAAAADAQABAAACAQC4emzTsWBvodZ4y0zXabVOU03ygkv2Fq7/WIyvkyT0pwUW9wHeAfXZZM9H6wz8KdNS3rca1HBuHTr2VXUSo7Uc80Cmm64fPRPHzS510z+pUvf+wdGLy1UnI/VFQLo9Un7ZHDRKlf6FSyEBTLFB/uheacBQMrAReNdW+FtH0LAWszIFUrxvfI/YTySEBRaxVdmwZ3SAnBJAmXPhvgrbjw2fNyMTpmLWCFOJ8HWK8qG5DUiR5WyWsq/z00NaFwOtu5Rj8oflTLtZp7AOXSi9U7GdLX2e8+hh71uS1RTX04gLJ+Z4y0TEj7sHfy6076lBZ+KwOXgXuzjGbqiQ5PPg+4jOy9D86F/RZOfN1ZjUzUJdYwVfIA0QNR9i4jz86q24n+o9TEV796wlt5V+rWEok9LLUuME4YIWlcBNx9C4grFT6sNfnPzLOtwvQ9Ldz1HQtKeMaga7ylyX9HwYWHv34E304YeaphLniSjj2/77dIjU+epESjjj8vSBpXZFuYp5WkTCSpRe6ItK8GLqVgYMjBCVuV+rE1U1No+IbG6v8G+Qc69iyQQOtnNzOzxbONu98YUGIadDnEtCwsMeLt0Ca04aib5Pqz8RzO8MC6GAPZ9UbFoiJHicqXMgnqzVu79eKPNwCQmNEWnp1QVF33dS+cXKpH6UtTBgqOqNXbtXklaDSQ==",
            "region": "ap-northeast-2",
            "tags": null,
            "tags_all": {}
          },
          "sensitive_attributes": [],
          "identity_schema_version": 0,
          "private": "eyJzY2hlbWFfdmVyc2lvbiI6IjEifQ==",
          "dependencies": [
            "data.aws_availability_zones.az",
            "data.aws_ec2_managed_prefix_list.cloudfront",
            "module.ec2.tls_private_key.this",
            "module.endpoint.aws_vpc_endpoint.this",
            "module.file.aws_s3_bucket.this",
            "module.file.null_resource.ecr",
            "module.file.null_resource.eks",
            "module.file.null_resource.scripts",
            "module.file.random_string.this",
            "module.security_group.aws_security_group.this",
            "module.vpc.aws_default_route_table.this",
            "module.vpc.aws_default_security_group.this",
            "module.vpc.aws_eip.this",
            "module.vpc.aws_internet_gateway.this",
            "module.vpc.aws_nat_gateway.this",
            "module.vpc.aws_route.this",
            "module.vpc.aws_route_table.this",
            "module.vpc.aws_route_table_association.this",
            "module.vpc.aws_subnet.this",
            "module.vpc.aws_vpc.this"
          ]
        }
      ]
    },
    {
      "module": "module.ec2[\"unicorn-bastion\"]",
      "mode": "managed",
      "type": "aws_security_group",
      "name": "this",
      "provider": "provider[\"registry.terraform.io/hashicorp/aws\"]",
      "instances": [
        {
          "schema_version": 1,
          "attributes": {
            "arn": "arn:aws:ec2:ap-northeast-2:076472864721:security-group/sg-0182d7f0661960cd1",
            "description": "Managed by Terraform",
            "egress": [
              {
                "cidr_blocks": [
                  "0.0.0.0/0"
                ],
                "description": "",
                "from_port": 22,
                "ipv6_cidr_blocks": [],
                "prefix_list_ids": [],
                "protocol": "tcp",
                "security_groups": [],
                "self": false,
                "to_port": 22
              },
              {
                "cidr_blocks": [
                  "0.0.0.0/0"
                ],
                "description": "",
                "from_port": 443,
                "ipv6_cidr_blocks": [],
                "prefix_list_ids": [],
                "protocol": "tcp",
                "security_groups": [],
                "self": false,
                "to_port": 443
              },
              {
                "cidr_blocks": [
                  "0.0.0.0/0"
                ],
                "description": "",
                "from_port": 80,
                "ipv6_cidr_blocks": [],
                "prefix_list_ids": [],
                "protocol": "tcp",
                "security_groups": [],
                "self": false,
                "to_port": 80
              }
            ],
            "id": "sg-0182d7f0661960cd1",
            "ingress": [
              {
                "cidr_blocks": [
                  "0.0.0.0/0"
                ],
                "description": "",
                "from_port": 22,
                "ipv6_cidr_blocks": [],
                "prefix_list_ids": [],
                "protocol": "tcp",
                "security_groups": [],
                "self": false,
                "to_port": 22
              }
            ],
            "name": "unicorn-bastion-sg",
            "name_prefix": "",
            "owner_id": "076472864721",
            "region": "ap-northeast-2",
            "revoke_rules_on_delete": false,
            "tags": {
              "Name": "unicorn-bastion-sg"
            },
            "tags_all": {
              "Name": "unicorn-bastion-sg"
            },
            "timeouts": null,
            "vpc_id": "vpc-0b7cfefc2c16d9fc5"
          },
          "sensitive_attributes": [],
          "identity_schema_version": 0,
          "identity": {
            "account_id": "076472864721",
            "id": "sg-0182d7f0661960cd1",
            "region": "ap-northeast-2"
          },
          "private": "eyJlMmJmYjczMC1lY2FhLTExZTYtOGY4OC0zNDM2M2JjN2M0YzAiOnsiY3JlYXRlIjo2MDAwMDAwMDAwMDAsImRlbGV0ZSI6OTAwMDAwMDAwMDAwfSwic2NoZW1hX3ZlcnNpb24iOiIxIn0=",
          "dependencies": [
            "data.aws_availability_zones.az",
            "data.aws_ec2_managed_prefix_list.cloudfront",
            "module.endpoint.aws_vpc_endpoint.this",
            "module.file.aws_s3_bucket.this",
            "module.file.null_resource.ecr",
            "module.file.null_resource.eks",
            "module.file.null_resource.scripts",
            "module.file.random_string.this",
            "module.security_group.aws_security_group.this",
            "module.vpc.aws_default_route_table.this",
            "module.vpc.aws_default_security_group.this",
            "module.vpc.aws_eip.this",
            "module.vpc.aws_internet_gateway.this",
            "module.vpc.aws_nat_gateway.this",
            "module.vpc.aws_route.this",
            "module.vpc.aws_route_table.this",
            "module.vpc.aws_route_table_association.this",
            "module.vpc.aws_subnet.this",
            "module.vpc.aws_vpc.this"
          ]
        }
      ]
    },
    {
      "module": "module.ec2[\"unicorn-bastion\"]",
      "mode": "managed",
      "type": "local_file",
      "name": "this",
      "provider": "provider[\"registry.terraform.io/hashicorp/local\"]",
      "instances": [
        {
          "index_key": 0,
          "schema_version": 0,
          "attributes": {
            "content": "-----BEGIN RSA PRIVATE KEY-----\nMIIJKAIBAAKCAgEAuHps07Fgb6HWeMtM12m1TlNN8oJL9hau/1iMr5Mk9KcFFvcB\n3gH12WTPR+sM/CnTUt63GtRwbh069lV1EqO1HPNAppuuHz0Tx80uddM/qVL3/sHR\ni8tVJyP1RUC6PVJ+2Rw0SpX+hUshAUyxQf7oXmnAUDKwEXjXVvhbR9CwFrMyBVK8\nb3yP2E8khAUWsVXZsGd0gJwSQJlz4b4K248NnzcjE6Zi1ghTifB1ivKhuQ1IkeVs\nlrKv89NDWhcDrbuUY/KH5Uy7WaewDl0ovVOxnS19nvPoYe9bktUU19OICyfmeMtE\nxI+7B38utO+pQWfisDl4F7s4xm6okOTz4PuIzsvQ/Ohf0WTnzdWY1M1CXWMFXyAN\nEDUfYuI8/OqtuJ/qPUxFe/esJbeVfq1hKJPSy1LjBOGCFpXATcfQuIKxU+rDX5z8\nyzrcL0PS3c9R0LSnjGoGu8pcl/R8GFh79+BN9OGHmqYS54ko49v++3SI1PnqREo4\n4/L0gaV2RbmKeVpEwkqUXuiLSvBi6lYGDIwQlblfqxNVNTaPiGxur/BvkHOvYskE\nDrZzczs8WzjbvfGFBiGnQ5xLQsLDHi7dAmtOGom+T6s/EczvDAuhgD2fVGxaIiR4\nnKlzIJ6s1bu/XijzcAkJjRFp6dUFRd93UvnFyqR+lLUwYKjqjV27V5JWg0kCAwEA\nAQKCAgBSvj6fuNhrWaiL54vgtr4mkoDMvBp8F3KIf1wiyBn0ThGfWk0RGcn+pxO9\nyzS4yb3KVrDELPL8wMmYgX4QTTNH9+dQk1VHF6sOm/4xxP2x4c/wCVkGnb3k32D8\nneqq5JyWnurpZVuSx77XCWIcGsx4xHAIyKNmQtA7ZwvyKy1AEUHnV1PDoZgXSnAz\ncuDZy4rnb4+2u8oIBYwPfaD7F6/hcOafwqpkG7n0jdD68JcPHGEnZ0MMWLtI3sI/\n30C8JP2K0taXR5JkxSzXVHuYZ7irqiLFL9tUSfrF4iMGJw/HCS97kJiYnWsjEq2N\nZE2DU6g+qJgv9L6jajDbRIYKrGeQrkSqLMzyqyur7PtiNyCZwANsPHvMpWNUGIIo\nxPZGJaDrsrSnJBdms1tMHcs1RfAKLeYDSkCeQdStVrbt3/sQzqkFae6AU04T+tM7\nXAEVrhEKA3QByOvDlDfSUG+Xyyy49lSneg+ZIzunTox6UVAsLLd74EtH869/Fm6G\nMuUYmr505gJV833u/aSzrmlAxMwNWb7Q1RoyvumdJR8A3NCTW1jDwSn5fXCrFv79\n4cCJ0AcMt71kTZt6Xl7e4zRjZaoI3inCcdBav0JEirvdBPGpeKNXjnM+3ooiIRQw\nmal5OlrAQzQ5W0LRGbTAXBjDHGmXEn5cQ3kF6O35+8kx+QpLjQKCAQEA6C9rcEc9\niMX94MNG1o2zsN8EoA6+r7zbo9SHfo7Kzq3N+WbOu6LRmqAQgR/ELIE4bGHAi21k\nByoRUbpi6AiMUtkjlUsklxehI4Itk3v+jphsDuKNQZwHUSxW/njALRYnKZYVmbzJ\nkub+CbN0BYDnG5GFahnfV8m6NPxwiavYR35Qqw7AcuzDR+sIpdXk9A742l24ODev\n+nMzYEguEyPZvxNDWkGlJydK2Bni1pySSn8COrR8V6EnPr6f+p6ReH+3IqfSiHAc\nT5WjaDAkvuRkG9t+rTTGG/QLp8833/9ndxn1sjY/zOqARwYpegxJOFFYxG0B4xuR\nZBrjKIsxomBJWwKCAQEAy2ZX6o6Nx64zMrMyKrDthBYrisQfv2d6v3JQl1EgYeZs\nGsotWHmmXxPCct+kZ40SjFkbtyApqmLuISM+oXPrCFcqYte7pb3AQYDSPXxvUWot\ni7p82sJ+eKAbtq0/2FBM+2667KBb9mhDxaJS4H7smRZVp9whiZ+TszUWYO7yCIP2\ndPfI/tsqjeHrSxGjCvvNeApCvDlvGrelusgBpxQhr+Wx+qCz9PJ33kCoFcLPb97u\nf1HGgHiJSOhg0cKy8c0IpRTdGFVTHUfRgMlLQSbkNNPzKdXXUivB5XiaqdsF+v8N\nO9CNuiMKuhdfnzonI2GNBTeiQR46uqc2ZeVQbSRjKwKCAQBzFa4HRQh3Fswz8BbY\nmfwLGz/LpgNWUCH+HoXacSSNNRD3IcIutxF1twj3N6ug85vn/LvXYC1Ib82N2PjV\nUgdbuU0t3sUQLyIr24aDp94RB/PnnNuvPYtS7Mth7rAyqNxYfI/QWAcBzYT1ggFs\nCOyEeajLYm+Vr+OgB9AwLQFSzoVlhDZXwIs6xoDO0ipd3l3yvqllFBUh6p/4hU5x\nJj/zubSUtB0MPymV257YCVtpmXKdboCDXtl4/DuHmbk5JPS9NLnh7s/Zkq4gIlzU\nUZhdRnqPl6zqhhiQ4OEtIgdCvZdO8hzFkSZsDd3ZJOXWCFwbYHyi+TMjj0AxBG1h\nsqApAoIBAQC5Ic8VtGkB/eGl3QrlZqLZXeCF7ptC+Sn1hVQrVnEWCsgM3kbFx/wR\ngAe1zS9z/SiLzDN4y/KAnolGajEAfWTI86Wlz9yBMCQEuv8hbdhYjz8jdjtcVjkN\nDBYNgMWi2vwmwpOq+w6ZSi+dfHDY2034zSZroeZ4wGGMdN6InhR4gbxanIo6xjuG\nZsJmUohHYAeVoik570DcXZmgV5mBfMZotrX3fDwv0F4gUlNrcySiG5STGFiH6K50\nSOaPJhsAEXIz57iSBF+hQBRFl3JCu+Zs2xnx0yyoIyHZ/psvzSY1Xd6qudm2OVzz\nIoEriZ/ECW909z1c7engqH/P4RgCL2N/AoIBAF6rosrZSdqiiQcNQN8CS08+Jexe\ny3ndaHEVf0N7YjMyzfR9+GZE5W9LdfysHjz6JJW1Gd6vazxEf23k+YWuTSimZnLR\nUeIwMoQd6+e57H42h6+AiSFtiHIPfvrAWVEfW2L4GVVQQ/IRbjGLjiA7NSlzeK00\no73GhamWs0Q3p71GNCOwpjzsjl4K3eXxm0eQpCknP99X6AQVg5ez4TxuhHZgzWzf\nlYJaBQgVLEa0R46a8VJEwiK/OkdH22vG2+75Sf95otrxIh2gjBuqsAkPSlaK5v7w\nNAhJWZxivoJfPlHEwBqztzm0NTq6rpCLDOIIedh+stf3PaV8HoNsir4fe2M=\n-----END RSA PRIVATE KEY-----\n",
            "content_base64": null,
            "content_base64sha256": "6QA/P63XcYBqEH1zRCP4Qc1XCtbxSB/PCzMrHzvGBrc=",
            "content_base64sha512": "nwXI5Z2xz0JJ6c7n6Wt5Bkrp6T175fZE18jZRDSZlwh/PinRSPoBun+Ewfc6zMFvFu4z5ArGiNUgOPP31aTlSQ==",
            "content_md5": "615a6ce39cbb25ef149dc5d81880f965",
            "content_sha1": "8876ff503b0fd048dc037b8cf72cd7d36a2f8d84",
            "content_sha256": "e9003f3fadd771806a107d734423f841cd570ad6f1481fcf0b332b1f3bc606b7",
            "content_sha512": "9f05c8e59db1cf4249e9cee7e96b79064ae9e93d7be5f644d7c8d944349997087f3e29d148fa01ba7f84c1f73accc16f16ee33e40ac688d52038f3f7d5a4e549",
            "directory_permission": "0777",
            "file_permission": "0777",
            "filename": "C:/Users/sysop/Desktop/GitHub/hyomin-learn/2026_WorldSkills/Day1/7 서울/unicorn.pem",
            "id": "8876ff503b0fd048dc037b8cf72cd7d36a2f8d84",
            "sensitive_content": null,
            "source": null
          },
          "sensitive_attributes": [
            [
              {
                "type": "get_attr",
                "value": "content"
              }
            ],
            [
              {
                "type": "get_attr",
                "value": "sensitive_content"
              }
            ]
          ],
          "identity_schema_version": 0,
          "dependencies": [
            "data.aws_availability_zones.az",
            "data.aws_ec2_managed_prefix_list.cloudfront",
            "module.ec2.tls_private_key.this",
            "module.endpoint.aws_vpc_endpoint.this",
            "module.file.aws_s3_bucket.this",
            "module.file.null_resource.ecr",
            "module.file.null_resource.eks",
            "module.file.null_resource.scripts",
            "module.file.random_string.this",
            "module.security_group.aws_security_group.this",
            "module.vpc.aws_default_route_table.this",
            "module.vpc.aws_default_security_group.this",
            "module.vpc.aws_eip.this",
            "module.vpc.aws_internet_gateway.this",
            "module.vpc.aws_nat_gateway.this",
            "module.vpc.aws_route.this",
            "module.vpc.aws_route_table.this",
            "module.vpc.aws_route_table_association.this",
            "module.vpc.aws_subnet.this",
            "module.vpc.aws_vpc.this"
          ]
        }
      ]
    },
    {
      "module": "module.ec2[\"unicorn-bastion\"]",
      "mode": "managed",
      "type": "tls_private_key",
      "name": "this",
      "provider": "provider[\"registry.terraform.io/hashicorp/tls\"]",
      "instances": [
        {
          "index_key": 0,
          "schema_version": 1,
          "attributes": {
            "algorithm": "RSA",
            "ecdsa_curve": "P224",
            "id": "879967c1b019c1c7d27f343fb5d1e81337500d29",
            "private_key_openssh": "-----BEGIN OPENSSH PRIVATE KEY-----\nb3BlbnNzaC1rZXktdjEAAAAABG5vbmUAAAAEbm9uZQAAAAAAAAABAAACFwAAAAdz\nc2gtcnNhAAAAAwEAAQAAAgEAuHps07Fgb6HWeMtM12m1TlNN8oJL9hau/1iMr5Mk\n9KcFFvcB3gH12WTPR+sM/CnTUt63GtRwbh069lV1EqO1HPNAppuuHz0Tx80uddM/\nqVL3/sHRi8tVJyP1RUC6PVJ+2Rw0SpX+hUshAUyxQf7oXmnAUDKwEXjXVvhbR9Cw\nFrMyBVK8b3yP2E8khAUWsVXZsGd0gJwSQJlz4b4K248NnzcjE6Zi1ghTifB1ivKh\nuQ1IkeVslrKv89NDWhcDrbuUY/KH5Uy7WaewDl0ovVOxnS19nvPoYe9bktUU19OI\nCyfmeMtExI+7B38utO+pQWfisDl4F7s4xm6okOTz4PuIzsvQ/Ohf0WTnzdWY1M1C\nXWMFXyANEDUfYuI8/OqtuJ/qPUxFe/esJbeVfq1hKJPSy1LjBOGCFpXATcfQuIKx\nU+rDX5z8yzrcL0PS3c9R0LSnjGoGu8pcl/R8GFh79+BN9OGHmqYS54ko49v++3SI\n1PnqREo44/L0gaV2RbmKeVpEwkqUXuiLSvBi6lYGDIwQlblfqxNVNTaPiGxur/Bv\nkHOvYskEDrZzczs8WzjbvfGFBiGnQ5xLQsLDHi7dAmtOGom+T6s/EczvDAuhgD2f\nVGxaIiR4nKlzIJ6s1bu/XijzcAkJjRFp6dUFRd93UvnFyqR+lLUwYKjqjV27V5JW\ng0kAAAc4HJp2RhyadkYAAAAHc3NoLXJzYQAAAgEAuHps07Fgb6HWeMtM12m1TlNN\n8oJL9hau/1iMr5Mk9KcFFvcB3gH12WTPR+sM/CnTUt63GtRwbh069lV1EqO1HPNA\nppuuHz0Tx80uddM/qVL3/sHRi8tVJyP1RUC6PVJ+2Rw0SpX+hUshAUyxQf7oXmnA\nUDKwEXjXVvhbR9CwFrMyBVK8b3yP2E8khAUWsVXZsGd0gJwSQJlz4b4K248Nnzcj\nE6Zi1ghTifB1ivKhuQ1IkeVslrKv89NDWhcDrbuUY/KH5Uy7WaewDl0ovVOxnS19\nnvPoYe9bktUU19OICyfmeMtExI+7B38utO+pQWfisDl4F7s4xm6okOTz4PuIzsvQ\n/Ohf0WTnzdWY1M1CXWMFXyANEDUfYuI8/OqtuJ/qPUxFe/esJbeVfq1hKJPSy1Lj\nBOGCFpXATcfQuIKxU+rDX5z8yzrcL0PS3c9R0LSnjGoGu8pcl/R8GFh79+BN9OGH\nmqYS54ko49v++3SI1PnqREo44/L0gaV2RbmKeVpEwkqUXuiLSvBi6lYGDIwQlblf\nqxNVNTaPiGxur/BvkHOvYskEDrZzczs8WzjbvfGFBiGnQ5xLQsLDHi7dAmtOGom+\nT6s/EczvDAuhgD2fVGxaIiR4nKlzIJ6s1bu/XijzcAkJjRFp6dUFRd93UvnFyqR+\nlLUwYKjqjV27V5JWg0kAAAADAQABAAACAFK+Pp+42GtZqIvni+C2viaSgMy8GnwX\ncoh/XCLIGfROEZ9aTREZyf6nE73LNLjJvcpWsMQs8vzAyZiBfhBNM0f351CTVUcX\nqw6b/jHE/bHhz/AJWQadveTfYPyd6qrknJae6ullW5LHvtcJYhwazHjEcAjIo2ZC\n0DtnC/IrLUARQedXU8OhmBdKcDNy4NnLiudvj7a7yggFjA99oPsXr+Fw5p/CqmQb\nufSN0Prwlw8cYSdnQwxYu0jewj/fQLwk/YrS1pdHkmTFLNdUe5hnuKuqIsUv21RJ\n+sXiIwYnD8cJL3uQmJidayMSrY1kTYNTqD6omC/0vqNqMNtEhgqsZ5CuRKoszPKr\nK6vs+2I3IJnAA2w8e8ylY1QYgijE9kYloOuytKckF2azW0wdyzVF8Aot5gNKQJ5B\n1K1Wtu3f+xDOqQVp7oBTThP60ztcARWuEQoDdAHI68OUN9JQb5fLLLj2VKd6D5kj\nO6dOjHpRUCwst3vgS0fzr38WboYy5RiavnTmAlXzfe79pLOuaUDEzA1ZvtDVGjK+\n6Z0lHwDc0JNbWMPBKfl9cKsW/v3hwInQBwy3vWRNm3peXt7jNGNlqgjeKcJx0Fq/\nQkSKu90E8al4o1eOcz7eiiIhFDCZqXk6WsBDNDlbQtEZtMBcGMMcaZcSflxDeQXo\n7fn7yTH5CkuNAAABAF6rosrZSdqiiQcNQN8CS08+Jexey3ndaHEVf0N7YjMyzfR9\n+GZE5W9LdfysHjz6JJW1Gd6vazxEf23k+YWuTSimZnLRUeIwMoQd6+e57H42h6+A\niSFtiHIPfvrAWVEfW2L4GVVQQ/IRbjGLjiA7NSlzeK00o73GhamWs0Q3p71GNCOw\npjzsjl4K3eXxm0eQpCknP99X6AQVg5ez4TxuhHZgzWzflYJaBQgVLEa0R46a8VJE\nwiK/OkdH22vG2+75Sf95otrxIh2gjBuqsAkPSlaK5v7wNAhJWZxivoJfPlHEwBqz\ntzm0NTq6rpCLDOIIedh+stf3PaV8HoNsir4fe2MAAAEBAOgva3BHPYjF/eDDRtaN\ns7DfBKAOvq+826PUh36Oys6tzflmzrui0ZqgEIEfxCyBOGxhwIttZAcqEVG6YugI\njFLZI5VLJJcXoSOCLZN7/o6YbA7ijUGcB1EsVv54wC0WJymWFZm8yZLm/gmzdAWA\n5xuRhWoZ31fJujT8cImr2Ed+UKsOwHLsw0frCKXV5PQO+NpduDg3r/pzM2BILhMj\n2b8TQ1pBpScnStgZ4tackkp/Ajq0fFehJz6+n/qekXh/tyKn0ohwHE+Vo2gwJL7k\nZBvbfq00xhv0C6fPN9//Z3cZ9bI2P8zqgEcGKXoMSThRWMRtAeMbkWQa4yiLMaJg\nSVsAAAEBAMtmV+qOjceuMzKzMiqw7YQWK4rEH79ner9yUJdRIGHmbBrKLVh5pl8T\nwnLfpGeNEoxZG7cgKapi7iEjPqFz6whXKmLXu6W9wEGA0j18b1FqLYu6fNrCfnig\nG7atP9hQTPtuuuygW/ZoQ8WiUuB+7JkWVafcIYmfk7M1FmDu8giD9nT3yP7bKo3h\n60sRowr7zXgKQrw5bxq3pbrIAacUIa/lsfqgs/Tyd95AqBXCz2/e7n9RxoB4iUjo\nYNHCsvHNCKUU3RhVUx1H0YDJS0Em5DTT8ynV11IrweV4mqnbBfr/DTvQjbojCroX\nX586JyNhjQU3okEeOrqnNmXlUG0kYysAAAAAAQID\n-----END OPENSSH PRIVATE KEY-----\n",
            "private_key_pem": "-----BEGIN RSA PRIVATE KEY-----\nMIIJKAIBAAKCAgEAuHps07Fgb6HWeMtM12m1TlNN8oJL9hau/1iMr5Mk9KcFFvcB\n3gH12WTPR+sM/CnTUt63GtRwbh069lV1EqO1HPNAppuuHz0Tx80uddM/qVL3/sHR\ni8tVJyP1RUC6PVJ+2Rw0SpX+hUshAUyxQf7oXmnAUDKwEXjXVvhbR9CwFrMyBVK8\nb3yP2E8khAUWsVXZsGd0gJwSQJlz4b4K248NnzcjE6Zi1ghTifB1ivKhuQ1IkeVs\nlrKv89NDWhcDrbuUY/KH5Uy7WaewDl0ovVOxnS19nvPoYe9bktUU19OICyfmeMtE\nxI+7B38utO+pQWfisDl4F7s4xm6okOTz4PuIzsvQ/Ohf0WTnzdWY1M1CXWMFXyAN\nEDUfYuI8/OqtuJ/qPUxFe/esJbeVfq1hKJPSy1LjBOGCFpXATcfQuIKxU+rDX5z8\nyzrcL0PS3c9R0LSnjGoGu8pcl/R8GFh79+BN9OGHmqYS54ko49v++3SI1PnqREo4\n4/L0gaV2RbmKeVpEwkqUXuiLSvBi6lYGDIwQlblfqxNVNTaPiGxur/BvkHOvYskE\nDrZzczs8WzjbvfGFBiGnQ5xLQsLDHi7dAmtOGom+T6s/EczvDAuhgD2fVGxaIiR4\nnKlzIJ6s1bu/XijzcAkJjRFp6dUFRd93UvnFyqR+lLUwYKjqjV27V5JWg0kCAwEA\nAQKCAgBSvj6fuNhrWaiL54vgtr4mkoDMvBp8F3KIf1wiyBn0ThGfWk0RGcn+pxO9\nyzS4yb3KVrDELPL8wMmYgX4QTTNH9+dQk1VHF6sOm/4xxP2x4c/wCVkGnb3k32D8\nneqq5JyWnurpZVuSx77XCWIcGsx4xHAIyKNmQtA7ZwvyKy1AEUHnV1PDoZgXSnAz\ncuDZy4rnb4+2u8oIBYwPfaD7F6/hcOafwqpkG7n0jdD68JcPHGEnZ0MMWLtI3sI/\n30C8JP2K0taXR5JkxSzXVHuYZ7irqiLFL9tUSfrF4iMGJw/HCS97kJiYnWsjEq2N\nZE2DU6g+qJgv9L6jajDbRIYKrGeQrkSqLMzyqyur7PtiNyCZwANsPHvMpWNUGIIo\nxPZGJaDrsrSnJBdms1tMHcs1RfAKLeYDSkCeQdStVrbt3/sQzqkFae6AU04T+tM7\nXAEVrhEKA3QByOvDlDfSUG+Xyyy49lSneg+ZIzunTox6UVAsLLd74EtH869/Fm6G\nMuUYmr505gJV833u/aSzrmlAxMwNWb7Q1RoyvumdJR8A3NCTW1jDwSn5fXCrFv79\n4cCJ0AcMt71kTZt6Xl7e4zRjZaoI3inCcdBav0JEirvdBPGpeKNXjnM+3ooiIRQw\nmal5OlrAQzQ5W0LRGbTAXBjDHGmXEn5cQ3kF6O35+8kx+QpLjQKCAQEA6C9rcEc9\niMX94MNG1o2zsN8EoA6+r7zbo9SHfo7Kzq3N+WbOu6LRmqAQgR/ELIE4bGHAi21k\nByoRUbpi6AiMUtkjlUsklxehI4Itk3v+jphsDuKNQZwHUSxW/njALRYnKZYVmbzJ\nkub+CbN0BYDnG5GFahnfV8m6NPxwiavYR35Qqw7AcuzDR+sIpdXk9A742l24ODev\n+nMzYEguEyPZvxNDWkGlJydK2Bni1pySSn8COrR8V6EnPr6f+p6ReH+3IqfSiHAc\nT5WjaDAkvuRkG9t+rTTGG/QLp8833/9ndxn1sjY/zOqARwYpegxJOFFYxG0B4xuR\nZBrjKIsxomBJWwKCAQEAy2ZX6o6Nx64zMrMyKrDthBYrisQfv2d6v3JQl1EgYeZs\nGsotWHmmXxPCct+kZ40SjFkbtyApqmLuISM+oXPrCFcqYte7pb3AQYDSPXxvUWot\ni7p82sJ+eKAbtq0/2FBM+2667KBb9mhDxaJS4H7smRZVp9whiZ+TszUWYO7yCIP2\ndPfI/tsqjeHrSxGjCvvNeApCvDlvGrelusgBpxQhr+Wx+qCz9PJ33kCoFcLPb97u\nf1HGgHiJSOhg0cKy8c0IpRTdGFVTHUfRgMlLQSbkNNPzKdXXUivB5XiaqdsF+v8N\nO9CNuiMKuhdfnzonI2GNBTeiQR46uqc2ZeVQbSRjKwKCAQBzFa4HRQh3Fswz8BbY\nmfwLGz/LpgNWUCH+HoXacSSNNRD3IcIutxF1twj3N6ug85vn/LvXYC1Ib82N2PjV\nUgdbuU0t3sUQLyIr24aDp94RB/PnnNuvPYtS7Mth7rAyqNxYfI/QWAcBzYT1ggFs\nCOyEeajLYm+Vr+OgB9AwLQFSzoVlhDZXwIs6xoDO0ipd3l3yvqllFBUh6p/4hU5x\nJj/zubSUtB0MPymV257YCVtpmXKdboCDXtl4/DuHmbk5JPS9NLnh7s/Zkq4gIlzU\nUZhdRnqPl6zqhhiQ4OEtIgdCvZdO8hzFkSZsDd3ZJOXWCFwbYHyi+TMjj0AxBG1h\nsqApAoIBAQC5Ic8VtGkB/eGl3QrlZqLZXeCF7ptC+Sn1hVQrVnEWCsgM3kbFx/wR\ngAe1zS9z/SiLzDN4y/KAnolGajEAfWTI86Wlz9yBMCQEuv8hbdhYjz8jdjtcVjkN\nDBYNgMWi2vwmwpOq+w6ZSi+dfHDY2034zSZroeZ4wGGMdN6InhR4gbxanIo6xjuG\nZsJmUohHYAeVoik570DcXZmgV5mBfMZotrX3fDwv0F4gUlNrcySiG5STGFiH6K50\nSOaPJhsAEXIz57iSBF+hQBRFl3JCu+Zs2xnx0yyoIyHZ/psvzSY1Xd6qudm2OVzz\nIoEriZ/ECW909z1c7engqH/P4RgCL2N/AoIBAF6rosrZSdqiiQcNQN8CS08+Jexe\ny3ndaHEVf0N7YjMyzfR9+GZE5W9LdfysHjz6JJW1Gd6vazxEf23k+YWuTSimZnLR\nUeIwMoQd6+e57H42h6+AiSFtiHIPfvrAWVEfW2L4GVVQQ/IRbjGLjiA7NSlzeK00\no73GhamWs0Q3p71GNCOwpjzsjl4K3eXxm0eQpCknP99X6AQVg5ez4TxuhHZgzWzf\nlYJaBQgVLEa0R46a8VJEwiK/OkdH22vG2+75Sf95otrxIh2gjBuqsAkPSlaK5v7w\nNAhJWZxivoJfPlHEwBqztzm0NTq6rpCLDOIIedh+stf3PaV8HoNsir4fe2M=\n-----END RSA PRIVATE KEY-----\n",
            "private_key_pem_pkcs8": "-----BEGIN PRIVATE KEY-----\nMIIJQgIBADANBgkqhkiG9w0BAQEFAASCCSwwggkoAgEAAoICAQC4emzTsWBvodZ4\ny0zXabVOU03ygkv2Fq7/WIyvkyT0pwUW9wHeAfXZZM9H6wz8KdNS3rca1HBuHTr2\nVXUSo7Uc80Cmm64fPRPHzS510z+pUvf+wdGLy1UnI/VFQLo9Un7ZHDRKlf6FSyEB\nTLFB/uheacBQMrAReNdW+FtH0LAWszIFUrxvfI/YTySEBRaxVdmwZ3SAnBJAmXPh\nvgrbjw2fNyMTpmLWCFOJ8HWK8qG5DUiR5WyWsq/z00NaFwOtu5Rj8oflTLtZp7AO\nXSi9U7GdLX2e8+hh71uS1RTX04gLJ+Z4y0TEj7sHfy6076lBZ+KwOXgXuzjGbqiQ\n5PPg+4jOy9D86F/RZOfN1ZjUzUJdYwVfIA0QNR9i4jz86q24n+o9TEV796wlt5V+\nrWEok9LLUuME4YIWlcBNx9C4grFT6sNfnPzLOtwvQ9Ldz1HQtKeMaga7ylyX9HwY\nWHv34E304YeaphLniSjj2/77dIjU+epESjjj8vSBpXZFuYp5WkTCSpRe6ItK8GLq\nVgYMjBCVuV+rE1U1No+IbG6v8G+Qc69iyQQOtnNzOzxbONu98YUGIadDnEtCwsMe\nLt0Ca04aib5Pqz8RzO8MC6GAPZ9UbFoiJHicqXMgnqzVu79eKPNwCQmNEWnp1QVF\n33dS+cXKpH6UtTBgqOqNXbtXklaDSQIDAQABAoICAFK+Pp+42GtZqIvni+C2viaS\ngMy8GnwXcoh/XCLIGfROEZ9aTREZyf6nE73LNLjJvcpWsMQs8vzAyZiBfhBNM0f3\n51CTVUcXqw6b/jHE/bHhz/AJWQadveTfYPyd6qrknJae6ullW5LHvtcJYhwazHjE\ncAjIo2ZC0DtnC/IrLUARQedXU8OhmBdKcDNy4NnLiudvj7a7yggFjA99oPsXr+Fw\n5p/CqmQbufSN0Prwlw8cYSdnQwxYu0jewj/fQLwk/YrS1pdHkmTFLNdUe5hnuKuq\nIsUv21RJ+sXiIwYnD8cJL3uQmJidayMSrY1kTYNTqD6omC/0vqNqMNtEhgqsZ5Cu\nRKoszPKrK6vs+2I3IJnAA2w8e8ylY1QYgijE9kYloOuytKckF2azW0wdyzVF8Aot\n5gNKQJ5B1K1Wtu3f+xDOqQVp7oBTThP60ztcARWuEQoDdAHI68OUN9JQb5fLLLj2\nVKd6D5kjO6dOjHpRUCwst3vgS0fzr38WboYy5RiavnTmAlXzfe79pLOuaUDEzA1Z\nvtDVGjK+6Z0lHwDc0JNbWMPBKfl9cKsW/v3hwInQBwy3vWRNm3peXt7jNGNlqgje\nKcJx0Fq/QkSKu90E8al4o1eOcz7eiiIhFDCZqXk6WsBDNDlbQtEZtMBcGMMcaZcS\nflxDeQXo7fn7yTH5CkuNAoIBAQDoL2twRz2Ixf3gw0bWjbOw3wSgDr6vvNuj1Id+\njsrOrc35Zs67otGaoBCBH8QsgThsYcCLbWQHKhFRumLoCIxS2SOVSySXF6Ejgi2T\ne/6OmGwO4o1BnAdRLFb+eMAtFicplhWZvMmS5v4Js3QFgOcbkYVqGd9Xybo0/HCJ\nq9hHflCrDsBy7MNH6wil1eT0DvjaXbg4N6/6czNgSC4TI9m/E0NaQaUnJ0rYGeLW\nnJJKfwI6tHxXoSc+vp/6npF4f7cip9KIcBxPlaNoMCS+5GQb236tNMYb9Aunzzff\n/2d3GfWyNj/M6oBHBil6DEk4UVjEbQHjG5FkGuMoizGiYElbAoIBAQDLZlfqjo3H\nrjMyszIqsO2EFiuKxB+/Z3q/clCXUSBh5mwayi1YeaZfE8Jy36RnjRKMWRu3ICmq\nYu4hIz6hc+sIVypi17ulvcBBgNI9fG9Rai2Lunzawn54oBu2rT/YUEz7brrsoFv2\naEPFolLgfuyZFlWn3CGJn5OzNRZg7vIIg/Z098j+2yqN4etLEaMK+814CkK8OW8a\nt6W6yAGnFCGv5bH6oLP08nfeQKgVws9v3u5/UcaAeIlI6GDRwrLxzQilFN0YVVMd\nR9GAyUtBJuQ00/Mp1ddSK8HleJqp2wX6/w070I26Iwq6F1+fOicjYY0FN6JBHjq6\npzZl5VBtJGMrAoIBAHMVrgdFCHcWzDPwFtiZ/AsbP8umA1ZQIf4ehdpxJI01EPch\nwi63EXW3CPc3q6Dzm+f8u9dgLUhvzY3Y+NVSB1u5TS3exRAvIivbhoOn3hEH8+ec\n2689i1Lsy2HusDKo3Fh8j9BYBwHNhPWCAWwI7IR5qMtib5Wv46AH0DAtAVLOhWWE\nNlfAizrGgM7SKl3eXfK+qWUUFSHqn/iFTnEmP/O5tJS0HQw/KZXbntgJW2mZcp1u\ngINe2Xj8O4eZuTkk9L00ueHuz9mSriAiXNRRmF1Geo+XrOqGGJDg4S0iB0K9l07y\nHMWRJmwN3dkk5dYIXBtgfKL5MyOPQDEEbWGyoCkCggEBALkhzxW0aQH94aXdCuVm\notld4IXum0L5KfWFVCtWcRYKyAzeRsXH/BGAB7XNL3P9KIvMM3jL8oCeiUZqMQB9\nZMjzpaXP3IEwJAS6/yFt2FiPPyN2O1xWOQ0MFg2AxaLa/CbCk6r7DplKL518cNjb\nTfjNJmuh5njAYYx03oieFHiBvFqcijrGO4ZmwmZSiEdgB5WiKTnvQNxdmaBXmYF8\nxmi2tfd8PC/QXiBSU2tzJKIblJMYWIfornRI5o8mGwARcjPnuJIEX6FAFEWXckK7\n5mzbGfHTLKgjIdn+my/NJjVd3qq52bY5XPMigSuJn8QJb3T3PVzt6eCof8/hGAIv\nY38CggEAXquiytlJ2qKJBw1A3wJLTz4l7F7Led1ocRV/Q3tiMzLN9H34ZkTlb0t1\n/KwePPoklbUZ3q9rPER/beT5ha5NKKZmctFR4jAyhB3r57nsfjaHr4CJIW2Icg9+\n+sBZUR9bYvgZVVBD8hFuMYuOIDs1KXN4rTSjvcaFqZazRDenvUY0I7CmPOyOXgrd\n5fGbR5CkKSc/31foBBWDl7PhPG6EdmDNbN+VgloFCBUsRrRHjprxUkTCIr86R0fb\na8bb7vlJ/3mi2vEiHaCMG6qwCQ9KVorm/vA0CElZnGK+gl8+UcTAGrO3ObQ1Orqu\nkIsM4gh52H6y1/c9pXweg2yKvh97Yw==\n-----END PRIVATE KEY-----\n",
            "public_key_fingerprint_md5": "95:24:1e:40:5c:85:83:84:ee:c3:3c:3b:47:c3:c9:3f",
            "public_key_fingerprint_sha256": "SHA256:8oZGwt6Od0w/6qlszqmV9ouS8LKbq4Hb+8vzbIawmsE",
            "public_key_openssh": "ssh-rsa AAAAB3NzaC1yc2EAAAADAQABAAACAQC4emzTsWBvodZ4y0zXabVOU03ygkv2Fq7/WIyvkyT0pwUW9wHeAfXZZM9H6wz8KdNS3rca1HBuHTr2VXUSo7Uc80Cmm64fPRPHzS510z+pUvf+wdGLy1UnI/VFQLo9Un7ZHDRKlf6FSyEBTLFB/uheacBQMrAReNdW+FtH0LAWszIFUrxvfI/YTySEBRaxVdmwZ3SAnBJAmXPhvgrbjw2fNyMTpmLWCFOJ8HWK8qG5DUiR5WyWsq/z00NaFwOtu5Rj8oflTLtZp7AOXSi9U7GdLX2e8+hh71uS1RTX04gLJ+Z4y0TEj7sHfy6076lBZ+KwOXgXuzjGbqiQ5PPg+4jOy9D86F/RZOfN1ZjUzUJdYwVfIA0QNR9i4jz86q24n+o9TEV796wlt5V+rWEok9LLUuME4YIWlcBNx9C4grFT6sNfnPzLOtwvQ9Ldz1HQtKeMaga7ylyX9HwYWHv34E304YeaphLniSjj2/77dIjU+epESjjj8vSBpXZFuYp5WkTCSpRe6ItK8GLqVgYMjBCVuV+rE1U1No+IbG6v8G+Qc69iyQQOtnNzOzxbONu98YUGIadDnEtCwsMeLt0Ca04aib5Pqz8RzO8MC6GAPZ9UbFoiJHicqXMgnqzVu79eKPNwCQmNEWnp1QVF33dS+cXKpH6UtTBgqOqNXbtXklaDSQ==\n",
            "public_key_pem": "-----BEGIN PUBLIC KEY-----\nMIICIjANBgkqhkiG9w0BAQEFAAOCAg8AMIICCgKCAgEAuHps07Fgb6HWeMtM12m1\nTlNN8oJL9hau/1iMr5Mk9KcFFvcB3gH12WTPR+sM/CnTUt63GtRwbh069lV1EqO1\nHPNAppuuHz0Tx80uddM/qVL3/sHRi8tVJyP1RUC6PVJ+2Rw0SpX+hUshAUyxQf7o\nXmnAUDKwEXjXVvhbR9CwFrMyBVK8b3yP2E8khAUWsVXZsGd0gJwSQJlz4b4K248N\nnzcjE6Zi1ghTifB1ivKhuQ1IkeVslrKv89NDWhcDrbuUY/KH5Uy7WaewDl0ovVOx\nnS19nvPoYe9bktUU19OICyfmeMtExI+7B38utO+pQWfisDl4F7s4xm6okOTz4PuI\nzsvQ/Ohf0WTnzdWY1M1CXWMFXyANEDUfYuI8/OqtuJ/qPUxFe/esJbeVfq1hKJPS\ny1LjBOGCFpXATcfQuIKxU+rDX5z8yzrcL0PS3c9R0LSnjGoGu8pcl/R8GFh79+BN\n9OGHmqYS54ko49v++3SI1PnqREo44/L0gaV2RbmKeVpEwkqUXuiLSvBi6lYGDIwQ\nlblfqxNVNTaPiGxur/BvkHOvYskEDrZzczs8WzjbvfGFBiGnQ5xLQsLDHi7dAmtO\nGom+T6s/EczvDAuhgD2fVGxaIiR4nKlzIJ6s1bu/XijzcAkJjRFp6dUFRd93UvnF\nyqR+lLUwYKjqjV27V5JWg0kCAwEAAQ==\n-----END PUBLIC KEY-----\n",
            "rsa_bits": 4096
          },
          "sensitive_attributes": [
            [
              {
                "type": "get_attr",
                "value": "private_key_openssh"
              }
            ],
            [
              {
                "type": "get_attr",
                "value": "private_key_pem"
              }
            ],
            [
              {
                "type": "get_attr",
                "value": "private_key_pem_pkcs8"
              }
            ]
          ],
          "identity_schema_version": 0,
          "dependencies": [
            "data.aws_availability_zones.az",
            "data.aws_ec2_managed_prefix_list.cloudfront",
            "module.endpoint.aws_vpc_endpoint.this",
            "module.file.aws_s3_bucket.this",
            "module.file.null_resource.ecr",
            "module.file.null_resource.eks",
            "module.file.null_resource.scripts",
            "module.file.random_string.this",
            "module.security_group.aws_security_group.this",
            "module.vpc.aws_default_route_table.this",
            "module.vpc.aws_default_security_group.this",
            "module.vpc.aws_eip.this",
            "module.vpc.aws_internet_gateway.this",
            "module.vpc.aws_nat_gateway.this",
            "module.vpc.aws_route.this",
            "module.vpc.aws_route_table.this",
            "module.vpc.aws_route_table_association.this",
            "module.vpc.aws_subnet.this",
            "module.vpc.aws_vpc.this"
          ]
        }
      ]
    },
    {
      "module": "module.ecr[\"unicorn-concert-app\"]",
      "mode": "data",
      "type": "aws_caller_identity",
      "name": "current",
      "provider": "provider[\"registry.terraform.io/hashicorp/aws\"]",
      "instances": [
        {
          "schema_version": 0,
          "attributes": {
            "account_id": "076472864721",
            "arn": "arn:aws:iam::076472864721:user/skills-user",
            "id": "076472864721",
            "user_id": "AIDARDTRDJ7I2YOPX6I2M"
          },
          "sensitive_attributes": [],
          "identity_schema_version": 0
        }
      ]
    },
    {
      "module": "module.ecr[\"unicorn-concert-app\"]",
      "mode": "data",
      "type": "aws_region",
      "name": "current",
      "provider": "provider[\"registry.terraform.io/hashicorp/aws\"]",
      "instances": [
        {
          "schema_version": 0,
          "attributes": {
            "description": "Asia Pacific (Seoul)",
            "endpoint": "ec2.ap-northeast-2.amazonaws.com",
            "id": "ap-northeast-2",
            "name": "ap-northeast-2",
            "region": "ap-northeast-2"
          },
          "sensitive_attributes": [],
          "identity_schema_version": 0
        }
      ]
    },
    {
      "module": "module.ecr[\"unicorn-concert-app\"]",
      "mode": "managed",
      "type": "aws_ecr_repository",
      "name": "this",
      "provider": "provider[\"registry.terraform.io/hashicorp/aws\"]",
      "instances": [
        {
          "schema_version": 0,
          "attributes": {
            "arn": "arn:aws:ecr:ap-northeast-2:076472864721:repository/unicorn-concert-app",
            "encryption_configuration": [
              {
                "encryption_type": "KMS",
                "kms_key": "arn:aws:kms:ap-northeast-2:076472864721:key/2536d057-17e6-4b1e-a604-3b2bb967a2d5"
              }
            ],
            "force_delete": null,
            "id": "unicorn-concert-app",
            "image_scanning_configuration": [
              {
                "scan_on_push": true
              }
            ],
            "image_tag_mutability": "IMMUTABLE_WITH_EXCLUSION",
            "image_tag_mutability_exclusion_filter": [
              {
                "filter": "latest",
                "filter_type": "WILDCARD"
              }
            ],
            "name": "unicorn-concert-app",
            "region": "ap-northeast-2",
            "registry_id": "076472864721",
            "repository_url": "076472864721.dkr.ecr.ap-northeast-2.amazonaws.com/unicorn-concert-app",
            "tags": {
              "Name": "unicorn-concert-app"
            },
            "tags_all": {
              "Name": "unicorn-concert-app"
            },
            "timeouts": null
          },
          "sensitive_attributes": [],
          "identity_schema_version": 0,
          "identity": {
            "account_id": "076472864721",
            "name": "unicorn-concert-app",
            "region": "ap-northeast-2"
          },
          "private": "eyJlMmJmYjczMC1lY2FhLTExZTYtOGY4OC0zNDM2M2JjN2M0YzAiOnsiZGVsZXRlIjoxMjAwMDAwMDAwMDAwfX0=",
          "dependencies": [
            "data.aws_caller_identity.current",
            "module.kms_seoul.aws_kms_alias.this",
            "module.kms_seoul.aws_kms_alias.this_replica",
            "module.kms_seoul.aws_kms_key.this",
            "module.kms_seoul.aws_kms_replica_key.this",
            "module.kms_seoul.data.aws_iam_policy_document.this"
          ]
        }
      ]
    },
    {
      "module": "module.endpoint[\"ecr.api\"]",
      "mode": "managed",
      "type": "aws_vpc_endpoint",
      "name": "this",
      "provider": "provider[\"registry.terraform.io/hashicorp/aws\"]",
      "instances": [
        {
          "schema_version": 0,
          "attributes": {
            "arn": "arn:aws:ec2:ap-northeast-2:076472864721:vpc-endpoint/vpce-0d59997043331eec9",
            "auto_accept": null,
            "cidr_blocks": [],
            "dns_entry": [
              {
                "dns_name": "vpce-0d59997043331eec9-6ufn4ewq.api.ecr.ap-northeast-2.vpce.amazonaws.com",
                "hosted_zone_id": "Z27UANNT0PRK1T"
              },
              {
                "dns_name": "vpce-0d59997043331eec9-6ufn4ewq-ap-northeast-2c.api.ecr.ap-northeast-2.vpce.amazonaws.com",
                "hosted_zone_id": "Z27UANNT0PRK1T"
              },
              {
                "dns_name": "vpce-0d59997043331eec9-6ufn4ewq-ap-northeast-2b.api.ecr.ap-northeast-2.vpce.amazonaws.com",
                "hosted_zone_id": "Z27UANNT0PRK1T"
              },
              {
                "dns_name": "vpce-0d59997043331eec9-6ufn4ewq-ap-northeast-2a.api.ecr.ap-northeast-2.vpce.amazonaws.com",
                "hosted_zone_id": "Z27UANNT0PRK1T"
              },
              {
                "dns_name": "api.ecr.ap-northeast-2.amazonaws.com",
                "hosted_zone_id": "Z00921382EFL70YD0FVND"
              },
              {
                "dns_name": "ecr.ap-northeast-2.api.aws",
                "hosted_zone_id": "Z0788269HEKG81J6B7AT"
              }
            ],
            "dns_options": [
              {
                "dns_record_ip_type": "ipv4",
                "private_dns_only_for_inbound_resolver_endpoint": false,
                "private_dns_preference": "",
                "private_dns_specified_domains": []
              }
            ],
            "id": "vpce-0d59997043331eec9",
            "ip_address_type": "ipv4",
            "network_interface_ids": [
              "eni-0a17e4a1eb0558b5d",
              "eni-0c0c40031eb6b39b1",
              "eni-0cba4c270a4882ca4"
            ],
            "owner_id": "076472864721",
            "policy": "{\"Statement\":[{\"Action\":\"*\",\"Effect\":\"Allow\",\"Principal\":\"*\",\"Resource\":\"*\"}]}",
            "prefix_list_id": null,
            "private_dns_enabled": true,
            "region": "ap-northeast-2",
            "requester_managed": false,
            "resource_configuration_arn": "",
            "route_table_ids": [],
            "security_group_ids": [
              "sg-0e964fd3bd7fd084e"
            ],
            "service_name": "com.amazonaws.ap-northeast-2.ecr.api",
            "service_network_arn": "",
            "service_region": "ap-northeast-2",
            "state": "available",
            "subnet_configuration": [
              {
                "ipv4": "10.97.10.179",
                "ipv6": "",
                "subnet_id": "subnet-05e855bd0c2635021"
              },
              {
                "ipv4": "10.97.11.228",
                "ipv6": "",
                "subnet_id": "subnet-008f901a9f39af16d"
              },
              {
                "ipv4": "10.97.12.42",
                "ipv6": "",
                "subnet_id": "subnet-03f806a99c085b04c"
              }
            ],
            "subnet_ids": [
              "subnet-008f901a9f39af16d",
              "subnet-03f806a99c085b04c",
              "subnet-05e855bd0c2635021"
            ],
            "tags": {
              "Name": "unicorn-ecr-api-ep"
            },
            "tags_all": {
              "Name": "unicorn-ecr-api-ep"
            },
            "timeouts": null,
            "vpc_endpoint_type": "Interface",
            "vpc_id": "vpc-0b7cfefc2c16d9fc5"
          },
          "sensitive_attributes": [],
          "identity_schema_version": 0,
          "identity": {
            "account_id": "076472864721",
            "id": "vpce-0d59997043331eec9",
            "region": "ap-northeast-2"
          },
          "private": "eyJlMmJmYjczMC1lY2FhLTExZTYtOGY4OC0zNDM2M2JjN2M0YzAiOnsiY3JlYXRlIjo2MDAwMDAwMDAwMDAsImRlbGV0ZSI6NjAwMDAwMDAwMDAwLCJ1cGRhdGUiOjYwMDAwMDAwMDAwMH19",
          "dependencies": [
            "data.aws_availability_zones.az",
            "data.aws_ec2_managed_prefix_list.cloudfront",
            "module.security_group.aws_security_group.this",
            "module.vpc.aws_default_route_table.this",
            "module.vpc.aws_default_security_group.this",
            "module.vpc.aws_eip.this",
            "module.vpc.aws_internet_gateway.this",
            "module.vpc.aws_nat_gateway.this",
            "module.vpc.aws_route.this",
            "module.vpc.aws_route_table.this",
            "module.vpc.aws_route_table_association.this",
            "module.vpc.aws_subnet.this",
            "module.vpc.aws_vpc.this"
          ]
        }
      ]
    },
    {
      "module": "module.endpoint[\"ecr.dkr\"]",
      "mode": "managed",
      "type": "aws_vpc_endpoint",
      "name": "this",
      "provider": "provider[\"registry.terraform.io/hashicorp/aws\"]",
      "instances": [
        {
          "schema_version": 0,
          "attributes": {
            "arn": "arn:aws:ec2:ap-northeast-2:076472864721:vpc-endpoint/vpce-0d3eb1e2ad3f583f2",
            "auto_accept": null,
            "cidr_blocks": [],
            "dns_entry": [
              {
                "dns_name": "vpce-0d3eb1e2ad3f583f2-dprf55a7.dkr.ecr.ap-northeast-2.vpce.amazonaws.com",
                "hosted_zone_id": "Z27UANNT0PRK1T"
              },
              {
                "dns_name": "vpce-0d3eb1e2ad3f583f2-dprf55a7-ap-northeast-2b.dkr.ecr.ap-northeast-2.vpce.amazonaws.com",
                "hosted_zone_id": "Z27UANNT0PRK1T"
              },
              {
                "dns_name": "vpce-0d3eb1e2ad3f583f2-dprf55a7-ap-northeast-2c.dkr.ecr.ap-northeast-2.vpce.amazonaws.com",
                "hosted_zone_id": "Z27UANNT0PRK1T"
              },
              {
                "dns_name": "vpce-0d3eb1e2ad3f583f2-dprf55a7-ap-northeast-2a.dkr.ecr.ap-northeast-2.vpce.amazonaws.com",
                "hosted_zone_id": "Z27UANNT0PRK1T"
              },
              {
                "dns_name": "dkr.ecr.ap-northeast-2.amazonaws.com",
                "hosted_zone_id": "Z00936791YUPDPW369I7E"
              },
              {
                "dns_name": "*.dkr.ecr.ap-northeast-2.amazonaws.com",
                "hosted_zone_id": "Z00936791YUPDPW369I7E"
              },
              {
                "dns_name": "dkr-ecr.ap-northeast-2.on.aws",
                "hosted_zone_id": "Z095421133VAPLJQ5POMJ"
              },
              {
                "dns_name": "*.dkr-ecr.ap-northeast-2.on.aws",
                "hosted_zone_id": "Z095421133VAPLJQ5POMJ"
              }
            ],
            "dns_options": [
              {
                "dns_record_ip_type": "ipv4",
                "private_dns_only_for_inbound_resolver_endpoint": false,
                "private_dns_preference": "",
                "private_dns_specified_domains": []
              }
            ],
            "id": "vpce-0d3eb1e2ad3f583f2",
            "ip_address_type": "ipv4",
            "network_interface_ids": [
              "eni-04c3d14653164a4ae",
              "eni-0b0137a42bef741cf",
              "eni-0b25bf1ad30fb8a96"
            ],
            "owner_id": "076472864721",
            "policy": "{\"Statement\":[{\"Action\":\"*\",\"Effect\":\"Allow\",\"Principal\":\"*\",\"Resource\":\"*\"}]}",
            "prefix_list_id": null,
            "private_dns_enabled": true,
            "region": "ap-northeast-2",
            "requester_managed": false,
            "resource_configuration_arn": "",
            "route_table_ids": [],
            "security_group_ids": [
              "sg-0e964fd3bd7fd084e"
            ],
            "service_name": "com.amazonaws.ap-northeast-2.ecr.dkr",
            "service_network_arn": "",
            "service_region": "ap-northeast-2",
            "state": "available",
            "subnet_configuration": [
              {
                "ipv4": "10.97.10.51",
                "ipv6": "",
                "subnet_id": "subnet-05e855bd0c2635021"
              },
              {
                "ipv4": "10.97.11.156",
                "ipv6": "",
                "subnet_id": "subnet-008f901a9f39af16d"
              },
              {
                "ipv4": "10.97.12.225",
                "ipv6": "",
                "subnet_id": "subnet-03f806a99c085b04c"
              }
            ],
            "subnet_ids": [
              "subnet-008f901a9f39af16d",
              "subnet-03f806a99c085b04c",
              "subnet-05e855bd0c2635021"
            ],
            "tags": {
              "Name": "unicorn-ecr-dkr-ep"
            },
            "tags_all": {
              "Name": "unicorn-ecr-dkr-ep"
            },
            "timeouts": null,
            "vpc_endpoint_type": "Interface",
            "vpc_id": "vpc-0b7cfefc2c16d9fc5"
          },
          "sensitive_attributes": [],
          "identity_schema_version": 0,
          "identity": {
            "account_id": "076472864721",
            "id": "vpce-0d3eb1e2ad3f583f2",
            "region": "ap-northeast-2"
          },
          "private": "eyJlMmJmYjczMC1lY2FhLTExZTYtOGY4OC0zNDM2M2JjN2M0YzAiOnsiY3JlYXRlIjo2MDAwMDAwMDAwMDAsImRlbGV0ZSI6NjAwMDAwMDAwMDAwLCJ1cGRhdGUiOjYwMDAwMDAwMDAwMH19",
          "dependencies": [
            "data.aws_availability_zones.az",
            "data.aws_ec2_managed_prefix_list.cloudfront",
            "module.security_group.aws_security_group.this",
            "module.vpc.aws_default_route_table.this",
            "module.vpc.aws_default_security_group.this",
            "module.vpc.aws_eip.this",
            "module.vpc.aws_internet_gateway.this",
            "module.vpc.aws_nat_gateway.this",
            "module.vpc.aws_route.this",
            "module.vpc.aws_route_table.this",
            "module.vpc.aws_route_table_association.this",
            "module.vpc.aws_subnet.this",
            "module.vpc.aws_vpc.this"
          ]
        }
      ]
    },
    {
      "module": "module.endpoint[\"s3\"]",
      "mode": "managed",
      "type": "aws_vpc_endpoint",
      "name": "this",
      "provider": "provider[\"registry.terraform.io/hashicorp/aws\"]",
      "instances": [
        {
          "schema_version": 0,
          "attributes": {
            "arn": "arn:aws:ec2:ap-northeast-2:076472864721:vpc-endpoint/vpce-0a1053596b914f6fe",
            "auto_accept": null,
            "cidr_blocks": [
              "52.219.202.0/23",
              "52.219.144.0/22",
              "52.219.204.0/22",
              "3.5.144.0/23",
              "3.5.140.0/22",
              "52.219.148.0/23",
              "52.219.60.0/23",
              "3.5.184.0/21",
              "52.219.56.0/22"
            ],
            "dns_entry": [],
            "dns_options": [
              {
                "dns_record_ip_type": "service-defined",
                "private_dns_only_for_inbound_resolver_endpoint": false,
                "private_dns_preference": "",
                "private_dns_specified_domains": []
              }
            ],
            "id": "vpce-0a1053596b914f6fe",
            "ip_address_type": "ipv4",
            "network_interface_ids": [],
            "owner_id": "076472864721",
            "policy": "{\"Statement\":[{\"Action\":\"*\",\"Effect\":\"Allow\",\"Principal\":\"*\",\"Resource\":\"*\"}],\"Version\":\"2008-10-17\"}",
            "prefix_list_id": "pl-78a54011",
            "private_dns_enabled": false,
            "region": "ap-northeast-2",
            "requester_managed": false,
            "resource_configuration_arn": "",
            "route_table_ids": [
              "rtb-0404eee0d5fb001e6",
              "rtb-0d046bcfdc2653e58",
              "rtb-0ea3a21810f0433f0"
            ],
            "security_group_ids": [],
            "service_name": "com.amazonaws.ap-northeast-2.s3",
            "service_network_arn": "",
            "service_region": "ap-northeast-2",
            "state": "available",
            "subnet_configuration": [],
            "subnet_ids": [],
            "tags": {
              "Name": "unicorn-s3-ep"
            },
            "tags_all": {
              "Name": "unicorn-s3-ep"
            },
            "timeouts": null,
            "vpc_endpoint_type": "Gateway",
            "vpc_id": "vpc-0b7cfefc2c16d9fc5"
          },
          "sensitive_attributes": [],
          "identity_schema_version": 0,
          "identity": {
            "account_id": "076472864721",
            "id": "vpce-0a1053596b914f6fe",
            "region": "ap-northeast-2"
          },
          "private": "eyJlMmJmYjczMC1lY2FhLTExZTYtOGY4OC0zNDM2M2JjN2M0YzAiOnsiY3JlYXRlIjo2MDAwMDAwMDAwMDAsImRlbGV0ZSI6NjAwMDAwMDAwMDAwLCJ1cGRhdGUiOjYwMDAwMDAwMDAwMH19",
          "dependencies": [
            "data.aws_availability_zones.az",
            "data.aws_ec2_managed_prefix_list.cloudfront",
            "module.security_group.aws_security_group.this",
            "module.vpc.aws_default_route_table.this",
            "module.vpc.aws_default_security_group.this",
            "module.vpc.aws_eip.this",
            "module.vpc.aws_internet_gateway.this",
            "module.vpc.aws_nat_gateway.this",
            "module.vpc.aws_route.this",
            "module.vpc.aws_route_table.this",
            "module.vpc.aws_route_table_association.this",
            "module.vpc.aws_subnet.this",
            "module.vpc.aws_vpc.this"
          ]
        }
      ]
    },
    {
      "module": "module.file",
      "mode": "managed",
      "type": "aws_s3_bucket",
      "name": "this",
      "provider": "provider[\"registry.terraform.io/hashicorp/aws\"]",
      "instances": [
        {
          "schema_version": 0,
          "attributes": {
            "acceleration_status": "",
            "acl": null,
            "arn": "arn:aws:s3:::wsc-image-9822",
            "bucket": "wsc-image-9822",
            "bucket_domain_name": "wsc-image-9822.s3.amazonaws.com",
            "bucket_namespace": "global",
            "bucket_prefix": "",
            "bucket_region": "ap-northeast-2",
            "bucket_regional_domain_name": "wsc-image-9822.s3.ap-northeast-2.amazonaws.com",
            "cors_rule": [],
            "force_destroy": true,
            "grant": [
              {
                "id": "9fdbee916b1016faf02368d714b7743fa0ce13569966c7cb9d6ec97b9fc2c45a",
                "permissions": [
                  "FULL_CONTROL"
                ],
                "type": "CanonicalUser",
                "uri": ""
              }
            ],
            "hosted_zone_id": "Z3W03O7B5YMIYP",
            "id": "wsc-image-9822",
            "lifecycle_rule": [],
            "logging": [],
            "object_lock_configuration": [],
            "object_lock_enabled": false,
            "policy": "",
            "region": "ap-northeast-2",
            "replication_configuration": [],
            "request_payer": "BucketOwner",
            "server_side_encryption_configuration": [
              {
                "rule": [
                  {
                    "apply_server_side_encryption_by_default": [
                      {
                        "kms_master_key_id": "",
                        "sse_algorithm": "AES256"
                      }
                    ],
                    "bucket_key_enabled": false
                  }
                ]
              }
            ],
            "tags": null,
            "tags_all": {},
            "timeouts": null,
            "versioning": [
              {
                "enabled": false,
                "mfa_delete": false
              }
            ],
            "website": [],
            "website_domain": null,
            "website_endpoint": null
          },
          "sensitive_attributes": [],
          "identity_schema_version": 0,
          "identity": {
            "account_id": "076472864721",
            "bucket": "wsc-image-9822",
            "region": "ap-northeast-2"
          },
          "private": "eyJlMmJmYjczMC1lY2FhLTExZTYtOGY4OC0zNDM2M2JjN2M0YzAiOnsiY3JlYXRlIjoxMjAwMDAwMDAwMDAwLCJkZWxldGUiOjM2MDAwMDAwMDAwMDAsInJlYWQiOjEyMDAwMDAwMDAwMDAsInVwZGF0ZSI6MTIwMDAwMDAwMDAwMH19",
          "dependencies": [
            "module.file.random_string.this"
          ]
        }
      ]
    },
    {
      "module": "module.file",
      "mode": "managed",
      "type": "null_resource",
      "name": "ecr",
      "provider": "provider[\"registry.terraform.io/hashicorp/null\"]",
      "instances": [
        {
          "schema_version": 0,
          "attributes": {
            "id": "4665545867384514739",
            "triggers": {
              "always_run": "2026-08-22T19:39:04Z"
            }
          },
          "sensitive_attributes": [],
          "identity_schema_version": 0,
          "dependencies": [
            "module.file.aws_s3_bucket.this",
            "module.file.random_string.this"
          ]
        }
      ]
    },
    {
      "module": "module.file",
      "mode": "managed",
      "type": "null_resource",
      "name": "eks",
      "provider": "provider[\"registry.terraform.io/hashicorp/null\"]",
      "instances": [
        {
          "schema_version": 0,
          "attributes": {
            "id": "5461653876047988697",
            "triggers": {
              "always_run": "2026-08-22T19:39:04Z"
            }
          },
          "sensitive_attributes": [],
          "identity_schema_version": 0,
          "dependencies": [
            "module.file.aws_s3_bucket.this",
            "module.file.random_string.this"
          ]
        }
      ]
    },
    {
      "module": "module.file",
      "mode": "managed",
      "type": "null_resource",
      "name": "scripts",
      "provider": "provider[\"registry.terraform.io/hashicorp/null\"]",
      "instances": [
        {
          "schema_version": 0,
          "attributes": {
            "id": "8742972062126783876",
            "triggers": {
              "always_run": "2026-08-22T19:39:04Z"
            }
          },
          "sensitive_attributes": [],
          "identity_schema_version": 0,
          "dependencies": [
            "module.file.aws_s3_bucket.this",
            "module.file.random_string.this"
          ]
        }
      ]
    },
    {
      "module": "module.file",
      "mode": "managed",
      "type": "random_string",
      "name": "this",
      "provider": "provider[\"registry.terraform.io/hashicorp/random\"]",
      "instances": [
        {
          "schema_version": 2,
          "attributes": {
            "id": "9822",
            "keepers": null,
            "length": 4,
            "lower": false,
            "min_lower": 0,
            "min_numeric": 0,
            "min_special": 0,
            "min_upper": 0,
            "number": true,
            "numeric": true,
            "override_special": null,
            "result": "9822",
            "special": false,
            "upper": false
          },
          "sensitive_attributes": [],
          "identity_schema_version": 0
        }
      ]
    },
    {
      "module": "module.iam[\"unicorn-audit-role\"]",
      "mode": "data",
      "type": "aws_iam_policy_document",
      "name": "this_policy",
      "provider": "provider[\"registry.terraform.io/hashicorp/aws\"]",
      "instances": [
        {
          "schema_version": 0,
          "attributes": {
            "id": "2625212607",
            "json": "{\n  \"Version\": \"2012-10-17\",\n  \"Statement\": [\n    {\n      \"Effect\": \"Allow\",\n      \"Action\": [\n        \"dynamodb:Query\",\n        \"dynamodb:GetItem\"\n      ],\n      \"Resource\": \"arn:aws:dynamodb:ap-northeast-2:076472864721:table/unicorn-concert-db\"\n    },\n    {\n      \"Effect\": \"Allow\",\n      \"Action\": \"ec2:DescribeVpcs\",\n      \"Resource\": \"*\"\n    },\n    {\n      \"Effect\": \"Allow\",\n      \"Action\": \"eks:Describe\",\n      \"Resource\": \"arn:aws:eks:ap-northeast-2:076472864721:cluster/unicorn-eks-cluster\"\n    }\n  ]\n}",
            "minified_json": "{\"Version\":\"2012-10-17\",\"Statement\":[{\"Effect\":\"Allow\",\"Action\":[\"dynamodb:Query\",\"dynamodb:GetItem\"],\"Resource\":\"arn:aws:dynamodb:ap-northeast-2:076472864721:table/unicorn-concert-db\"},{\"Effect\":\"Allow\",\"Action\":\"ec2:DescribeVpcs\",\"Resource\":\"*\"},{\"Effect\":\"Allow\",\"Action\":\"eks:Describe\",\"Resource\":\"arn:aws:eks:ap-northeast-2:076472864721:cluster/unicorn-eks-cluster\"}]}",
            "override_json": null,
            "override_policy_documents": null,
            "policy_id": null,
            "source_json": null,
            "source_policy_documents": null,
            "statement": [
              {
                "actions": [
                  "dynamodb:GetItem",
                  "dynamodb:Query"
                ],
                "condition": [],
                "effect": "Allow",
                "not_actions": [],
                "not_principals": [],
                "not_resources": [],
                "principals": [],
                "resources": [
                  "arn:aws:dynamodb:ap-northeast-2:076472864721:table/unicorn-concert-db"
                ],
                "sid": ""
              },
              {
                "actions": [
                  "ec2:DescribeVpcs"
                ],
                "condition": [],
                "effect": "Allow",
                "not_actions": [],
                "not_principals": [],
                "not_resources": [],
                "principals": [],
                "resources": [
                  "*"
                ],
                "sid": ""
              },
              {
                "actions": [
                  "eks:Describe"
                ],
                "condition": [],
                "effect": "Allow",
                "not_actions": [],
                "not_principals": [],
                "not_resources": [],
                "principals": [],
                "resources": [
                  "arn:aws:eks:ap-northeast-2:076472864721:cluster/unicorn-eks-cluster"
                ],
                "sid": ""
              }
            ],
            "version": "2012-10-17"
          },
          "sensitive_attributes": [],
          "identity_schema_version": 0
        }
      ]
    },
    {
      "module": "module.iam[\"unicorn-audit-role\"]",
      "mode": "data",
      "type": "aws_iam_policy_document",
      "name": "this_role",
      "provider": "provider[\"registry.terraform.io/hashicorp/aws\"]",
      "instances": [
        {
          "schema_version": 0,
          "attributes": {
            "id": "3006931145",
            "json": "{\n  \"Version\": \"2012-10-17\",\n  \"Statement\": [\n    {\n      \"Effect\": \"Allow\",\n      \"Action\": \"sts:AssumeRole\",\n      \"Principal\": {\n        \"AWS\": \"arn:aws:iam::076472864721:root\"\n      },\n      \"Condition\": {\n        \"StringEquals\": {\n          \"sts:ExternalId\": \"unicorn-audit-2026130\"\n        }\n      }\n    }\n  ]\n}",
            "minified_json": "{\"Version\":\"2012-10-17\",\"Statement\":[{\"Effect\":\"Allow\",\"Action\":\"sts:AssumeRole\",\"Principal\":{\"AWS\":\"arn:aws:iam::076472864721:root\"},\"Condition\":{\"StringEquals\":{\"sts:ExternalId\":\"unicorn-audit-2026130\"}}}]}",
            "override_json": null,
            "override_policy_documents": null,
            "policy_id": null,
            "source_json": null,
            "source_policy_documents": null,
            "statement": [
              {
                "actions": [
                  "sts:AssumeRole"
                ],
                "condition": [
                  {
                    "test": "StringEquals",
                    "values": [
                      "unicorn-audit-2026130"
                    ],
                    "variable": "sts:ExternalId"
                  }
                ],
                "effect": "Allow",
                "not_actions": [],
                "not_principals": [],
                "not_resources": [],
                "principals": [
                  {
                    "identifiers": [
                      "arn:aws:iam::076472864721:root"
                    ],
                    "type": "AWS"
                  }
                ],
                "resources": [],
                "sid": ""
              }
            ],
            "version": "2012-10-17"
          },
          "sensitive_attributes": [],
          "identity_schema_version": 0
        }
      ]
    },
    {
      "module": "module.iam[\"unicorn-audit-role\"]",
      "mode": "managed",
      "type": "aws_iam_policy",
      "name": "this",
      "provider": "provider[\"registry.terraform.io/hashicorp/aws\"]",
      "instances": []
    },
    {
      "module": "module.iam[\"unicorn-audit-role\"]",
      "mode": "managed",
      "type": "aws_iam_role",
      "name": "this",
      "provider": "provider[\"registry.terraform.io/hashicorp/aws\"]",
      "instances": [
        {
          "schema_version": 0,
          "attributes": {
            "arn": "arn:aws:iam::076472864721:role/unicorn-audit-role",
            "assume_role_policy": "{\"Statement\":[{\"Action\":\"sts:AssumeRole\",\"Condition\":{\"StringEquals\":{\"sts:ExternalId\":\"unicorn-audit-2026130\"}},\"Effect\":\"Allow\",\"Principal\":{\"AWS\":\"arn:aws:iam::076472864721:root\"}}],\"Version\":\"2012-10-17\"}",
            "create_date": "2026-08-22T19:39:03Z",
            "description": "",
            "force_detach_policies": false,
            "id": "unicorn-audit-role",
            "inline_policy": [],
            "managed_policy_arns": [],
            "max_session_duration": 3600,
            "name": "unicorn-audit-role",
            "name_prefix": "",
            "path": "/",
            "permissions_boundary": "",
            "tags": null,
            "tags_all": {},
            "unique_id": "AROARDTRDJ7IXH7GSHSO4"
          },
          "sensitive_attributes": [],
          "identity_schema_version": 0,
          "identity": {
            "account_id": "076472864721",
            "name": "unicorn-audit-role"
          },
          "private": "bnVsbA==",
          "dependencies": [
            "data.aws_caller_identity.current",
            "data.aws_region.current",
            "module.iam.data.aws_iam_policy_document.this_role"
          ]
        }
      ]
    },
    {
      "module": "module.iam[\"unicorn-audit-role\"]",
      "mode": "managed",
      "type": "aws_iam_role_policy",
      "name": "inline",
      "provider": "provider[\"registry.terraform.io/hashicorp/aws\"]",
      "instances": [
        {
          "index_key": 0,
          "schema_version": 0,
          "attributes": {
            "id": "unicorn-audit-role:unicorn-audit-policy",
            "name": "unicorn-audit-policy",
            "name_prefix": "",
            "policy": "{\"Version\":\"2012-10-17\",\"Statement\":[{\"Action\":[\"dynamodb:Query\",\"dynamodb:GetItem\"],\"Effect\":\"Allow\",\"Resource\":\"arn:aws:dynamodb:ap-northeast-2:076472864721:table/unicorn-concert-db\"},{\"Action\":\"ec2:DescribeVpcs\",\"Effect\":\"Allow\",\"Resource\":\"*\"},{\"Action\":\"eks:Describe\",\"Effect\":\"Allow\",\"Resource\":\"arn:aws:eks:ap-northeast-2:076472864721:cluster/unicorn-eks-cluster\"}]}",
            "role": "unicorn-audit-role"
          },
          "sensitive_attributes": [],
          "identity_schema_version": 0,
          "identity": {
            "account_id": "076472864721",
            "name": "unicorn-audit-policy",
            "role": "unicorn-audit-role"
          },
          "private": "bnVsbA==",
          "dependencies": [
            "data.aws_caller_identity.current",
            "data.aws_region.current",
            "module.iam.aws_iam_role.this",
            "module.iam.data.aws_iam_policy_document.this_policy",
            "module.iam.data.aws_iam_policy_document.this_role"
          ]
        }
      ]
    },
    {
      "module": "module.iam[\"unicorn-audit-role\"]",
      "mode": "managed",
      "type": "aws_iam_role_policy_attachment",
      "name": "custom",
      "provider": "provider[\"registry.terraform.io/hashicorp/aws\"]",
      "instances": []
    },
    {
      "module": "module.iam[\"unicorn-audit-role\"]",
      "mode": "managed",
      "type": "aws_iam_role_policy_attachment",
      "name": "managed",
      "provider": "provider[\"registry.terraform.io/hashicorp/aws\"]",
      "instances": []
    },
    {
      "module": "module.iam[\"unicorn-book-app-role\"]",
      "mode": "data",
      "type": "aws_iam_policy_document",
      "name": "this_policy",
      "provider": "provider[\"registry.terraform.io/hashicorp/aws\"]",
      "instances": [
        {
          "schema_version": 0,
          "attributes": {
            "id": "1315759992",
            "json": "{\n  \"Version\": \"2012-10-17\",\n  \"Statement\": [\n    {\n      \"Effect\": \"Allow\",\n      \"Action\": \"dynamodb:PutItem\",\n      \"Resource\": \"arn:aws:dynamodb:ap-northeast-2:076472864721:table/unicorn-concert-db\"\n    }\n  ]\n}",
            "minified_json": "{\"Version\":\"2012-10-17\",\"Statement\":[{\"Effect\":\"Allow\",\"Action\":\"dynamodb:PutItem\",\"Resource\":\"arn:aws:dynamodb:ap-northeast-2:076472864721:table/unicorn-concert-db\"}]}",
            "override_json": null,
            "override_policy_documents": null,
            "policy_id": null,
            "source_json": null,
            "source_policy_documents": null,
            "statement": [
              {
                "actions": [
                  "dynamodb:PutItem"
                ],
                "condition": [],
                "effect": "Allow",
                "not_actions": [],
                "not_principals": [],
                "not_resources": [],
                "principals": [],
                "resources": [
                  "arn:aws:dynamodb:ap-northeast-2:076472864721:table/unicorn-concert-db"
                ],
                "sid": ""
              }
            ],
            "version": "2012-10-17"
          },
          "sensitive_attributes": [],
          "identity_schema_version": 0
        }
      ]
    },
    {
      "module": "module.iam[\"unicorn-book-app-role\"]",
      "mode": "data",
      "type": "aws_iam_policy_document",
      "name": "this_role",
      "provider": "provider[\"registry.terraform.io/hashicorp/aws\"]",
      "instances": [
        {
          "schema_version": 0,
          "attributes": {
            "id": "819195744",
            "json": "{\n  \"Version\": \"2012-10-17\",\n  \"Statement\": [\n    {\n      \"Effect\": \"Allow\",\n      \"Action\": [\n        \"sts:TagSession\",\n        \"sts:AssumeRole\"\n      ],\n      \"Principal\": {\n        \"Service\": \"pods.eks.amazonaws.com\"\n      }\n    }\n  ]\n}",
            "minified_json": "{\"Version\":\"2012-10-17\",\"Statement\":[{\"Effect\":\"Allow\",\"Action\":[\"sts:TagSession\",\"sts:AssumeRole\"],\"Principal\":{\"Service\":\"pods.eks.amazonaws.com\"}}]}",
            "override_json": null,
            "override_policy_documents": null,
            "policy_id": null,
            "source_json": null,
            "source_policy_documents": null,
            "statement": [
              {
                "actions": [
                  "sts:AssumeRole",
                  "sts:TagSession"
                ],
                "condition": [],
                "effect": "Allow",
                "not_actions": [],
                "not_principals": [],
                "not_resources": [],
                "principals": [
                  {
                    "identifiers": [
                      "pods.eks.amazonaws.com"
                    ],
                    "type": "Service"
                  }
                ],
                "resources": [],
                "sid": ""
              }
            ],
            "version": "2012-10-17"
          },
          "sensitive_attributes": [],
          "identity_schema_version": 0
        }
      ]
    },
    {
      "module": "module.iam[\"unicorn-book-app-role\"]",
      "mode": "managed",
      "type": "aws_iam_policy",
      "name": "this",
      "provider": "provider[\"registry.terraform.io/hashicorp/aws\"]",
      "instances": [
        {
          "index_key": 0,
          "schema_version": 0,
          "attributes": {
            "arn": "arn:aws:iam::076472864721:policy/unicorn-book-app-policy",
            "attachment_count": 0,
            "delay_after_policy_creation_in_ms": null,
            "description": "",
            "id": "arn:aws:iam::076472864721:policy/unicorn-book-app-policy",
            "name": "unicorn-book-app-policy",
            "name_prefix": "",
            "path": "/",
            "policy": "{\"Statement\":[{\"Action\":\"dynamodb:PutItem\",\"Effect\":\"Allow\",\"Resource\":\"arn:aws:dynamodb:ap-northeast-2:076472864721:table/unicorn-concert-db\"}],\"Version\":\"2012-10-17\"}",
            "policy_id": "ANPARDTRDJ7ITVRAVYUYM",
            "tags": {
              "Name": "unicorn-book-app-policy"
            },
            "tags_all": {
              "Name": "unicorn-book-app-policy"
            }
          },
          "sensitive_attributes": [],
          "identity_schema_version": 0,
          "identity": {
            "arn": "arn:aws:iam::076472864721:policy/unicorn-book-app-policy"
          },
          "private": "bnVsbA==",
          "dependencies": [
            "data.aws_caller_identity.current",
            "data.aws_region.current",
            "module.iam.data.aws_iam_policy_document.this_policy"
          ]
        }
      ]
    },
    {
      "module": "module.iam[\"unicorn-book-app-role\"]",
      "mode": "managed",
      "type": "aws_iam_role",
      "name": "this",
      "provider": "provider[\"registry.terraform.io/hashicorp/aws\"]",
      "instances": [
        {
          "schema_version": 0,
          "attributes": {
            "arn": "arn:aws:iam::076472864721:role/unicorn-book-app-role",
            "assume_role_policy": "{\"Statement\":[{\"Action\":[\"sts:TagSession\",\"sts:AssumeRole\"],\"Effect\":\"Allow\",\"Principal\":{\"Service\":\"pods.eks.amazonaws.com\"}}],\"Version\":\"2012-10-17\"}",
            "create_date": "2026-08-22T19:39:03Z",
            "description": "",
            "force_detach_policies": false,
            "id": "unicorn-book-app-role",
            "inline_policy": [],
            "managed_policy_arns": [],
            "max_session_duration": 3600,
            "name": "unicorn-book-app-role",
            "name_prefix": "",
            "path": "/",
            "permissions_boundary": "",
            "tags": null,
            "tags_all": {},
            "unique_id": "AROARDTRDJ7IXQ2E7K24Z"
          },
          "sensitive_attributes": [],
          "identity_schema_version": 0,
          "identity": {
            "account_id": "076472864721",
            "name": "unicorn-book-app-role"
          },
          "private": "bnVsbA==",
          "dependencies": [
            "data.aws_caller_identity.current",
            "data.aws_region.current",
            "module.iam.data.aws_iam_policy_document.this_role"
          ]
        }
      ]
    },
    {
      "module": "module.iam[\"unicorn-book-app-role\"]",
      "mode": "managed",
      "type": "aws_iam_role_policy",
      "name": "inline",
      "provider": "provider[\"registry.terraform.io/hashicorp/aws\"]",
      "instances": []
    },
    {
      "module": "module.iam[\"unicorn-book-app-role\"]",
      "mode": "managed",
      "type": "aws_iam_role_policy_attachment",
      "name": "custom",
      "provider": "provider[\"registry.terraform.io/hashicorp/aws\"]",
      "instances": [
        {
          "index_key": 0,
          "schema_version": 0,
          "attributes": {
            "id": "unicorn-book-app-role/arn:aws:iam::076472864721:policy/unicorn-book-app-policy",
            "policy_arn": "arn:aws:iam::076472864721:policy/unicorn-book-app-policy",
            "role": "unicorn-book-app-role"
          },
          "sensitive_attributes": [],
          "identity_schema_version": 0,
          "identity": {
            "account_id": "076472864721",
            "policy_arn": "arn:aws:iam::076472864721:policy/unicorn-book-app-policy",
            "role": "unicorn-book-app-role"
          },
          "private": "bnVsbA==",
          "dependencies": [
            "data.aws_caller_identity.current",
            "data.aws_region.current",
            "module.iam.aws_iam_policy.this",
            "module.iam.aws_iam_role.this",
            "module.iam.data.aws_iam_policy_document.this_policy",
            "module.iam.data.aws_iam_policy_document.this_role"
          ]
        }
      ]
    },
    {
      "module": "module.iam[\"unicorn-book-app-role\"]",
      "mode": "managed",
      "type": "aws_iam_role_policy_attachment",
      "name": "managed",
      "provider": "provider[\"registry.terraform.io/hashicorp/aws\"]",
      "instances": []
    },
    {
      "module": "module.iam[\"unicorn-fluent-bit-role\"]",
      "mode": "data",
      "type": "aws_iam_policy_document",
      "name": "this_policy",
      "provider": "provider[\"registry.terraform.io/hashicorp/aws\"]",
      "instances": [
        {
          "schema_version": 0,
          "attributes": {
            "id": "1616339880",
            "json": "{\n  \"Version\": \"2012-10-17\",\n  \"Statement\": [\n    {\n      \"Effect\": \"Allow\",\n      \"Action\": [\n        \"logs:PutLogEvents\",\n        \"logs:CreateLogStream\"\n      ],\n      \"Resource\": \"arn:aws:logs:ap-northeast-2:076472864721:log-group:/unicorn/eks/book-app:*\"\n    }\n  ]\n}",
            "minified_json": "{\"Version\":\"2012-10-17\",\"Statement\":[{\"Effect\":\"Allow\",\"Action\":[\"logs:PutLogEvents\",\"logs:CreateLogStream\"],\"Resource\":\"arn:aws:logs:ap-northeast-2:076472864721:log-group:/unicorn/eks/book-app:*\"}]}",
            "override_json": null,
            "override_policy_documents": null,
            "policy_id": null,
            "source_json": null,
            "source_policy_documents": null,
            "statement": [
              {
                "actions": [
                  "logs:CreateLogStream",
                  "logs:PutLogEvents"
                ],
                "condition": [],
                "effect": "Allow",
                "not_actions": [],
                "not_principals": [],
                "not_resources": [],
                "principals": [],
                "resources": [
                  "arn:aws:logs:ap-northeast-2:076472864721:log-group:/unicorn/eks/book-app:*"
                ],
                "sid": ""
              }
            ],
            "version": "2012-10-17"
          },
          "sensitive_attributes": [],
          "identity_schema_version": 0
        }
      ]
    },
    {
      "module": "module.iam[\"unicorn-fluent-bit-role\"]",
      "mode": "data",
      "type": "aws_iam_policy_document",
      "name": "this_role",
      "provider": "provider[\"registry.terraform.io/hashicorp/aws\"]",
      "instances": [
        {
          "schema_version": 0,
          "attributes": {
            "id": "819195744",
            "json": "{\n  \"Version\": \"2012-10-17\",\n  \"Statement\": [\n    {\n      \"Effect\": \"Allow\",\n      \"Action\": [\n        \"sts:TagSession\",\n        \"sts:AssumeRole\"\n      ],\n      \"Principal\": {\n        \"Service\": \"pods.eks.amazonaws.com\"\n      }\n    }\n  ]\n}",
            "minified_json": "{\"Version\":\"2012-10-17\",\"Statement\":[{\"Effect\":\"Allow\",\"Action\":[\"sts:TagSession\",\"sts:AssumeRole\"],\"Principal\":{\"Service\":\"pods.eks.amazonaws.com\"}}]}",
            "override_json": null,
            "override_policy_documents": null,
            "policy_id": null,
            "source_json": null,
            "source_policy_documents": null,
            "statement": [
              {
                "actions": [
                  "sts:AssumeRole",
                  "sts:TagSession"
                ],
                "condition": [],
                "effect": "Allow",
                "not_actions": [],
                "not_principals": [],
                "not_resources": [],
                "principals": [
                  {
                    "identifiers": [
                      "pods.eks.amazonaws.com"
                    ],
                    "type": "Service"
                  }
                ],
                "resources": [],
                "sid": ""
              }
            ],
            "version": "2012-10-17"
          },
          "sensitive_attributes": [],
          "identity_schema_version": 0
        }
      ]
    },
    {
      "module": "module.iam[\"unicorn-fluent-bit-role\"]",
      "mode": "managed",
      "type": "aws_iam_policy",
      "name": "this",
      "provider": "provider[\"registry.terraform.io/hashicorp/aws\"]",
      "instances": [
        {
          "index_key": 0,
          "schema_version": 0,
          "attributes": {
            "arn": "arn:aws:iam::076472864721:policy/unicorn-fluent-bit-policy",
            "attachment_count": 0,
            "delay_after_policy_creation_in_ms": null,
            "description": "",
            "id": "arn:aws:iam::076472864721:policy/unicorn-fluent-bit-policy",
            "name": "unicorn-fluent-bit-policy",
            "name_prefix": "",
            "path": "/",
            "policy": "{\"Statement\":[{\"Action\":[\"logs:PutLogEvents\",\"logs:CreateLogStream\"],\"Effect\":\"Allow\",\"Resource\":\"arn:aws:logs:ap-northeast-2:076472864721:log-group:/unicorn/eks/book-app:*\"}],\"Version\":\"2012-10-17\"}",
            "policy_id": "ANPARDTRDJ7IQIV35XGC3",
            "tags": {
              "Name": "unicorn-fluent-bit-policy"
            },
            "tags_all": {
              "Name": "unicorn-fluent-bit-policy"
            }
          },
          "sensitive_attributes": [],
          "identity_schema_version": 0,
          "identity": {
            "arn": "arn:aws:iam::076472864721:policy/unicorn-fluent-bit-policy"
          },
          "private": "bnVsbA==",
          "dependencies": [
            "data.aws_caller_identity.current",
            "data.aws_region.current",
            "module.iam.data.aws_iam_policy_document.this_policy"
          ]
        }
      ]
    },
    {
      "module": "module.iam[\"unicorn-fluent-bit-role\"]",
      "mode": "managed",
      "type": "aws_iam_role",
      "name": "this",
      "provider": "provider[\"registry.terraform.io/hashicorp/aws\"]",
      "instances": [
        {
          "schema_version": 0,
          "attributes": {
            "arn": "arn:aws:iam::076472864721:role/unicorn-fluent-bit-role",
            "assume_role_policy": "{\"Statement\":[{\"Action\":[\"sts:TagSession\",\"sts:AssumeRole\"],\"Effect\":\"Allow\",\"Principal\":{\"Service\":\"pods.eks.amazonaws.com\"}}],\"Version\":\"2012-10-17\"}",
            "create_date": "2026-08-22T19:39:03Z",
            "description": "",
            "force_detach_policies": false,
            "id": "unicorn-fluent-bit-role",
            "inline_policy": [],
            "managed_policy_arns": [],
            "max_session_duration": 3600,
            "name": "unicorn-fluent-bit-role",
            "name_prefix": "",
            "path": "/",
            "permissions_boundary": "",
            "tags": null,
            "tags_all": {},
            "unique_id": "AROARDTRDJ7ISJCSTSNEN"
          },
          "sensitive_attributes": [],
          "identity_schema_version": 0,
          "identity": {
            "account_id": "076472864721",
            "name": "unicorn-fluent-bit-role"
          },
          "private": "bnVsbA==",
          "dependencies": [
            "data.aws_caller_identity.current",
            "data.aws_region.current",
            "module.iam.data.aws_iam_policy_document.this_role"
          ]
        }
      ]
    },
    {
      "module": "module.iam[\"unicorn-fluent-bit-role\"]",
      "mode": "managed",
      "type": "aws_iam_role_policy",
      "name": "inline",
      "provider": "provider[\"registry.terraform.io/hashicorp/aws\"]",
      "instances": []
    },
    {
      "module": "module.iam[\"unicorn-fluent-bit-role\"]",
      "mode": "managed",
      "type": "aws_iam_role_policy_attachment",
      "name": "custom",
      "provider": "provider[\"registry.terraform.io/hashicorp/aws\"]",
      "instances": [
        {
          "index_key": 0,
          "schema_version": 0,
          "attributes": {
            "id": "unicorn-fluent-bit-role/arn:aws:iam::076472864721:policy/unicorn-fluent-bit-policy",
            "policy_arn": "arn:aws:iam::076472864721:policy/unicorn-fluent-bit-policy",
            "role": "unicorn-fluent-bit-role"
          },
          "sensitive_attributes": [],
          "identity_schema_version": 0,
          "identity": {
            "account_id": "076472864721",
            "policy_arn": "arn:aws:iam::076472864721:policy/unicorn-fluent-bit-policy",
            "role": "unicorn-fluent-bit-role"
          },
          "private": "bnVsbA==",
          "dependencies": [
            "data.aws_caller_identity.current",
            "data.aws_region.current",
            "module.iam.aws_iam_policy.this",
            "module.iam.aws_iam_role.this",
            "module.iam.data.aws_iam_policy_document.this_policy",
            "module.iam.data.aws_iam_policy_document.this_role"
          ]
        }
      ]
    },
    {
      "module": "module.iam[\"unicorn-fluent-bit-role\"]",
      "mode": "managed",
      "type": "aws_iam_role_policy_attachment",
      "name": "managed",
      "provider": "provider[\"registry.terraform.io/hashicorp/aws\"]",
      "instances": []
    },
    {
      "module": "module.kms_seoul[\"unicorn-kms-app\"]",
      "mode": "data",
      "type": "aws_iam_policy_document",
      "name": "this",
      "provider": "provider[\"registry.terraform.io/hashicorp/aws\"].ap_northeast_2",
      "instances": [
        {
          "schema_version": 0,
          "attributes": {
            "id": "2346637042",
            "json": "{\n  \"Version\": \"2012-10-17\",\n  \"Statement\": [\n    {\n      \"Effect\": \"Allow\",\n      \"Action\": \"kms:*\",\n      \"Resource\": \"*\",\n      \"Principal\": {\n        \"AWS\": \"arn:aws:iam::076472864721:root\"\n      }\n    }\n  ]\n}",
            "minified_json": "{\"Version\":\"2012-10-17\",\"Statement\":[{\"Effect\":\"Allow\",\"Action\":\"kms:*\",\"Resource\":\"*\",\"Principal\":{\"AWS\":\"arn:aws:iam::076472864721:root\"}}]}",
            "override_json": null,
            "override_policy_documents": null,
            "policy_id": null,
            "source_json": null,
            "source_policy_documents": null,
            "statement": [
              {
                "actions": [
                  "kms:*"
                ],
                "condition": [],
                "effect": "Allow",
                "not_actions": [],
                "not_principals": [],
                "not_resources": [],
                "principals": [
                  {
                    "identifiers": [
                      "arn:aws:iam::076472864721:root"
                    ],
                    "type": "AWS"
                  }
                ],
                "resources": [
                  "*"
                ],
                "sid": ""
              }
            ],
            "version": "2012-10-17"
          },
          "sensitive_attributes": [],
          "identity_schema_version": 0
        }
      ]
    },
    {
      "module": "module.kms_seoul[\"unicorn-kms-app\"]",
      "mode": "managed",
      "type": "aws_kms_alias",
      "name": "this",
      "provider": "provider[\"registry.terraform.io/hashicorp/aws\"].ap_northeast_2",
      "instances": [
        {
          "schema_version": 0,
          "attributes": {
            "arn": "arn:aws:kms:ap-northeast-2:076472864721:alias/unicorn-kms-app",
            "id": "alias/unicorn-kms-app",
            "name": "alias/unicorn-kms-app",
            "name_prefix": "",
            "region": "ap-northeast-2",
            "target_key_arn": "arn:aws:kms:ap-northeast-2:076472864721:key/bb102482-6676-4db0-90df-dbb015d00074",
            "target_key_id": "bb102482-6676-4db0-90df-dbb015d00074"
          },
          "sensitive_attributes": [],
          "identity_schema_version": 0,
          "identity": {
            "account_id": "076472864721",
            "name": "alias/unicorn-kms-app",
            "region": "ap-northeast-2"
          },
          "private": "bnVsbA==",
          "dependencies": [
            "data.aws_caller_identity.current",
            "module.kms_seoul.aws_kms_key.this",
            "module.kms_seoul.data.aws_iam_policy_document.this"
          ]
        }
      ]
    },
    {
      "module": "module.kms_seoul[\"unicorn-kms-app\"]",
      "mode": "managed",
      "type": "aws_kms_alias",
      "name": "this_replica",
      "provider": "provider[\"registry.terraform.io/hashicorp/aws\"].ap_northeast_2",
      "instances": []
    },
    {
      "module": "module.kms_seoul[\"unicorn-kms-app\"]",
      "mode": "managed",
      "type": "aws_kms_key",
      "name": "this",
      "provider": "provider[\"registry.terraform.io/hashicorp/aws\"].ap_northeast_2",
      "instances": [
        {
          "schema_version": 0,
          "attributes": {
            "arn": "arn:aws:kms:ap-northeast-2:076472864721:key/bb102482-6676-4db0-90df-dbb015d00074",
            "bypass_policy_lockout_safety_check": false,
            "custom_key_store_id": "",
            "customer_master_key_spec": "SYMMETRIC_DEFAULT",
            "deletion_window_in_days": 7,
            "description": "",
            "enable_key_rotation": true,
            "id": "bb102482-6676-4db0-90df-dbb015d00074",
            "is_enabled": true,
            "key_id": "bb102482-6676-4db0-90df-dbb015d00074",
            "key_usage": "ENCRYPT_DECRYPT",
            "multi_region": false,
            "policy": "{\"Statement\":[{\"Action\":\"kms:*\",\"Effect\":\"Allow\",\"Principal\":{\"AWS\":\"arn:aws:iam::076472864721:root\"},\"Resource\":\"*\"}],\"Version\":\"2012-10-17\"}",
            "region": "ap-northeast-2",
            "rotation_period_in_days": 90,
            "tags": {
              "Name": "unicorn-kms-app"
            },
            "tags_all": {
              "Name": "unicorn-kms-app"
            },
            "timeouts": null,
            "xks_key_id": ""
          },
          "sensitive_attributes": [],
          "identity_schema_version": 0,
          "identity": {
            "account_id": "076472864721",
            "id": "bb102482-6676-4db0-90df-dbb015d00074",
            "region": "ap-northeast-2"
          },
          "private": "eyJlMmJmYjczMC1lY2FhLTExZTYtOGY4OC0zNDM2M2JjN2M0YzAiOnsiY3JlYXRlIjoxMjAwMDAwMDAwMDB9fQ==",
          "dependencies": [
            "data.aws_caller_identity.current",
            "module.kms_seoul.data.aws_iam_policy_document.this"
          ]
        }
      ]
    },
    {
      "module": "module.kms_seoul[\"unicorn-kms-app\"]",
      "mode": "managed",
      "type": "aws_kms_replica_key",
      "name": "this",
      "provider": "provider[\"registry.terraform.io/hashicorp/aws\"].ap_northeast_2",
      "instances": []
    },
    {
      "module": "module.kms_seoul[\"unicorn-kms-data\"]",
      "mode": "data",
      "type": "aws_iam_policy_document",
      "name": "this",
      "provider": "provider[\"registry.terraform.io/hashicorp/aws\"].ap_northeast_2",
      "instances": [
        {
          "schema_version": 0,
          "attributes": {
            "id": "1979747177",
            "json": "{\n  \"Version\": \"2012-10-17\",\n  \"Statement\": [\n    {\n      \"Effect\": \"Allow\",\n      \"Action\": \"kms:*\",\n      \"Resource\": \"*\",\n      \"Principal\": {\n        \"AWS\": \"arn:aws:iam::076472864721:root\"\n      }\n    },\n    {\n      \"Effect\": \"Allow\",\n      \"Action\": [\n        \"kms:GenerateDataKey*\",\n        \"kms:Decrypt\"\n      ],\n      \"Resource\": \"*\",\n      \"Principal\": {\n        \"Service\": \"cloudfront.amazonaws.com\"\n      }\n    }\n  ]\n}",
            "minified_json": "{\"Version\":\"2012-10-17\",\"Statement\":[{\"Effect\":\"Allow\",\"Action\":\"kms:*\",\"Resource\":\"*\",\"Principal\":{\"AWS\":\"arn:aws:iam::076472864721:root\"}},{\"Effect\":\"Allow\",\"Action\":[\"kms:GenerateDataKey*\",\"kms:Decrypt\"],\"Resource\":\"*\",\"Principal\":{\"Service\":\"cloudfront.amazonaws.com\"}}]}",
            "override_json": null,
            "override_policy_documents": null,
            "policy_id": null,
            "source_json": null,
            "source_policy_documents": null,
            "statement": [
              {
                "actions": [
                  "kms:*"
                ],
                "condition": [],
                "effect": "Allow",
                "not_actions": [],
                "not_principals": [],
                "not_resources": [],
                "principals": [
                  {
                    "identifiers": [
                      "arn:aws:iam::076472864721:root"
                    ],
                    "type": "AWS"
                  }
                ],
                "resources": [
                  "*"
                ],
                "sid": ""
              },
              {
                "actions": [
                  "kms:Decrypt",
                  "kms:GenerateDataKey*"
                ],
                "condition": [],
                "effect": "Allow",
                "not_actions": [],
                "not_principals": [],
                "not_resources": [],
                "principals": [
                  {
                    "identifiers": [
                      "cloudfront.amazonaws.com"
                    ],
                    "type": "Service"
                  }
                ],
                "resources": [
                  "*"
                ],
                "sid": ""
              }
            ],
            "version": "2012-10-17"
          },
          "sensitive_attributes": [],
          "identity_schema_version": 0
        }
      ]
    },
    {
      "module": "module.kms_seoul[\"unicorn-kms-data\"]",
      "mode": "managed",
      "type": "aws_kms_alias",
      "name": "this",
      "provider": "provider[\"registry.terraform.io/hashicorp/aws\"].ap_northeast_2",
      "instances": [
        {
          "schema_version": 0,
          "attributes": {
            "arn": "arn:aws:kms:ap-northeast-2:076472864721:alias/unicorn-kms-data",
            "id": "alias/unicorn-kms-data",
            "name": "alias/unicorn-kms-data",
            "name_prefix": "",
            "region": "ap-northeast-2",
            "target_key_arn": "arn:aws:kms:ap-northeast-2:076472864721:key/2536d057-17e6-4b1e-a604-3b2bb967a2d5",
            "target_key_id": "2536d057-17e6-4b1e-a604-3b2bb967a2d5"
          },
          "sensitive_attributes": [],
          "identity_schema_version": 0,
          "identity": {
            "account_id": "076472864721",
            "name": "alias/unicorn-kms-data",
            "region": "ap-northeast-2"
          },
          "private": "bnVsbA==",
          "dependencies": [
            "data.aws_caller_identity.current",
            "module.kms_seoul.aws_kms_key.this",
            "module.kms_seoul.data.aws_iam_policy_document.this"
          ]
        }
      ]
    },
    {
      "module": "module.kms_seoul[\"unicorn-kms-data\"]",
      "mode": "managed",
      "type": "aws_kms_alias",
      "name": "this_replica",
      "provider": "provider[\"registry.terraform.io/hashicorp/aws\"].ap_northeast_2",
      "instances": []
    },
    {
      "module": "module.kms_seoul[\"unicorn-kms-data\"]",
      "mode": "managed",
      "type": "aws_kms_key",
      "name": "this",
      "provider": "provider[\"registry.terraform.io/hashicorp/aws\"].ap_northeast_2",
      "instances": [
        {
          "schema_version": 0,
          "attributes": {
            "arn": "arn:aws:kms:ap-northeast-2:076472864721:key/2536d057-17e6-4b1e-a604-3b2bb967a2d5",
            "bypass_policy_lockout_safety_check": false,
            "custom_key_store_id": "",
            "customer_master_key_spec": "SYMMETRIC_DEFAULT",
            "deletion_window_in_days": 7,
            "description": "",
            "enable_key_rotation": true,
            "id": "2536d057-17e6-4b1e-a604-3b2bb967a2d5",
            "is_enabled": true,
            "key_id": "2536d057-17e6-4b1e-a604-3b2bb967a2d5",
            "key_usage": "ENCRYPT_DECRYPT",
            "multi_region": false,
            "policy": "{\"Statement\":[{\"Action\":\"kms:*\",\"Effect\":\"Allow\",\"Principal\":{\"AWS\":\"arn:aws:iam::076472864721:root\"},\"Resource\":\"*\"},{\"Action\":[\"kms:GenerateDataKey*\",\"kms:Decrypt\"],\"Effect\":\"Allow\",\"Principal\":{\"Service\":\"cloudfront.amazonaws.com\"},\"Resource\":\"*\"}],\"Version\":\"2012-10-17\"}",
            "region": "ap-northeast-2",
            "rotation_period_in_days": 90,
            "tags": {
              "Name": "unicorn-kms-data"
            },
            "tags_all": {
              "Name": "unicorn-kms-data"
            },
            "timeouts": null,
            "xks_key_id": ""
          },
          "sensitive_attributes": [],
          "identity_schema_version": 0,
          "identity": {
            "account_id": "076472864721",
            "id": "2536d057-17e6-4b1e-a604-3b2bb967a2d5",
            "region": "ap-northeast-2"
          },
          "private": "eyJlMmJmYjczMC1lY2FhLTExZTYtOGY4OC0zNDM2M2JjN2M0YzAiOnsiY3JlYXRlIjoxMjAwMDAwMDAwMDB9fQ==",
          "dependencies": [
            "data.aws_caller_identity.current",
            "module.kms_seoul.data.aws_iam_policy_document.this"
          ]
        }
      ]
    },
    {
      "module": "module.kms_seoul[\"unicorn-kms-data\"]",
      "mode": "managed",
      "type": "aws_kms_replica_key",
      "name": "this",
      "provider": "provider[\"registry.terraform.io/hashicorp/aws\"].ap_northeast_2",
      "instances": []
    },
    {
      "module": "module.kms_virginia[\"unicorn-kms-platform\"]",
      "mode": "data",
      "type": "aws_iam_policy_document",
      "name": "this",
      "provider": "provider[\"registry.terraform.io/hashicorp/aws\"].us_east_1",
      "instances": [
        {
          "schema_version": 0,
          "attributes": {
            "id": "3584024328",
            "json": "{\n  \"Version\": \"2012-10-17\",\n  \"Statement\": [\n    {\n      \"Effect\": \"Allow\",\n      \"Action\": \"kms:*\",\n      \"Resource\": \"*\",\n      \"Principal\": {\n        \"AWS\": \"arn:aws:iam::076472864721:root\"\n      }\n    },\n    {\n      \"Effect\": \"Allow\",\n      \"Action\": [\n        \"kms:ReEncrypt*\",\n        \"kms:GenerateDataKeyWithoutPlaintext\",\n        \"kms:GenerateDataKey*\",\n        \"kms:Encrypt\",\n        \"kms:DescribeKey\",\n        \"kms:Decrypt\"\n      ],\n      \"Resource\": \"*\",\n      \"Principal\": {\n        \"AWS\": \"arn:aws:iam::076472864721:role/aws-service-role/autoscaling.amazonaws.com/AWSServiceRoleForAutoScaling\"\n      }\n    },\n    {\n      \"Effect\": \"Allow\",\n      \"Action\": [\n        \"kms:RevokeGrant\",\n        \"kms:ListGrants\",\n        \"kms:CreateGrant\"\n      ],\n      \"Resource\": \"*\",\n      \"Principal\": {\n        \"AWS\": \"arn:aws:iam::076472864721:role/aws-service-role/autoscaling.amazonaws.com/AWSServiceRoleForAutoScaling\"\n      },\n      \"Condition\": {\n        \"Bool\": {\n          \"kms:GrantIsForAWSResource\": \"true\"\n        }\n      }\n    },\n    {\n      \"Effect\": \"Allow\",\n      \"Action\": [\n        \"kms:ReEncrypt*\",\n        \"kms:GenerateDataKey*\",\n        \"kms:Encrypt\",\n        \"kms:DescribeKey\",\n        \"kms:Decrypt\"\n      ],\n      \"Resource\": \"*\",\n      \"Principal\": {\n        \"Service\": [\n          \"logs.us-east-1.amazonaws.com\",\n          \"logs.ap-northeast-2.amazonaws.com\"\n        ]\n      }\n    }\n  ]\n}",
            "minified_json": "{\"Version\":\"2012-10-17\",\"Statement\":[{\"Effect\":\"Allow\",\"Action\":\"kms:*\",\"Resource\":\"*\",\"Principal\":{\"AWS\":\"arn:aws:iam::076472864721:root\"}},{\"Effect\":\"Allow\",\"Action\":[\"kms:ReEncrypt*\",\"kms:GenerateDataKeyWithoutPlaintext\",\"kms:GenerateDataKey*\",\"kms:Encrypt\",\"kms:DescribeKey\",\"kms:Decrypt\"],\"Resource\":\"*\",\"Principal\":{\"AWS\":\"arn:aws:iam::076472864721:role/aws-service-role/autoscaling.amazonaws.com/AWSServiceRoleForAutoScaling\"}},{\"Effect\":\"Allow\",\"Action\":[\"kms:RevokeGrant\",\"kms:ListGrants\",\"kms:CreateGrant\"],\"Resource\":\"*\",\"Principal\":{\"AWS\":\"arn:aws:iam::076472864721:role/aws-service-role/autoscaling.amazonaws.com/AWSServiceRoleForAutoScaling\"},\"Condition\":{\"Bool\":{\"kms:GrantIsForAWSResource\":\"true\"}}},{\"Effect\":\"Allow\",\"Action\":[\"kms:ReEncrypt*\",\"kms:GenerateDataKey*\",\"kms:Encrypt\",\"kms:DescribeKey\",\"kms:Decrypt\"],\"Resource\":\"*\",\"Principal\":{\"Service\":[\"logs.us-east-1.amazonaws.com\",\"logs.ap-northeast-2.amazonaws.com\"]}}]}",
            "override_json": null,
            "override_policy_documents": null,
            "policy_id": null,
            "source_json": null,
            "source_policy_documents": null,
            "statement": [
              {
                "actions": [
                  "kms:*"
                ],
                "condition": [],
                "effect": "Allow",
                "not_actions": [],
                "not_principals": [],
                "not_resources": [],
                "principals": [
                  {
                    "identifiers": [
                      "arn:aws:iam::076472864721:root"
                    ],
                    "type": "AWS"
                  }
                ],
                "resources": [
                  "*"
                ],
                "sid": ""
              },
              {
                "actions": [
                  "kms:Decrypt",
                  "kms:DescribeKey",
                  "kms:Encrypt",
                  "kms:GenerateDataKey*",
                  "kms:GenerateDataKeyWithoutPlaintext",
                  "kms:ReEncrypt*"
                ],
                "condition": [],
                "effect": "Allow",
                "not_actions": [],
                "not_principals": [],
                "not_resources": [],
                "principals": [
                  {
                    "identifiers": [
                      "arn:aws:iam::076472864721:role/aws-service-role/autoscaling.amazonaws.com/AWSServiceRoleForAutoScaling"
                    ],
                    "type": "AWS"
                  }
                ],
                "resources": [
                  "*"
                ],
                "sid": ""
              },
              {
                "actions": [
                  "kms:CreateGrant",
                  "kms:ListGrants",
                  "kms:RevokeGrant"
                ],
                "condition": [
                  {
                    "test": "Bool",
                    "values": [
                      "true"
                    ],
                    "variable": "kms:GrantIsForAWSResource"
                  }
                ],
                "effect": "Allow",
                "not_actions": [],
                "not_principals": [],
                "not_resources": [],
                "principals": [
                  {
                    "identifiers": [
                      "arn:aws:iam::076472864721:role/aws-service-role/autoscaling.amazonaws.com/AWSServiceRoleForAutoScaling"
                    ],
                    "type": "AWS"
                  }
                ],
                "resources": [
                  "*"
                ],
                "sid": ""
              },
              {
                "actions": [
                  "kms:Decrypt",
                  "kms:DescribeKey",
                  "kms:Encrypt",
                  "kms:GenerateDataKey*",
                  "kms:ReEncrypt*"
                ],
                "condition": [],
                "effect": "Allow",
                "not_actions": [],
                "not_principals": [],
                "not_resources": [],
                "principals": [
                  {
                    "identifiers": [
                      "logs.ap-northeast-2.amazonaws.com",
                      "logs.us-east-1.amazonaws.com"
                    ],
                    "type": "Service"
                  }
                ],
                "resources": [
                  "*"
                ],
                "sid": ""
              }
            ],
            "version": "2012-10-17"
          },
          "sensitive_attributes": [],
          "identity_schema_version": 0
        }
      ]
    },
    {
      "module": "module.kms_virginia[\"unicorn-kms-platform\"]",
      "mode": "managed",
      "type": "aws_kms_key",
      "name": "this",
      "provider": "provider[\"registry.terraform.io/hashicorp/aws\"].us_east_1",
      "instances": [
        {
          "schema_version": 0,
          "attributes": {
            "arn": "arn:aws:kms:us-east-1:076472864721:key/mrk-78ff82e7f5ff4d8eaf254b150bb4ddfe",
            "bypass_policy_lockout_safety_check": false,
            "custom_key_store_id": "",
            "customer_master_key_spec": "SYMMETRIC_DEFAULT",
            "deletion_window_in_days": 7,
            "description": "",
            "enable_key_rotation": true,
            "id": "mrk-78ff82e7f5ff4d8eaf254b150bb4ddfe",
            "is_enabled": true,
            "key_id": "mrk-78ff82e7f5ff4d8eaf254b150bb4ddfe",
            "key_usage": "ENCRYPT_DECRYPT",
            "multi_region": true,
            "policy": "{\"Statement\":[{\"Action\":\"kms:*\",\"Effect\":\"Allow\",\"Principal\":{\"AWS\":\"arn:aws:iam::076472864721:root\"},\"Resource\":\"*\"},{\"Action\":[\"kms:ReEncrypt*\",\"kms:GenerateDataKeyWithoutPlaintext\",\"kms:GenerateDataKey*\",\"kms:Encrypt\",\"kms:DescribeKey\",\"kms:Decrypt\"],\"Effect\":\"Allow\",\"Principal\":{\"AWS\":\"arn:aws:iam::076472864721:role/aws-service-role/autoscaling.amazonaws.com/AWSServiceRoleForAutoScaling\"},\"Resource\":\"*\"},{\"Action\":[\"kms:RevokeGrant\",\"kms:ListGrants\",\"kms:CreateGrant\"],\"Condition\":{\"Bool\":{\"kms:GrantIsForAWSResource\":\"true\"}},\"Effect\":\"Allow\",\"Principal\":{\"AWS\":\"arn:aws:iam::076472864721:role/aws-service-role/autoscaling.amazonaws.com/AWSServiceRoleForAutoScaling\"},\"Resource\":\"*\"},{\"Action\":[\"kms:ReEncrypt*\",\"kms:GenerateDataKey*\",\"kms:Encrypt\",\"kms:DescribeKey\",\"kms:Decrypt\"],\"Effect\":\"Allow\",\"Principal\":{\"Service\":[\"logs.us-east-1.amazonaws.com\",\"logs.ap-northeast-2.amazonaws.com\"]},\"Resource\":\"*\"}],\"Version\":\"2012-10-17\"}",
            "region": "us-east-1",
            "rotation_period_in_days": 90,
            "tags": {
              "Name": "unicorn-kms-platform"
            },
            "tags_all": {
              "Name": "unicorn-kms-platform"
            },
            "timeouts": null,
            "xks_key_id": ""
          },
          "sensitive_attributes": [],
          "identity_schema_version": 0,
          "identity": {
            "account_id": "076472864721",
            "id": "mrk-78ff82e7f5ff4d8eaf254b150bb4ddfe",
            "region": "us-east-1"
          },
          "private": "eyJlMmJmYjczMC1lY2FhLTExZTYtOGY4OC0zNDM2M2JjN2M0YzAiOnsiY3JlYXRlIjoxMjAwMDAwMDAwMDB9fQ==",
          "dependencies": [
            "data.aws_caller_identity.current",
            "module.kms_virginia.data.aws_iam_policy_document.this"
          ]
        }
      ]
    },
    {
      "module": "module.s3[\"unicorn-web-076472864721\"]",
      "mode": "managed",
      "type": "aws_s3_bucket",
      "name": "this",
      "provider": "provider[\"registry.terraform.io/hashicorp/aws\"]",
      "instances": [
        {
          "schema_version": 0,
          "attributes": {
            "acceleration_status": "",
            "acl": null,
            "arn": "arn:aws:s3:::unicorn-web-076472864721",
            "bucket": "unicorn-web-076472864721",
            "bucket_domain_name": "unicorn-web-076472864721.s3.amazonaws.com",
            "bucket_namespace": "global",
            "bucket_prefix": "",
            "bucket_region": "ap-northeast-2",
            "bucket_regional_domain_name": "unicorn-web-076472864721.s3.ap-northeast-2.amazonaws.com",
            "cors_rule": [],
            "force_destroy": false,
            "grant": [
              {
                "id": "9fdbee916b1016faf02368d714b7743fa0ce13569966c7cb9d6ec97b9fc2c45a",
                "permissions": [
                  "FULL_CONTROL"
                ],
                "type": "CanonicalUser",
                "uri": ""
              }
            ],
            "hosted_zone_id": "Z3W03O7B5YMIYP",
            "id": "unicorn-web-076472864721",
            "lifecycle_rule": [],
            "logging": [],
            "object_lock_configuration": [],
            "object_lock_enabled": false,
            "policy": "",
            "region": "ap-northeast-2",
            "replication_configuration": [],
            "request_payer": "BucketOwner",
            "server_side_encryption_configuration": [
              {
                "rule": [
                  {
                    "apply_server_side_encryption_by_default": [
                      {
                        "kms_master_key_id": "",
                        "sse_algorithm": "AES256"
                      }
                    ],
                    "bucket_key_enabled": false
                  }
                ]
              }
            ],
            "tags": {
              "Name": "unicorn-web-076472864721"
            },
            "tags_all": {
              "Name": "unicorn-web-076472864721"
            },
            "timeouts": null,
            "versioning": [
              {
                "enabled": false,
                "mfa_delete": false
              }
            ],
            "website": [],
            "website_domain": null,
            "website_endpoint": null
          },
          "sensitive_attributes": [],
          "identity_schema_version": 0,
          "identity": {
            "account_id": "076472864721",
            "bucket": "unicorn-web-076472864721",
            "region": "ap-northeast-2"
          },
          "private": "eyJlMmJmYjczMC1lY2FhLTExZTYtOGY4OC0zNDM2M2JjN2M0YzAiOnsiY3JlYXRlIjoxMjAwMDAwMDAwMDAwLCJkZWxldGUiOjM2MDAwMDAwMDAwMDAsInJlYWQiOjEyMDAwMDAwMDAwMDAsInVwZGF0ZSI6MTIwMDAwMDAwMDAwMH19",
          "dependencies": [
            "data.aws_caller_identity.current",
            "module.kms_seoul.aws_kms_alias.this",
            "module.kms_seoul.aws_kms_alias.this_replica",
            "module.kms_seoul.aws_kms_key.this",
            "module.kms_seoul.aws_kms_replica_key.this",
            "module.kms_seoul.data.aws_iam_policy_document.this"
          ]
        }
      ]
    },
    {
      "module": "module.s3[\"unicorn-web-076472864721\"]",
      "mode": "managed",
      "type": "aws_s3_bucket_public_access_block",
      "name": "this",
      "provider": "provider[\"registry.terraform.io/hashicorp/aws\"]",
      "instances": [
        {
          "index_key": 0,
          "schema_version": 0,
          "attributes": {
            "block_public_acls": true,
            "block_public_policy": true,
            "bucket": "unicorn-web-076472864721",
            "id": "unicorn-web-076472864721",
            "ignore_public_acls": true,
            "region": "ap-northeast-2",
            "restrict_public_buckets": true,
            "skip_destroy": null
          },
          "sensitive_attributes": [],
          "identity_schema_version": 0,
          "identity": {
            "account_id": "076472864721",
            "bucket": "unicorn-web-076472864721",
            "region": "ap-northeast-2"
          },
          "private": "bnVsbA==",
          "dependencies": [
            "data.aws_caller_identity.current",
            "module.kms_seoul.aws_kms_alias.this",
            "module.kms_seoul.aws_kms_alias.this_replica",
            "module.kms_seoul.aws_kms_key.this",
            "module.kms_seoul.aws_kms_replica_key.this",
            "module.kms_seoul.data.aws_iam_policy_document.this",
            "module.s3.aws_s3_bucket.this"
          ]
        }
      ]
    },
    {
      "module": "module.s3[\"unicorn-web-076472864721\"]",
      "mode": "managed",
      "type": "aws_s3_bucket_server_side_encryption_configuration",
      "name": "this",
      "provider": "provider[\"registry.terraform.io/hashicorp/aws\"]",
      "instances": [
        {
          "schema_version": 0,
          "attributes": {
            "bucket": "unicorn-web-076472864721",
            "expected_bucket_owner": "",
            "id": "unicorn-web-076472864721",
            "region": "ap-northeast-2",
            "rule": [
              {
                "apply_server_side_encryption_by_default": [
                  {
                    "kms_master_key_id": "arn:aws:kms:ap-northeast-2:076472864721:key/2536d057-17e6-4b1e-a604-3b2bb967a2d5",
                    "sse_algorithm": "aws:kms"
                  }
                ],
                "blocked_encryption_types": [
                  "SSE-C"
                ],
                "bucket_key_enabled": false
              }
            ]
          },
          "sensitive_attributes": [],
          "identity_schema_version": 1,
          "identity": {
            "account_id": "076472864721",
            "bucket": "unicorn-web-076472864721",
            "region": "ap-northeast-2"
          },
          "private": "bnVsbA==",
          "dependencies": [
            "data.aws_caller_identity.current",
            "module.kms_seoul.aws_kms_alias.this",
            "module.kms_seoul.aws_kms_alias.this_replica",
            "module.kms_seoul.aws_kms_key.this",
            "module.kms_seoul.aws_kms_replica_key.this",
            "module.kms_seoul.data.aws_iam_policy_document.this",
            "module.s3.aws_s3_bucket.this"
          ]
        }
      ]
    },
    {
      "module": "module.s3[\"unicorn-web-076472864721\"]",
      "mode": "managed",
      "type": "aws_s3_bucket_versioning",
      "name": "this",
      "provider": "provider[\"registry.terraform.io/hashicorp/aws\"]",
      "instances": [
        {
          "index_key": 0,
          "schema_version": 0,
          "attributes": {
            "bucket": "unicorn-web-076472864721",
            "expected_bucket_owner": "",
            "id": "unicorn-web-076472864721",
            "mfa": null,
            "region": "ap-northeast-2",
            "versioning_configuration": [
              {
                "mfa_delete": "Disabled",
                "status": "Enabled"
              }
            ]
          },
          "sensitive_attributes": [],
          "identity_schema_version": 1,
          "identity": {
            "account_id": "076472864721",
            "bucket": "unicorn-web-076472864721",
            "region": "ap-northeast-2"
          },
          "private": "bnVsbA==",
          "dependencies": [
            "data.aws_caller_identity.current",
            "module.kms_seoul.aws_kms_alias.this",
            "module.kms_seoul.aws_kms_alias.this_replica",
            "module.kms_seoul.aws_kms_key.this",
            "module.kms_seoul.aws_kms_replica_key.this",
            "module.kms_seoul.data.aws_iam_policy_document.this",
            "module.s3.aws_s3_bucket.this"
          ]
        }
      ]
    },
    {
      "module": "module.s3[\"unicorn-web-076472864721\"]",
      "mode": "managed",
      "type": "aws_s3_object",
      "name": "this",
      "provider": "provider[\"registry.terraform.io/hashicorp/aws\"]",
      "instances": [
        {
          "index_key": "index.html",
          "schema_version": 0,
          "attributes": {
            "acl": null,
            "arn": "arn:aws:s3:::unicorn-web-076472864721/index.html",
            "bucket": "unicorn-web-076472864721",
            "bucket_key_enabled": false,
            "cache_control": "",
            "checksum_algorithm": null,
            "checksum_crc32": "",
            "checksum_crc32c": "",
            "checksum_crc64nvme": "",
            "checksum_sha1": "",
            "checksum_sha256": "",
            "content": null,
            "content_base64": null,
            "content_disposition": "",
            "content_encoding": "",
            "content_language": "",
            "content_type": "text/html",
            "etag": "a12f2ba572d8cc313150aebe775a8123",
            "force_destroy": false,
            "id": "unicorn-web-076472864721/index.html",
            "key": "index.html",
            "kms_key_id": "arn:aws:kms:ap-northeast-2:076472864721:key/2536d057-17e6-4b1e-a604-3b2bb967a2d5",
            "metadata": null,
            "object_lock_legal_hold_status": "",
            "object_lock_mode": "",
            "object_lock_retain_until_date": "",
            "override_provider": [],
            "region": "ap-northeast-2",
            "server_side_encryption": "aws:kms",
            "source": "modules/s3/../../src/s3/index.html",
            "source_hash": "b705955e96dc610cf4547f2f41c3c741",
            "storage_class": "STANDARD",
            "tags": null,
            "tags_all": {},
            "version_id": "",
            "website_redirect": ""
          },
          "sensitive_attributes": [],
          "identity_schema_version": 0,
          "identity": {
            "account_id": "076472864721",
            "bucket": "unicorn-web-076472864721",
            "key": "index.html",
            "region": "ap-northeast-2"
          },
          "private": "bnVsbA==",
          "dependencies": [
            "data.aws_caller_identity.current",
            "module.kms_seoul.aws_kms_alias.this",
            "module.kms_seoul.aws_kms_alias.this_replica",
            "module.kms_seoul.aws_kms_key.this",
            "module.kms_seoul.aws_kms_replica_key.this",
            "module.kms_seoul.data.aws_iam_policy_document.this",
            "module.s3.aws_s3_bucket.this"
          ]
        },
        {
          "index_key": "main.jpeg",
          "schema_version": 0,
          "attributes": {
            "acl": null,
            "arn": "arn:aws:s3:::unicorn-web-076472864721/main.jpeg",
            "bucket": "unicorn-web-076472864721",
            "bucket_key_enabled": false,
            "cache_control": "",
            "checksum_algorithm": null,
            "checksum_crc32": "",
            "checksum_crc32c": "",
            "checksum_crc64nvme": "",
            "checksum_sha1": "",
            "checksum_sha256": "",
            "content": null,
            "content_base64": null,
            "content_disposition": "",
            "content_encoding": "",
            "content_language": "",
            "content_type": "image/jpeg",
            "etag": "093f8cd41b8945b30b2665207998067d",
            "force_destroy": false,
            "id": "unicorn-web-076472864721/main.jpeg",
            "key": "main.jpeg",
            "kms_key_id": "arn:aws:kms:ap-northeast-2:076472864721:key/2536d057-17e6-4b1e-a604-3b2bb967a2d5",
            "metadata": null,
            "object_lock_legal_hold_status": "",
            "object_lock_mode": "",
            "object_lock_retain_until_date": "",
            "override_provider": [],
            "region": "ap-northeast-2",
            "server_side_encryption": "aws:kms",
            "source": "modules/s3/../../src/s3/main.jpeg",
            "source_hash": "f34e1b7292ca6a7ebdcf9da5527595c0",
            "storage_class": "STANDARD",
            "tags": null,
            "tags_all": {},
            "version_id": "",
            "website_redirect": ""
          },
          "sensitive_attributes": [],
          "identity_schema_version": 0,
          "identity": {
            "account_id": "076472864721",
            "bucket": "unicorn-web-076472864721",
            "key": "main.jpeg",
            "region": "ap-northeast-2"
          },
          "private": "bnVsbA==",
          "dependencies": [
            "data.aws_caller_identity.current",
            "module.kms_seoul.aws_kms_alias.this",
            "module.kms_seoul.aws_kms_alias.this_replica",
            "module.kms_seoul.aws_kms_key.this",
            "module.kms_seoul.aws_kms_replica_key.this",
            "module.kms_seoul.data.aws_iam_policy_document.this",
            "module.s3.aws_s3_bucket.this"
          ]
        }
      ]
    },
    {
      "module": "module.security_group[\"unicorn-alb-sg\"]",
      "mode": "managed",
      "type": "aws_security_group",
      "name": "this",
      "provider": "provider[\"registry.terraform.io/hashicorp/aws\"]",
      "instances": [
        {
          "schema_version": 1,
          "attributes": {
            "arn": "arn:aws:ec2:ap-northeast-2:076472864721:security-group/sg-03ee9f63648e0b5c1",
            "description": "Managed by Terraform",
            "egress": [
              {
                "cidr_blocks": [
                  "0.0.0.0/0"
                ],
                "description": "",
                "from_port": 8080,
                "ipv6_cidr_blocks": [],
                "prefix_list_ids": [],
                "protocol": "tcp",
                "security_groups": [],
                "self": false,
                "to_port": 8080
              }
            ],
            "id": "sg-03ee9f63648e0b5c1",
            "ingress": [
              {
                "cidr_blocks": [],
                "description": "",
                "from_port": 80,
                "ipv6_cidr_blocks": [],
                "prefix_list_ids": [
                  "pl-22a6434b"
                ],
                "protocol": "tcp",
                "security_groups": [],
                "self": false,
                "to_port": 80
              }
            ],
            "name": "unicorn-alb-sg",
            "name_prefix": "",
            "owner_id": "076472864721",
            "region": "ap-northeast-2",
            "revoke_rules_on_delete": false,
            "tags": {
              "Name": "unicorn-alb-sg"
            },
            "tags_all": {
              "Name": "unicorn-alb-sg"
            },
            "timeouts": null,
            "vpc_id": "vpc-0b7cfefc2c16d9fc5"
          },
          "sensitive_attributes": [],
          "identity_schema_version": 0,
          "identity": {
            "account_id": "076472864721",
            "id": "sg-03ee9f63648e0b5c1",
            "region": "ap-northeast-2"
          },
          "private": "eyJlMmJmYjczMC1lY2FhLTExZTYtOGY4OC0zNDM2M2JjN2M0YzAiOnsiY3JlYXRlIjo2MDAwMDAwMDAwMDAsImRlbGV0ZSI6OTAwMDAwMDAwMDAwfSwic2NoZW1hX3ZlcnNpb24iOiIxIn0=",
          "dependencies": [
            "data.aws_availability_zones.az",
            "data.aws_ec2_managed_prefix_list.cloudfront",
            "module.vpc.aws_default_route_table.this",
            "module.vpc.aws_default_security_group.this",
            "module.vpc.aws_eip.this",
            "module.vpc.aws_internet_gateway.this",
            "module.vpc.aws_nat_gateway.this",
            "module.vpc.aws_route.this",
            "module.vpc.aws_route_table.this",
            "module.vpc.aws_route_table_association.this",
            "module.vpc.aws_subnet.this",
            "module.vpc.aws_vpc.this"
          ]
        }
      ]
    },
    {
      "module": "module.security_group[\"unicorn-eks-control-plane-sg\"]",
      "mode": "managed",
      "type": "aws_security_group",
      "name": "this",
      "provider": "provider[\"registry.terraform.io/hashicorp/aws\"]",
      "instances": [
        {
          "schema_version": 1,
          "attributes": {
            "arn": "arn:aws:ec2:ap-northeast-2:076472864721:security-group/sg-0bb5c6b6c4ab11e69",
            "description": "Managed by Terraform",
            "egress": [
              {
                "cidr_blocks": [
                  "0.0.0.0/0"
                ],
                "description": "",
                "from_port": 0,
                "ipv6_cidr_blocks": [],
                "prefix_list_ids": [],
                "protocol": "-1",
                "security_groups": [],
                "self": false,
                "to_port": 0
              }
            ],
            "id": "sg-0bb5c6b6c4ab11e69",
            "ingress": [
              {
                "cidr_blocks": [
                  "0.0.0.0/0"
                ],
                "description": "",
                "from_port": 443,
                "ipv6_cidr_blocks": [],
                "prefix_list_ids": [],
                "protocol": "tcp",
                "security_groups": [],
                "self": false,
                "to_port": 443
              }
            ],
            "name": "unicorn-eks-control-plane-sg",
            "name_prefix": "",
            "owner_id": "076472864721",
            "region": "ap-northeast-2",
            "revoke_rules_on_delete": false,
            "tags": {
              "Name": "unicorn-eks-control-plane-sg"
            },
            "tags_all": {
              "Name": "unicorn-eks-control-plane-sg"
            },
            "timeouts": null,
            "vpc_id": "vpc-0b7cfefc2c16d9fc5"
          },
          "sensitive_attributes": [],
          "identity_schema_version": 0,
          "identity": {
            "account_id": "076472864721",
            "id": "sg-0bb5c6b6c4ab11e69",
            "region": "ap-northeast-2"
          },
          "private": "eyJlMmJmYjczMC1lY2FhLTExZTYtOGY4OC0zNDM2M2JjN2M0YzAiOnsiY3JlYXRlIjo2MDAwMDAwMDAwMDAsImRlbGV0ZSI6OTAwMDAwMDAwMDAwfSwic2NoZW1hX3ZlcnNpb24iOiIxIn0=",
          "dependencies": [
            "data.aws_availability_zones.az",
            "data.aws_ec2_managed_prefix_list.cloudfront",
            "module.vpc.aws_default_route_table.this",
            "module.vpc.aws_default_security_group.this",
            "module.vpc.aws_eip.this",
            "module.vpc.aws_internet_gateway.this",
            "module.vpc.aws_nat_gateway.this",
            "module.vpc.aws_route.this",
            "module.vpc.aws_route_table.this",
            "module.vpc.aws_route_table_association.this",
            "module.vpc.aws_subnet.this",
            "module.vpc.aws_vpc.this"
          ]
        }
      ]
    },
    {
      "module": "module.security_group[\"unicorn-endpoint-sg\"]",
      "mode": "managed",
      "type": "aws_security_group",
      "name": "this",
      "provider": "provider[\"registry.terraform.io/hashicorp/aws\"]",
      "instances": [
        {
          "schema_version": 1,
          "attributes": {
            "arn": "arn:aws:ec2:ap-northeast-2:076472864721:security-group/sg-0e964fd3bd7fd084e",
            "description": "Managed by Terraform",
            "egress": [
              {
                "cidr_blocks": [
                  "0.0.0.0/0"
                ],
                "description": "",
                "from_port": 0,
                "ipv6_cidr_blocks": [],
                "prefix_list_ids": [],
                "protocol": "-1",
                "security_groups": [],
                "self": false,
                "to_port": 0
              }
            ],
            "id": "sg-0e964fd3bd7fd084e",
            "ingress": [
              {
                "cidr_blocks": [
                  "0.0.0.0/0"
                ],
                "description": "",
                "from_port": 443,
                "ipv6_cidr_blocks": [],
                "prefix_list_ids": [],
                "protocol": "tcp",
                "security_groups": [],
                "self": false,
                "to_port": 443
              }
            ],
            "name": "unicorn-endpoint-sg",
            "name_prefix": "",
            "owner_id": "076472864721",
            "region": "ap-northeast-2",
            "revoke_rules_on_delete": false,
            "tags": {
              "Name": "unicorn-endpoint-sg"
            },
            "tags_all": {
              "Name": "unicorn-endpoint-sg"
            },
            "timeouts": null,
            "vpc_id": "vpc-0b7cfefc2c16d9fc5"
          },
          "sensitive_attributes": [],
          "identity_schema_version": 0,
          "identity": {
            "account_id": "076472864721",
            "id": "sg-0e964fd3bd7fd084e",
            "region": "ap-northeast-2"
          },
          "private": "eyJlMmJmYjczMC1lY2FhLTExZTYtOGY4OC0zNDM2M2JjN2M0YzAiOnsiY3JlYXRlIjo2MDAwMDAwMDAwMDAsImRlbGV0ZSI6OTAwMDAwMDAwMDAwfSwic2NoZW1hX3ZlcnNpb24iOiIxIn0=",
          "dependencies": [
            "data.aws_availability_zones.az",
            "data.aws_ec2_managed_prefix_list.cloudfront",
            "module.vpc.aws_default_route_table.this",
            "module.vpc.aws_default_security_group.this",
            "module.vpc.aws_eip.this",
            "module.vpc.aws_internet_gateway.this",
            "module.vpc.aws_nat_gateway.this",
            "module.vpc.aws_route.this",
            "module.vpc.aws_route_table.this",
            "module.vpc.aws_route_table_association.this",
            "module.vpc.aws_subnet.this",
            "module.vpc.aws_vpc.this"
          ]
        }
      ]
    },
    {
      "module": "module.security_group[\"unicorn-mark-sg\"]",
      "mode": "managed",
      "type": "aws_security_group",
      "name": "this",
      "provider": "provider[\"registry.terraform.io/hashicorp/aws\"]",
      "instances": [
        {
          "schema_version": 1,
          "attributes": {
            "arn": "arn:aws:ec2:ap-northeast-2:076472864721:security-group/sg-0ae7e8c26b0ffbf86",
            "description": "Managed by Terraform",
            "egress": [
              {
                "cidr_blocks": [
                  "0.0.0.0/0"
                ],
                "description": "",
                "from_port": 0,
                "ipv6_cidr_blocks": [],
                "prefix_list_ids": [],
                "protocol": "-1",
                "security_groups": [],
                "self": false,
                "to_port": 0
              }
            ],
            "id": "sg-0ae7e8c26b0ffbf86",
            "ingress": [
              {
                "cidr_blocks": [
                  "0.0.0.0/0"
                ],
                "description": "",
                "from_port": 0,
                "ipv6_cidr_blocks": [],
                "prefix_list_ids": [],
                "protocol": "-1",
                "security_groups": [],
                "self": false,
                "to_port": 0
              }
            ],
            "name": "unicorn-mark-sg",
            "name_prefix": "",
            "owner_id": "076472864721",
            "region": "ap-northeast-2",
            "revoke_rules_on_delete": false,
            "tags": {
              "Name": "unicorn-mark-sg"
            },
            "tags_all": {
              "Name": "unicorn-mark-sg"
            },
            "timeouts": null,
            "vpc_id": "vpc-0b7cfefc2c16d9fc5"
          },
          "sensitive_attributes": [],
          "identity_schema_version": 0,
          "identity": {
            "account_id": "076472864721",
            "id": "sg-0ae7e8c26b0ffbf86",
            "region": "ap-northeast-2"
          },
          "private": "eyJlMmJmYjczMC1lY2FhLTExZTYtOGY4OC0zNDM2M2JjN2M0YzAiOnsiY3JlYXRlIjo2MDAwMDAwMDAwMDAsImRlbGV0ZSI6OTAwMDAwMDAwMDAwfSwic2NoZW1hX3ZlcnNpb24iOiIxIn0=",
          "dependencies": [
            "data.aws_availability_zones.az",
            "data.aws_ec2_managed_prefix_list.cloudfront",
            "module.vpc.aws_default_route_table.this",
            "module.vpc.aws_default_security_group.this",
            "module.vpc.aws_eip.this",
            "module.vpc.aws_internet_gateway.this",
            "module.vpc.aws_nat_gateway.this",
            "module.vpc.aws_route.this",
            "module.vpc.aws_route_table.this",
            "module.vpc.aws_route_table_association.this",
            "module.vpc.aws_subnet.this",
            "module.vpc.aws_vpc.this"
          ]
        }
      ]
    },
    {
      "module": "module.vpc[\"unicorn-vpc\"]",
      "mode": "managed",
      "type": "aws_default_route_table",
      "name": "this",
      "provider": "provider[\"registry.terraform.io/hashicorp/aws\"]",
      "instances": [
        {
          "schema_version": 0,
          "attributes": {
            "arn": "arn:aws:ec2:ap-northeast-2:076472864721:route-table/rtb-097ff19f1bbc4d339",
            "default_route_table_id": "rtb-097ff19f1bbc4d339",
            "id": "rtb-097ff19f1bbc4d339",
            "owner_id": "076472864721",
            "propagating_vgws": null,
            "region": "ap-northeast-2",
            "route": [],
            "tags": null,
            "tags_all": {},
            "timeouts": null,
            "vpc_id": "vpc-0b7cfefc2c16d9fc5"
          },
          "sensitive_attributes": [],
          "identity_schema_version": 0,
          "private": "eyJlMmJmYjczMC1lY2FhLTExZTYtOGY4OC0zNDM2M2JjN2M0YzAiOnsiY3JlYXRlIjoxMjAwMDAwMDAwMDAsInVwZGF0ZSI6MTIwMDAwMDAwMDAwfX0=",
          "dependencies": [
            "module.vpc.aws_vpc.this"
          ]
        }
      ]
    },
    {
      "module": "module.vpc[\"unicorn-vpc\"]",
      "mode": "managed",
      "type": "aws_default_security_group",
      "name": "this",
      "provider": "provider[\"registry.terraform.io/hashicorp/aws\"]",
      "instances": [
        {
          "schema_version": 1,
          "attributes": {
            "arn": "arn:aws:ec2:ap-northeast-2:076472864721:security-group/sg-0ef683e743527d058",
            "description": "default VPC security group",
            "egress": [],
            "id": "sg-0ef683e743527d058",
            "ingress": [],
            "name": "default",
            "name_prefix": "",
            "owner_id": "076472864721",
            "region": "ap-northeast-2",
            "revoke_rules_on_delete": false,
            "tags": {
              "Name": "unicorn-default-sg"
            },
            "tags_all": {
              "Name": "unicorn-default-sg"
            },
            "vpc_id": "vpc-0b7cfefc2c16d9fc5"
          },
          "sensitive_attributes": [],
          "identity_schema_version": 0,
          "private": "eyJzY2hlbWFfdmVyc2lvbiI6IjEifQ==",
          "dependencies": [
            "module.vpc.aws_vpc.this"
          ]
        }
      ]
    },
    {
      "module": "module.vpc[\"unicorn-vpc\"]",
      "mode": "managed",
      "type": "aws_eip",
      "name": "this",
      "provider": "provider[\"registry.terraform.io/hashicorp/aws\"]",
      "instances": [
        {
          "index_key": "public-0",
          "schema_version": 0,
          "attributes": {
            "address": null,
            "allocation_id": "eipalloc-0205d3e5aa1be406a",
            "arn": "arn:aws:ec2:ap-northeast-2:076472864721:elastic-ip/eipalloc-0205d3e5aa1be406a",
            "associate_with_private_ip": null,
            "association_id": "",
            "carrier_ip": "",
            "customer_owned_ip": "",
            "customer_owned_ipv4_pool": "",
            "domain": "vpc",
            "id": "eipalloc-0205d3e5aa1be406a",
            "instance": "",
            "ipam_pool_id": "",
            "network_border_group": "ap-northeast-2",
            "network_interface": "",
            "private_dns": "",
            "private_ip": "",
            "ptr_record": "",
            "public_dns": "ec2-52-79-79-100.ap-northeast-2.compute.amazonaws.com",
            "public_ip": "52.79.79.100",
            "public_ipv4_pool": "amazon",
            "region": "ap-northeast-2",
            "tags": {
              "Name": "public-0-eip"
            },
            "tags_all": {
              "Name": "public-0-eip"
            },
            "timeouts": null
          },
          "sensitive_attributes": [],
          "identity_schema_version": 0,
          "identity": {
            "account_id": "076472864721",
            "id": "eipalloc-0205d3e5aa1be406a",
            "region": "ap-northeast-2"
          },
          "private": "eyJlMmJmYjczMC1lY2FhLTExZTYtOGY4OC0zNDM2M2JjN2M0YzAiOnsiZGVsZXRlIjoxODAwMDAwMDAwMDAsInJlYWQiOjkwMDAwMDAwMDAwMCwidXBkYXRlIjozMDAwMDAwMDAwMDB9fQ==",
          "dependencies": [
            "data.aws_availability_zones.az"
          ]
        },
        {
          "index_key": "public-1",
          "schema_version": 0,
          "attributes": {
            "address": null,
            "allocation_id": "eipalloc-00364f6abd6d7a62e",
            "arn": "arn:aws:ec2:ap-northeast-2:076472864721:elastic-ip/eipalloc-00364f6abd6d7a62e",
            "associate_with_private_ip": null,
            "association_id": "",
            "carrier_ip": "",
            "customer_owned_ip": "",
            "customer_owned_ipv4_pool": "",
            "domain": "vpc",
            "id": "eipalloc-00364f6abd6d7a62e",
            "instance": "",
            "ipam_pool_id": "",
            "network_border_group": "ap-northeast-2",
            "network_interface": "",
            "private_dns": "",
            "private_ip": "",
            "ptr_record": "",
            "public_dns": "ec2-13-124-251-149.ap-northeast-2.compute.amazonaws.com",
            "public_ip": "13.124.251.149",
            "public_ipv4_pool": "amazon",
            "region": "ap-northeast-2",
            "tags": {
              "Name": "public-1-eip"
            },
            "tags_all": {
              "Name": "public-1-eip"
            },
            "timeouts": null
          },
          "sensitive_attributes": [],
          "identity_schema_version": 0,
          "identity": {
            "account_id": "076472864721",
            "id": "eipalloc-00364f6abd6d7a62e",
            "region": "ap-northeast-2"
          },
          "private": "eyJlMmJmYjczMC1lY2FhLTExZTYtOGY4OC0zNDM2M2JjN2M0YzAiOnsiZGVsZXRlIjoxODAwMDAwMDAwMDAsInJlYWQiOjkwMDAwMDAwMDAwMCwidXBkYXRlIjozMDAwMDAwMDAwMDB9fQ==",
          "dependencies": [
            "data.aws_availability_zones.az"
          ]
        },
        {
          "index_key": "public-2",
          "schema_version": 0,
          "attributes": {
            "address": null,
            "allocation_id": "eipalloc-07880edd3d1d46bda",
            "arn": "arn:aws:ec2:ap-northeast-2:076472864721:elastic-ip/eipalloc-07880edd3d1d46bda",
            "associate_with_private_ip": null,
            "association_id": "",
            "carrier_ip": "",
            "customer_owned_ip": "",
            "customer_owned_ipv4_pool": "",
            "domain": "vpc",
            "id": "eipalloc-07880edd3d1d46bda",
            "instance": "",
            "ipam_pool_id": "",
            "network_border_group": "ap-northeast-2",
            "network_interface": "",
            "private_dns": "",
            "private_ip": "",
            "ptr_record": "",
            "public_dns": "ec2-43-203-104-107.ap-northeast-2.compute.amazonaws.com",
            "public_ip": "43.203.104.107",
            "public_ipv4_pool": "amazon",
            "region": "ap-northeast-2",
            "tags": {
              "Name": "public-2-eip"
            },
            "tags_all": {
              "Name": "public-2-eip"
            },
            "timeouts": null
          },
          "sensitive_attributes": [],
          "identity_schema_version": 0,
          "identity": {
            "account_id": "076472864721",
            "id": "eipalloc-07880edd3d1d46bda",
            "region": "ap-northeast-2"
          },
          "private": "eyJlMmJmYjczMC1lY2FhLTExZTYtOGY4OC0zNDM2M2JjN2M0YzAiOnsiZGVsZXRlIjoxODAwMDAwMDAwMDAsInJlYWQiOjkwMDAwMDAwMDAwMCwidXBkYXRlIjozMDAwMDAwMDAwMDB9fQ==",
          "dependencies": [
            "data.aws_availability_zones.az"
          ]
        }
      ]
    },
    {
      "module": "module.vpc[\"unicorn-vpc\"]",
      "mode": "managed",
      "type": "aws_internet_gateway",
      "name": "this",
      "provider": "provider[\"registry.terraform.io/hashicorp/aws\"]",
      "instances": [
        {
          "index_key": 0,
          "schema_version": 0,
          "attributes": {
            "arn": "arn:aws:ec2:ap-northeast-2:076472864721:internet-gateway/igw-0babcb785b6d6913e",
            "id": "igw-0babcb785b6d6913e",
            "owner_id": "076472864721",
            "region": "ap-northeast-2",
            "tags": {
              "Name": "unicorn-igw"
            },
            "tags_all": {
              "Name": "unicorn-igw"
            },
            "timeouts": null,
            "vpc_id": "vpc-0b7cfefc2c16d9fc5"
          },
          "sensitive_attributes": [],
          "identity_schema_version": 0,
          "identity": {
            "account_id": "076472864721",
            "id": "igw-0babcb785b6d6913e",
            "region": "ap-northeast-2"
          },
          "private": "eyJlMmJmYjczMC1lY2FhLTExZTYtOGY4OC0zNDM2M2JjN2M0YzAiOnsiY3JlYXRlIjoxMjAwMDAwMDAwMDAwLCJkZWxldGUiOjEyMDAwMDAwMDAwMDAsInVwZGF0ZSI6MTIwMDAwMDAwMDAwMH19",
          "dependencies": [
            "data.aws_availability_zones.az",
            "module.vpc.aws_vpc.this"
          ]
        }
      ]
    },
    {
      "module": "module.vpc[\"unicorn-vpc\"]",
      "mode": "managed",
      "type": "aws_nat_gateway",
      "name": "this",
      "provider": "provider[\"registry.terraform.io/hashicorp/aws\"]",
      "instances": [
        {
          "index_key": "public-0",
          "schema_version": 0,
          "attributes": {
            "allocation_id": "eipalloc-0205d3e5aa1be406a",
            "association_id": "eipassoc-0cfa062d646fa00df",
            "auto_provision_zones": null,
            "auto_scaling_ips": null,
            "availability_mode": "zonal",
            "availability_zone_address": [],
            "connectivity_type": "public",
            "id": "nat-0c79b2f73af51dda1",
            "network_interface_id": "eni-0235392e4f9bac69a",
            "private_ip": "10.97.0.144",
            "public_ip": "52.79.79.100",
            "region": "ap-northeast-2",
            "regional_nat_gateway_address": [],
            "regional_nat_gateway_auto_mode": null,
            "route_table_id": null,
            "secondary_allocation_ids": [],
            "secondary_private_ip_address_count": 0,
            "secondary_private_ip_addresses": [],
            "subnet_id": "subnet-03472410b45c2c83a",
            "tags": {
              "Name": "unicorn-nat-a"
            },
            "tags_all": {
              "Name": "unicorn-nat-a"
            },
            "timeouts": null,
            "vpc_id": "vpc-0b7cfefc2c16d9fc5"
          },
          "sensitive_attributes": [],
          "identity_schema_version": 0,
          "identity": {
            "account_id": "076472864721",
            "id": "nat-0c79b2f73af51dda1",
            "region": "ap-northeast-2"
          },
          "private": "eyJlMmJmYjczMC1lY2FhLTExZTYtOGY4OC0zNDM2M2JjN2M0YzAiOnsiY3JlYXRlIjo2MDAwMDAwMDAwMDAsImRlbGV0ZSI6MTgwMDAwMDAwMDAwMCwidXBkYXRlIjo2MDAwMDAwMDAwMDB9fQ==",
          "dependencies": [
            "data.aws_availability_zones.az",
            "module.vpc.aws_eip.this",
            "module.vpc.aws_internet_gateway.this",
            "module.vpc.aws_subnet.this",
            "module.vpc.aws_vpc.this"
          ]
        },
        {
          "index_key": "public-1",
          "schema_version": 0,
          "attributes": {
            "allocation_id": "eipalloc-00364f6abd6d7a62e",
            "association_id": "eipassoc-09a5efc058a22a17e",
            "auto_provision_zones": null,
            "auto_scaling_ips": null,
            "availability_mode": "zonal",
            "availability_zone_address": [],
            "connectivity_type": "public",
            "id": "nat-062880bb30a343d1f",
            "network_interface_id": "eni-0d9751c8297788fcb",
            "private_ip": "10.97.1.244",
            "public_ip": "13.124.251.149",
            "region": "ap-northeast-2",
            "regional_nat_gateway_address": [],
            "regional_nat_gateway_auto_mode": null,
            "route_table_id": null,
            "secondary_allocation_ids": [],
            "secondary_private_ip_address_count": 0,
            "secondary_private_ip_addresses": [],
            "subnet_id": "subnet-058634182cbcb01cd",
            "tags": {
              "Name": "unicorn-nat-b"
            },
            "tags_all": {
              "Name": "unicorn-nat-b"
            },
            "timeouts": null,
            "vpc_id": "vpc-0b7cfefc2c16d9fc5"
          },
          "sensitive_attributes": [],
          "identity_schema_version": 0,
          "identity": {
            "account_id": "076472864721",
            "id": "nat-062880bb30a343d1f",
            "region": "ap-northeast-2"
          },
          "private": "eyJlMmJmYjczMC1lY2FhLTExZTYtOGY4OC0zNDM2M2JjN2M0YzAiOnsiY3JlYXRlIjo2MDAwMDAwMDAwMDAsImRlbGV0ZSI6MTgwMDAwMDAwMDAwMCwidXBkYXRlIjo2MDAwMDAwMDAwMDB9fQ==",
          "dependencies": [
            "data.aws_availability_zones.az",
            "module.vpc.aws_eip.this",
            "module.vpc.aws_internet_gateway.this",
            "module.vpc.aws_subnet.this",
            "module.vpc.aws_vpc.this"
          ]
        },
        {
          "index_key": "public-2",
          "schema_version": 0,
          "attributes": {
            "allocation_id": "eipalloc-07880edd3d1d46bda",
            "association_id": "eipassoc-0feb0d363ae2d3e78",
            "auto_provision_zones": null,
            "auto_scaling_ips": null,
            "availability_mode": "zonal",
            "availability_zone_address": [],
            "connectivity_type": "public",
            "id": "nat-0f0cd99734935ddf6",
            "network_interface_id": "eni-067d605c2b7520c36",
            "private_ip": "10.97.2.39",
            "public_ip": "43.203.104.107",
            "region": "ap-northeast-2",
            "regional_nat_gateway_address": [],
            "regional_nat_gateway_auto_mode": null,
            "route_table_id": null,
            "secondary_allocation_ids": [],
            "secondary_private_ip_address_count": 0,
            "secondary_private_ip_addresses": [],
            "subnet_id": "subnet-02bde4f574270ad76",
            "tags": {
              "Name": "unicorn-nat-c"
            },
            "tags_all": {
              "Name": "unicorn-nat-c"
            },
            "timeouts": null,
            "vpc_id": "vpc-0b7cfefc2c16d9fc5"
          },
          "sensitive_attributes": [],
          "identity_schema_version": 0,
          "identity": {
            "account_id": "076472864721",
            "id": "nat-0f0cd99734935ddf6",
            "region": "ap-northeast-2"
          },
          "private": "eyJlMmJmYjczMC1lY2FhLTExZTYtOGY4OC0zNDM2M2JjN2M0YzAiOnsiY3JlYXRlIjo2MDAwMDAwMDAwMDAsImRlbGV0ZSI6MTgwMDAwMDAwMDAwMCwidXBkYXRlIjo2MDAwMDAwMDAwMDB9fQ==",
          "dependencies": [
            "data.aws_availability_zones.az",
            "module.vpc.aws_eip.this",
            "module.vpc.aws_internet_gateway.this",
            "module.vpc.aws_subnet.this",
            "module.vpc.aws_vpc.this"
          ]
        }
      ]
    },
    {
      "module": "module.vpc[\"unicorn-vpc\"]",
      "mode": "managed",
      "type": "aws_route",
      "name": "this",
      "provider": "provider[\"registry.terraform.io/hashicorp/aws\"]",
      "instances": [
        {
          "index_key": "private-0",
          "schema_version": 0,
          "attributes": {
            "carrier_gateway_id": "",
            "core_network_arn": "",
            "destination_cidr_block": "0.0.0.0/0",
            "destination_ipv6_cidr_block": "",
            "destination_prefix_list_id": "",
            "egress_only_gateway_id": "",
            "gateway_id": "",
            "id": "r-rtb-0404eee0d5fb001e61080289494",
            "instance_id": "",
            "instance_owner_id": "",
            "local_gateway_id": "",
            "nat_gateway_id": "nat-0c79b2f73af51dda1",
            "network_interface_id": "",
            "odb_network_arn": "",
            "origin": "CreateRoute",
            "region": "ap-northeast-2",
            "route_table_id": "rtb-0404eee0d5fb001e6",
            "state": "active",
            "timeouts": null,
            "transit_gateway_id": "",
            "vpc_endpoint_id": "",
            "vpc_peering_connection_id": ""
          },
          "sensitive_attributes": [],
          "identity_schema_version": 0,
          "identity": {
            "account_id": "076472864721",
            "destination_cidr_block": "0.0.0.0/0",
            "destination_ipv6_cidr_block": null,
            "destination_prefix_list_id": null,
            "region": "ap-northeast-2",
            "route_table_id": "rtb-0404eee0d5fb001e6"
          },
          "private": "eyJlMmJmYjczMC1lY2FhLTExZTYtOGY4OC0zNDM2M2JjN2M0YzAiOnsiY3JlYXRlIjozMDAwMDAwMDAwMDAsImRlbGV0ZSI6MzAwMDAwMDAwMDAwLCJ1cGRhdGUiOjEyMDAwMDAwMDAwMH19",
          "dependencies": [
            "data.aws_availability_zones.az",
            "module.vpc.aws_eip.this",
            "module.vpc.aws_internet_gateway.this",
            "module.vpc.aws_nat_gateway.this",
            "module.vpc.aws_route_table.this",
            "module.vpc.aws_subnet.this",
            "module.vpc.aws_vpc.this"
          ]
        },
        {
          "index_key": "private-1",
          "schema_version": 0,
          "attributes": {
            "carrier_gateway_id": "",
            "core_network_arn": "",
            "destination_cidr_block": "0.0.0.0/0",
            "destination_ipv6_cidr_block": "",
            "destination_prefix_list_id": "",
            "egress_only_gateway_id": "",
            "gateway_id": "",
            "id": "r-rtb-0d046bcfdc2653e581080289494",
            "instance_id": "",
            "instance_owner_id": "",
            "local_gateway_id": "",
            "nat_gateway_id": "nat-062880bb30a343d1f",
            "network_interface_id": "",
            "odb_network_arn": "",
            "origin": "CreateRoute",
            "region": "ap-northeast-2",
            "route_table_id": "rtb-0d046bcfdc2653e58",
            "state": "active",
            "timeouts": null,
            "transit_gateway_id": "",
            "vpc_endpoint_id": "",
            "vpc_peering_connection_id": ""
          },
          "sensitive_attributes": [],
          "identity_schema_version": 0,
          "identity": {
            "account_id": "076472864721",
            "destination_cidr_block": "0.0.0.0/0",
            "destination_ipv6_cidr_block": null,
            "destination_prefix_list_id": null,
            "region": "ap-northeast-2",
            "route_table_id": "rtb-0d046bcfdc2653e58"
          },
          "private": "eyJlMmJmYjczMC1lY2FhLTExZTYtOGY4OC0zNDM2M2JjN2M0YzAiOnsiY3JlYXRlIjozMDAwMDAwMDAwMDAsImRlbGV0ZSI6MzAwMDAwMDAwMDAwLCJ1cGRhdGUiOjEyMDAwMDAwMDAwMH19",
          "dependencies": [
            "data.aws_availability_zones.az",
            "module.vpc.aws_eip.this",
            "module.vpc.aws_internet_gateway.this",
            "module.vpc.aws_nat_gateway.this",
            "module.vpc.aws_route_table.this",
            "module.vpc.aws_subnet.this",
            "module.vpc.aws_vpc.this"
          ]
        },
        {
          "index_key": "private-2",
          "schema_version": 0,
          "attributes": {
            "carrier_gateway_id": "",
            "core_network_arn": "",
            "destination_cidr_block": "0.0.0.0/0",
            "destination_ipv6_cidr_block": "",
            "destination_prefix_list_id": "",
            "egress_only_gateway_id": "",
            "gateway_id": "",
            "id": "r-rtb-0ea3a21810f0433f01080289494",
            "instance_id": "",
            "instance_owner_id": "",
            "local_gateway_id": "",
            "nat_gateway_id": "nat-0f0cd99734935ddf6",
            "network_interface_id": "",
            "odb_network_arn": "",
            "origin": "CreateRoute",
            "region": "ap-northeast-2",
            "route_table_id": "rtb-0ea3a21810f0433f0",
            "state": "active",
            "timeouts": null,
            "transit_gateway_id": "",
            "vpc_endpoint_id": "",
            "vpc_peering_connection_id": ""
          },
          "sensitive_attributes": [],
          "identity_schema_version": 0,
          "identity": {
            "account_id": "076472864721",
            "destination_cidr_block": "0.0.0.0/0",
            "destination_ipv6_cidr_block": null,
            "destination_prefix_list_id": null,
            "region": "ap-northeast-2",
            "route_table_id": "rtb-0ea3a21810f0433f0"
          },
          "private": "eyJlMmJmYjczMC1lY2FhLTExZTYtOGY4OC0zNDM2M2JjN2M0YzAiOnsiY3JlYXRlIjozMDAwMDAwMDAwMDAsImRlbGV0ZSI6MzAwMDAwMDAwMDAwLCJ1cGRhdGUiOjEyMDAwMDAwMDAwMH19",
          "dependencies": [
            "data.aws_availability_zones.az",
            "module.vpc.aws_eip.this",
            "module.vpc.aws_internet_gateway.this",
            "module.vpc.aws_nat_gateway.this",
            "module.vpc.aws_route_table.this",
            "module.vpc.aws_subnet.this",
            "module.vpc.aws_vpc.this"
          ]
        },
        {
          "index_key": "public",
          "schema_version": 0,
          "attributes": {
            "carrier_gateway_id": "",
            "core_network_arn": "",
            "destination_cidr_block": "0.0.0.0/0",
            "destination_ipv6_cidr_block": "",
            "destination_prefix_list_id": "",
            "egress_only_gateway_id": "",
            "gateway_id": "igw-0babcb785b6d6913e",
            "id": "r-rtb-09209a7c8c9635c571080289494",
            "instance_id": "",
            "instance_owner_id": "",
            "local_gateway_id": "",
            "nat_gateway_id": "",
            "network_interface_id": "",
            "odb_network_arn": "",
            "origin": "CreateRoute",
            "region": "ap-northeast-2",
            "route_table_id": "rtb-09209a7c8c9635c57",
            "state": "active",
            "timeouts": null,
            "transit_gateway_id": "",
            "vpc_endpoint_id": "",
            "vpc_peering_connection_id": ""
          },
          "sensitive_attributes": [],
          "identity_schema_version": 0,
          "identity": {
            "account_id": "076472864721",
            "destination_cidr_block": "0.0.0.0/0",
            "destination_ipv6_cidr_block": null,
            "destination_prefix_list_id": null,
            "region": "ap-northeast-2",
            "route_table_id": "rtb-09209a7c8c9635c57"
          },
          "private": "eyJlMmJmYjczMC1lY2FhLTExZTYtOGY4OC0zNDM2M2JjN2M0YzAiOnsiY3JlYXRlIjozMDAwMDAwMDAwMDAsImRlbGV0ZSI6MzAwMDAwMDAwMDAwLCJ1cGRhdGUiOjEyMDAwMDAwMDAwMH19",
          "dependencies": [
            "data.aws_availability_zones.az",
            "module.vpc.aws_eip.this",
            "module.vpc.aws_internet_gateway.this",
            "module.vpc.aws_nat_gateway.this",
            "module.vpc.aws_route_table.this",
            "module.vpc.aws_subnet.this",
            "module.vpc.aws_vpc.this"
          ]
        }
      ]
    },
    {
      "module": "module.vpc[\"unicorn-vpc\"]",
      "mode": "managed",
      "type": "aws_route_table",
      "name": "this",
      "provider": "provider[\"registry.terraform.io/hashicorp/aws\"]",
      "instances": [
        {
          "index_key": "private-0",
          "schema_version": 0,
          "attributes": {
            "arn": "arn:aws:ec2:ap-northeast-2:076472864721:route-table/rtb-0404eee0d5fb001e6",
            "id": "rtb-0404eee0d5fb001e6",
            "owner_id": "076472864721",
            "propagating_vgws": [],
            "region": "ap-northeast-2",
            "route": [],
            "tags": {
              "Name": "unicorn-rt-priv-a"
            },
            "tags_all": {
              "Name": "unicorn-rt-priv-a"
            },
            "timeouts": null,
            "vpc_id": "vpc-0b7cfefc2c16d9fc5"
          },
          "sensitive_attributes": [],
          "identity_schema_version": 0,
          "identity": {
            "account_id": "076472864721",
            "id": "rtb-0404eee0d5fb001e6",
            "region": "ap-northeast-2"
          },
          "private": "eyJlMmJmYjczMC1lY2FhLTExZTYtOGY4OC0zNDM2M2JjN2M0YzAiOnsiY3JlYXRlIjozMDAwMDAwMDAwMDAsImRlbGV0ZSI6MzAwMDAwMDAwMDAwLCJ1cGRhdGUiOjEyMDAwMDAwMDAwMH19",
          "dependencies": [
            "data.aws_availability_zones.az",
            "module.vpc.aws_vpc.this"
          ]
        },
        {
          "index_key": "private-1",
          "schema_version": 0,
          "attributes": {
            "arn": "arn:aws:ec2:ap-northeast-2:076472864721:route-table/rtb-0d046bcfdc2653e58",
            "id": "rtb-0d046bcfdc2653e58",
            "owner_id": "076472864721",
            "propagating_vgws": [],
            "region": "ap-northeast-2",
            "route": [],
            "tags": {
              "Name": "unicorn-rt-priv-b"
            },
            "tags_all": {
              "Name": "unicorn-rt-priv-b"
            },
            "timeouts": null,
            "vpc_id": "vpc-0b7cfefc2c16d9fc5"
          },
          "sensitive_attributes": [],
          "identity_schema_version": 0,
          "identity": {
            "account_id": "076472864721",
            "id": "rtb-0d046bcfdc2653e58",
            "region": "ap-northeast-2"
          },
          "private": "eyJlMmJmYjczMC1lY2FhLTExZTYtOGY4OC0zNDM2M2JjN2M0YzAiOnsiY3JlYXRlIjozMDAwMDAwMDAwMDAsImRlbGV0ZSI6MzAwMDAwMDAwMDAwLCJ1cGRhdGUiOjEyMDAwMDAwMDAwMH19",
          "dependencies": [
            "data.aws_availability_zones.az",
            "module.vpc.aws_vpc.this"
          ]
        },
        {
          "index_key": "private-2",
          "schema_version": 0,
          "attributes": {
            "arn": "arn:aws:ec2:ap-northeast-2:076472864721:route-table/rtb-0ea3a21810f0433f0",
            "id": "rtb-0ea3a21810f0433f0",
            "owner_id": "076472864721",
            "propagating_vgws": [],
            "region": "ap-northeast-2",
            "route": [],
            "tags": {
              "Name": "unicorn-rt-priv-c"
            },
            "tags_all": {
              "Name": "unicorn-rt-priv-c"
            },
            "timeouts": null,
            "vpc_id": "vpc-0b7cfefc2c16d9fc5"
          },
          "sensitive_attributes": [],
          "identity_schema_version": 0,
          "identity": {
            "account_id": "076472864721",
            "id": "rtb-0ea3a21810f0433f0",
            "region": "ap-northeast-2"
          },
          "private": "eyJlMmJmYjczMC1lY2FhLTExZTYtOGY4OC0zNDM2M2JjN2M0YzAiOnsiY3JlYXRlIjozMDAwMDAwMDAwMDAsImRlbGV0ZSI6MzAwMDAwMDAwMDAwLCJ1cGRhdGUiOjEyMDAwMDAwMDAwMH19",
          "dependencies": [
            "data.aws_availability_zones.az",
            "module.vpc.aws_vpc.this"
          ]
        },
        {
          "index_key": "public",
          "schema_version": 0,
          "attributes": {
            "arn": "arn:aws:ec2:ap-northeast-2:076472864721:route-table/rtb-09209a7c8c9635c57",
            "id": "rtb-09209a7c8c9635c57",
            "owner_id": "076472864721",
            "propagating_vgws": [],
            "region": "ap-northeast-2",
            "route": [],
            "tags": {
              "Name": "unicorn-rt-pub"
            },
            "tags_all": {
              "Name": "unicorn-rt-pub"
            },
            "timeouts": null,
            "vpc_id": "vpc-0b7cfefc2c16d9fc5"
          },
          "sensitive_attributes": [],
          "identity_schema_version": 0,
          "identity": {
            "account_id": "076472864721",
            "id": "rtb-09209a7c8c9635c57",
            "region": "ap-northeast-2"
          },
          "private": "eyJlMmJmYjczMC1lY2FhLTExZTYtOGY4OC0zNDM2M2JjN2M0YzAiOnsiY3JlYXRlIjozMDAwMDAwMDAwMDAsImRlbGV0ZSI6MzAwMDAwMDAwMDAwLCJ1cGRhdGUiOjEyMDAwMDAwMDAwMH19",
          "dependencies": [
            "data.aws_availability_zones.az",
            "module.vpc.aws_vpc.this"
          ]
        }
      ]
    },
    {
      "module": "module.vpc[\"unicorn-vpc\"]",
      "mode": "managed",
      "type": "aws_route_table_association",
      "name": "this",
      "provider": "provider[\"registry.terraform.io/hashicorp/aws\"]",
      "instances": [
        {
          "index_key": "private-0",
          "schema_version": 0,
          "attributes": {
            "gateway_id": "",
            "id": "rtbassoc-0393ba6ae7c33f3bc",
            "region": "ap-northeast-2",
            "route_table_id": "rtb-0404eee0d5fb001e6",
            "subnet_id": "subnet-05e855bd0c2635021",
            "timeouts": null
          },
          "sensitive_attributes": [],
          "identity_schema_version": 0,
          "identity": {
            "account_id": "076472864721",
            "id": "rtbassoc-0393ba6ae7c33f3bc",
            "region": "ap-northeast-2"
          },
          "private": "eyJlMmJmYjczMC1lY2FhLTExZTYtOGY4OC0zNDM2M2JjN2M0YzAiOnsiY3JlYXRlIjozMDAwMDAwMDAwMDAsImRlbGV0ZSI6MzAwMDAwMDAwMDAwLCJ1cGRhdGUiOjEyMDAwMDAwMDAwMH19",
          "dependencies": [
            "data.aws_availability_zones.az",
            "module.vpc.aws_route_table.this",
            "module.vpc.aws_subnet.this",
            "module.vpc.aws_vpc.this"
          ]
        },
        {
          "index_key": "private-1",
          "schema_version": 0,
          "attributes": {
            "gateway_id": "",
            "id": "rtbassoc-03f6a4ef8a7606637",
            "region": "ap-northeast-2",
            "route_table_id": "rtb-0d046bcfdc2653e58",
            "subnet_id": "subnet-008f901a9f39af16d",
            "timeouts": null
          },
          "sensitive_attributes": [],
          "identity_schema_version": 0,
          "identity": {
            "account_id": "076472864721",
            "id": "rtbassoc-03f6a4ef8a7606637",
            "region": "ap-northeast-2"
          },
          "private": "eyJlMmJmYjczMC1lY2FhLTExZTYtOGY4OC0zNDM2M2JjN2M0YzAiOnsiY3JlYXRlIjozMDAwMDAwMDAwMDAsImRlbGV0ZSI6MzAwMDAwMDAwMDAwLCJ1cGRhdGUiOjEyMDAwMDAwMDAwMH19",
          "dependencies": [
            "data.aws_availability_zones.az",
            "module.vpc.aws_route_table.this",
            "module.vpc.aws_subnet.this",
            "module.vpc.aws_vpc.this"
          ]
        },
        {
          "index_key": "private-2",
          "schema_version": 0,
          "attributes": {
            "gateway_id": "",
            "id": "rtbassoc-0be83fad0fa19ae89",
            "region": "ap-northeast-2",
            "route_table_id": "rtb-0ea3a21810f0433f0",
            "subnet_id": "subnet-03f806a99c085b04c",
            "timeouts": null
          },
          "sensitive_attributes": [],
          "identity_schema_version": 0,
          "identity": {
            "account_id": "076472864721",
            "id": "rtbassoc-0be83fad0fa19ae89",
            "region": "ap-northeast-2"
          },
          "private": "eyJlMmJmYjczMC1lY2FhLTExZTYtOGY4OC0zNDM2M2JjN2M0YzAiOnsiY3JlYXRlIjozMDAwMDAwMDAwMDAsImRlbGV0ZSI6MzAwMDAwMDAwMDAwLCJ1cGRhdGUiOjEyMDAwMDAwMDAwMH19",
          "dependencies": [
            "data.aws_availability_zones.az",
            "module.vpc.aws_route_table.this",
            "module.vpc.aws_subnet.this",
            "module.vpc.aws_vpc.this"
          ]
        },
        {
          "index_key": "public-0",
          "schema_version": 0,
          "attributes": {
            "gateway_id": "",
            "id": "rtbassoc-0b249cc2c49ae63bf",
            "region": "ap-northeast-2",
            "route_table_id": "rtb-09209a7c8c9635c57",
            "subnet_id": "subnet-03472410b45c2c83a",
            "timeouts": null
          },
          "sensitive_attributes": [],
          "identity_schema_version": 0,
          "identity": {
            "account_id": "076472864721",
            "id": "rtbassoc-0b249cc2c49ae63bf",
            "region": "ap-northeast-2"
          },
          "private": "eyJlMmJmYjczMC1lY2FhLTExZTYtOGY4OC0zNDM2M2JjN2M0YzAiOnsiY3JlYXRlIjozMDAwMDAwMDAwMDAsImRlbGV0ZSI6MzAwMDAwMDAwMDAwLCJ1cGRhdGUiOjEyMDAwMDAwMDAwMH19",
          "dependencies": [
            "data.aws_availability_zones.az",
            "module.vpc.aws_route_table.this",
            "module.vpc.aws_subnet.this",
            "module.vpc.aws_vpc.this"
          ]
        },
        {
          "index_key": "public-1",
          "schema_version": 0,
          "attributes": {
            "gateway_id": "",
            "id": "rtbassoc-02320b7ec1dd01c46",
            "region": "ap-northeast-2",
            "route_table_id": "rtb-09209a7c8c9635c57",
            "subnet_id": "subnet-058634182cbcb01cd",
            "timeouts": null
          },
          "sensitive_attributes": [],
          "identity_schema_version": 0,
          "identity": {
            "account_id": "076472864721",
            "id": "rtbassoc-02320b7ec1dd01c46",
            "region": "ap-northeast-2"
          },
          "private": "eyJlMmJmYjczMC1lY2FhLTExZTYtOGY4OC0zNDM2M2JjN2M0YzAiOnsiY3JlYXRlIjozMDAwMDAwMDAwMDAsImRlbGV0ZSI6MzAwMDAwMDAwMDAwLCJ1cGRhdGUiOjEyMDAwMDAwMDAwMH19",
          "dependencies": [
            "data.aws_availability_zones.az",
            "module.vpc.aws_route_table.this",
            "module.vpc.aws_subnet.this",
            "module.vpc.aws_vpc.this"
          ]
        },
        {
          "index_key": "public-2",
          "schema_version": 0,
          "attributes": {
            "gateway_id": "",
            "id": "rtbassoc-0d46b0d59a97b2407",
            "region": "ap-northeast-2",
            "route_table_id": "rtb-09209a7c8c9635c57",
            "subnet_id": "subnet-02bde4f574270ad76",
            "timeouts": null
          },
          "sensitive_attributes": [],
          "identity_schema_version": 0,
          "identity": {
            "account_id": "076472864721",
            "id": "rtbassoc-0d46b0d59a97b2407",
            "region": "ap-northeast-2"
          },
          "private": "eyJlMmJmYjczMC1lY2FhLTExZTYtOGY4OC0zNDM2M2JjN2M0YzAiOnsiY3JlYXRlIjozMDAwMDAwMDAwMDAsImRlbGV0ZSI6MzAwMDAwMDAwMDAwLCJ1cGRhdGUiOjEyMDAwMDAwMDAwMH19",
          "dependencies": [
            "data.aws_availability_zones.az",
            "module.vpc.aws_route_table.this",
            "module.vpc.aws_subnet.this",
            "module.vpc.aws_vpc.this"
          ]
        }
      ]
    },
    {
      "module": "module.vpc[\"unicorn-vpc\"]",
      "mode": "managed",
      "type": "aws_subnet",
      "name": "this",
      "provider": "provider[\"registry.terraform.io/hashicorp/aws\"]",
      "instances": [
        {
          "index_key": "private-0",
          "schema_version": 1,
          "attributes": {
            "arn": "arn:aws:ec2:ap-northeast-2:076472864721:subnet/subnet-05e855bd0c2635021",
            "assign_ipv6_address_on_creation": false,
            "availability_zone": "ap-northeast-2a",
            "availability_zone_id": "apne2-az1",
            "cidr_block": "10.97.10.0/24",
            "customer_owned_ipv4_pool": "",
            "enable_dns64": false,
            "enable_lni_at_device_index": 0,
            "enable_resource_name_dns_a_record_on_launch": false,
            "enable_resource_name_dns_aaaa_record_on_launch": false,
            "id": "subnet-05e855bd0c2635021",
            "ipv4_ipam_pool_id": null,
            "ipv4_netmask_length": null,
            "ipv6_cidr_block": "",
            "ipv6_cidr_block_association_id": "",
            "ipv6_ipam_pool_id": null,
            "ipv6_native": false,
            "ipv6_netmask_length": null,
            "map_customer_owned_ip_on_launch": false,
            "map_public_ip_on_launch": false,
            "outpost_arn": "",
            "owner_id": "076472864721",
            "private_dns_hostname_type_on_launch": "ip-name",
            "region": "ap-northeast-2",
            "tags": {
              "Name": "unicorn-subnet-priv-a"
            },
            "tags_all": {
              "Name": "unicorn-subnet-priv-a"
            },
            "timeouts": null,
            "vpc_id": "vpc-0b7cfefc2c16d9fc5"
          },
          "sensitive_attributes": [],
          "identity_schema_version": 0,
          "identity": {
            "account_id": "076472864721",
            "id": "subnet-05e855bd0c2635021",
            "region": "ap-northeast-2"
          },
          "private": "eyJlMmJmYjczMC1lY2FhLTExZTYtOGY4OC0zNDM2M2JjN2M0YzAiOnsiY3JlYXRlIjo2MDAwMDAwMDAwMDAsImRlbGV0ZSI6MTIwMDAwMDAwMDAwMH0sInNjaGVtYV92ZXJzaW9uIjoiMSJ9",
          "dependencies": [
            "data.aws_availability_zones.az",
            "module.vpc.aws_vpc.this"
          ]
        },
        {
          "index_key": "private-1",
          "schema_version": 1,
          "attributes": {
            "arn": "arn:aws:ec2:ap-northeast-2:076472864721:subnet/subnet-008f901a9f39af16d",
            "assign_ipv6_address_on_creation": false,
            "availability_zone": "ap-northeast-2b",
            "availability_zone_id": "apne2-az2",
            "cidr_block": "10.97.11.0/24",
            "customer_owned_ipv4_pool": "",
            "enable_dns64": false,
            "enable_lni_at_device_index": 0,
            "enable_resource_name_dns_a_record_on_launch": false,
            "enable_resource_name_dns_aaaa_record_on_launch": false,
            "id": "subnet-008f901a9f39af16d",
            "ipv4_ipam_pool_id": null,
            "ipv4_netmask_length": null,
            "ipv6_cidr_block": "",
            "ipv6_cidr_block_association_id": "",
            "ipv6_ipam_pool_id": null,
            "ipv6_native": false,
            "ipv6_netmask_length": null,
            "map_customer_owned_ip_on_launch": false,
            "map_public_ip_on_launch": false,
            "outpost_arn": "",
            "owner_id": "076472864721",
            "private_dns_hostname_type_on_launch": "ip-name",
            "region": "ap-northeast-2",
            "tags": {
              "Name": "unicorn-subnet-priv-b"
            },
            "tags_all": {
              "Name": "unicorn-subnet-priv-b"
            },
            "timeouts": null,
            "vpc_id": "vpc-0b7cfefc2c16d9fc5"
          },
          "sensitive_attributes": [],
          "identity_schema_version": 0,
          "identity": {
            "account_id": "076472864721",
            "id": "subnet-008f901a9f39af16d",
            "region": "ap-northeast-2"
          },
          "private": "eyJlMmJmYjczMC1lY2FhLTExZTYtOGY4OC0zNDM2M2JjN2M0YzAiOnsiY3JlYXRlIjo2MDAwMDAwMDAwMDAsImRlbGV0ZSI6MTIwMDAwMDAwMDAwMH0sInNjaGVtYV92ZXJzaW9uIjoiMSJ9",
          "dependencies": [
            "data.aws_availability_zones.az",
            "module.vpc.aws_vpc.this"
          ]
        },
        {
          "index_key": "private-2",
          "schema_version": 1,
          "attributes": {
            "arn": "arn:aws:ec2:ap-northeast-2:076472864721:subnet/subnet-03f806a99c085b04c",
            "assign_ipv6_address_on_creation": false,
            "availability_zone": "ap-northeast-2c",
            "availability_zone_id": "apne2-az3",
            "cidr_block": "10.97.12.0/24",
            "customer_owned_ipv4_pool": "",
            "enable_dns64": false,
            "enable_lni_at_device_index": 0,
            "enable_resource_name_dns_a_record_on_launch": false,
            "enable_resource_name_dns_aaaa_record_on_launch": false,
            "id": "subnet-03f806a99c085b04c",
            "ipv4_ipam_pool_id": null,
            "ipv4_netmask_length": null,
            "ipv6_cidr_block": "",
            "ipv6_cidr_block_association_id": "",
            "ipv6_ipam_pool_id": null,
            "ipv6_native": false,
            "ipv6_netmask_length": null,
            "map_customer_owned_ip_on_launch": false,
            "map_public_ip_on_launch": false,
            "outpost_arn": "",
            "owner_id": "076472864721",
            "private_dns_hostname_type_on_launch": "ip-name",
            "region": "ap-northeast-2",
            "tags": {
              "Name": "unicorn-subnet-priv-c"
            },
            "tags_all": {
              "Name": "unicorn-subnet-priv-c"
            },
            "timeouts": null,
            "vpc_id": "vpc-0b7cfefc2c16d9fc5"
          },
          "sensitive_attributes": [],
          "identity_schema_version": 0,
          "identity": {
            "account_id": "076472864721",
            "id": "subnet-03f806a99c085b04c",
            "region": "ap-northeast-2"
          },
          "private": "eyJlMmJmYjczMC1lY2FhLTExZTYtOGY4OC0zNDM2M2JjN2M0YzAiOnsiY3JlYXRlIjo2MDAwMDAwMDAwMDAsImRlbGV0ZSI6MTIwMDAwMDAwMDAwMH0sInNjaGVtYV92ZXJzaW9uIjoiMSJ9",
          "dependencies": [
            "data.aws_availability_zones.az",
            "module.vpc.aws_vpc.this"
          ]
        },
        {
          "index_key": "public-0",
          "schema_version": 1,
          "attributes": {
            "arn": "arn:aws:ec2:ap-northeast-2:076472864721:subnet/subnet-03472410b45c2c83a",
            "assign_ipv6_address_on_creation": false,
            "availability_zone": "ap-northeast-2a",
            "availability_zone_id": "apne2-az1",
            "cidr_block": "10.97.0.0/24",
            "customer_owned_ipv4_pool": "",
            "enable_dns64": false,
            "enable_lni_at_device_index": 0,
            "enable_resource_name_dns_a_record_on_launch": false,
            "enable_resource_name_dns_aaaa_record_on_launch": false,
            "id": "subnet-03472410b45c2c83a",
            "ipv4_ipam_pool_id": null,
            "ipv4_netmask_length": null,
            "ipv6_cidr_block": "",
            "ipv6_cidr_block_association_id": "",
            "ipv6_ipam_pool_id": null,
            "ipv6_native": false,
            "ipv6_netmask_length": null,
            "map_customer_owned_ip_on_launch": false,
            "map_public_ip_on_launch": true,
            "outpost_arn": "",
            "owner_id": "076472864721",
            "private_dns_hostname_type_on_launch": "ip-name",
            "region": "ap-northeast-2",
            "tags": {
              "Name": "unicorn-subnet-pub-a"
            },
            "tags_all": {
              "Name": "unicorn-subnet-pub-a"
            },
            "timeouts": null,
            "vpc_id": "vpc-0b7cfefc2c16d9fc5"
          },
          "sensitive_attributes": [],
          "identity_schema_version": 0,
          "identity": {
            "account_id": "076472864721",
            "id": "subnet-03472410b45c2c83a",
            "region": "ap-northeast-2"
          },
          "private": "eyJlMmJmYjczMC1lY2FhLTExZTYtOGY4OC0zNDM2M2JjN2M0YzAiOnsiY3JlYXRlIjo2MDAwMDAwMDAwMDAsImRlbGV0ZSI6MTIwMDAwMDAwMDAwMH0sInNjaGVtYV92ZXJzaW9uIjoiMSJ9",
          "dependencies": [
            "data.aws_availability_zones.az",
            "module.vpc.aws_vpc.this"
          ]
        },
        {
          "index_key": "public-1",
          "schema_version": 1,
          "attributes": {
            "arn": "arn:aws:ec2:ap-northeast-2:076472864721:subnet/subnet-058634182cbcb01cd",
            "assign_ipv6_address_on_creation": false,
            "availability_zone": "ap-northeast-2b",
            "availability_zone_id": "apne2-az2",
            "cidr_block": "10.97.1.0/24",
            "customer_owned_ipv4_pool": "",
            "enable_dns64": false,
            "enable_lni_at_device_index": 0,
            "enable_resource_name_dns_a_record_on_launch": false,
            "enable_resource_name_dns_aaaa_record_on_launch": false,
            "id": "subnet-058634182cbcb01cd",
            "ipv4_ipam_pool_id": null,
            "ipv4_netmask_length": null,
            "ipv6_cidr_block": "",
            "ipv6_cidr_block_association_id": "",
            "ipv6_ipam_pool_id": null,
            "ipv6_native": false,
            "ipv6_netmask_length": null,
            "map_customer_owned_ip_on_launch": false,
            "map_public_ip_on_launch": true,
            "outpost_arn": "",
            "owner_id": "076472864721",
            "private_dns_hostname_type_on_launch": "ip-name",
            "region": "ap-northeast-2",
            "tags": {
              "Name": "unicorn-subnet-pub-b"
            },
            "tags_all": {
              "Name": "unicorn-subnet-pub-b"
            },
            "timeouts": null,
            "vpc_id": "vpc-0b7cfefc2c16d9fc5"
          },
          "sensitive_attributes": [],
          "identity_schema_version": 0,
          "identity": {
            "account_id": "076472864721",
            "id": "subnet-058634182cbcb01cd",
            "region": "ap-northeast-2"
          },
          "private": "eyJlMmJmYjczMC1lY2FhLTExZTYtOGY4OC0zNDM2M2JjN2M0YzAiOnsiY3JlYXRlIjo2MDAwMDAwMDAwMDAsImRlbGV0ZSI6MTIwMDAwMDAwMDAwMH0sInNjaGVtYV92ZXJzaW9uIjoiMSJ9",
          "dependencies": [
            "data.aws_availability_zones.az",
            "module.vpc.aws_vpc.this"
          ]
        },
        {
          "index_key": "public-2",
          "schema_version": 1,
          "attributes": {
            "arn": "arn:aws:ec2:ap-northeast-2:076472864721:subnet/subnet-02bde4f574270ad76",
            "assign_ipv6_address_on_creation": false,
            "availability_zone": "ap-northeast-2c",
            "availability_zone_id": "apne2-az3",
            "cidr_block": "10.97.2.0/24",
            "customer_owned_ipv4_pool": "",
            "enable_dns64": false,
            "enable_lni_at_device_index": 0,
            "enable_resource_name_dns_a_record_on_launch": false,
            "enable_resource_name_dns_aaaa_record_on_launch": false,
            "id": "subnet-02bde4f574270ad76",
            "ipv4_ipam_pool_id": null,
            "ipv4_netmask_length": null,
            "ipv6_cidr_block": "",
            "ipv6_cidr_block_association_id": "",
            "ipv6_ipam_pool_id": null,
            "ipv6_native": false,
            "ipv6_netmask_length": null,
            "map_customer_owned_ip_on_launch": false,
            "map_public_ip_on_launch": true,
            "outpost_arn": "",
            "owner_id": "076472864721",
            "private_dns_hostname_type_on_launch": "ip-name",
            "region": "ap-northeast-2",
            "tags": {
              "Name": "unicorn-subnet-pub-c"
            },
            "tags_all": {
              "Name": "unicorn-subnet-pub-c"
            },
            "timeouts": null,
            "vpc_id": "vpc-0b7cfefc2c16d9fc5"
          },
          "sensitive_attributes": [],
          "identity_schema_version": 0,
          "identity": {
            "account_id": "076472864721",
            "id": "subnet-02bde4f574270ad76",
            "region": "ap-northeast-2"
          },
          "private": "eyJlMmJmYjczMC1lY2FhLTExZTYtOGY4OC0zNDM2M2JjN2M0YzAiOnsiY3JlYXRlIjo2MDAwMDAwMDAwMDAsImRlbGV0ZSI6MTIwMDAwMDAwMDAwMH0sInNjaGVtYV92ZXJzaW9uIjoiMSJ9",
          "dependencies": [
            "data.aws_availability_zones.az",
            "module.vpc.aws_vpc.this"
          ]
        }
      ]
    },
    {
      "module": "module.vpc[\"unicorn-vpc\"]",
      "mode": "managed",
      "type": "aws_vpc",
      "name": "this",
      "provider": "provider[\"registry.terraform.io/hashicorp/aws\"]",
      "instances": [
        {
          "schema_version": 1,
          "attributes": {
            "arn": "arn:aws:ec2:ap-northeast-2:076472864721:vpc/vpc-0b7cfefc2c16d9fc5",
            "assign_generated_ipv6_cidr_block": false,
            "cidr_block": "10.97.0.0/16",
            "default_network_acl_id": "acl-0b06c4ec86cd47b79",
            "default_route_table_id": "rtb-097ff19f1bbc4d339",
            "default_security_group_id": "sg-0ef683e743527d058",
            "dhcp_options_id": "dopt-0236ce85fd2ddb432",
            "enable_dns_hostnames": true,
            "enable_dns_support": true,
            "enable_network_address_usage_metrics": false,
            "id": "vpc-0b7cfefc2c16d9fc5",
            "instance_tenancy": "default",
            "ipv4_ipam_pool_id": null,
            "ipv4_netmask_length": null,
            "ipv6_association_id": "",
            "ipv6_cidr_block": "",
            "ipv6_cidr_block_network_border_group": "",
            "ipv6_ipam_pool_id": "",
            "ipv6_netmask_length": 0,
            "main_route_table_id": "rtb-097ff19f1bbc4d339",
            "owner_id": "076472864721",
            "region": "ap-northeast-2",
            "tags": {
              "Name": "unicorn-vpc"
            },
            "tags_all": {
              "Name": "unicorn-vpc"
            }
          },
          "sensitive_attributes": [],
          "identity_schema_version": 0,
          "identity": {
            "account_id": "076472864721",
            "id": "vpc-0b7cfefc2c16d9fc5",
            "region": "ap-northeast-2"
          },
          "private": "eyJzY2hlbWFfdmVyc2lvbiI6IjEifQ=="
        }
      ]
    }
  ],
  "check_results": null
}
