{
  "version": 4,
  "terraform_version": "1.15.8",
  "serial": 977,
  "lineage": "a4d69ac6-8c49-99be-b0fe-064f073342a9",
  "outputs": {},
  "resources": [
    {
      "mode": "data",
      "type": "aws_availability_zones",
      "name": "az",
      "provider": "provider[\"registry.terraform.io/hashicorp/aws\"]",
      "instances": [
        {
          "schema_version": 0,
          "attributes": {
            "all_availability_zones": null,
            "exclude_names": null,
            "exclude_zone_ids": null,
            "filter": null,
            "group_names": [
              "ap-northeast-2-zg-1"
            ],
            "id": "ap-northeast-2",
            "names": [
              "ap-northeast-2a",
              "ap-northeast-2b",
              "ap-northeast-2c",
              "ap-northeast-2d"
            ],
            "region": "ap-northeast-2",
            "state": "available",
            "timeouts": null,
            "zone_ids": [
              "apne2-az1",
              "apne2-az2",
              "apne2-az3",
              "apne2-az4"
            ]
          },
          "sensitive_attributes": [],
          "identity_schema_version": 0
        }
      ]
    },
    {
      "mode": "data",
      "type": "aws_caller_identity",
      "name": "current",
      "provider": "provider[\"registry.terraform.io/hashicorp/aws\"]",
      "instances": [
        {
          "schema_version": 0,
          "attributes": {
            "account_id": "076472864721",
            "arn": "arn:aws:iam::076472864721:user/skills-user",
            "id": "076472864721",
            "user_id": "AIDARDTRDJ7I2YOPX6I2M"
          },
          "sensitive_attributes": [],
          "identity_schema_version": 0
        }
      ]
    },
    {
      "mode": "data",
      "type": "aws_ec2_managed_prefix_list",
      "name": "cloudfront",
      "provider": "provider[\"registry.terraform.io/hashicorp/aws\"]",
      "instances": [
        {
          "schema_version": 0,
          "attributes": {
            "address_family": "IPv4",
            "arn": "arn:aws:ec2:ap-northeast-2:aws:prefix-list/pl-22a6434b",
            "entries": [
              {
                "cidr": "13.124.199.0/24",
                "description": ""
              },
              {
                "cidr": "130.176.0.0/18",
                "description": ""
              },
              {
                "cidr": "130.176.128.0/21",
                "description": ""
              },
              {
                "cidr": "130.176.136.0/23",
                "description": ""
              },
              {
                "cidr": "130.176.140.0/22",
                "description": ""
              },
              {
                "cidr": "130.176.144.0/20",
                "description": ""
              },
              {
                "cidr": "130.176.160.0/19",
                "description": ""
              },
              {
                "cidr": "130.176.192.0/19",
                "description": ""
              },
              {
                "cidr": "130.176.64.0/21",
                "description": ""
              },
              {
                "cidr": "130.176.72.0/22",
                "description": ""
              },
              {
                "cidr": "130.176.76.0/24",
                "description": ""
              },
              {
                "cidr": "130.176.78.0/23",
                "description": ""
              },
              {
                "cidr": "130.176.80.0/22",
                "description": ""
              },
              {
                "cidr": "130.176.86.0/23",
                "description": ""
              },
              {
                "cidr": "130.176.88.0/21",
                "description": ""
              },
              {
                "cidr": "130.176.96.0/19",
                "description": ""
              },
              {
                "cidr": "15.158.0.0/16",
                "description": ""
              },
              {
                "cidr": "18.68.0.0/16",
                "description": ""
              },
              {
                "cidr": "204.246.166.0/24",
                "description": ""
              },
              {
                "cidr": "205.251.218.0/24",
                "description": ""
              },
              {
                "cidr": "24.110.128.0/17",
                "description": ""
              },
              {
                "cidr": "3.172.0.0/18",
                "description": ""
              },
              {
                "cidr": "3.172.64.0/18",
                "description": ""
              },
              {
                "cidr": "3.29.57.0/26",
                "description": ""
              },
              {
                "cidr": "52.46.0.0/18",
                "description": ""
              },
              {
                "cidr": "52.82.128.0/23",
                "description": ""
              },
              {
                "cidr": "52.82.134.0/23",
                "description": ""
              },
              {
                "cidr": "54.182.128.0/20",
                "description": ""
              },
              {
                "cidr": "54.182.144.0/21",
                "description": ""
              },
              {
                "cidr": "54.182.154.0/23",
                "description": ""
              },
              {
                "cidr": "54.182.156.0/22",
                "description": ""
              },
              {
                "cidr": "54.182.160.0/21",
                "description": ""
              },
              {
                "cidr": "54.182.172.0/22",
                "description": ""
              },
              {
                "cidr": "54.182.176.0/21",
                "description": ""
              },
              {
                "cidr": "54.182.184.0/22",
                "description": ""
              },
              {
                "cidr": "54.182.188.0/23",
                "description": ""
              },
              {
                "cidr": "54.182.224.0/21",
                "description": ""
              },
              {
                "cidr": "54.182.240.0/21",
                "description": ""
              },
              {
                "cidr": "54.182.248.0/22",
                "description": ""
              },
              {
                "cidr": "54.239.134.0/23",
                "description": ""
              },
              {
                "cidr": "54.239.170.0/23",
                "description": ""
              },
              {
                "cidr": "54.239.204.0/22",
                "description": ""
              },
              {
                "cidr": "54.239.208.0/21",
                "description": ""
              },
              {
                "cidr": "64.252.128.0/18",
                "description": ""
              },
              {
                "cidr": "64.252.64.0/18",
                "description": ""
              },
              {
                "cidr": "70.132.0.0/18",
                "description": ""
              }
            ],
            "filter": null,
            "id": "pl-22a6434b",
            "max_entries": 0,
            "name": "com.amazonaws.global.cloudfront.origin-facing",
            "owner_id": "AWS",
            "region": "ap-northeast-2",
            "tags": {},
            "timeouts": null,
            "version": 0
          },
          "sensitive_attributes": [],
          "identity_schema_version": 0
        }
      ]
    },
    {
      "mode": "data",
      "type": "aws_region",
      "name": "current",
      "provider": "provider[\"registry.terraform.io/hashicorp/aws\"]",
      "instances": [
        {
          "schema_version": 0,
          "attributes": {
            "description": "Asia Pacific (Seoul)",
            "endpoint": "ec2.ap-northeast-2.amazonaws.com",
            "id": "ap-northeast-2",
            "name": "ap-northeast-2",
            "region": "ap-northeast-2"
          },
          "sensitive_attributes": [],
          "identity_schema_version": 0
        }
      ]
    },
    {
      "module": "module.cloudfront[\"wsc2026-cdn\"]",
      "mode": "data",
      "type": "aws_iam_policy_document",
      "name": "s3",
      "provider": "provider[\"registry.terraform.io/hashicorp/aws\"]",
      "instances": [
        {
          "schema_version": 0,
          "attributes": {
            "id": "1097504317",
            "json": "{\n  \"Version\": \"2012-10-17\",\n  \"Statement\": [\n    {\n      \"Effect\": \"Allow\",\n      \"Action\": \"s3:GetObject\",\n      \"Resource\": \"arn:aws:s3:::wsc2026-static-page-103-bucket/*\",\n      \"Principal\": {\n        \"Service\": \"cloudfront.amazonaws.com\"\n      },\n      \"Condition\": {\n        \"StringEquals\": {\n          \"AWS:SourceArn\": \"arn:aws:cloudfront::076472864721:distribution/E3D4FGJ2SKP1K2\"\n        }\n      }\n    }\n  ]\n}",
            "minified_json": "{\"Version\":\"2012-10-17\",\"Statement\":[{\"Effect\":\"Allow\",\"Action\":\"s3:GetObject\",\"Resource\":\"arn:aws:s3:::wsc2026-static-page-103-bucket/*\",\"Principal\":{\"Service\":\"cloudfront.amazonaws.com\"},\"Condition\":{\"StringEquals\":{\"AWS:SourceArn\":\"arn:aws:cloudfront::076472864721:distribution/E3D4FGJ2SKP1K2\"}}}]}",
            "override_json": null,
            "override_policy_documents": null,
            "policy_id": null,
            "source_json": null,
            "source_policy_documents": null,
            "statement": [
              {
                "actions": [
                  "s3:GetObject"
                ],
                "condition": [
                  {
                    "test": "StringEquals",
                    "values": [
                      "arn:aws:cloudfront::076472864721:distribution/E3D4FGJ2SKP1K2"
                    ],
                    "variable": "AWS:SourceArn"
                  }
                ],
                "effect": "Allow",
                "not_actions": [],
                "not_principals": [],
                "not_resources": [],
                "principals": [
                  {
                    "identifiers": [
                      "cloudfront.amazonaws.com"
                    ],
                    "type": "Service"
                  }
                ],
                "resources": [
                  "arn:aws:s3:::wsc2026-static-page-103-bucket/*"
                ],
                "sid": ""
              }
            ],
            "version": "2012-10-17"
          },
          "sensitive_attributes": [],
          "identity_schema_version": 0
        }
      ]
    },
    {
      "module": "module.cloudfront[\"wsc2026-cdn\"]",
      "mode": "managed",
      "type": "aws_cloudfront_distribution",
      "name": "cf",
      "provider": "provider[\"registry.terraform.io/hashicorp/aws\"]",
      "instances": [
        {
          "schema_version": 1,
          "attributes": {
            "aliases": null,
            "anycast_ip_list_id": "",
            "arn": "arn:aws:cloudfront::076472864721:distribution/E3D4FGJ2SKP1K2",
            "cache_tag_config": [],
            "caller_reference": "terraform-20260822173843881000000001",
            "comment": "CloudFront For S3, ALB",
            "connection_function_association": [],
            "continuous_deployment_policy_id": "",
            "custom_error_response": [],
            "default_cache_behavior": [
              {
                "allowed_methods": [
                  "GET",
                  "HEAD"
                ],
                "cache_policy_id": "658327ea-f89d-4fab-a63d-7e88639e58f6",
                "cached_methods": [
                  "GET",
                  "HEAD"
                ],
                "compress": true,
                "default_ttl": 0,
                "field_level_encryption_id": "",
                "forwarded_values": [],
                "function_association": [],
                "grpc_config": [
                  {
                    "enabled": false
                  }
                ],
                "lambda_function_association": [],
                "max_ttl": 0,
                "min_ttl": 0,
                "origin_request_policy_id": "",
                "realtime_log_config_arn": "",
                "response_headers_policy_id": "",
                "smooth_streaming": false,
                "target_origin_id": "s3_origin",
                "trusted_key_groups": [],
                "trusted_signers": [],
                "viewer_protocol_policy": "redirect-to-https"
              }
            ],
            "default_root_object": "index.html",
            "domain_name": "d329m8n4x689k2.cloudfront.net",
            "enabled": true,
            "etag": "E23ZP02F085DFQ",
            "hosted_zone_id": "Z2FDTNDATAQYW2",
            "http_version": "http2",
            "id": "E3D4FGJ2SKP1K2",
            "in_progress_validation_batches": 0,
            "is_ipv6_enabled": false,
            "last_modified_time": "2026-08-22 17:38:44.038 +0000 UTC",
            "logging_config": [],
            "logging_v1_enabled": false,
            "ordered_cache_behavior": [
              {
                "allowed_methods": [
                  "GET",
                  "HEAD"
                ],
                "cache_policy_id": "4135ea2d-6df8-44a3-9df3-4b5a84be39ad",
                "cached_methods": [
                  "GET",
                  "HEAD"
                ],
                "compress": false,
                "default_ttl": 0,
                "field_level_encryption_id": "",
                "forwarded_values": [],
                "function_association": [],
                "grpc_config": [
                  {
                    "enabled": false
                  }
                ],
                "lambda_function_association": [],
                "max_ttl": 0,
                "min_ttl": 0,
                "origin_request_policy_id": "b689b0a8-53d0-40ab-baf2-68738e2966ac",
                "path_pattern": "/v1/book",
                "realtime_log_config_arn": "",
                "response_headers_policy_id": "",
                "smooth_streaming": false,
                "target_origin_id": "lambda_origin",
                "trusted_key_groups": null,
                "trusted_signers": null,
                "viewer_protocol_policy": "redirect-to-https"
              }
            ],
            "origin": [
              {
                "connection_attempts": 3,
                "connection_timeout": 10,
                "custom_header": [],
                "custom_origin_config": [
                  {
                    "http_port": 80,
                    "https_port": 443,
                    "ip_address_type": "",
                    "origin_keepalive_timeout": 5,
                    "origin_mtls_config": [],
                    "origin_protocol_policy": "https-only",
                    "origin_read_timeout": 30,
                    "origin_ssl_protocols": [
                      "TLSv1.2"
                    ]
                  }
                ],
                "domain_name": "6pseiej2e7nrkjf2wfgxyqjkcu0cwhez.lambda-url.ap-northeast-2.on.aws",
                "origin_access_control_id": "",
                "origin_id": "lambda_origin",
                "origin_path": "",
                "origin_shield": [],
                "response_completion_timeout": 0,
                "s3_origin_config": [],
                "vpc_origin_config": []
              },
              {
                "connection_attempts": 3,
                "connection_timeout": 10,
                "custom_header": [],
                "custom_origin_config": [],
                "domain_name": "wsc2026-static-page-103-bucket.s3.ap-northeast-2.amazonaws.com",
                "origin_access_control_id": "E31MN6OYMAZXBQ",
                "origin_id": "s3_origin",
                "origin_path": "/static",
                "origin_shield": [],
                "response_completion_timeout": 0,
                "s3_origin_config": [],
                "vpc_origin_config": []
              }
            ],
            "origin_group": [],
            "price_class": "PriceClass_All",
            "restrictions": [
              {
                "geo_restriction": [
                  {
                    "locations": [],
                    "restriction_type": "none"
                  }
                ]
              }
            ],
            "retain_on_delete": false,
            "staging": false,
            "status": "Deployed",
            "tags": {
              "Name": "wsc2026-cdn"
            },
            "tags_all": {
              "Name": "wsc2026-cdn"
            },
            "trusted_key_groups": [
              {
                "enabled": false,
                "items": []
              }
            ],
            "trusted_signers": [
              {
                "enabled": false,
                "items": []
              }
            ],
            "viewer_certificate": [
              {
                "acm_certificate_arn": "",
                "cloudfront_default_certificate": true,
                "iam_certificate_id": "",
                "minimum_protocol_version": "TLSv1",
                "ssl_support_method": ""
              }
            ],
            "viewer_mtls_config": [],
            "wait_for_deployment": true,
            "web_acl_id": "arn:aws:wafv2:us-east-1:076472864721:global/webacl/wsc2026-waf/8e7fe0d3-b855-4197-81bc-d1d97a048cae"
          },
          "sensitive_attributes": [],
          "identity_schema_version": 0,
          "identity": {
            "account_id": "076472864721",
            "id": "E3D4FGJ2SKP1K2"
          },
          "private": "eyJzY2hlbWFfdmVyc2lvbiI6IjEifQ==",
          "dependencies": [
            "data.aws_availability_zones.az",
            "data.aws_caller_identity.current",
            "data.aws_region.current",
            "module.cloudfront.aws_cloudfront_origin_access_control.s3_oac",
            "module.kms.aws_kms_alias.this",
            "module.kms.aws_kms_key.this",
            "module.kms.data.aws_iam_policy_document.this",
            "module.lambda.aws_iam_policy.this",
            "module.lambda.aws_iam_role.this",
            "module.lambda.aws_iam_role_policy_attachment.custom",
            "module.lambda.aws_iam_role_policy_attachment.managed",
            "module.lambda.aws_kms_ciphertext.this",
            "module.lambda.aws_lambda_function.this",
            "module.lambda.aws_lambda_function_url.this",
            "module.lambda.aws_security_group.this",
            "module.lambda.data.archive_file.this",
            "module.lambda.data.aws_iam_policy_document.this",
            "module.s3.aws_s3_bucket.this",
            "module.s3.aws_s3_bucket_server_side_encryption_configuration.this",
            "module.s3.aws_s3_object.this",
            "module.vpc.aws_default_route_table.this",
            "module.vpc.aws_default_security_group.this",
            "module.vpc.aws_eip.this",
            "module.vpc.aws_internet_gateway.this",
            "module.vpc.aws_nat_gateway.this",
            "module.vpc.aws_route.this",
            "module.vpc.aws_route_table.this",
            "module.vpc.aws_route_table_association.this",
            "module.vpc.aws_subnet.this",
            "module.vpc.aws_vpc.this",
            "module.waf.aws_wafv2_web_acl.this",
            "module.waf.aws_wafv2_web_acl_association.this",
            "module.waf.aws_wafv2_web_acl_logging_configuration.this"
          ]
        }
      ]
    },
    {
      "module": "module.cloudfront[\"wsc2026-cdn\"]",
      "mode": "managed",
      "type": "aws_cloudfront_function",
      "name": "this",
      "provider": "provider[\"registry.terraform.io/hashicorp/aws\"]",
      "instances": [
        {
          "index_key": 0,
          "schema_version": 0,
          "attributes": {
            "arn": "arn:aws:cloudfront::076472864721:function/wsc2026-cdn-function",
            "code": "function handler(event) {\r\n    var request = event.request;\r\n    var uri = request.uri;\r\n\r\n    if (uri.startsWith('/booking')) {\r\n        request.uri = uri.replace('/booking', '/v1/book');\r\n    }\r\n\r\n    return request;\r\n}",
            "comment": "",
            "etag": "ETVPDKIKX0DER",
            "id": "wsc2026-cdn-function",
            "key_value_store_associations": null,
            "live_stage_etag": "ETVPDKIKX0DER",
            "name": "wsc2026-cdn-function",
            "publish": true,
            "runtime": "cloudfront-js-2.0",
            "status": "UNASSOCIATED",
            "tags": null,
            "tags_all": {}
          },
          "sensitive_attributes": [],
          "identity_schema_version": 0,
          "private": "bnVsbA==",
          "dependencies": [
            "data.aws_caller_identity.current",
            "module.kms.aws_kms_alias.this",
            "module.kms.aws_kms_key.this",
            "module.kms.data.aws_iam_policy_document.this",
            "module.s3.aws_s3_bucket.this",
            "module.s3.aws_s3_bucket_server_side_encryption_configuration.this",
            "module.s3.aws_s3_object.this",
            "module.waf.aws_wafv2_web_acl.this",
            "module.waf.aws_wafv2_web_acl_association.this",
            "module.waf.aws_wafv2_web_acl_logging_configuration.this"
          ]
        }
      ]
    },
    {
      "module": "module.cloudfront[\"wsc2026-cdn\"]",
      "mode": "managed",
      "type": "aws_cloudfront_origin_access_control",
      "name": "s3_oac",
      "provider": "provider[\"registry.terraform.io/hashicorp/aws\"]",
      "instances": [
        {
          "schema_version": 0,
          "attributes": {
            "arn": "arn:aws:cloudfront::076472864721:origin-access-control/E31MN6OYMAZXBQ",
            "description": "s3_oac_policy",
            "etag": "ETVPDKIKX0DER",
            "id": "E31MN6OYMAZXBQ",
            "name": "s3_oac_policy",
            "origin_access_control_origin_type": "s3",
            "signing_behavior": "always",
            "signing_protocol": "sigv4"
          },
          "sensitive_attributes": [],
          "identity_schema_version": 0,
          "private": "bnVsbA==",
          "dependencies": [
            "data.aws_caller_identity.current",
            "module.kms.aws_kms_alias.this",
            "module.kms.aws_kms_key.this",
            "module.kms.data.aws_iam_policy_document.this",
            "module.s3.aws_s3_bucket.this",
            "module.s3.aws_s3_bucket_server_side_encryption_configuration.this",
            "module.s3.aws_s3_object.this",
            "module.waf.aws_wafv2_web_acl.this",
            "module.waf.aws_wafv2_web_acl_association.this",
            "module.waf.aws_wafv2_web_acl_logging_configuration.this"
          ]
        }
      ]
    },
    {
      "module": "module.cloudfront[\"wsc2026-cdn\"]",
      "mode": "managed",
      "type": "aws_s3_bucket_policy",
      "name": "cdn_oac_policy",
      "provider": "provider[\"registry.terraform.io/hashicorp/aws\"]",
      "instances": [
        {
          "schema_version": 0,
          "attributes": {
            "bucket": "wsc2026-static-page-103-bucket",
            "id": "wsc2026-static-page-103-bucket",
            "policy": "{\"Statement\":[{\"Action\":\"s3:GetObject\",\"Condition\":{\"StringEquals\":{\"AWS:SourceArn\":\"arn:aws:cloudfront::076472864721:distribution/E3D4FGJ2SKP1K2\"}},\"Effect\":\"Allow\",\"Principal\":{\"Service\":\"cloudfront.amazonaws.com\"},\"Resource\":\"arn:aws:s3:::wsc2026-static-page-103-bucket/*\"}],\"Version\":\"2012-10-17\"}",
            "region": "ap-northeast-2"
          },
          "sensitive_attributes": [],
          "identity_schema_version": 0,
          "identity": {
            "account_id": "076472864721",
            "bucket": "wsc2026-static-page-103-bucket",
            "region": "ap-northeast-2"
          },
          "private": "bnVsbA==",
          "dependencies": [
            "data.aws_availability_zones.az",
            "data.aws_caller_identity.current",
            "data.aws_region.current",
            "module.cloudfront.aws_cloudfront_distribution.cf",
            "module.cloudfront.aws_cloudfront_origin_access_control.s3_oac",
            "module.cloudfront.data.aws_iam_policy_document.s3",
            "module.kms.aws_kms_alias.this",
            "module.kms.aws_kms_key.this",
            "module.kms.data.aws_iam_policy_document.this",
            "module.lambda.aws_iam_policy.this",
            "module.lambda.aws_iam_role.this",
            "module.lambda.aws_iam_role_policy_attachment.custom",
            "module.lambda.aws_iam_role_policy_attachment.managed",
            "module.lambda.aws_kms_ciphertext.this",
            "module.lambda.aws_lambda_function.this",
            "module.lambda.aws_lambda_function_url.this",
            "module.lambda.aws_security_group.this",
            "module.lambda.data.archive_file.this",
            "module.lambda.data.aws_iam_policy_document.this",
            "module.s3.aws_s3_bucket.this",
            "module.s3.aws_s3_bucket_server_side_encryption_configuration.this",
            "module.s3.aws_s3_object.this",
            "module.vpc.aws_default_route_table.this",
            "module.vpc.aws_default_security_group.this",
            "module.vpc.aws_eip.this",
            "module.vpc.aws_internet_gateway.this",
            "module.vpc.aws_nat_gateway.this",
            "module.vpc.aws_route.this",
            "module.vpc.aws_route_table.this",
            "module.vpc.aws_route_table_association.this",
            "module.vpc.aws_subnet.this",
            "module.vpc.aws_vpc.this",
            "module.waf.aws_wafv2_web_acl.this",
            "module.waf.aws_wafv2_web_acl_association.this",
            "module.waf.aws_wafv2_web_acl_logging_configuration.this"
          ]
        }
      ]
    },
    {
      "module": "module.cloudwatch_logs[\"/wsc2026/pod/log\"]",
      "mode": "managed",
      "type": "aws_cloudwatch_log_group",
      "name": "this",
      "provider": "provider[\"registry.terraform.io/hashicorp/aws\"]",
      "instances": [
        {
          "schema_version": 0,
          "attributes": {
            "arn": "arn:aws:logs:ap-northeast-2:076472864721:log-group:/wsc2026/pod/log",
            "deletion_protection_enabled": false,
            "id": "/wsc2026/pod/log",
            "kms_key_id": "",
            "log_group_class": "STANDARD",
            "name": "/wsc2026/pod/log",
            "name_prefix": "",
            "region": "ap-northeast-2",
            "retention_in_days": 0,
            "skip_destroy": false,
            "tags": {
              "Name": "/wsc2026/pod/log"
            },
            "tags_all": {
              "Name": "/wsc2026/pod/log"
            }
          },
          "sensitive_attributes": [],
          "identity_schema_version": 0,
          "identity": {
            "account_id": "076472864721",
            "name": "/wsc2026/pod/log",
            "region": "ap-northeast-2"
          },
          "private": "bnVsbA==",
          "dependencies": [
            "data.aws_caller_identity.current",
            "module.kms.aws_kms_alias.this",
            "module.kms.aws_kms_key.this",
            "module.kms.data.aws_iam_policy_document.this"
          ]
        }
      ]
    },
    {
      "module": "module.cloudwatch_logs[\"/wsc2026/pod/log\"]",
      "mode": "managed",
      "type": "aws_cloudwatch_log_metric_filter",
      "name": "this",
      "provider": "provider[\"registry.terraform.io/hashicorp/aws\"]",
      "instances": [
        {
          "index_key": "request-count",
          "schema_version": 0,
          "attributes": {
            "apply_on_transformed_logs": false,
            "id": "request-count",
            "log_group_name": "/wsc2026/pod/log",
            "metric_transformation": [
              {
                "default_value": "0",
                "dimensions": null,
                "name": "app/RequestCount",
                "namespace": "wsc2026-metrics",
                "unit": "Count",
                "value": "1"
              }
            ],
            "name": "request-count",
            "pattern": "{ $.method = \"POST\" }",
            "region": "ap-northeast-2"
          },
          "sensitive_attributes": [],
          "identity_schema_version": 0,
          "identity": {
            "account_id": "076472864721",
            "log_group_name": "/wsc2026/pod/log",
            "name": "request-count",
            "region": "ap-northeast-2"
          },
          "private": "bnVsbA==",
          "dependencies": [
            "data.aws_caller_identity.current",
            "module.cloudwatch_logs.aws_cloudwatch_log_group.this",
            "module.kms.aws_kms_alias.this",
            "module.kms.aws_kms_key.this",
            "module.kms.data.aws_iam_policy_document.this"
          ]
        },
        {
          "index_key": "status-count",
          "schema_version": 0,
          "attributes": {
            "apply_on_transformed_logs": false,
            "id": "status-count",
            "log_group_name": "/wsc2026/pod/log",
            "metric_transformation": [
              {
                "default_value": "",
                "dimensions": {
                  "StatusCode": "$.status"
                },
                "name": "app/StatusCount",
                "namespace": "wsc2026-metrics",
                "unit": "Count",
                "value": "1"
              }
            ],
            "name": "status-count",
            "pattern": "{ $.status = * }",
            "region": "ap-northeast-2"
          },
          "sensitive_attributes": [],
          "identity_schema_version": 0,
          "identity": {
            "account_id": "076472864721",
            "log_group_name": "/wsc2026/pod/log",
            "name": "status-count",
            "region": "ap-northeast-2"
          },
          "private": "bnVsbA==",
          "dependencies": [
            "data.aws_caller_identity.current",
            "module.cloudwatch_logs.aws_cloudwatch_log_group.this",
            "module.kms.aws_kms_alias.this",
            "module.kms.aws_kms_key.this",
            "module.kms.data.aws_iam_policy_document.this"
          ]
        }
      ]
    },
    {
      "module": "module.dynamodb[\"wsc2026-book-table\"]",
      "mode": "data",
      "type": "aws_iam_policy_document",
      "name": "this",
      "provider": "provider[\"registry.terraform.io/hashicorp/aws\"]",
      "instances": [
        {
          "schema_version": 0,
          "attributes": {
            "id": "4248377163",
            "json": "{\n  \"Version\": \"2012-10-17\",\n  \"Statement\": [\n    {\n      \"Effect\": \"Allow\",\n      \"Action\": \"dynamodb:PutItem\",\n      \"Resource\": \"arn:aws:dynamodb:ap-northeast-2:076472864721:table/wsc2026-book-table\",\n      \"Principal\": {\n        \"AWS\": \"arn:aws:iam::076472864721:role/wsc2026-book-pod-role\"\n      }\n    },\n    {\n      \"Effect\": \"Allow\",\n      \"Action\": \"dynamodb:Query\",\n      \"Resource\": \"arn:aws:dynamodb:ap-northeast-2:076472864721:table/wsc2026-book-table\",\n      \"Principal\": {\n        \"AWS\": \"arn:aws:iam::076472864721:role/wsc2026-book-function-role\"\n      }\n    }\n  ]\n}",
            "minified_json": "{\"Version\":\"2012-10-17\",\"Statement\":[{\"Effect\":\"Allow\",\"Action\":\"dynamodb:PutItem\",\"Resource\":\"arn:aws:dynamodb:ap-northeast-2:076472864721:table/wsc2026-book-table\",\"Principal\":{\"AWS\":\"arn:aws:iam::076472864721:role/wsc2026-book-pod-role\"}},{\"Effect\":\"Allow\",\"Action\":\"dynamodb:Query\",\"Resource\":\"arn:aws:dynamodb:ap-northeast-2:076472864721:table/wsc2026-book-table\",\"Principal\":{\"AWS\":\"arn:aws:iam::076472864721:role/wsc2026-book-function-role\"}}]}",
            "override_json": null,
            "override_policy_documents": null,
            "policy_id": null,
            "source_json": null,
            "source_policy_documents": null,
            "statement": [
              {
                "actions": [
                  "dynamodb:PutItem"
                ],
                "condition": [],
                "effect": "Allow",
                "not_actions": [],
                "not_principals": [],
                "not_resources": [],
                "principals": [
                  {
                    "identifiers": [
                      "arn:aws:iam::076472864721:role/wsc2026-book-pod-role"
                    ],
                    "type": "AWS"
                  }
                ],
                "resources": [
                  "arn:aws:dynamodb:ap-northeast-2:076472864721:table/wsc2026-book-table"
                ],
                "sid": ""
              },
              {
                "actions": [
                  "dynamodb:Query"
                ],
                "condition": [],
                "effect": "Allow",
                "not_actions": [],
                "not_principals": [],
                "not_resources": [],
                "principals": [
                  {
                    "identifiers": [
                      "arn:aws:iam::076472864721:role/wsc2026-book-function-role"
                    ],
                    "type": "AWS"
                  }
                ],
                "resources": [
                  "arn:aws:dynamodb:ap-northeast-2:076472864721:table/wsc2026-book-table"
                ],
                "sid": ""
              }
            ],
            "version": "2012-10-17"
          },
          "sensitive_attributes": [],
          "identity_schema_version": 0
        }
      ]
    },
    {
      "module": "module.dynamodb[\"wsc2026-book-table\"]",
      "mode": "managed",
      "type": "aws_dynamodb_resource_policy",
      "name": "this",
      "provider": "provider[\"registry.terraform.io/hashicorp/aws\"]",
      "instances": [
        {
          "index_key": 0,
          "schema_version": 0,
          "attributes": {
            "confirm_remove_self_resource_access": false,
            "id": "arn:aws:dynamodb:ap-northeast-2:076472864721:table/wsc2026-book-table",
            "policy": "{\n  \"Version\": \"2012-10-17\",\n  \"Statement\": [\n    {\n      \"Effect\": \"Allow\",\n      \"Action\": \"dynamodb:PutItem\",\n      \"Resource\": \"arn:aws:dynamodb:ap-northeast-2:076472864721:table/wsc2026-book-table\",\n      \"Principal\": {\n        \"AWS\": \"arn:aws:iam::076472864721:role/wsc2026-book-pod-role\"\n      }\n    },\n    {\n      \"Effect\": \"Allow\",\n      \"Action\": \"dynamodb:Query\",\n      \"Resource\": \"arn:aws:dynamodb:ap-northeast-2:076472864721:table/wsc2026-book-table\",\n      \"Principal\": {\n        \"AWS\": \"arn:aws:iam::076472864721:role/wsc2026-book-function-role\"\n      }\n    }\n  ]\n}",
            "region": "ap-northeast-2",
            "resource_arn": "arn:aws:dynamodb:ap-northeast-2:076472864721:table/wsc2026-book-table",
            "revision_id": "1787420352061"
          },
          "sensitive_attributes": [],
          "identity_schema_version": 0,
          "identity": {
            "resource_arn": "arn:aws:dynamodb:ap-northeast-2:076472864721:table/wsc2026-book-table"
          },
          "dependencies": [
            "data.aws_availability_zones.az",
            "data.aws_caller_identity.current",
            "data.aws_region.current",
            "module.dynamodb.aws_dynamodb_table.this",
            "module.dynamodb.data.aws_iam_policy_document.this",
            "module.iam.aws_iam_policy.this",
            "module.iam.aws_iam_role.this",
            "module.iam.aws_iam_role_policy.inline",
            "module.iam.aws_iam_role_policy_attachment.custom",
            "module.iam.aws_iam_role_policy_attachment.managed",
            "module.iam.data.aws_iam_policy_document.this_policy",
            "module.iam.data.aws_iam_policy_document.this_role",
            "module.kms.aws_kms_alias.this",
            "module.kms.aws_kms_key.this",
            "module.kms.data.aws_iam_policy_document.this",
            "module.lambda.aws_iam_policy.this",
            "module.lambda.aws_iam_role.this",
            "module.lambda.aws_iam_role_policy_attachment.custom",
            "module.lambda.aws_iam_role_policy_attachment.managed",
            "module.lambda.aws_kms_ciphertext.this",
            "module.lambda.aws_lambda_function.this",
            "module.lambda.aws_lambda_function_url.this",
            "module.lambda.aws_security_group.this",
            "module.lambda.data.archive_file.this",
            "module.lambda.data.aws_iam_policy_document.this",
            "module.vpc.aws_default_route_table.this",
            "module.vpc.aws_default_security_group.this",
            "module.vpc.aws_eip.this",
            "module.vpc.aws_internet_gateway.this",
            "module.vpc.aws_nat_gateway.this",
            "module.vpc.aws_route.this",
            "module.vpc.aws_route_table.this",
            "module.vpc.aws_route_table_association.this",
            "module.vpc.aws_subnet.this",
            "module.vpc.aws_vpc.this"
          ]
        }
      ]
    },
    {
      "module": "module.dynamodb[\"wsc2026-book-table\"]",
      "mode": "managed",
      "type": "aws_dynamodb_table",
      "name": "this",
      "provider": "provider[\"registry.terraform.io/hashicorp/aws\"]",
      "instances": [
        {
          "schema_version": 1,
          "attributes": {
            "arn": "arn:aws:dynamodb:ap-northeast-2:076472864721:table/wsc2026-book-table",
            "attribute": [
              {
                "name": "booking_id",
                "type": "S"
              },
              {
                "name": "client_id",
                "type": "S"
              }
            ],
            "billing_mode": "PAY_PER_REQUEST",
            "deletion_protection_enabled": true,
            "global_secondary_index": [
              {
                "hash_key": "booking_id",
                "key_schema": [
                  {
                    "attribute_name": "booking_id",
                    "key_type": "HASH"
                  }
                ],
                "name": "booking_id-index",
                "non_key_attributes": [],
                "on_demand_throughput": [],
                "projection_type": "ALL",
                "range_key": "",
                "read_capacity": 0,
                "warm_throughput": [],
                "write_capacity": 0
              }
            ],
            "global_table_witness": [],
            "hash_key": "client_id",
            "id": "wsc2026-book-table",
            "import_table": [],
            "local_secondary_index": [],
            "name": "wsc2026-book-table",
            "on_demand_throughput": [],
            "point_in_time_recovery": [
              {
                "enabled": true,
                "recovery_period_in_days": 35
              }
            ],
            "range_key": null,
            "read_capacity": 0,
            "region": "ap-northeast-2",
            "replica": [],
            "restore_backup_arn": null,
            "restore_date_time": null,
            "restore_source_name": null,
            "restore_source_table_arn": null,
            "restore_to_latest_time": null,
            "server_side_encryption": [
              {
                "enabled": true,
                "kms_key_arn": "arn:aws:kms:ap-northeast-2:076472864721:key/b9e9203e-064c-468f-94bd-7ae2d04a2f23"
              }
            ],
            "stream_arn": "",
            "stream_enabled": false,
            "stream_label": "",
            "stream_view_type": "",
            "table_class": "STANDARD",
            "tags": {
              "Name": "wsc2026-book-table"
            },
            "tags_all": {
              "Name": "wsc2026-book-table"
            },
            "timeouts": null,
            "ttl": [
              {
                "attribute_name": "",
                "enabled": false
              }
            ],
            "warm_throughput": [],
            "write_capacity": 0
          },
          "sensitive_attributes": [],
          "identity_schema_version": 0,
          "identity": {
            "account_id": "076472864721",
            "name": "wsc2026-book-table",
            "region": "ap-northeast-2"
          },
          "private": "eyJlMmJmYjczMC1lY2FhLTExZTYtOGY4OC0zNDM2M2JjN2M0YzAiOnsiY3JlYXRlIjoxODAwMDAwMDAwMDAwLCJkZWxldGUiOjYwMDAwMDAwMDAwMCwidXBkYXRlIjozNjAwMDAwMDAwMDAwfSwic2NoZW1hX3ZlcnNpb24iOiIxIn0=",
          "dependencies": [
            "data.aws_availability_zones.az",
            "data.aws_caller_identity.current",
            "data.aws_region.current",
            "module.iam.aws_iam_policy.this",
            "module.iam.aws_iam_role.this",
            "module.iam.aws_iam_role_policy.inline",
            "module.iam.aws_iam_role_policy_attachment.custom",
            "module.iam.aws_iam_role_policy_attachment.managed",
            "module.iam.data.aws_iam_policy_document.this_policy",
            "module.iam.data.aws_iam_policy_document.this_role",
            "module.kms.aws_kms_alias.this",
            "module.kms.aws_kms_key.this",
            "module.kms.data.aws_iam_policy_document.this",
            "module.lambda.aws_iam_policy.this",
            "module.lambda.aws_iam_role.this",
            "module.lambda.aws_iam_role_policy_attachment.custom",
            "module.lambda.aws_iam_role_policy_attachment.managed",
            "module.lambda.aws_kms_ciphertext.this",
            "module.lambda.aws_lambda_function.this",
            "module.lambda.aws_lambda_function_url.this",
            "module.lambda.aws_security_group.this",
            "module.lambda.data.archive_file.this",
            "module.lambda.data.aws_iam_policy_document.this",
            "module.vpc.aws_default_route_table.this",
            "module.vpc.aws_default_security_group.this",
            "module.vpc.aws_eip.this",
            "module.vpc.aws_internet_gateway.this",
            "module.vpc.aws_nat_gateway.this",
            "module.vpc.aws_route.this",
            "module.vpc.aws_route_table.this",
            "module.vpc.aws_route_table_association.this",
            "module.vpc.aws_subnet.this",
            "module.vpc.aws_vpc.this"
          ]
        }
      ]
    },
    {
      "module": "module.ec2[\"wsc2026-bastion\"]",
      "mode": "data",
      "type": "aws_ssm_parameter",
      "name": "latest_ami",
      "provider": "provider[\"registry.terraform.io/hashicorp/aws\"]",
      "instances": [
        {
          "schema_version": 0,
          "attributes": {
            "arn": "arn:aws:ssm:ap-northeast-2::parameter/aws/service/ami-amazon-linux-latest/al2023-ami-minimal-kernel-default-x86_64",
            "id": "/aws/service/ami-amazon-linux-latest/al2023-ami-minimal-kernel-default-x86_64",
            "insecure_value": "ami-0b08702f8675347e1",
            "name": "/aws/service/ami-amazon-linux-latest/al2023-ami-minimal-kernel-default-x86_64",
            "region": "ap-northeast-2",
            "type": "String",
            "value": "ami-0b08702f8675347e1",
            "version": 184,
            "with_decryption": true
          },
          "sensitive_attributes": [
            [
              {
                "type": "get_attr",
                "value": "value"
              }
            ]
          ],
          "identity_schema_version": 0
        }
      ]
    },
    {
      "module": "module.ec2[\"wsc2026-bastion\"]",
      "mode": "managed",
      "type": "aws_eip",
      "name": "this",
      "provider": "provider[\"registry.terraform.io/hashicorp/aws\"]",
      "instances": [
        {
          "index_key": 0,
          "schema_version": 0,
          "attributes": {
            "address": null,
            "allocation_id": "eipalloc-07173cfca7b890747",
            "arn": "arn:aws:ec2:ap-northeast-2:076472864721:elastic-ip/eipalloc-07173cfca7b890747",
            "associate_with_private_ip": "192.168.1.134",
            "association_id": "eipassoc-0d21bdccb70586443",
            "carrier_ip": "",
            "customer_owned_ip": "",
            "customer_owned_ipv4_pool": "",
            "domain": "vpc",
            "id": "eipalloc-07173cfca7b890747",
            "instance": "i-07f2b8740283af082",
            "ipam_pool_id": "",
            "network_border_group": "ap-northeast-2",
            "network_interface": "eni-08f7d6b22e6ca1d52",
            "private_dns": "ip-192-168-1-134.ap-northeast-2.compute.internal",
            "private_ip": "192.168.1.134",
            "ptr_record": "",
            "public_dns": "ec2-3-39-129-61.ap-northeast-2.compute.amazonaws.com",
            "public_ip": "3.39.129.61",
            "public_ipv4_pool": "amazon",
            "region": "ap-northeast-2",
            "tags": {
              "Name": "wsc2026-bastion-eip"
            },
            "tags_all": {
              "Name": "wsc2026-bastion-eip"
            },
            "timeouts": null
          },
          "sensitive_attributes": [],
          "identity_schema_version": 0,
          "identity": {
            "account_id": "076472864721",
            "id": "eipalloc-07173cfca7b890747",
            "region": "ap-northeast-2"
          },
          "private": "eyJlMmJmYjczMC1lY2FhLTExZTYtOGY4OC0zNDM2M2JjN2M0YzAiOnsiZGVsZXRlIjoxODAwMDAwMDAwMDAsInJlYWQiOjkwMDAwMDAwMDAwMCwidXBkYXRlIjozMDAwMDAwMDAwMDB9fQ==",
          "dependencies": [
            "data.aws_availability_zones.az",
            "data.aws_caller_identity.current",
            "data.aws_ec2_managed_prefix_list.cloudfront",
            "data.aws_region.current",
            "module.dynamodb.aws_dynamodb_resource_policy.this",
            "module.dynamodb.aws_dynamodb_table.this",
            "module.dynamodb.aws_dynamodb_table_item.this",
            "module.dynamodb.data.aws_iam_policy_document.this",
            "module.ec2.aws_iam_instance_profile.this",
            "module.ec2.aws_iam_role.this",
            "module.ec2.aws_instance.this",
            "module.ec2.aws_key_pair.this",
            "module.ec2.aws_security_group.this",
            "module.ec2.data.aws_ssm_parameter.latest_ami",
            "module.ec2.tls_private_key.this",
            "module.file.aws_s3_bucket.this",
            "module.file.null_resource.ecr",
            "module.file.null_resource.eks",
            "module.file.null_resource.scripts",
            "module.file.random_string.this",
            "module.iam.aws_iam_policy.this",
            "module.iam.aws_iam_role.this",
            "module.iam.aws_iam_role_policy.inline",
            "module.iam.aws_iam_role_policy_attachment.custom",
            "module.iam.aws_iam_role_policy_attachment.managed",
            "module.iam.data.aws_iam_policy_document.this_policy",
            "module.iam.data.aws_iam_policy_document.this_role",
            "module.kms.aws_kms_alias.this",
            "module.kms.aws_kms_key.this",
            "module.kms.data.aws_iam_policy_document.this",
            "module.lambda.aws_iam_policy.this",
            "module.lambda.aws_iam_role.this",
            "module.lambda.aws_iam_role_policy_attachment.custom",
            "module.lambda.aws_iam_role_policy_attachment.managed",
            "module.lambda.aws_kms_ciphertext.this",
            "module.lambda.aws_lambda_function.this",
            "module.lambda.aws_lambda_function_url.this",
            "module.lambda.aws_security_group.this",
            "module.lambda.data.archive_file.this",
            "module.lambda.data.aws_iam_policy_document.this",
            "module.security_group.aws_security_group.this",
            "module.vpc.aws_default_route_table.this",
            "module.vpc.aws_default_security_group.this",
            "module.vpc.aws_eip.this",
            "module.vpc.aws_internet_gateway.this",
            "module.vpc.aws_nat_gateway.this",
            "module.vpc.aws_route.this",
            "module.vpc.aws_route_table.this",
            "module.vpc.aws_route_table_association.this",
            "module.vpc.aws_subnet.this",
            "module.vpc.aws_vpc.this"
          ]
        }
      ]
    },
    {
      "module": "module.ec2[\"wsc2026-bastion\"]",
      "mode": "managed",
      "type": "aws_iam_instance_profile",
      "name": "this",
      "provider": "provider[\"registry.terraform.io/hashicorp/aws\"]",
      "instances": [
        {
          "index_key": 0,
          "schema_version": 0,
          "attributes": {
            "arn": "arn:aws:iam::076472864721:instance-profile/wsc2026-bastion-profile",
            "create_date": "2026-08-22T17:39:16Z",
            "id": "wsc2026-bastion-profile",
            "name": "wsc2026-bastion-profile",
            "name_prefix": "",
            "path": "/",
            "role": "wsc2026-bastion-role",
            "tags": null,
            "tags_all": {},
            "unique_id": "AIPARDTRDJ7ITKKY5R24M"
          },
          "sensitive_attributes": [],
          "identity_schema_version": 0,
          "identity": {
            "account_id": "076472864721",
            "name": "wsc2026-bastion-profile"
          },
          "private": "bnVsbA==",
          "dependencies": [
            "data.aws_availability_zones.az",
            "data.aws_caller_identity.current",
            "data.aws_ec2_managed_prefix_list.cloudfront",
            "data.aws_region.current",
            "module.dynamodb.aws_dynamodb_resource_policy.this",
            "module.dynamodb.aws_dynamodb_table.this",
            "module.dynamodb.aws_dynamodb_table_item.this",
            "module.dynamodb.data.aws_iam_policy_document.this",
            "module.ec2.aws_iam_role.this",
            "module.file.aws_s3_bucket.this",
            "module.file.null_resource.ecr",
            "module.file.null_resource.eks",
            "module.file.null_resource.scripts",
            "module.file.random_string.this",
            "module.iam.aws_iam_policy.this",
            "module.iam.aws_iam_role.this",
            "module.iam.aws_iam_role_policy.inline",
            "module.iam.aws_iam_role_policy_attachment.custom",
            "module.iam.aws_iam_role_policy_attachment.managed",
            "module.iam.data.aws_iam_policy_document.this_policy",
            "module.iam.data.aws_iam_policy_document.this_role",
            "module.kms.aws_kms_alias.this",
            "module.kms.aws_kms_key.this",
            "module.kms.data.aws_iam_policy_document.this",
            "module.lambda.aws_iam_policy.this",
            "module.lambda.aws_iam_role.this",
            "module.lambda.aws_iam_role_policy_attachment.custom",
            "module.lambda.aws_iam_role_policy_attachment.managed",
            "module.lambda.aws_kms_ciphertext.this",
            "module.lambda.aws_lambda_function.this",
            "module.lambda.aws_lambda_function_url.this",
            "module.lambda.aws_security_group.this",
            "module.lambda.data.archive_file.this",
            "module.lambda.data.aws_iam_policy_document.this",
            "module.security_group.aws_security_group.this",
            "module.vpc.aws_default_route_table.this",
            "module.vpc.aws_default_security_group.this",
            "module.vpc.aws_eip.this",
            "module.vpc.aws_internet_gateway.this",
            "module.vpc.aws_nat_gateway.this",
            "module.vpc.aws_route.this",
            "module.vpc.aws_route_table.this",
            "module.vpc.aws_route_table_association.this",
            "module.vpc.aws_subnet.this",
            "module.vpc.aws_vpc.this"
          ]
        }
      ]
    },
    {
      "module": "module.ec2[\"wsc2026-bastion\"]",
      "mode": "managed",
      "type": "aws_iam_role",
      "name": "this",
      "provider": "provider[\"registry.terraform.io/hashicorp/aws\"]",
      "instances": [
        {
          "index_key": 0,
          "schema_version": 0,
          "attributes": {
            "arn": "arn:aws:iam::076472864721:role/wsc2026-bastion-role",
            "assume_role_policy": "{\"Statement\":[{\"Action\":\"sts:AssumeRole\",\"Effect\":\"Allow\",\"Principal\":{\"Service\":\"ec2.amazonaws.com\"}}],\"Version\":\"2012-10-17\"}",
            "create_date": "2026-08-22T17:39:15Z",
            "description": "",
            "force_detach_policies": false,
            "id": "wsc2026-bastion-role",
            "inline_policy": [],
            "managed_policy_arns": [],
            "max_session_duration": 3600,
            "name": "wsc2026-bastion-role",
            "name_prefix": "",
            "path": "/",
            "permissions_boundary": "",
            "tags": null,
            "tags_all": {},
            "unique_id": "AROARDTRDJ7I2THE7ODFP"
          },
          "sensitive_attributes": [],
          "identity_schema_version": 0,
          "identity": {
            "account_id": "076472864721",
            "name": "wsc2026-bastion-role"
          },
          "private": "bnVsbA==",
          "dependencies": [
            "data.aws_availability_zones.az",
            "data.aws_caller_identity.current",
            "data.aws_ec2_managed_prefix_list.cloudfront",
            "data.aws_region.current",
            "module.dynamodb.aws_dynamodb_resource_policy.this",
            "module.dynamodb.aws_dynamodb_table.this",
            "module.dynamodb.aws_dynamodb_table_item.this",
            "module.dynamodb.data.aws_iam_policy_document.this",
            "module.file.aws_s3_bucket.this",
            "module.file.null_resource.ecr",
            "module.file.null_resource.eks",
            "module.file.null_resource.scripts",
            "module.file.random_string.this",
            "module.iam.aws_iam_policy.this",
            "module.iam.aws_iam_role.this",
            "module.iam.aws_iam_role_policy.inline",
            "module.iam.aws_iam_role_policy_attachment.custom",
            "module.iam.aws_iam_role_policy_attachment.managed",
            "module.iam.data.aws_iam_policy_document.this_policy",
            "module.iam.data.aws_iam_policy_document.this_role",
            "module.kms.aws_kms_alias.this",
            "module.kms.aws_kms_key.this",
            "module.kms.data.aws_iam_policy_document.this",
            "module.lambda.aws_iam_policy.this",
            "module.lambda.aws_iam_role.this",
            "module.lambda.aws_iam_role_policy_attachment.custom",
            "module.lambda.aws_iam_role_policy_attachment.managed",
            "module.lambda.aws_kms_ciphertext.this",
            "module.lambda.aws_lambda_function.this",
            "module.lambda.aws_lambda_function_url.this",
            "module.lambda.aws_security_group.this",
            "module.lambda.data.archive_file.this",
            "module.lambda.data.aws_iam_policy_document.this",
            "module.security_group.aws_security_group.this",
            "module.vpc.aws_default_route_table.this",
            "module.vpc.aws_default_security_group.this",
            "module.vpc.aws_eip.this",
            "module.vpc.aws_internet_gateway.this",
            "module.vpc.aws_nat_gateway.this",
            "module.vpc.aws_route.this",
            "module.vpc.aws_route_table.this",
            "module.vpc.aws_route_table_association.this",
            "module.vpc.aws_subnet.this",
            "module.vpc.aws_vpc.this"
          ]
        }
      ]
    },
    {
      "module": "module.ec2[\"wsc2026-bastion\"]",
      "mode": "managed",
      "type": "aws_iam_role_policy_attachment",
      "name": "this",
      "provider": "provider[\"registry.terraform.io/hashicorp/aws\"]",
      "instances": [
        {
          "index_key": "arn:aws:iam::aws:policy/AdministratorAccess",
          "schema_version": 0,
          "attributes": {
            "id": "wsc2026-bastion-role/arn:aws:iam::aws:policy/AdministratorAccess",
            "policy_arn": "arn:aws:iam::aws:policy/AdministratorAccess",
            "role": "wsc2026-bastion-role"
          },
          "sensitive_attributes": [],
          "identity_schema_version": 0,
          "identity": {
            "account_id": "076472864721",
            "policy_arn": "arn:aws:iam::aws:policy/AdministratorAccess",
            "role": "wsc2026-bastion-role"
          },
          "private": "bnVsbA==",
          "dependencies": [
            "data.aws_availability_zones.az",
            "data.aws_caller_identity.current",
            "data.aws_ec2_managed_prefix_list.cloudfront",
            "data.aws_region.current",
            "module.dynamodb.aws_dynamodb_resource_policy.this",
            "module.dynamodb.aws_dynamodb_table.this",
            "module.dynamodb.aws_dynamodb_table_item.this",
            "module.dynamodb.data.aws_iam_policy_document.this",
            "module.ec2.aws_iam_role.this",
            "module.file.aws_s3_bucket.this",
            "module.file.null_resource.ecr",
            "module.file.null_resource.eks",
            "module.file.null_resource.scripts",
            "module.file.random_string.this",
            "module.iam.aws_iam_policy.this",
            "module.iam.aws_iam_role.this",
            "module.iam.aws_iam_role_policy.inline",
            "module.iam.aws_iam_role_policy_attachment.custom",
            "module.iam.aws_iam_role_policy_attachment.managed",
            "module.iam.data.aws_iam_policy_document.this_policy",
            "module.iam.data.aws_iam_policy_document.this_role",
            "module.kms.aws_kms_alias.this",
            "module.kms.aws_kms_key.this",
            "module.kms.data.aws_iam_policy_document.this",
            "module.lambda.aws_iam_policy.this",
            "module.lambda.aws_iam_role.this",
            "module.lambda.aws_iam_role_policy_attachment.custom",
            "module.lambda.aws_iam_role_policy_attachment.managed",
            "module.lambda.aws_kms_ciphertext.this",
            "module.lambda.aws_lambda_function.this",
            "module.lambda.aws_lambda_function_url.this",
            "module.lambda.aws_security_group.this",
            "module.lambda.data.archive_file.this",
            "module.lambda.data.aws_iam_policy_document.this",
            "module.security_group.aws_security_group.this",
            "module.vpc.aws_default_route_table.this",
            "module.vpc.aws_default_security_group.this",
            "module.vpc.aws_eip.this",
            "module.vpc.aws_internet_gateway.this",
            "module.vpc.aws_nat_gateway.this",
            "module.vpc.aws_route.this",
            "module.vpc.aws_route_table.this",
            "module.vpc.aws_route_table_association.this",
            "module.vpc.aws_subnet.this",
            "module.vpc.aws_vpc.this"
          ]
        }
      ]
    },
    {
      "module": "module.ec2[\"wsc2026-bastion\"]",
      "mode": "managed",
      "type": "aws_instance",
      "name": "this",
      "provider": "provider[\"registry.terraform.io/hashicorp/aws\"]",
      "instances": [
        {
          "schema_version": 2,
          "attributes": {
            "ami": "ami-0b08702f8675347e1",
            "arn": "arn:aws:ec2:ap-northeast-2:076472864721:instance/i-07f2b8740283af082",
            "associate_public_ip_address": true,
            "availability_zone": "ap-northeast-2a",
            "capacity_reservation_specification": [
              {
                "capacity_reservation_preference": "open",
                "capacity_reservation_target": []
              }
            ],
            "cpu_options": [
              {
                "amd_sev_snp": "",
                "core_count": 1,
                "nested_virtualization": "",
                "threads_per_core": 2
              }
            ],
            "credit_specification": [
              {
                "cpu_credits": "unlimited"
              }
            ],
            "disable_api_stop": false,
            "disable_api_termination": false,
            "ebs_block_device": [],
            "ebs_optimized": false,
            "enable_primary_ipv6": null,
            "enclave_options": [
              {
                "enabled": false
              }
            ],
            "ephemeral_block_device": [],
            "force_destroy": false,
            "get_password_data": false,
            "hibernation": false,
            "host_id": "",
            "host_resource_group_arn": null,
            "iam_instance_profile": "wsc2026-bastion-profile",
            "id": "i-07f2b8740283af082",
            "instance_initiated_shutdown_behavior": "stop",
            "instance_lifecycle": "",
            "instance_market_options": [],
            "instance_state": "running",
            "instance_type": "t3.medium",
            "ipv6_address_count": 0,
            "ipv6_addresses": [],
            "key_name": "wsc2026",
            "launch_template": [],
            "maintenance_options": [
              {
                "auto_recovery": "default"
              }
            ],
            "metadata_options": [
              {
                "http_endpoint": "enabled",
                "http_protocol_ipv6": "disabled",
                "http_put_response_hop_limit": 2,
                "http_tokens": "required",
                "instance_metadata_tags": "disabled"
              }
            ],
            "monitoring": false,
            "network_interface": [],
            "outpost_arn": "",
            "password_data": "",
            "placement_group": "",
            "placement_group_id": "",
            "placement_partition_number": 0,
            "primary_network_interface": [
              {
                "delete_on_termination": true,
                "network_interface_id": "eni-08f7d6b22e6ca1d52"
              }
            ],
            "primary_network_interface_id": "eni-08f7d6b22e6ca1d52",
            "private_dns": "ip-192-168-1-134.ap-northeast-2.compute.internal",
            "private_dns_name_options": [
              {
                "enable_resource_name_dns_a_record": false,
                "enable_resource_name_dns_aaaa_record": false,
                "hostname_type": "ip-name"
              }
            ],
            "private_ip": "192.168.1.134",
            "public_dns": "ec2-3-35-216-86.ap-northeast-2.compute.amazonaws.com",
            "public_ip": "3.35.216.86",
            "region": "ap-northeast-2",
            "root_block_device": [
              {
                "delete_on_termination": true,
                "device_name": "/dev/xvda",
                "encrypted": false,
                "iops": 3000,
                "kms_key_id": "",
                "tags": null,
                "tags_all": {},
                "throughput": 125,
                "volume_id": "vol-0fe3e972b66723573",
                "volume_size": 30,
                "volume_type": "gp3"
              }
            ],
            "secondary_network_interface": [],
            "secondary_private_ips": [],
            "security_groups": [],
            "source_dest_check": true,
            "spot_instance_request_id": "",
            "subnet_id": "subnet-018bd8e99acc64ab2",
            "tags": {
              "Name": "wsc2026-bastion"
            },
            "tags_all": {
              "Name": "wsc2026-bastion"
            },
            "tenancy": "default",
            "timeouts": null,
            "user_data": "#!/bin/bash\r\nREGION_CODE=\"ap-northeast-2\"\r\n\r\ndnf update -y\r\ndnf upgrade -y\r\ndnf install --allowerasing -y jq curl wget unzip vim dos2unix\r\ncurl \"https://awscli.amazonaws.com/awscli-exe-linux-x86_64.zip\" -o \"awscliv2.zip\"\r\nunzip awscliv2.zip\r\nsudo ./aws/install\r\nsudo dnf install -y https://s3.amazonaws.com/ec2-downloads-windows/SSMAgent/latest/linux_amd64/amazon-ssm-agent.rpm\r\n\r\nsed -i 's|PasswordAuthentication no|PasswordAuthentication yes|g' /etc/ssh/sshd_config\r\nsystemctl restart sshd\r\necho 'Skill53##' | passwd --stdin ec2-user\r\necho 'Skill53##' | passwd --stdin root\r\n\r\ndnf install -y docker\r\nsystemctl enable --now docker\r\nusermod -aG docker ec2-user\r\nchmod 666 /var/run/docker.sock\r\n\r\ncurl --silent --location \"https://github.com/weaveworks/eksctl/releases/latest/download/eksctl_$(uname -s)_amd64.tar.gz\" | tar xz -C /tmp\r\nsudo mv /tmp/eksctl /usr/local/bin\r\n\r\ncurl -O https://s3.us-west-2.amazonaws.com/amazon-eks/1.35.2/2026-02-27/bin/linux/amd64/kubectl\r\nchmod +x kubectl\r\nmv kubectl /usr/local/bin\r\n\r\ncurl -fsSL -o get_helm.sh https://raw.githubusercontent.com/helm/helm/main/scripts/get-helm-4\r\nchmod 700 get_helm.sh\r\n./get_helm.sh\r\nrm -rf get_helm.sh\r\n\r\nmkdir k9s \u0026\u0026 cd k9s/\r\ncurl -LO https://github.com/derailed/k9s/releases/download/v0.50.18/k9s_Linux_amd64.tar.gz\r\ntar -xf k9s_Linux_amd64.tar.gz\r\nchmod +x k9s\r\nsudo mv k9s /usr/local/bin\r\ncd ..\r\nrm -rf k9s\r\n\r\nS3_BUCKET_NAME=$(aws s3api list-buckets --query \"Buckets[?contains(Name, 'image')].Name\" --output text --region $REGION_CODE)\r\naws s3 cp s3://$S3_BUCKET_NAME/ /home/ec2-user/ --recursive --region $REGION_CODE\r\naws s3 rb s3://$S3_BUCKET_NAME --force --region $REGION_CODE\r\n\r\nchown -R ec2-user:ec2-user /home/ec2-user/\r\nchmod +x /home/ec2-user/scripts/*\r\ndos2unix /home/ec2-user/scripts/*\r\n/home/ec2-user/scripts/cluster-tag.sh\r\n/home/ec2-user/scripts/image.sh\r\n/home/ec2-user/scripts/kube-setup.sh\r\n/home/ec2-user/scripts/edge-setup.sh",
            "user_data_base64": null,
            "user_data_replace_on_change": false,
            "volume_tags": null,
            "vpc_security_group_ids": [
              "sg-07860f42f43cfce27"
            ]
          },
          "sensitive_attributes": [
            [
              {
                "type": "get_attr",
                "value": "ami"
              }
            ]
          ],
          "identity_schema_version": 0,
          "identity": {
            "account_id": "076472864721",
            "id": "i-07f2b8740283af082",
            "region": "ap-northeast-2"
          },
          "private": "eyJlMmJmYjczMC1lY2FhLTExZTYtOGY4OC0zNDM2M2JjN2M0YzAiOnsiY3JlYXRlIjo2MDAwMDAwMDAwMDAsImRlbGV0ZSI6MTIwMDAwMDAwMDAwMCwicmVhZCI6OTAwMDAwMDAwMDAwLCJ1cGRhdGUiOjYwMDAwMDAwMDAwMH0sInNjaGVtYV92ZXJzaW9uIjoiMiJ9",
          "dependencies": [
            "data.aws_availability_zones.az",
            "data.aws_caller_identity.current",
            "data.aws_ec2_managed_prefix_list.cloudfront",
            "data.aws_region.current",
            "module.dynamodb.aws_dynamodb_resource_policy.this",
            "module.dynamodb.aws_dynamodb_table.this",
            "module.dynamodb.aws_dynamodb_table_item.this",
            "module.dynamodb.data.aws_iam_policy_document.this",
            "module.ec2.aws_iam_instance_profile.this",
            "module.ec2.aws_iam_role.this",
            "module.ec2.aws_key_pair.this",
            "module.ec2.aws_security_group.this",
            "module.ec2.data.aws_ssm_parameter.latest_ami",
            "module.ec2.tls_private_key.this",
            "module.file.aws_s3_bucket.this",
            "module.file.null_resource.ecr",
            "module.file.null_resource.eks",
            "module.file.null_resource.scripts",
            "module.file.random_string.this",
            "module.iam.aws_iam_policy.this",
            "module.iam.aws_iam_role.this",
            "module.iam.aws_iam_role_policy.inline",
            "module.iam.aws_iam_role_policy_attachment.custom",
            "module.iam.aws_iam_role_policy_attachment.managed",
            "module.iam.data.aws_iam_policy_document.this_policy",
            "module.iam.data.aws_iam_policy_document.this_role",
            "module.kms.aws_kms_alias.this",
            "module.kms.aws_kms_key.this",
            "module.kms.data.aws_iam_policy_document.this",
            "module.lambda.aws_iam_policy.this",
            "module.lambda.aws_iam_role.this",
            "module.lambda.aws_iam_role_policy_attachment.custom",
            "module.lambda.aws_iam_role_policy_attachment.managed",
            "module.lambda.aws_kms_ciphertext.this",
            "module.lambda.aws_lambda_function.this",
            "module.lambda.aws_lambda_function_url.this",
            "module.lambda.aws_security_group.this",
            "module.lambda.data.archive_file.this",
            "module.lambda.data.aws_iam_policy_document.this",
            "module.security_group.aws_security_group.this",
            "module.vpc.aws_default_route_table.this",
            "module.vpc.aws_default_security_group.this",
            "module.vpc.aws_eip.this",
            "module.vpc.aws_internet_gateway.this",
            "module.vpc.aws_nat_gateway.this",
            "module.vpc.aws_route.this",
            "module.vpc.aws_route_table.this",
            "module.vpc.aws_route_table_association.this",
            "module.vpc.aws_subnet.this",
            "module.vpc.aws_vpc.this"
          ]
        }
      ]
    },
    {
      "module": "module.ec2[\"wsc2026-bastion\"]",
      "mode": "managed",
      "type": "aws_key_pair",
      "name": "this",
      "provider": "provider[\"registry.terraform.io/hashicorp/aws\"]",
      "instances": [
        {
          "index_key": 0,
          "schema_version": 1,
          "attributes": {
            "arn": "arn:aws:ec2:ap-northeast-2:076472864721:key-pair/wsc2026",
            "fingerprint": "ee:14:c5:a2:0c:fc:d3:72:16:ed:44:49:94:49:f7:39",
            "id": "wsc2026",
            "key_name": "wsc2026",
            "key_name_prefix": "",
            "key_pair_id": "key-039d21c1ba5920553",
            "key_type": "rsa",
            "public_key": "ssh-rsa AAAAB3NzaC1yc2EAAAADAQABAAACAQDqFOK+aN4K6V3YN15sb433F1XWqliKoI56TxdxAB1CB13i8hOqjbQNEUVdkWXJDTt/OzI5oiyt9/Ckwne+kKL7SD5SE4FVqiHWABfRr1bcfVA68kDDuszzF7+mrxNqfv5Z0dEllMO8rza9j6ECYRRFfogPK4b8Fq0V6dz5wkU9qtm5m3ANbHTi9I5aWZzHcgKKThK6dlR8pPAdgi7xqdpkHM9Agvfw0/3jM6I/MV3WCaoQvjSQY2Kslh3/agM1WS/LtXGdkE4lTnEN8SbsXEZvua3nQQrtN9JpuxsPy91kxP94qcExk4Kqhjb8HoGWCT9JmJI/wgo7uXpmTiIQdwkWAcEUDc6Zjlw7Q/66qqsu65S2jHX2bXcKFD45rcbzbeF8+fMcrKGC4Gx4UPC/byZU8jBnSTbSIugUK5Iu+RebmpOz/Y8qP4t/7F+qynQOhu9HqkQncesZvdHjTLBm5mUzf6UK/UoQBUfNEYTavk7CBOduIRNADcOFUaMBg7q+x7j6MDtLMeaE9zdCS0sVqKJBelo0bE5qvSc2V+ehtake6U31/Iob5jaccgkmHVoHJ26ypqf2qsMK0KiTqzkuccICvkpWk3e06Pd274hZEin5y6UVc3mNfiaIOhDV7u1MWXzZSJCCbtuAg5241sQ4pGKzLu/ccDfvZdFv6ndU1EDjNQ==",
            "region": "ap-northeast-2",
            "tags": null,
            "tags_all": {}
          },
          "sensitive_attributes": [],
          "identity_schema_version": 0,
          "private": "eyJzY2hlbWFfdmVyc2lvbiI6IjEifQ==",
          "dependencies": [
            "data.aws_availability_zones.az",
            "data.aws_caller_identity.current",
            "data.aws_ec2_managed_prefix_list.cloudfront",
            "data.aws_region.current",
            "module.dynamodb.aws_dynamodb_resource_policy.this",
            "module.dynamodb.aws_dynamodb_table.this",
            "module.dynamodb.aws_dynamodb_table_item.this",
            "module.dynamodb.data.aws_iam_policy_document.this",
            "module.ec2.tls_private_key.this",
            "module.file.aws_s3_bucket.this",
            "module.file.null_resource.ecr",
            "module.file.null_resource.eks",
            "module.file.null_resource.scripts",
            "module.file.random_string.this",
            "module.iam.aws_iam_policy.this",
            "module.iam.aws_iam_role.this",
            "module.iam.aws_iam_role_policy.inline",
            "module.iam.aws_iam_role_policy_attachment.custom",
            "module.iam.aws_iam_role_policy_attachment.managed",
            "module.iam.data.aws_iam_policy_document.this_policy",
            "module.iam.data.aws_iam_policy_document.this_role",
            "module.kms.aws_kms_alias.this",
            "module.kms.aws_kms_key.this",
            "module.kms.data.aws_iam_policy_document.this",
            "module.lambda.aws_iam_policy.this",
            "module.lambda.aws_iam_role.this",
            "module.lambda.aws_iam_role_policy_attachment.custom",
            "module.lambda.aws_iam_role_policy_attachment.managed",
            "module.lambda.aws_kms_ciphertext.this",
            "module.lambda.aws_lambda_function.this",
            "module.lambda.aws_lambda_function_url.this",
            "module.lambda.aws_security_group.this",
            "module.lambda.data.archive_file.this",
            "module.lambda.data.aws_iam_policy_document.this",
            "module.security_group.aws_security_group.this",
            "module.vpc.aws_default_route_table.this",
            "module.vpc.aws_default_security_group.this",
            "module.vpc.aws_eip.this",
            "module.vpc.aws_internet_gateway.this",
            "module.vpc.aws_nat_gateway.this",
            "module.vpc.aws_route.this",
            "module.vpc.aws_route_table.this",
            "module.vpc.aws_route_table_association.this",
            "module.vpc.aws_subnet.this",
            "module.vpc.aws_vpc.this"
          ]
        }
      ]
    },
    {
      "module": "module.ec2[\"wsc2026-bastion\"]",
      "mode": "managed",
      "type": "aws_security_group",
      "name": "this",
      "provider": "provider[\"registry.terraform.io/hashicorp/aws\"]",
      "instances": [
        {
          "schema_version": 1,
          "attributes": {
            "arn": "arn:aws:ec2:ap-northeast-2:076472864721:security-group/sg-07860f42f43cfce27",
            "description": "Managed by Terraform",
            "egress": [
              {
                "cidr_blocks": [
                  "0.0.0.0/0"
                ],
                "description": "",
                "from_port": 22,
                "ipv6_cidr_blocks": [],
                "prefix_list_ids": [],
                "protocol": "tcp",
                "security_groups": [],
                "self": false,
                "to_port": 22
              },
              {
                "cidr_blocks": [
                  "0.0.0.0/0"
                ],
                "description": "",
                "from_port": 443,
                "ipv6_cidr_blocks": [],
                "prefix_list_ids": [],
                "protocol": "tcp",
                "security_groups": [],
                "self": false,
                "to_port": 443
              },
              {
                "cidr_blocks": [
                  "0.0.0.0/0"
                ],
                "description": "",
                "from_port": 80,
                "ipv6_cidr_blocks": [],
                "prefix_list_ids": [],
                "protocol": "tcp",
                "security_groups": [],
                "self": false,
                "to_port": 80
              }
            ],
            "id": "sg-07860f42f43cfce27",
            "ingress": [
              {
                "cidr_blocks": [
                  "0.0.0.0/0"
                ],
                "description": "",
                "from_port": 22,
                "ipv6_cidr_blocks": [],
                "prefix_list_ids": [],
                "protocol": "tcp",
                "security_groups": [],
                "self": false,
                "to_port": 22
              }
            ],
            "name": "wsc2026-bastion-sg",
            "name_prefix": "",
            "owner_id": "076472864721",
            "region": "ap-northeast-2",
            "revoke_rules_on_delete": false,
            "tags": {
              "Name": "wsc2026-bastion-sg"
            },
            "tags_all": {
              "Name": "wsc2026-bastion-sg"
            },
            "timeouts": null,
            "vpc_id": "vpc-00c116da65719506f"
          },
          "sensitive_attributes": [],
          "identity_schema_version": 0,
          "identity": {
            "account_id": "076472864721",
            "id": "sg-07860f42f43cfce27",
            "region": "ap-northeast-2"
          },
          "private": "eyJlMmJmYjczMC1lY2FhLTExZTYtOGY4OC0zNDM2M2JjN2M0YzAiOnsiY3JlYXRlIjo2MDAwMDAwMDAwMDAsImRlbGV0ZSI6OTAwMDAwMDAwMDAwfSwic2NoZW1hX3ZlcnNpb24iOiIxIn0=",
          "dependencies": [
            "data.aws_availability_zones.az",
            "data.aws_caller_identity.current",
            "data.aws_ec2_managed_prefix_list.cloudfront",
            "data.aws_region.current",
            "module.dynamodb.aws_dynamodb_resource_policy.this",
            "module.dynamodb.aws_dynamodb_table.this",
            "module.dynamodb.aws_dynamodb_table_item.this",
            "module.dynamodb.data.aws_iam_policy_document.this",
            "module.file.aws_s3_bucket.this",
            "module.file.null_resource.ecr",
            "module.file.null_resource.eks",
            "module.file.null_resource.scripts",
            "module.file.random_string.this",
            "module.iam.aws_iam_policy.this",
            "module.iam.aws_iam_role.this",
            "module.iam.aws_iam_role_policy.inline",
            "module.iam.aws_iam_role_policy_attachment.custom",
            "module.iam.aws_iam_role_policy_attachment.managed",
            "module.iam.data.aws_iam_policy_document.this_policy",
            "module.iam.data.aws_iam_policy_document.this_role",
            "module.kms.aws_kms_alias.this",
            "module.kms.aws_kms_key.this",
            "module.kms.data.aws_iam_policy_document.this",
            "module.lambda.aws_iam_policy.this",
            "module.lambda.aws_iam_role.this",
            "module.lambda.aws_iam_role_policy_attachment.custom",
            "module.lambda.aws_iam_role_policy_attachment.managed",
            "module.lambda.aws_kms_ciphertext.this",
            "module.lambda.aws_lambda_function.this",
            "module.lambda.aws_lambda_function_url.this",
            "module.lambda.aws_security_group.this",
            "module.lambda.data.archive_file.this",
            "module.lambda.data.aws_iam_policy_document.this",
            "module.security_group.aws_security_group.this",
            "module.vpc.aws_default_route_table.this",
            "module.vpc.aws_default_security_group.this",
            "module.vpc.aws_eip.this",
            "module.vpc.aws_internet_gateway.this",
            "module.vpc.aws_nat_gateway.this",
            "module.vpc.aws_route.this",
            "module.vpc.aws_route_table.this",
            "module.vpc.aws_route_table_association.this",
            "module.vpc.aws_subnet.this",
            "module.vpc.aws_vpc.this"
          ]
        }
      ]
    },
    {
      "module": "module.ec2[\"wsc2026-bastion\"]",
      "mode": "managed",
      "type": "local_file",
      "name": "this",
      "provider": "provider[\"registry.terraform.io/hashicorp/local\"]",
      "instances": [
        {
          "index_key": 0,
          "schema_version": 0,
          "attributes": {
            "content": "-----BEGIN RSA PRIVATE KEY-----\nMIIJJwIBAAKCAgEA6hTivmjeCuld2DdebG+N9xdV1qpYiqCOek8XcQAdQgdd4vIT\nqo20DRFFXZFlyQ07fzsyOaIsrffwpMJ3vpCi+0g+UhOBVaoh1gAX0a9W3H1QOvJA\nw7rM8xe/pq8Tan7+WdHRJZTDvK82vY+hAmEURX6IDyuG/BatFenc+cJFParZuZtw\nDWx04vSOWlmcx3ICik4SunZUfKTwHYIu8anaZBzPQIL38NP94zOiPzFd1gmqEL40\nkGNirJYd/2oDNVkvy7VxnZBOJU5xDfEm7FxGb7mt50EK7TfSabsbD8vdZMT/eKnB\nMZOCqoY2/B6Blgk/SZiSP8IKO7l6Zk4iEHcJFgHBFA3OmY5cO0P+uqqrLuuUtox1\n9m13ChQ+Oa3G823hfPnzHKyhguBseFDwv28mVPIwZ0k20iLoFCuSLvkXm5qTs/2P\nKj+Lf+xfqsp0DobvR6pEJ3HrGb3R40ywZuZlM3+lCv1KEAVHzRGE2r5OwgTnbiET\nQA3DhVGjAYO6vse4+jA7SzHmhPc3QktLFaiiQXpaNGxOar0nNlfnobWpHulN9fyK\nG+Y2nHIJJh1aBydusqan9qrDCtCok6s5LnHCAr5KVpN3tOj3du+IWRIp+culFXN5\njX4miDoQ1e7tTFl82UiQgm7bgIOduNbEOKRisy7v3HA372XRb+p3VNRA4zUCAwEA\nAQKCAgAqd16JX7oErcCmNKlPL8/IB3Y9qwrEH4upmcata/Fi5LY+MV+q/ekvw7Xb\nW0DlgB6Onv0mIotLhmMkaNlTe6btwnX36uz4TxSzX7HyiwZNmvhesUtZlv6OjXzp\n7vItTFu1jNCOKlZ2WS0rp650oYsNbn6dje5/tldxVcuOjhWEsgWs3Auwi8AK2oYm\n0wIT1tWqJK7WIBiEwmGDYPZGRmPF7MoWsIvtp2/0c44YO8sDxR4Syob7uOQSXmuT\nxjZNy9/Va5XwmVjsALaW6mx+zeDDbSKlBRJH5ewo3VZz/66rFOgqClXvugynBhFc\nnOYyg3v1TJYftgKoQiZ3/+3DIe1GNXntVwVl5YdRICHrN5sqUbKMyDzFDpC1DjX1\nyufchrcd0TjDNXFKg3ekW5Msnp1+nfVuOumUn7PjkQL4XJXImxiZGAegK/g+AUdQ\nRWNt6qeJYuIGfhene2zjJ5+ykofMBh00gUxnA6f+tHkMdK2Jz0SrqWSaJVT0VgMV\nihHsTaQtji561UAkLezfnxYPNwilK6/f+1LBH7pH5o7swouXc4yzuXALjtCqS6Im\nLcCVuil65wkEUR01XgreffZ1LLUYu0y93g8/OFq23Jl5xAEd9XlbOkq2H8jt2tx2\nf9kFh55hkm4jgp2qrUUL64opZhlAGPOKitaRZl2DJZmGFH8nEQKCAQEA9W1YUU0k\nHXgeDmK7U6CvSz5EaW8vmc/PBRETJBkcEdX2S+Gr+UoQfCfkcA4/fBUcALwOoBKq\ntC0sE8ZtBgHO+RF5/pWJpaN1hi8GBiGWWDT0X40O6Ccl4ZVeLcWK6qOkikCAr8Cr\nRLIT8Y3/SofWvvvn6OsWdtsGFY0isWPQXVN9Xul8LbX0rzS57VpV8Iua8yMDBkO7\n4XOKbSBWHxXK54ktCV7FFlaN8wBVe+Dj3bCcgcdQP0u92u9FTpJ3z4iHIwoYIkql\nJCuotel4LGiYNQSQ10meXi9aQtHA2S1eA6srJ6G7Ajaj8A3I6g51AvxRhB4xCWLt\nQ0dSrXU3msUVSQKCAQEA9CprDDtrEHfLyesIS+7oS12z0tS1mCJbSHi8tn5omW21\nohLEE8gZ5CbIHAVHqN3t3Q1gzZOnl+MyfJ3raE+TRfZzNqau6uvBX9IQoshIqRUJ\ngTlwqhpNsD1IW7ySqdTGMya1rZ+bgYIA0KWsgivIutZI7aQeewiLDmhpIyjFMSTx\nPfefi4QxoH4tSgURePt75jOHacA3lZNRS0aw350oS3JQIg8vxzm4/OCIi4me6AyW\n3tOCGpqBVIA5nq3Q3cvxLpegVv26pvGnSgf86Rhm55yCP8vjqMw4kxtaigqdskRU\n9aZQz+PeGIPdWg53BrPx5HID+Xs/rHZLSsCkuPTajQKCAQAHM40q3YuYvcSMAYOj\noYxjNdGGEnggGEPnzydzoLT9JP0UHuwP5Yd0TStbyl88gdYPg3UeZ03Q+Z5YejMK\nwRTUpBmjSbn/PTuek1Sm62dg8TTWdOoiD7wB0YMw7qHz3pdeYyQjhBDCdEM3jEYY\nZsH7WqLkZ7mCBU05ZqnE8LvVcTS1iz5UjQk/9tkZyNPKuh3y0m0tSuGBbQV7zD4a\nrWYFwzWqF7jKvgFuRu07NE8bWypMeI+3O763ZNvwwUV4tnXYplws7WnJFOrfY5le\nHDeTHq4tUwCtnNAWM9dnx/gBPY2HnSxClV3cFlt12rS+QK8XpFcmAlwZ5Ebdxhm6\nldvZAoIBAGnOt/TlCtBoGXe20jGVpjSCtpp2cvsqaERPjffHb6yNTlidqTqpTA8C\nf1UlNJiJE7rnQTvU8JtxaT93b7wUP83hrqvQL5y97V6IuYzRHiunYicNrTUJkQD+\njYyzexr9iaZA8Bn9QHYu0Auav9bpAmN02MWiiVLnsNrdhDIoSMuzJpej5w+eiaLz\nCs04xQmYcWigi93X3j6DSIdGav98KyoGr5MS4bGD4hYzdviA+su0KO0G2yqMKd9k\ncZPB3vE+n5WBP4pzCZ+uuL/sFj0sxes4d3kN8eoEFcAp6mJHl27ZDbgmCn8MUAJv\nokyUWCAfeoN0pSRHtKAX4yjRspA0C0ECggEAD3sBzQf61rrGwuj354DPdWwK/1uB\nwl/P11zm9ckwp3zOXGL5ry9eaATyWunkIjB3U6lqP8MgG6M/xuD0OGRbkRPV+fl6\nsOhXSAEvhVVZAzJ3h0jMpeGLsPoDrRsfLnUfCje7tYfydM+Sw7lBQrmddx0SlkZr\nZGewpD/0U/SMj08eFAl5hMZkiv6sSwgmobj6d1t0eZxuGq1bosd7Oq1A5AQA0CRL\nuphN31A2+Im9qpZJHkHJrUyIotIUWe3kNMafU0FzyzPfeEdaI27KqHopb32VOGNg\nssRN2NBUZek3uneVrLd84YzaI4LTxJHLGCPRww1528x7q6UuXj2HBVjYVA==\n-----END RSA PRIVATE KEY-----\n",
            "content_base64": null,
            "content_base64sha256": "gZG7Zmzyu3BrgPigErX2LyRqMAtOxCX+uuDcebYRNLc=",
            "content_base64sha512": "D7jTHwpLyG/wSk0BYk7Hkv2K3gSHGYh/8GEfb13cbKVvWGAJeJZd08TTHMM/jRMgK5KxIUmQfVanJK/6VzRCtw==",
            "content_md5": "56d0621f3bc69a90753f797dabfee538",
            "content_sha1": "dcc92f1a1b9741220c66130939ab8830eec6131b",
            "content_sha256": "8191bb666cf2bb706b80f8a012b5f62f246a300b4ec425febae0dc79b61134b7",
            "content_sha512": "0fb8d31f0a4bc86ff04a4d01624ec792fd8ade048719887ff0611f6f5ddc6ca56f58600978965dd3c4d31cc33f8d13202b92b12149907d56a724affa573442b7",
            "directory_permission": "0777",
            "file_permission": "0777",
            "filename": "C:/Users/sysop/Desktop/GitHub/hyomin-learn/2026_WorldSkills/Day1/3 충남/wsc2026.pem",
            "id": "dcc92f1a1b9741220c66130939ab8830eec6131b",
            "sensitive_content": null,
            "source": null
          },
          "sensitive_attributes": [
            [
              {
                "type": "get_attr",
                "value": "content"
              }
            ],
            [
              {
                "type": "get_attr",
                "value": "sensitive_content"
              }
            ]
          ],
          "identity_schema_version": 0,
          "dependencies": [
            "data.aws_availability_zones.az",
            "data.aws_caller_identity.current",
            "data.aws_ec2_managed_prefix_list.cloudfront",
            "data.aws_region.current",
            "module.dynamodb.aws_dynamodb_resource_policy.this",
            "module.dynamodb.aws_dynamodb_table.this",
            "module.dynamodb.aws_dynamodb_table_item.this",
            "module.dynamodb.data.aws_iam_policy_document.this",
            "module.ec2.tls_private_key.this",
            "module.file.aws_s3_bucket.this",
            "module.file.null_resource.ecr",
            "module.file.null_resource.eks",
            "module.file.null_resource.scripts",
            "module.file.random_string.this",
            "module.iam.aws_iam_policy.this",
            "module.iam.aws_iam_role.this",
            "module.iam.aws_iam_role_policy.inline",
            "module.iam.aws_iam_role_policy_attachment.custom",
            "module.iam.aws_iam_role_policy_attachment.managed",
            "module.iam.data.aws_iam_policy_document.this_policy",
            "module.iam.data.aws_iam_policy_document.this_role",
            "module.kms.aws_kms_alias.this",
            "module.kms.aws_kms_key.this",
            "module.kms.data.aws_iam_policy_document.this",
            "module.lambda.aws_iam_policy.this",
            "module.lambda.aws_iam_role.this",
            "module.lambda.aws_iam_role_policy_attachment.custom",
            "module.lambda.aws_iam_role_policy_attachment.managed",
            "module.lambda.aws_kms_ciphertext.this",
            "module.lambda.aws_lambda_function.this",
            "module.lambda.aws_lambda_function_url.this",
            "module.lambda.aws_security_group.this",
            "module.lambda.data.archive_file.this",
            "module.lambda.data.aws_iam_policy_document.this",
            "module.security_group.aws_security_group.this",
            "module.vpc.aws_default_route_table.this",
            "module.vpc.aws_default_security_group.this",
            "module.vpc.aws_eip.this",
            "module.vpc.aws_internet_gateway.this",
            "module.vpc.aws_nat_gateway.this",
            "module.vpc.aws_route.this",
            "module.vpc.aws_route_table.this",
            "module.vpc.aws_route_table_association.this",
            "module.vpc.aws_subnet.this",
            "module.vpc.aws_vpc.this"
          ]
        }
      ]
    },
    {
      "module": "module.ec2[\"wsc2026-bastion\"]",
      "mode": "managed",
      "type": "tls_private_key",
      "name": "this",
      "provider": "provider[\"registry.terraform.io/hashicorp/tls\"]",
      "instances": [
        {
          "index_key": 0,
          "schema_version": 1,
          "attributes": {
            "algorithm": "RSA",
            "ecdsa_curve": "P224",
            "id": "035c905bca1db884085a8c024e8e07623cab7bc1",
            "private_key_openssh": "-----BEGIN OPENSSH PRIVATE KEY-----\nb3BlbnNzaC1rZXktdjEAAAAABG5vbmUAAAAEbm9uZQAAAAAAAAABAAACFwAAAAdz\nc2gtcnNhAAAAAwEAAQAAAgEA6hTivmjeCuld2DdebG+N9xdV1qpYiqCOek8XcQAd\nQgdd4vITqo20DRFFXZFlyQ07fzsyOaIsrffwpMJ3vpCi+0g+UhOBVaoh1gAX0a9W\n3H1QOvJAw7rM8xe/pq8Tan7+WdHRJZTDvK82vY+hAmEURX6IDyuG/BatFenc+cJF\nParZuZtwDWx04vSOWlmcx3ICik4SunZUfKTwHYIu8anaZBzPQIL38NP94zOiPzFd\n1gmqEL40kGNirJYd/2oDNVkvy7VxnZBOJU5xDfEm7FxGb7mt50EK7TfSabsbD8vd\nZMT/eKnBMZOCqoY2/B6Blgk/SZiSP8IKO7l6Zk4iEHcJFgHBFA3OmY5cO0P+uqqr\nLuuUtox19m13ChQ+Oa3G823hfPnzHKyhguBseFDwv28mVPIwZ0k20iLoFCuSLvkX\nm5qTs/2PKj+Lf+xfqsp0DobvR6pEJ3HrGb3R40ywZuZlM3+lCv1KEAVHzRGE2r5O\nwgTnbiETQA3DhVGjAYO6vse4+jA7SzHmhPc3QktLFaiiQXpaNGxOar0nNlfnobWp\nHulN9fyKG+Y2nHIJJh1aBydusqan9qrDCtCok6s5LnHCAr5KVpN3tOj3du+IWRIp\n+culFXN5jX4miDoQ1e7tTFl82UiQgm7bgIOduNbEOKRisy7v3HA372XRb+p3VNRA\n4zUAAAc4OokPdDqJD3QAAAAHc3NoLXJzYQAAAgEA6hTivmjeCuld2DdebG+N9xdV\n1qpYiqCOek8XcQAdQgdd4vITqo20DRFFXZFlyQ07fzsyOaIsrffwpMJ3vpCi+0g+\nUhOBVaoh1gAX0a9W3H1QOvJAw7rM8xe/pq8Tan7+WdHRJZTDvK82vY+hAmEURX6I\nDyuG/BatFenc+cJFParZuZtwDWx04vSOWlmcx3ICik4SunZUfKTwHYIu8anaZBzP\nQIL38NP94zOiPzFd1gmqEL40kGNirJYd/2oDNVkvy7VxnZBOJU5xDfEm7FxGb7mt\n50EK7TfSabsbD8vdZMT/eKnBMZOCqoY2/B6Blgk/SZiSP8IKO7l6Zk4iEHcJFgHB\nFA3OmY5cO0P+uqqrLuuUtox19m13ChQ+Oa3G823hfPnzHKyhguBseFDwv28mVPIw\nZ0k20iLoFCuSLvkXm5qTs/2PKj+Lf+xfqsp0DobvR6pEJ3HrGb3R40ywZuZlM3+l\nCv1KEAVHzRGE2r5OwgTnbiETQA3DhVGjAYO6vse4+jA7SzHmhPc3QktLFaiiQXpa\nNGxOar0nNlfnobWpHulN9fyKG+Y2nHIJJh1aBydusqan9qrDCtCok6s5LnHCAr5K\nVpN3tOj3du+IWRIp+culFXN5jX4miDoQ1e7tTFl82UiQgm7bgIOduNbEOKRisy7v\n3HA372XRb+p3VNRA4zUAAAADAQABAAACACp3XolfugStwKY0qU8vz8gHdj2rCsQf\ni6mZxq1r8WLktj4xX6r96S/DtdtbQOWAHo6e/SYii0uGYyRo2VN7pu3Cdffq7PhP\nFLNfsfKLBk2a+F6xS1mW/o6NfOnu8i1MW7WM0I4qVnZZLSunrnShiw1ufp2N7n+2\nV3FVy46OFYSyBazcC7CLwArahibTAhPW1aokrtYgGITCYYNg9kZGY8Xsyhawi+2n\nb/Rzjhg7ywPFHhLKhvu45BJea5PGNk3L39VrlfCZWOwAtpbqbH7N4MNtIqUFEkfl\n7CjdVnP/rqsU6CoKVe+6DKcGEVyc5jKDe/VMlh+2AqhCJnf/7cMh7UY1ee1XBWXl\nh1EgIes3mypRsozIPMUOkLUONfXK59yGtx3ROMM1cUqDd6RbkyyenX6d9W466ZSf\ns+ORAvhclcibGJkYB6Ar+D4BR1BFY23qp4li4gZ+F6d7bOMnn7KSh8wGHTSBTGcD\np/60eQx0rYnPRKupZJolVPRWAxWKEexNpC2OLnrVQCQt7N+fFg83CKUrr9/7UsEf\nukfmjuzCi5dzjLO5cAuO0KpLoiYtwJW6KXrnCQRRHTVeCt599nUstRi7TL3eDz84\nWrbcmXnEAR31eVs6SrYfyO3a3HZ/2QWHnmGSbiOCnaqtRQvriilmGUAY84qK1pFm\nXYMlmYYUfycRAAABAA97Ac0H+ta6xsLo9+eAz3VsCv9bgcJfz9dc5vXJMKd8zlxi\n+a8vXmgE8lrp5CIwd1Opaj/DIBujP8bg9DhkW5ET1fn5erDoV0gBL4VVWQMyd4dI\nzKXhi7D6A60bHy51Hwo3u7WH8nTPksO5QUK5nXcdEpZGa2RnsKQ/9FP0jI9PHhQJ\neYTGZIr+rEsIJqG4+ndbdHmcbhqtW6LHezqtQOQEANAkS7qYTd9QNviJvaqWSR5B\nya1MiKLSFFnt5DTGn1NBc8sz33hHWiNuyqh6KW99lThjYLLETdjQVGXpN7p3lay3\nfOGM2iOC08SRyxgj0cMNedvMe6ulLl49hwVY2FQAAAEBAPVtWFFNJB14Hg5iu1Og\nr0s+RGlvL5nPzwUREyQZHBHV9kvhq/lKEHwn5HAOP3wVHAC8DqASqrQtLBPGbQYB\nzvkRef6ViaWjdYYvBgYhllg09F+NDugnJeGVXi3FiuqjpIpAgK/Aq0SyE/GN/0qH\n1r775+jrFnbbBhWNIrFj0F1TfV7pfC219K80ue1aVfCLmvMjAwZDu+Fzim0gVh8V\nyueJLQlexRZWjfMAVXvg492wnIHHUD9LvdrvRU6Sd8+IhyMKGCJKpSQrqLXpeCxo\nmDUEkNdJnl4vWkLRwNktXgOrKyehuwI2o/ANyOoOdQL8UYQeMQli7UNHUq11N5rF\nFUkAAAEBAPQqaww7axB3y8nrCEvu6Etds9LUtZgiW0h4vLZ+aJlttaISxBPIGeQm\nyBwFR6jd7d0NYM2Tp5fjMnyd62hPk0X2czamrurrwV/SEKLISKkVCYE5cKoaTbA9\nSFu8kqnUxjMmta2fm4GCANClrIIryLrWSO2kHnsIiw5oaSMoxTEk8T33n4uEMaB+\nLUoFEXj7e+Yzh2nAN5WTUUtGsN+dKEtyUCIPL8c5uPzgiIuJnugMlt7TghqagVSA\nOZ6t0N3L8S6XoFb9uqbxp0oH/OkYZuecgj/L46jMOJMbWooKnbJEVPWmUM/j3hiD\n3VoOdwaz8eRyA/l7P6x2S0rApLj02o0AAAAAAQID\n-----END OPENSSH PRIVATE KEY-----\n",
            "private_key_pem": "-----BEGIN RSA PRIVATE KEY-----\nMIIJJwIBAAKCAgEA6hTivmjeCuld2DdebG+N9xdV1qpYiqCOek8XcQAdQgdd4vIT\nqo20DRFFXZFlyQ07fzsyOaIsrffwpMJ3vpCi+0g+UhOBVaoh1gAX0a9W3H1QOvJA\nw7rM8xe/pq8Tan7+WdHRJZTDvK82vY+hAmEURX6IDyuG/BatFenc+cJFParZuZtw\nDWx04vSOWlmcx3ICik4SunZUfKTwHYIu8anaZBzPQIL38NP94zOiPzFd1gmqEL40\nkGNirJYd/2oDNVkvy7VxnZBOJU5xDfEm7FxGb7mt50EK7TfSabsbD8vdZMT/eKnB\nMZOCqoY2/B6Blgk/SZiSP8IKO7l6Zk4iEHcJFgHBFA3OmY5cO0P+uqqrLuuUtox1\n9m13ChQ+Oa3G823hfPnzHKyhguBseFDwv28mVPIwZ0k20iLoFCuSLvkXm5qTs/2P\nKj+Lf+xfqsp0DobvR6pEJ3HrGb3R40ywZuZlM3+lCv1KEAVHzRGE2r5OwgTnbiET\nQA3DhVGjAYO6vse4+jA7SzHmhPc3QktLFaiiQXpaNGxOar0nNlfnobWpHulN9fyK\nG+Y2nHIJJh1aBydusqan9qrDCtCok6s5LnHCAr5KVpN3tOj3du+IWRIp+culFXN5\njX4miDoQ1e7tTFl82UiQgm7bgIOduNbEOKRisy7v3HA372XRb+p3VNRA4zUCAwEA\nAQKCAgAqd16JX7oErcCmNKlPL8/IB3Y9qwrEH4upmcata/Fi5LY+MV+q/ekvw7Xb\nW0DlgB6Onv0mIotLhmMkaNlTe6btwnX36uz4TxSzX7HyiwZNmvhesUtZlv6OjXzp\n7vItTFu1jNCOKlZ2WS0rp650oYsNbn6dje5/tldxVcuOjhWEsgWs3Auwi8AK2oYm\n0wIT1tWqJK7WIBiEwmGDYPZGRmPF7MoWsIvtp2/0c44YO8sDxR4Syob7uOQSXmuT\nxjZNy9/Va5XwmVjsALaW6mx+zeDDbSKlBRJH5ewo3VZz/66rFOgqClXvugynBhFc\nnOYyg3v1TJYftgKoQiZ3/+3DIe1GNXntVwVl5YdRICHrN5sqUbKMyDzFDpC1DjX1\nyufchrcd0TjDNXFKg3ekW5Msnp1+nfVuOumUn7PjkQL4XJXImxiZGAegK/g+AUdQ\nRWNt6qeJYuIGfhene2zjJ5+ykofMBh00gUxnA6f+tHkMdK2Jz0SrqWSaJVT0VgMV\nihHsTaQtji561UAkLezfnxYPNwilK6/f+1LBH7pH5o7swouXc4yzuXALjtCqS6Im\nLcCVuil65wkEUR01XgreffZ1LLUYu0y93g8/OFq23Jl5xAEd9XlbOkq2H8jt2tx2\nf9kFh55hkm4jgp2qrUUL64opZhlAGPOKitaRZl2DJZmGFH8nEQKCAQEA9W1YUU0k\nHXgeDmK7U6CvSz5EaW8vmc/PBRETJBkcEdX2S+Gr+UoQfCfkcA4/fBUcALwOoBKq\ntC0sE8ZtBgHO+RF5/pWJpaN1hi8GBiGWWDT0X40O6Ccl4ZVeLcWK6qOkikCAr8Cr\nRLIT8Y3/SofWvvvn6OsWdtsGFY0isWPQXVN9Xul8LbX0rzS57VpV8Iua8yMDBkO7\n4XOKbSBWHxXK54ktCV7FFlaN8wBVe+Dj3bCcgcdQP0u92u9FTpJ3z4iHIwoYIkql\nJCuotel4LGiYNQSQ10meXi9aQtHA2S1eA6srJ6G7Ajaj8A3I6g51AvxRhB4xCWLt\nQ0dSrXU3msUVSQKCAQEA9CprDDtrEHfLyesIS+7oS12z0tS1mCJbSHi8tn5omW21\nohLEE8gZ5CbIHAVHqN3t3Q1gzZOnl+MyfJ3raE+TRfZzNqau6uvBX9IQoshIqRUJ\ngTlwqhpNsD1IW7ySqdTGMya1rZ+bgYIA0KWsgivIutZI7aQeewiLDmhpIyjFMSTx\nPfefi4QxoH4tSgURePt75jOHacA3lZNRS0aw350oS3JQIg8vxzm4/OCIi4me6AyW\n3tOCGpqBVIA5nq3Q3cvxLpegVv26pvGnSgf86Rhm55yCP8vjqMw4kxtaigqdskRU\n9aZQz+PeGIPdWg53BrPx5HID+Xs/rHZLSsCkuPTajQKCAQAHM40q3YuYvcSMAYOj\noYxjNdGGEnggGEPnzydzoLT9JP0UHuwP5Yd0TStbyl88gdYPg3UeZ03Q+Z5YejMK\nwRTUpBmjSbn/PTuek1Sm62dg8TTWdOoiD7wB0YMw7qHz3pdeYyQjhBDCdEM3jEYY\nZsH7WqLkZ7mCBU05ZqnE8LvVcTS1iz5UjQk/9tkZyNPKuh3y0m0tSuGBbQV7zD4a\nrWYFwzWqF7jKvgFuRu07NE8bWypMeI+3O763ZNvwwUV4tnXYplws7WnJFOrfY5le\nHDeTHq4tUwCtnNAWM9dnx/gBPY2HnSxClV3cFlt12rS+QK8XpFcmAlwZ5Ebdxhm6\nldvZAoIBAGnOt/TlCtBoGXe20jGVpjSCtpp2cvsqaERPjffHb6yNTlidqTqpTA8C\nf1UlNJiJE7rnQTvU8JtxaT93b7wUP83hrqvQL5y97V6IuYzRHiunYicNrTUJkQD+\njYyzexr9iaZA8Bn9QHYu0Auav9bpAmN02MWiiVLnsNrdhDIoSMuzJpej5w+eiaLz\nCs04xQmYcWigi93X3j6DSIdGav98KyoGr5MS4bGD4hYzdviA+su0KO0G2yqMKd9k\ncZPB3vE+n5WBP4pzCZ+uuL/sFj0sxes4d3kN8eoEFcAp6mJHl27ZDbgmCn8MUAJv\nokyUWCAfeoN0pSRHtKAX4yjRspA0C0ECggEAD3sBzQf61rrGwuj354DPdWwK/1uB\nwl/P11zm9ckwp3zOXGL5ry9eaATyWunkIjB3U6lqP8MgG6M/xuD0OGRbkRPV+fl6\nsOhXSAEvhVVZAzJ3h0jMpeGLsPoDrRsfLnUfCje7tYfydM+Sw7lBQrmddx0SlkZr\nZGewpD/0U/SMj08eFAl5hMZkiv6sSwgmobj6d1t0eZxuGq1bosd7Oq1A5AQA0CRL\nuphN31A2+Im9qpZJHkHJrUyIotIUWe3kNMafU0FzyzPfeEdaI27KqHopb32VOGNg\nssRN2NBUZek3uneVrLd84YzaI4LTxJHLGCPRww1528x7q6UuXj2HBVjYVA==\n-----END RSA PRIVATE KEY-----\n",
            "private_key_pem_pkcs8": "-----BEGIN PRIVATE KEY-----\nMIIJQQIBADANBgkqhkiG9w0BAQEFAASCCSswggknAgEAAoICAQDqFOK+aN4K6V3Y\nN15sb433F1XWqliKoI56TxdxAB1CB13i8hOqjbQNEUVdkWXJDTt/OzI5oiyt9/Ck\nwne+kKL7SD5SE4FVqiHWABfRr1bcfVA68kDDuszzF7+mrxNqfv5Z0dEllMO8rza9\nj6ECYRRFfogPK4b8Fq0V6dz5wkU9qtm5m3ANbHTi9I5aWZzHcgKKThK6dlR8pPAd\ngi7xqdpkHM9Agvfw0/3jM6I/MV3WCaoQvjSQY2Kslh3/agM1WS/LtXGdkE4lTnEN\n8SbsXEZvua3nQQrtN9JpuxsPy91kxP94qcExk4Kqhjb8HoGWCT9JmJI/wgo7uXpm\nTiIQdwkWAcEUDc6Zjlw7Q/66qqsu65S2jHX2bXcKFD45rcbzbeF8+fMcrKGC4Gx4\nUPC/byZU8jBnSTbSIugUK5Iu+RebmpOz/Y8qP4t/7F+qynQOhu9HqkQncesZvdHj\nTLBm5mUzf6UK/UoQBUfNEYTavk7CBOduIRNADcOFUaMBg7q+x7j6MDtLMeaE9zdC\nS0sVqKJBelo0bE5qvSc2V+ehtake6U31/Iob5jaccgkmHVoHJ26ypqf2qsMK0KiT\nqzkuccICvkpWk3e06Pd274hZEin5y6UVc3mNfiaIOhDV7u1MWXzZSJCCbtuAg524\n1sQ4pGKzLu/ccDfvZdFv6ndU1EDjNQIDAQABAoICACp3XolfugStwKY0qU8vz8gH\ndj2rCsQfi6mZxq1r8WLktj4xX6r96S/DtdtbQOWAHo6e/SYii0uGYyRo2VN7pu3C\ndffq7PhPFLNfsfKLBk2a+F6xS1mW/o6NfOnu8i1MW7WM0I4qVnZZLSunrnShiw1u\nfp2N7n+2V3FVy46OFYSyBazcC7CLwArahibTAhPW1aokrtYgGITCYYNg9kZGY8Xs\nyhawi+2nb/Rzjhg7ywPFHhLKhvu45BJea5PGNk3L39VrlfCZWOwAtpbqbH7N4MNt\nIqUFEkfl7CjdVnP/rqsU6CoKVe+6DKcGEVyc5jKDe/VMlh+2AqhCJnf/7cMh7UY1\nee1XBWXlh1EgIes3mypRsozIPMUOkLUONfXK59yGtx3ROMM1cUqDd6RbkyyenX6d\n9W466ZSfs+ORAvhclcibGJkYB6Ar+D4BR1BFY23qp4li4gZ+F6d7bOMnn7KSh8wG\nHTSBTGcDp/60eQx0rYnPRKupZJolVPRWAxWKEexNpC2OLnrVQCQt7N+fFg83CKUr\nr9/7UsEfukfmjuzCi5dzjLO5cAuO0KpLoiYtwJW6KXrnCQRRHTVeCt599nUstRi7\nTL3eDz84WrbcmXnEAR31eVs6SrYfyO3a3HZ/2QWHnmGSbiOCnaqtRQvriilmGUAY\n84qK1pFmXYMlmYYUfycRAoIBAQD1bVhRTSQdeB4OYrtToK9LPkRpby+Zz88FERMk\nGRwR1fZL4av5ShB8J+RwDj98FRwAvA6gEqq0LSwTxm0GAc75EXn+lYmlo3WGLwYG\nIZZYNPRfjQ7oJyXhlV4txYrqo6SKQICvwKtEshPxjf9Kh9a+++fo6xZ22wYVjSKx\nY9BdU31e6XwttfSvNLntWlXwi5rzIwMGQ7vhc4ptIFYfFcrniS0JXsUWVo3zAFV7\n4OPdsJyBx1A/S73a70VOknfPiIcjChgiSqUkK6i16XgsaJg1BJDXSZ5eL1pC0cDZ\nLV4DqysnobsCNqPwDcjqDnUC/FGEHjEJYu1DR1KtdTeaxRVJAoIBAQD0KmsMO2sQ\nd8vJ6whL7uhLXbPS1LWYIltIeLy2fmiZbbWiEsQTyBnkJsgcBUeo3e3dDWDNk6eX\n4zJ8netoT5NF9nM2pq7q68Ff0hCiyEipFQmBOXCqGk2wPUhbvJKp1MYzJrWtn5uB\nggDQpayCK8i61kjtpB57CIsOaGkjKMUxJPE995+LhDGgfi1KBRF4+3vmM4dpwDeV\nk1FLRrDfnShLclAiDy/HObj84IiLiZ7oDJbe04IamoFUgDmerdDdy/Eul6BW/bqm\n8adKB/zpGGbnnII/y+OozDiTG1qKCp2yRFT1plDP494Yg91aDncGs/HkcgP5ez+s\ndktKwKS49NqNAoIBAAczjSrdi5i9xIwBg6OhjGM10YYSeCAYQ+fPJ3OgtP0k/RQe\n7A/lh3RNK1vKXzyB1g+DdR5nTdD5nlh6MwrBFNSkGaNJuf89O56TVKbrZ2DxNNZ0\n6iIPvAHRgzDuofPel15jJCOEEMJ0QzeMRhhmwftaouRnuYIFTTlmqcTwu9VxNLWL\nPlSNCT/22RnI08q6HfLSbS1K4YFtBXvMPhqtZgXDNaoXuMq+AW5G7Ts0TxtbKkx4\nj7c7vrdk2/DBRXi2ddimXCztackU6t9jmV4cN5Meri1TAK2c0BYz12fH+AE9jYed\nLEKVXdwWW3XatL5ArxekVyYCXBnkRt3GGbqV29kCggEAac639OUK0GgZd7bSMZWm\nNIK2mnZy+ypoRE+N98dvrI1OWJ2pOqlMDwJ/VSU0mIkTuudBO9Twm3FpP3dvvBQ/\nzeGuq9AvnL3tXoi5jNEeK6diJw2tNQmRAP6NjLN7Gv2JpkDwGf1Adi7QC5q/1ukC\nY3TYxaKJUuew2t2EMihIy7Mml6PnD56JovMKzTjFCZhxaKCL3dfePoNIh0Zq/3wr\nKgavkxLhsYPiFjN2+ID6y7Qo7QbbKowp32Rxk8He8T6flYE/inMJn664v+wWPSzF\n6zh3eQ3x6gQVwCnqYkeXbtkNuCYKfwxQAm+iTJRYIB96g3SlJEe0oBfjKNGykDQL\nQQKCAQAPewHNB/rWusbC6PfngM91bAr/W4HCX8/XXOb1yTCnfM5cYvmvL15oBPJa\n6eQiMHdTqWo/wyAboz/G4PQ4ZFuRE9X5+Xqw6FdIAS+FVVkDMneHSMyl4Yuw+gOt\nGx8udR8KN7u1h/J0z5LDuUFCuZ13HRKWRmtkZ7CkP/RT9IyPTx4UCXmExmSK/qxL\nCCahuPp3W3R5nG4arVuix3s6rUDkBADQJEu6mE3fUDb4ib2qlkkeQcmtTIii0hRZ\n7eQ0xp9TQXPLM994R1ojbsqoeilvfZU4Y2CyxE3Y0FRl6Te6d5Wst3zhjNojgtPE\nkcsYI9HDDXnbzHurpS5ePYcFWNhU\n-----END PRIVATE KEY-----\n",
            "public_key_fingerprint_md5": "46:ef:29:a7:f5:ea:f8:d6:c8:37:0a:93:62:bb:ad:ba",
            "public_key_fingerprint_sha256": "SHA256:1xUXyS6udWPbLgAb3/4OZyPS4e9KXKNXX8aW5uiFqrA",
            "public_key_openssh": "ssh-rsa AAAAB3NzaC1yc2EAAAADAQABAAACAQDqFOK+aN4K6V3YN15sb433F1XWqliKoI56TxdxAB1CB13i8hOqjbQNEUVdkWXJDTt/OzI5oiyt9/Ckwne+kKL7SD5SE4FVqiHWABfRr1bcfVA68kDDuszzF7+mrxNqfv5Z0dEllMO8rza9j6ECYRRFfogPK4b8Fq0V6dz5wkU9qtm5m3ANbHTi9I5aWZzHcgKKThK6dlR8pPAdgi7xqdpkHM9Agvfw0/3jM6I/MV3WCaoQvjSQY2Kslh3/agM1WS/LtXGdkE4lTnEN8SbsXEZvua3nQQrtN9JpuxsPy91kxP94qcExk4Kqhjb8HoGWCT9JmJI/wgo7uXpmTiIQdwkWAcEUDc6Zjlw7Q/66qqsu65S2jHX2bXcKFD45rcbzbeF8+fMcrKGC4Gx4UPC/byZU8jBnSTbSIugUK5Iu+RebmpOz/Y8qP4t/7F+qynQOhu9HqkQncesZvdHjTLBm5mUzf6UK/UoQBUfNEYTavk7CBOduIRNADcOFUaMBg7q+x7j6MDtLMeaE9zdCS0sVqKJBelo0bE5qvSc2V+ehtake6U31/Iob5jaccgkmHVoHJ26ypqf2qsMK0KiTqzkuccICvkpWk3e06Pd274hZEin5y6UVc3mNfiaIOhDV7u1MWXzZSJCCbtuAg5241sQ4pGKzLu/ccDfvZdFv6ndU1EDjNQ==\n",
            "public_key_pem": "-----BEGIN PUBLIC KEY-----\nMIICIjANBgkqhkiG9w0BAQEFAAOCAg8AMIICCgKCAgEA6hTivmjeCuld2DdebG+N\n9xdV1qpYiqCOek8XcQAdQgdd4vITqo20DRFFXZFlyQ07fzsyOaIsrffwpMJ3vpCi\n+0g+UhOBVaoh1gAX0a9W3H1QOvJAw7rM8xe/pq8Tan7+WdHRJZTDvK82vY+hAmEU\nRX6IDyuG/BatFenc+cJFParZuZtwDWx04vSOWlmcx3ICik4SunZUfKTwHYIu8ana\nZBzPQIL38NP94zOiPzFd1gmqEL40kGNirJYd/2oDNVkvy7VxnZBOJU5xDfEm7FxG\nb7mt50EK7TfSabsbD8vdZMT/eKnBMZOCqoY2/B6Blgk/SZiSP8IKO7l6Zk4iEHcJ\nFgHBFA3OmY5cO0P+uqqrLuuUtox19m13ChQ+Oa3G823hfPnzHKyhguBseFDwv28m\nVPIwZ0k20iLoFCuSLvkXm5qTs/2PKj+Lf+xfqsp0DobvR6pEJ3HrGb3R40ywZuZl\nM3+lCv1KEAVHzRGE2r5OwgTnbiETQA3DhVGjAYO6vse4+jA7SzHmhPc3QktLFaii\nQXpaNGxOar0nNlfnobWpHulN9fyKG+Y2nHIJJh1aBydusqan9qrDCtCok6s5LnHC\nAr5KVpN3tOj3du+IWRIp+culFXN5jX4miDoQ1e7tTFl82UiQgm7bgIOduNbEOKRi\nsy7v3HA372XRb+p3VNRA4zUCAwEAAQ==\n-----END PUBLIC KEY-----\n",
            "rsa_bits": 4096
          },
          "sensitive_attributes": [
            [
              {
                "type": "get_attr",
                "value": "private_key_openssh"
              }
            ],
            [
              {
                "type": "get_attr",
                "value": "private_key_pem"
              }
            ],
            [
              {
                "type": "get_attr",
                "value": "private_key_pem_pkcs8"
              }
            ]
          ],
          "identity_schema_version": 0,
          "dependencies": [
            "data.aws_availability_zones.az",
            "data.aws_caller_identity.current",
            "data.aws_ec2_managed_prefix_list.cloudfront",
            "data.aws_region.current",
            "module.dynamodb.aws_dynamodb_resource_policy.this",
            "module.dynamodb.aws_dynamodb_table.this",
            "module.dynamodb.aws_dynamodb_table_item.this",
            "module.dynamodb.data.aws_iam_policy_document.this",
            "module.file.aws_s3_bucket.this",
            "module.file.null_resource.ecr",
            "module.file.null_resource.eks",
            "module.file.null_resource.scripts",
            "module.file.random_string.this",
            "module.iam.aws_iam_policy.this",
            "module.iam.aws_iam_role.this",
            "module.iam.aws_iam_role_policy.inline",
            "module.iam.aws_iam_role_policy_attachment.custom",
            "module.iam.aws_iam_role_policy_attachment.managed",
            "module.iam.data.aws_iam_policy_document.this_policy",
            "module.iam.data.aws_iam_policy_document.this_role",
            "module.kms.aws_kms_alias.this",
            "module.kms.aws_kms_key.this",
            "module.kms.data.aws_iam_policy_document.this",
            "module.lambda.aws_iam_policy.this",
            "module.lambda.aws_iam_role.this",
            "module.lambda.aws_iam_role_policy_attachment.custom",
            "module.lambda.aws_iam_role_policy_attachment.managed",
            "module.lambda.aws_kms_ciphertext.this",
            "module.lambda.aws_lambda_function.this",
            "module.lambda.aws_lambda_function_url.this",
            "module.lambda.aws_security_group.this",
            "module.lambda.data.archive_file.this",
            "module.lambda.data.aws_iam_policy_document.this",
            "module.security_group.aws_security_group.this",
            "module.vpc.aws_default_route_table.this",
            "module.vpc.aws_default_security_group.this",
            "module.vpc.aws_eip.this",
            "module.vpc.aws_internet_gateway.this",
            "module.vpc.aws_nat_gateway.this",
            "module.vpc.aws_route.this",
            "module.vpc.aws_route_table.this",
            "module.vpc.aws_route_table_association.this",
            "module.vpc.aws_subnet.this",
            "module.vpc.aws_vpc.this"
          ]
        }
      ]
    },
    {
      "module": "module.ecr[\"wsc2026-book-ecr\"]",
      "mode": "data",
      "type": "aws_caller_identity",
      "name": "current",
      "provider": "provider[\"registry.terraform.io/hashicorp/aws\"]",
      "instances": [
        {
          "schema_version": 0,
          "attributes": {
            "account_id": "076472864721",
            "arn": "arn:aws:iam::076472864721:user/skills-user",
            "id": "076472864721",
            "user_id": "AIDARDTRDJ7I2YOPX6I2M"
          },
          "sensitive_attributes": [],
          "identity_schema_version": 0
        }
      ]
    },
    {
      "module": "module.ecr[\"wsc2026-book-ecr\"]",
      "mode": "data",
      "type": "aws_region",
      "name": "current",
      "provider": "provider[\"registry.terraform.io/hashicorp/aws\"]",
      "instances": [
        {
          "schema_version": 0,
          "attributes": {
            "description": "Asia Pacific (Seoul)",
            "endpoint": "ec2.ap-northeast-2.amazonaws.com",
            "id": "ap-northeast-2",
            "name": "ap-northeast-2",
            "region": "ap-northeast-2"
          },
          "sensitive_attributes": [],
          "identity_schema_version": 0
        }
      ]
    },
    {
      "module": "module.ecr[\"wsc2026-book-ecr\"]",
      "mode": "managed",
      "type": "aws_ecr_repository",
      "name": "this",
      "provider": "provider[\"registry.terraform.io/hashicorp/aws\"]",
      "instances": [
        {
          "schema_version": 0,
          "attributes": {
            "arn": "arn:aws:ecr:ap-northeast-2:076472864721:repository/wsc2026-book-ecr",
            "encryption_configuration": [
              {
                "encryption_type": "KMS",
                "kms_key": "arn:aws:kms:ap-northeast-2:076472864721:key/7aac3557-fadd-4a03-97ae-a1b749a4a7f0"
              }
            ],
            "force_delete": null,
            "id": "wsc2026-book-ecr",
            "image_scanning_configuration": [
              {
                "scan_on_push": true
              }
            ],
            "image_tag_mutability": "MUTABLE_WITH_EXCLUSION",
            "image_tag_mutability_exclusion_filter": [
              {
                "filter": "v1*",
                "filter_type": "WILDCARD"
              }
            ],
            "name": "wsc2026-book-ecr",
            "region": "ap-northeast-2",
            "registry_id": "076472864721",
            "repository_url": "076472864721.dkr.ecr.ap-northeast-2.amazonaws.com/wsc2026-book-ecr",
            "tags": {
              "Name": "wsc2026-book-ecr"
            },
            "tags_all": {
              "Name": "wsc2026-book-ecr"
            },
            "timeouts": null
          },
          "sensitive_attributes": [],
          "identity_schema_version": 0,
          "identity": {
            "account_id": "076472864721",
            "name": "wsc2026-book-ecr",
            "region": "ap-northeast-2"
          },
          "private": "eyJlMmJmYjczMC1lY2FhLTExZTYtOGY4OC0zNDM2M2JjN2M0YzAiOnsiZGVsZXRlIjoxMjAwMDAwMDAwMDAwfX0=",
          "dependencies": [
            "data.aws_caller_identity.current",
            "module.kms.aws_kms_alias.this",
            "module.kms.aws_kms_key.this",
            "module.kms.data.aws_iam_policy_document.this"
          ]
        }
      ]
    },
    {
      "module": "module.file",
      "mode": "managed",
      "type": "aws_s3_bucket",
      "name": "this",
      "provider": "provider[\"registry.terraform.io/hashicorp/aws\"]",
      "instances": [
        {
          "schema_version": 0,
          "attributes": {
            "acceleration_status": "",
            "acl": null,
            "arn": "arn:aws:s3:::wsc-image-7175",
            "bucket": "wsc-image-7175",
            "bucket_domain_name": "wsc-image-7175.s3.amazonaws.com",
            "bucket_namespace": "global",
            "bucket_prefix": "",
            "bucket_region": "ap-northeast-2",
            "bucket_regional_domain_name": "wsc-image-7175.s3.ap-northeast-2.amazonaws.com",
            "cors_rule": [],
            "force_destroy": true,
            "grant": [
              {
                "id": "9fdbee916b1016faf02368d714b7743fa0ce13569966c7cb9d6ec97b9fc2c45a",
                "permissions": [
                  "FULL_CONTROL"
                ],
                "type": "CanonicalUser",
                "uri": ""
              }
            ],
            "hosted_zone_id": "Z3W03O7B5YMIYP",
            "id": "wsc-image-7175",
            "lifecycle_rule": [],
            "logging": [],
            "object_lock_configuration": [],
            "object_lock_enabled": false,
            "policy": "",
            "region": "ap-northeast-2",
            "replication_configuration": [],
            "request_payer": "BucketOwner",
            "server_side_encryption_configuration": [
              {
                "rule": [
                  {
                    "apply_server_side_encryption_by_default": [
                      {
                        "kms_master_key_id": "",
                        "sse_algorithm": "AES256"
                      }
                    ],
                    "bucket_key_enabled": false
                  }
                ]
              }
            ],
            "tags": null,
            "tags_all": {},
            "timeouts": null,
            "versioning": [
              {
                "enabled": false,
                "mfa_delete": false
              }
            ],
            "website": [],
            "website_domain": null,
            "website_endpoint": null
          },
          "sensitive_attributes": [],
          "identity_schema_version": 0,
          "identity": {
            "account_id": "076472864721",
            "bucket": "wsc-image-7175",
            "region": "ap-northeast-2"
          },
          "private": "eyJlMmJmYjczMC1lY2FhLTExZTYtOGY4OC0zNDM2M2JjN2M0YzAiOnsiY3JlYXRlIjoxMjAwMDAwMDAwMDAwLCJkZWxldGUiOjM2MDAwMDAwMDAwMDAsInJlYWQiOjEyMDAwMDAwMDAwMDAsInVwZGF0ZSI6MTIwMDAwMDAwMDAwMH19",
          "dependencies": [
            "module.file.random_string.this"
          ]
        }
      ]
    },
    {
      "module": "module.file",
      "mode": "managed",
      "type": "null_resource",
      "name": "ecr",
      "provider": "provider[\"registry.terraform.io/hashicorp/null\"]",
      "instances": [
        {
          "schema_version": 0,
          "attributes": {
            "id": "8582041618348944687",
            "triggers": {
              "always_run": "2026-08-22T17:36:30Z"
            }
          },
          "sensitive_attributes": [],
          "identity_schema_version": 0,
          "dependencies": [
            "module.file.aws_s3_bucket.this",
            "module.file.random_string.this"
          ]
        }
      ]
    },
    {
      "module": "module.file",
      "mode": "managed",
      "type": "null_resource",
      "name": "eks",
      "provider": "provider[\"registry.terraform.io/hashicorp/null\"]",
      "instances": [
        {
          "schema_version": 0,
          "attributes": {
            "id": "7962349569512976864",
            "triggers": {
              "always_run": "2026-08-22T17:36:30Z"
            }
          },
          "sensitive_attributes": [],
          "identity_schema_version": 0,
          "dependencies": [
            "module.file.aws_s3_bucket.this",
            "module.file.random_string.this"
          ]
        }
      ]
    },
    {
      "module": "module.file",
      "mode": "managed",
      "type": "null_resource",
      "name": "scripts",
      "provider": "provider[\"registry.terraform.io/hashicorp/null\"]",
      "instances": [
        {
          "schema_version": 0,
          "attributes": {
            "id": "5831669503298642091",
            "triggers": {
              "always_run": "2026-08-22T17:36:30Z"
            }
          },
          "sensitive_attributes": [],
          "identity_schema_version": 0,
          "dependencies": [
            "module.file.aws_s3_bucket.this",
            "module.file.random_string.this"
          ]
        }
      ]
    },
    {
      "module": "module.file",
      "mode": "managed",
      "type": "random_string",
      "name": "this",
      "provider": "provider[\"registry.terraform.io/hashicorp/random\"]",
      "instances": [
        {
          "schema_version": 2,
          "attributes": {
            "id": "7175",
            "keepers": null,
            "length": 4,
            "lower": false,
            "min_lower": 0,
            "min_numeric": 0,
            "min_special": 0,
            "min_upper": 0,
            "number": true,
            "numeric": true,
            "override_special": null,
            "result": "7175",
            "special": false,
            "upper": false
          },
          "sensitive_attributes": [],
          "identity_schema_version": 0
        }
      ]
    },
    {
      "module": "module.iam[\"wsc2026-book-pod-role\"]",
      "mode": "data",
      "type": "aws_iam_policy_document",
      "name": "this_policy",
      "provider": "provider[\"registry.terraform.io/hashicorp/aws\"]",
      "instances": [
        {
          "schema_version": 0,
          "attributes": {
            "id": "343920511",
            "json": "{\n  \"Version\": \"2012-10-17\",\n  \"Statement\": [\n    {\n      \"Effect\": \"Allow\",\n      \"Action\": \"dynamodb:PutItem\",\n      \"Resource\": \"arn:aws:dynamodb:ap-northeast-2:076472864721:table/wsc2026-book-table\"\n    }\n  ]\n}",
            "minified_json": "{\"Version\":\"2012-10-17\",\"Statement\":[{\"Effect\":\"Allow\",\"Action\":\"dynamodb:PutItem\",\"Resource\":\"arn:aws:dynamodb:ap-northeast-2:076472864721:table/wsc2026-book-table\"}]}",
            "override_json": null,
            "override_policy_documents": null,
            "policy_id": null,
            "source_json": null,
            "source_policy_documents": null,
            "statement": [
              {
                "actions": [
                  "dynamodb:PutItem"
                ],
                "condition": [],
                "effect": "Allow",
                "not_actions": [],
                "not_principals": [],
                "not_resources": [],
                "principals": [],
                "resources": [
                  "arn:aws:dynamodb:ap-northeast-2:076472864721:table/wsc2026-book-table"
                ],
                "sid": ""
              }
            ],
            "version": "2012-10-17"
          },
          "sensitive_attributes": [],
          "identity_schema_version": 0
        }
      ]
    },
    {
      "module": "module.iam[\"wsc2026-book-pod-role\"]",
      "mode": "data",
      "type": "aws_iam_policy_document",
      "name": "this_role",
      "provider": "provider[\"registry.terraform.io/hashicorp/aws\"]",
      "instances": [
        {
          "schema_version": 0,
          "attributes": {
            "id": "819195744",
            "json": "{\n  \"Version\": \"2012-10-17\",\n  \"Statement\": [\n    {\n      \"Effect\": \"Allow\",\n      \"Action\": [\n        \"sts:TagSession\",\n        \"sts:AssumeRole\"\n      ],\n      \"Principal\": {\n        \"Service\": \"pods.eks.amazonaws.com\"\n      }\n    }\n  ]\n}",
            "minified_json": "{\"Version\":\"2012-10-17\",\"Statement\":[{\"Effect\":\"Allow\",\"Action\":[\"sts:TagSession\",\"sts:AssumeRole\"],\"Principal\":{\"Service\":\"pods.eks.amazonaws.com\"}}]}",
            "override_json": null,
            "override_policy_documents": null,
            "policy_id": null,
            "source_json": null,
            "source_policy_documents": null,
            "statement": [
              {
                "actions": [
                  "sts:AssumeRole",
                  "sts:TagSession"
                ],
                "condition": [],
                "effect": "Allow",
                "not_actions": [],
                "not_principals": [],
                "not_resources": [],
                "principals": [
                  {
                    "identifiers": [
                      "pods.eks.amazonaws.com"
                    ],
                    "type": "Service"
                  }
                ],
                "resources": [],
                "sid": ""
              }
            ],
            "version": "2012-10-17"
          },
          "sensitive_attributes": [],
          "identity_schema_version": 0
        }
      ]
    },
    {
      "module": "module.iam[\"wsc2026-book-pod-role\"]",
      "mode": "managed",
      "type": "aws_iam_policy",
      "name": "this",
      "provider": "provider[\"registry.terraform.io/hashicorp/aws\"]",
      "instances": [
        {
          "index_key": 0,
          "schema_version": 0,
          "attributes": {
            "arn": "arn:aws:iam::076472864721:policy/wsc2026-book-pod-policy",
            "attachment_count": 0,
            "delay_after_policy_creation_in_ms": null,
            "description": "",
            "id": "arn:aws:iam::076472864721:policy/wsc2026-book-pod-policy",
            "name": "wsc2026-book-pod-policy",
            "name_prefix": "",
            "path": "/",
            "policy": "{\"Statement\":[{\"Action\":\"dynamodb:PutItem\",\"Effect\":\"Allow\",\"Resource\":\"arn:aws:dynamodb:ap-northeast-2:076472864721:table/wsc2026-book-table\"}],\"Version\":\"2012-10-17\"}",
            "policy_id": "ANPARDTRDJ7ISGUZ4JEGA",
            "tags": {
              "Name": "wsc2026-book-pod-policy"
            },
            "tags_all": {
              "Name": "wsc2026-book-pod-policy"
            }
          },
          "sensitive_attributes": [],
          "identity_schema_version": 0,
          "identity": {
            "arn": "arn:aws:iam::076472864721:policy/wsc2026-book-pod-policy"
          },
          "private": "bnVsbA==",
          "dependencies": [
            "data.aws_caller_identity.current",
            "data.aws_region.current",
            "module.iam.data.aws_iam_policy_document.this_policy"
          ]
        }
      ]
    },
    {
      "module": "module.iam[\"wsc2026-book-pod-role\"]",
      "mode": "managed",
      "type": "aws_iam_role",
      "name": "this",
      "provider": "provider[\"registry.terraform.io/hashicorp/aws\"]",
      "instances": [
        {
          "schema_version": 0,
          "attributes": {
            "arn": "arn:aws:iam::076472864721:role/wsc2026-book-pod-role",
            "assume_role_policy": "{\"Statement\":[{\"Action\":[\"sts:TagSession\",\"sts:AssumeRole\"],\"Effect\":\"Allow\",\"Principal\":{\"Service\":\"pods.eks.amazonaws.com\"}}],\"Version\":\"2012-10-17\"}",
            "create_date": "2026-08-22T17:36:28Z",
            "description": "",
            "force_detach_policies": false,
            "id": "wsc2026-book-pod-role",
            "inline_policy": [],
            "managed_policy_arns": [],
            "max_session_duration": 3600,
            "name": "wsc2026-book-pod-role",
            "name_prefix": "",
            "path": "/",
            "permissions_boundary": "",
            "tags": null,
            "tags_all": {},
            "unique_id": "AROARDTRDJ7I27GQ4FZR6"
          },
          "sensitive_attributes": [],
          "identity_schema_version": 0,
          "identity": {
            "account_id": "076472864721",
            "name": "wsc2026-book-pod-role"
          },
          "private": "bnVsbA==",
          "dependencies": [
            "data.aws_caller_identity.current",
            "data.aws_region.current",
            "module.iam.data.aws_iam_policy_document.this_role"
          ]
        }
      ]
    },
    {
      "module": "module.iam[\"wsc2026-book-pod-role\"]",
      "mode": "managed",
      "type": "aws_iam_role_policy_attachment",
      "name": "custom",
      "provider": "provider[\"registry.terraform.io/hashicorp/aws\"]",
      "instances": [
        {
          "index_key": 0,
          "schema_version": 0,
          "attributes": {
            "id": "wsc2026-book-pod-role/arn:aws:iam::076472864721:policy/wsc2026-book-pod-policy",
            "policy_arn": "arn:aws:iam::076472864721:policy/wsc2026-book-pod-policy",
            "role": "wsc2026-book-pod-role"
          },
          "sensitive_attributes": [],
          "identity_schema_version": 0,
          "identity": {
            "account_id": "076472864721",
            "policy_arn": "arn:aws:iam::076472864721:policy/wsc2026-book-pod-policy",
            "role": "wsc2026-book-pod-role"
          },
          "private": "bnVsbA==",
          "dependencies": [
            "data.aws_caller_identity.current",
            "data.aws_region.current",
            "module.iam.aws_iam_policy.this",
            "module.iam.aws_iam_role.this",
            "module.iam.data.aws_iam_policy_document.this_policy",
            "module.iam.data.aws_iam_policy_document.this_role"
          ]
        }
      ]
    },
    {
      "module": "module.iam[\"wsc2026-fluent-bit-role\"]",
      "mode": "data",
      "type": "aws_iam_policy_document",
      "name": "this_policy",
      "provider": "provider[\"registry.terraform.io/hashicorp/aws\"]",
      "instances": [
        {
          "schema_version": 0,
          "attributes": {
            "id": "514093506",
            "json": "{\n  \"Version\": \"2012-10-17\",\n  \"Statement\": [\n    {\n      \"Effect\": \"Allow\",\n      \"Action\": \"logs:CreateLogGroup\",\n      \"Resource\": \"arn:aws:logs:ap-northeast-2:076472864721:log-group:*\"\n    },\n    {\n      \"Effect\": \"Allow\",\n      \"Action\": [\n        \"logs:PutLogEvents\",\n        \"logs:CreateLogStream\"\n      ],\n      \"Resource\": \"arn:aws:logs:ap-northeast-2:076472864721:log-group:*:*\"\n    }\n  ]\n}",
            "minified_json": "{\"Version\":\"2012-10-17\",\"Statement\":[{\"Effect\":\"Allow\",\"Action\":\"logs:CreateLogGroup\",\"Resource\":\"arn:aws:logs:ap-northeast-2:076472864721:log-group:*\"},{\"Effect\":\"Allow\",\"Action\":[\"logs:PutLogEvents\",\"logs:CreateLogStream\"],\"Resource\":\"arn:aws:logs:ap-northeast-2:076472864721:log-group:*:*\"}]}",
            "override_json": null,
            "override_policy_documents": null,
            "policy_id": null,
            "source_json": null,
            "source_policy_documents": null,
            "statement": [
              {
                "actions": [
                  "logs:CreateLogGroup"
                ],
                "condition": [],
                "effect": "Allow",
                "not_actions": [],
                "not_principals": [],
                "not_resources": [],
                "principals": [],
                "resources": [
                  "arn:aws:logs:ap-northeast-2:076472864721:log-group:*"
                ],
                "sid": ""
              },
              {
                "actions": [
                  "logs:CreateLogStream",
                  "logs:PutLogEvents"
                ],
                "condition": [],
                "effect": "Allow",
                "not_actions": [],
                "not_principals": [],
                "not_resources": [],
                "principals": [],
                "resources": [
                  "arn:aws:logs:ap-northeast-2:076472864721:log-group:*:*"
                ],
                "sid": ""
              }
            ],
            "version": "2012-10-17"
          },
          "sensitive_attributes": [],
          "identity_schema_version": 0
        }
      ]
    },
    {
      "module": "module.iam[\"wsc2026-fluent-bit-role\"]",
      "mode": "data",
      "type": "aws_iam_policy_document",
      "name": "this_role",
      "provider": "provider[\"registry.terraform.io/hashicorp/aws\"]",
      "instances": [
        {
          "schema_version": 0,
          "attributes": {
            "id": "819195744",
            "json": "{\n  \"Version\": \"2012-10-17\",\n  \"Statement\": [\n    {\n      \"Effect\": \"Allow\",\n      \"Action\": [\n        \"sts:TagSession\",\n        \"sts:AssumeRole\"\n      ],\n      \"Principal\": {\n        \"Service\": \"pods.eks.amazonaws.com\"\n      }\n    }\n  ]\n}",
            "minified_json": "{\"Version\":\"2012-10-17\",\"Statement\":[{\"Effect\":\"Allow\",\"Action\":[\"sts:TagSession\",\"sts:AssumeRole\"],\"Principal\":{\"Service\":\"pods.eks.amazonaws.com\"}}]}",
            "override_json": null,
            "override_policy_documents": null,
            "policy_id": null,
            "source_json": null,
            "source_policy_documents": null,
            "statement": [
              {
                "actions": [
                  "sts:AssumeRole",
                  "sts:TagSession"
                ],
                "condition": [],
                "effect": "Allow",
                "not_actions": [],
                "not_principals": [],
                "not_resources": [],
                "principals": [
                  {
                    "identifiers": [
                      "pods.eks.amazonaws.com"
                    ],
                    "type": "Service"
                  }
                ],
                "resources": [],
                "sid": ""
              }
            ],
            "version": "2012-10-17"
          },
          "sensitive_attributes": [],
          "identity_schema_version": 0
        }
      ]
    },
    {
      "module": "module.iam[\"wsc2026-fluent-bit-role\"]",
      "mode": "managed",
      "type": "aws_iam_policy",
      "name": "this",
      "provider": "provider[\"registry.terraform.io/hashicorp/aws\"]",
      "instances": [
        {
          "index_key": 0,
          "schema_version": 0,
          "attributes": {
            "arn": "arn:aws:iam::076472864721:policy/wsc2026-fluent-bit-policy",
            "attachment_count": 0,
            "delay_after_policy_creation_in_ms": null,
            "description": "",
            "id": "arn:aws:iam::076472864721:policy/wsc2026-fluent-bit-policy",
            "name": "wsc2026-fluent-bit-policy",
            "name_prefix": "",
            "path": "/",
            "policy": "{\"Statement\":[{\"Action\":\"logs:CreateLogGroup\",\"Effect\":\"Allow\",\"Resource\":\"arn:aws:logs:ap-northeast-2:076472864721:log-group:*\"},{\"Action\":[\"logs:PutLogEvents\",\"logs:CreateLogStream\"],\"Effect\":\"Allow\",\"Resource\":\"arn:aws:logs:ap-northeast-2:076472864721:log-group:*:*\"}],\"Version\":\"2012-10-17\"}",
            "policy_id": "ANPARDTRDJ7I3JA43YPSU",
            "tags": {
              "Name": "wsc2026-fluent-bit-policy"
            },
            "tags_all": {
              "Name": "wsc2026-fluent-bit-policy"
            }
          },
          "sensitive_attributes": [],
          "identity_schema_version": 0,
          "identity": {
            "arn": "arn:aws:iam::076472864721:policy/wsc2026-fluent-bit-policy"
          },
          "private": "bnVsbA==",
          "dependencies": [
            "data.aws_caller_identity.current",
            "data.aws_region.current",
            "module.iam.data.aws_iam_policy_document.this_policy"
          ]
        }
      ]
    },
    {
      "module": "module.iam[\"wsc2026-fluent-bit-role\"]",
      "mode": "managed",
      "type": "aws_iam_role",
      "name": "this",
      "provider": "provider[\"registry.terraform.io/hashicorp/aws\"]",
      "instances": [
        {
          "schema_version": 0,
          "attributes": {
            "arn": "arn:aws:iam::076472864721:role/wsc2026-fluent-bit-role",
            "assume_role_policy": "{\"Statement\":[{\"Action\":[\"sts:TagSession\",\"sts:AssumeRole\"],\"Effect\":\"Allow\",\"Principal\":{\"Service\":\"pods.eks.amazonaws.com\"}}],\"Version\":\"2012-10-17\"}",
            "create_date": "2026-08-22T17:36:29Z",
            "description": "",
            "force_detach_policies": false,
            "id": "wsc2026-fluent-bit-role",
            "inline_policy": [],
            "managed_policy_arns": [],
            "max_session_duration": 3600,
            "name": "wsc2026-fluent-bit-role",
            "name_prefix": "",
            "path": "/",
            "permissions_boundary": "",
            "tags": null,
            "tags_all": {},
            "unique_id": "AROARDTRDJ7IWWWMZTCOB"
          },
          "sensitive_attributes": [],
          "identity_schema_version": 0,
          "identity": {
            "account_id": "076472864721",
            "name": "wsc2026-fluent-bit-role"
          },
          "private": "bnVsbA==",
          "dependencies": [
            "data.aws_caller_identity.current",
            "data.aws_region.current",
            "module.iam.data.aws_iam_policy_document.this_role"
          ]
        }
      ]
    },
    {
      "module": "module.iam[\"wsc2026-fluent-bit-role\"]",
      "mode": "managed",
      "type": "aws_iam_role_policy_attachment",
      "name": "custom",
      "provider": "provider[\"registry.terraform.io/hashicorp/aws\"]",
      "instances": [
        {
          "index_key": 0,
          "schema_version": 0,
          "attributes": {
            "id": "wsc2026-fluent-bit-role/arn:aws:iam::076472864721:policy/wsc2026-fluent-bit-policy",
            "policy_arn": "arn:aws:iam::076472864721:policy/wsc2026-fluent-bit-policy",
            "role": "wsc2026-fluent-bit-role"
          },
          "sensitive_attributes": [],
          "identity_schema_version": 0,
          "identity": {
            "account_id": "076472864721",
            "policy_arn": "arn:aws:iam::076472864721:policy/wsc2026-fluent-bit-policy",
            "role": "wsc2026-fluent-bit-role"
          },
          "private": "bnVsbA==",
          "dependencies": [
            "data.aws_caller_identity.current",
            "data.aws_region.current",
            "module.iam.aws_iam_policy.this",
            "module.iam.aws_iam_role.this",
            "module.iam.data.aws_iam_policy_document.this_policy",
            "module.iam.data.aws_iam_policy_document.this_role"
          ]
        }
      ]
    },
    {
      "module": "module.iam[\"wsc2026-grafana-role\"]",
      "mode": "data",
      "type": "aws_iam_policy_document",
      "name": "this_policy",
      "provider": "provider[\"registry.terraform.io/hashicorp/aws\"]",
      "instances": [
        {
          "schema_version": 0,
          "attributes": {
            "id": "960142778",
            "json": "{\n  \"Version\": \"2012-10-17\",\n  \"Statement\": [\n    {\n      \"Effect\": \"Allow\",\n      \"Action\": [\n        \"oam:ListSinks\",\n        \"logs:StopQuery\",\n        \"logs:StartQuery\",\n        \"logs:GetQueryResults\",\n        \"logs:GetLogRecord\",\n        \"logs:GetLogGroupFields\",\n        \"logs:GetLogEvents\",\n        \"logs:FilterLogEvents\",\n        \"logs:DescribeQueryDefinitions\",\n        \"logs:DescribeLogStreams\",\n        \"logs:DescribeLogGroups\",\n        \"ec2:DescribeRegions\",\n        \"cloudwatch:ListMetrics\",\n        \"cloudwatch:GetMetricStatistics\",\n        \"cloudwatch:GetMetricData\"\n      ],\n      \"Resource\": \"*\"\n    }\n  ]\n}",
            "minified_json": "{\"Version\":\"2012-10-17\",\"Statement\":[{\"Effect\":\"Allow\",\"Action\":[\"oam:ListSinks\",\"logs:StopQuery\",\"logs:StartQuery\",\"logs:GetQueryResults\",\"logs:GetLogRecord\",\"logs:GetLogGroupFields\",\"logs:GetLogEvents\",\"logs:FilterLogEvents\",\"logs:DescribeQueryDefinitions\",\"logs:DescribeLogStreams\",\"logs:DescribeLogGroups\",\"ec2:DescribeRegions\",\"cloudwatch:ListMetrics\",\"cloudwatch:GetMetricStatistics\",\"cloudwatch:GetMetricData\"],\"Resource\":\"*\"}]}",
            "override_json": null,
            "override_policy_documents": null,
            "policy_id": null,
            "source_json": null,
            "source_policy_documents": null,
            "statement": [
              {
                "actions": [
                  "cloudwatch:GetMetricData",
                  "cloudwatch:GetMetricStatistics",
                  "cloudwatch:ListMetrics",
                  "ec2:DescribeRegions",
                  "logs:DescribeLogGroups",
                  "logs:DescribeLogStreams",
                  "logs:DescribeQueryDefinitions",
                  "logs:FilterLogEvents",
                  "logs:GetLogEvents",
                  "logs:GetLogGroupFields",
                  "logs:GetLogRecord",
                  "logs:GetQueryResults",
                  "logs:StartQuery",
                  "logs:StopQuery",
                  "oam:ListSinks"
                ],
                "condition": [],
                "effect": "Allow",
                "not_actions": [],
                "not_principals": [],
                "not_resources": [],
                "principals": [],
                "resources": [
                  "*"
                ],
                "sid": ""
              }
            ],
            "version": "2012-10-17"
          },
          "sensitive_attributes": [],
          "identity_schema_version": 0
        }
      ]
    },
    {
      "module": "module.iam[\"wsc2026-grafana-role\"]",
      "mode": "data",
      "type": "aws_iam_policy_document",
      "name": "this_role",
      "provider": "provider[\"registry.terraform.io/hashicorp/aws\"]",
      "instances": [
        {
          "schema_version": 0,
          "attributes": {
            "id": "819195744",
            "json": "{\n  \"Version\": \"2012-10-17\",\n  \"Statement\": [\n    {\n      \"Effect\": \"Allow\",\n      \"Action\": [\n        \"sts:TagSession\",\n        \"sts:AssumeRole\"\n      ],\n      \"Principal\": {\n        \"Service\": \"pods.eks.amazonaws.com\"\n      }\n    }\n  ]\n}",
            "minified_json": "{\"Version\":\"2012-10-17\",\"Statement\":[{\"Effect\":\"Allow\",\"Action\":[\"sts:TagSession\",\"sts:AssumeRole\"],\"Principal\":{\"Service\":\"pods.eks.amazonaws.com\"}}]}",
            "override_json": null,
            "override_policy_documents": null,
            "policy_id": null,
            "source_json": null,
            "source_policy_documents": null,
            "statement": [
              {
                "actions": [
                  "sts:AssumeRole",
                  "sts:TagSession"
                ],
                "condition": [],
                "effect": "Allow",
                "not_actions": [],
                "not_principals": [],
                "not_resources": [],
                "principals": [
                  {
                    "identifiers": [
                      "pods.eks.amazonaws.com"
                    ],
                    "type": "Service"
                  }
                ],
                "resources": [],
                "sid": ""
              }
            ],
            "version": "2012-10-17"
          },
          "sensitive_attributes": [],
          "identity_schema_version": 0
        }
      ]
    },
    {
      "module": "module.iam[\"wsc2026-grafana-role\"]",
      "mode": "managed",
      "type": "aws_iam_policy",
      "name": "this",
      "provider": "provider[\"registry.terraform.io/hashicorp/aws\"]",
      "instances": [
        {
          "index_key": 0,
          "schema_version": 0,
          "attributes": {
            "arn": "arn:aws:iam::076472864721:policy/wsc2026-grafana-policy",
            "attachment_count": 0,
            "delay_after_policy_creation_in_ms": null,
            "description": "",
            "id": "arn:aws:iam::076472864721:policy/wsc2026-grafana-policy",
            "name": "wsc2026-grafana-policy",
            "name_prefix": "",
            "path": "/",
            "policy": "{\"Statement\":[{\"Action\":[\"oam:ListSinks\",\"logs:StopQuery\",\"logs:StartQuery\",\"logs:GetQueryResults\",\"logs:GetLogRecord\",\"logs:GetLogGroupFields\",\"logs:GetLogEvents\",\"logs:FilterLogEvents\",\"logs:DescribeQueryDefinitions\",\"logs:DescribeLogStreams\",\"logs:DescribeLogGroups\",\"ec2:DescribeRegions\",\"cloudwatch:ListMetrics\",\"cloudwatch:GetMetricStatistics\",\"cloudwatch:GetMetricData\"],\"Effect\":\"Allow\",\"Resource\":\"*\"}],\"Version\":\"2012-10-17\"}",
            "policy_id": "ANPARDTRDJ7ISZV2JXZM6",
            "tags": {
              "Name": "wsc2026-grafana-policy"
            },
            "tags_all": {
              "Name": "wsc2026-grafana-policy"
            }
          },
          "sensitive_attributes": [],
          "identity_schema_version": 0,
          "identity": {
            "arn": "arn:aws:iam::076472864721:policy/wsc2026-grafana-policy"
          },
          "private": "bnVsbA==",
          "dependencies": [
            "data.aws_caller_identity.current",
            "data.aws_region.current",
            "module.iam.data.aws_iam_policy_document.this_policy"
          ]
        }
      ]
    },
    {
      "module": "module.iam[\"wsc2026-grafana-role\"]",
      "mode": "managed",
      "type": "aws_iam_role",
      "name": "this",
      "provider": "provider[\"registry.terraform.io/hashicorp/aws\"]",
      "instances": [
        {
          "schema_version": 0,
          "attributes": {
            "arn": "arn:aws:iam::076472864721:role/wsc2026-grafana-role",
            "assume_role_policy": "{\"Statement\":[{\"Action\":[\"sts:TagSession\",\"sts:AssumeRole\"],\"Effect\":\"Allow\",\"Principal\":{\"Service\":\"pods.eks.amazonaws.com\"}}],\"Version\":\"2012-10-17\"}",
            "create_date": "2026-08-22T17:36:29Z",
            "description": "",
            "force_detach_policies": false,
            "id": "wsc2026-grafana-role",
            "inline_policy": [],
            "managed_policy_arns": [],
            "max_session_duration": 3600,
            "name": "wsc2026-grafana-role",
            "name_prefix": "",
            "path": "/",
            "permissions_boundary": "",
            "tags": null,
            "tags_all": {},
            "unique_id": "AROARDTRDJ7IZM2NAWQPF"
          },
          "sensitive_attributes": [],
          "identity_schema_version": 0,
          "identity": {
            "account_id": "076472864721",
            "name": "wsc2026-grafana-role"
          },
          "private": "bnVsbA==",
          "dependencies": [
            "data.aws_caller_identity.current",
            "data.aws_region.current",
            "module.iam.data.aws_iam_policy_document.this_role"
          ]
        }
      ]
    },
    {
      "module": "module.iam[\"wsc2026-grafana-role\"]",
      "mode": "managed",
      "type": "aws_iam_role_policy_attachment",
      "name": "custom",
      "provider": "provider[\"registry.terraform.io/hashicorp/aws\"]",
      "instances": [
        {
          "index_key": 0,
          "schema_version": 0,
          "attributes": {
            "id": "wsc2026-grafana-role/arn:aws:iam::076472864721:policy/wsc2026-grafana-policy",
            "policy_arn": "arn:aws:iam::076472864721:policy/wsc2026-grafana-policy",
            "role": "wsc2026-grafana-role"
          },
          "sensitive_attributes": [],
          "identity_schema_version": 0,
          "identity": {
            "account_id": "076472864721",
            "policy_arn": "arn:aws:iam::076472864721:policy/wsc2026-grafana-policy",
            "role": "wsc2026-grafana-role"
          },
          "private": "bnVsbA==",
          "dependencies": [
            "data.aws_caller_identity.current",
            "data.aws_region.current",
            "module.iam.aws_iam_policy.this",
            "module.iam.aws_iam_role.this",
            "module.iam.data.aws_iam_policy_document.this_policy",
            "module.iam.data.aws_iam_policy_document.this_role"
          ]
        }
      ]
    },
    {
      "module": "module.kms[\"wsc2026-bucket-kms\"]",
      "mode": "data",
      "type": "aws_iam_policy_document",
      "name": "this",
      "provider": "provider[\"registry.terraform.io/hashicorp/aws\"]",
      "instances": [
        {
          "schema_version": 0,
          "attributes": {
            "id": "365150708",
            "json": "{\n  \"Version\": \"2012-10-17\",\n  \"Statement\": [\n    {\n      \"Effect\": \"Allow\",\n      \"Action\": [\n        \"kms:Update*\",\n        \"kms:UntagResource\",\n        \"kms:TagResource\",\n        \"kms:ScheduleKeyDeletion\",\n        \"kms:Revoke*\",\n        \"kms:ReEncrypt*\",\n        \"kms:Put*\",\n        \"kms:List*\",\n        \"kms:Get*\",\n        \"kms:GenerateDataKey*\",\n        \"kms:Encrypt*\",\n        \"kms:Enable*\",\n        \"kms:Disable*\",\n        \"kms:Describe*\",\n        \"kms:Delete*\",\n        \"kms:Decrypt*\",\n        \"kms:Create*\",\n        \"kms:CancelKeyDeletion\"\n      ],\n      \"Resource\": \"*\",\n      \"Principal\": {\n        \"AWS\": \"*\"\n      },\n      \"Condition\": {\n        \"StringEquals\": {\n          \"aws:PrincipalAccount\": \"076472864721\"\n        }\n      }\n    },\n    {\n      \"Effect\": \"Allow\",\n      \"Action\": [\n        \"kms:GenerateDataKey*\",\n        \"kms:Decrypt\"\n      ],\n      \"Resource\": \"*\",\n      \"Principal\": {\n        \"Service\": \"cloudfront.amazonaws.com\"\n      }\n    }\n  ]\n}",
            "minified_json": "{\"Version\":\"2012-10-17\",\"Statement\":[{\"Effect\":\"Allow\",\"Action\":[\"kms:Update*\",\"kms:UntagResource\",\"kms:TagResource\",\"kms:ScheduleKeyDeletion\",\"kms:Revoke*\",\"kms:ReEncrypt*\",\"kms:Put*\",\"kms:List*\",\"kms:Get*\",\"kms:GenerateDataKey*\",\"kms:Encrypt*\",\"kms:Enable*\",\"kms:Disable*\",\"kms:Describe*\",\"kms:Delete*\",\"kms:Decrypt*\",\"kms:Create*\",\"kms:CancelKeyDeletion\"],\"Resource\":\"*\",\"Principal\":{\"AWS\":\"*\"},\"Condition\":{\"StringEquals\":{\"aws:PrincipalAccount\":\"076472864721\"}}},{\"Effect\":\"Allow\",\"Action\":[\"kms:GenerateDataKey*\",\"kms:Decrypt\"],\"Resource\":\"*\",\"Principal\":{\"Service\":\"cloudfront.amazonaws.com\"}}]}",
            "override_json": null,
            "override_policy_documents": null,
            "policy_id": null,
            "source_json": null,
            "source_policy_documents": null,
            "statement": [
              {
                "actions": [
                  "kms:CancelKeyDeletion",
                  "kms:Create*",
                  "kms:Decrypt*",
                  "kms:Delete*",
                  "kms:Describe*",
                  "kms:Disable*",
                  "kms:Enable*",
                  "kms:Encrypt*",
                  "kms:GenerateDataKey*",
                  "kms:Get*",
                  "kms:List*",
                  "kms:Put*",
                  "kms:ReEncrypt*",
                  "kms:Revoke*",
                  "kms:ScheduleKeyDeletion",
                  "kms:TagResource",
                  "kms:UntagResource",
                  "kms:Update*"
                ],
                "condition": [
                  {
                    "test": "StringEquals",
                    "values": [
                      "076472864721"
                    ],
                    "variable": "aws:PrincipalAccount"
                  }
                ],
                "effect": "Allow",
                "not_actions": [],
                "not_principals": [],
                "not_resources": [],
                "principals": [
                  {
                    "identifiers": [
                      "*"
                    ],
                    "type": "AWS"
                  }
                ],
                "resources": [
                  "*"
                ],
                "sid": ""
              },
              {
                "actions": [
                  "kms:Decrypt",
                  "kms:GenerateDataKey*"
                ],
                "condition": [],
                "effect": "Allow",
                "not_actions": [],
                "not_principals": [],
                "not_resources": [],
                "principals": [
                  {
                    "identifiers": [
                      "cloudfront.amazonaws.com"
                    ],
                    "type": "Service"
                  }
                ],
                "resources": [
                  "*"
                ],
                "sid": ""
              }
            ],
            "version": "2012-10-17"
          },
          "sensitive_attributes": [],
          "identity_schema_version": 0
        }
      ]
    },
    {
      "module": "module.kms[\"wsc2026-bucket-kms\"]",
      "mode": "managed",
      "type": "aws_kms_alias",
      "name": "this",
      "provider": "provider[\"registry.terraform.io/hashicorp/aws\"]",
      "instances": [
        {
          "schema_version": 0,
          "attributes": {
            "arn": "arn:aws:kms:ap-northeast-2:076472864721:alias/wsc2026-bucket-kms",
            "id": "alias/wsc2026-bucket-kms",
            "name": "alias/wsc2026-bucket-kms",
            "name_prefix": "",
            "region": "ap-northeast-2",
            "target_key_arn": "arn:aws:kms:ap-northeast-2:076472864721:key/875eb434-7552-4264-bc6e-356b5078b176",
            "target_key_id": "875eb434-7552-4264-bc6e-356b5078b176"
          },
          "sensitive_attributes": [],
          "identity_schema_version": 0,
          "identity": {
            "account_id": "076472864721",
            "name": "alias/wsc2026-bucket-kms",
            "region": "ap-northeast-2"
          },
          "private": "bnVsbA==",
          "dependencies": [
            "data.aws_caller_identity.current",
            "module.kms.aws_kms_key.this",
            "module.kms.data.aws_iam_policy_document.this"
          ]
        }
      ]
    },
    {
      "module": "module.kms[\"wsc2026-bucket-kms\"]",
      "mode": "managed",
      "type": "aws_kms_key",
      "name": "this",
      "provider": "provider[\"registry.terraform.io/hashicorp/aws\"]",
      "instances": [
        {
          "schema_version": 0,
          "attributes": {
            "arn": "arn:aws:kms:ap-northeast-2:076472864721:key/875eb434-7552-4264-bc6e-356b5078b176",
            "bypass_policy_lockout_safety_check": false,
            "custom_key_store_id": "",
            "customer_master_key_spec": "SYMMETRIC_DEFAULT",
            "deletion_window_in_days": 7,
            "description": "",
            "enable_key_rotation": false,
            "id": "875eb434-7552-4264-bc6e-356b5078b176",
            "is_enabled": true,
            "key_id": "875eb434-7552-4264-bc6e-356b5078b176",
            "key_usage": "ENCRYPT_DECRYPT",
            "multi_region": false,
            "policy": "{\"Statement\":[{\"Action\":[\"kms:Update*\",\"kms:UntagResource\",\"kms:TagResource\",\"kms:ScheduleKeyDeletion\",\"kms:Revoke*\",\"kms:ReEncrypt*\",\"kms:Put*\",\"kms:List*\",\"kms:Get*\",\"kms:GenerateDataKey*\",\"kms:Encrypt*\",\"kms:Enable*\",\"kms:Disable*\",\"kms:Describe*\",\"kms:Delete*\",\"kms:Decrypt*\",\"kms:Create*\",\"kms:CancelKeyDeletion\"],\"Condition\":{\"StringEquals\":{\"aws:PrincipalAccount\":\"076472864721\"}},\"Effect\":\"Allow\",\"Principal\":{\"AWS\":\"*\"},\"Resource\":\"*\"},{\"Action\":[\"kms:GenerateDataKey*\",\"kms:Decrypt\"],\"Effect\":\"Allow\",\"Principal\":{\"Service\":\"cloudfront.amazonaws.com\"},\"Resource\":\"*\"}],\"Version\":\"2012-10-17\"}",
            "region": "ap-northeast-2",
            "rotation_period_in_days": 0,
            "tags": {
              "Name": "wsc2026-bucket-kms"
            },
            "tags_all": {
              "Name": "wsc2026-bucket-kms"
            },
            "timeouts": null,
            "xks_key_id": ""
          },
          "sensitive_attributes": [],
          "identity_schema_version": 0,
          "identity": {
            "account_id": "076472864721",
            "id": "875eb434-7552-4264-bc6e-356b5078b176",
            "region": "ap-northeast-2"
          },
          "private": "eyJlMmJmYjczMC1lY2FhLTExZTYtOGY4OC0zNDM2M2JjN2M0YzAiOnsiY3JlYXRlIjoxMjAwMDAwMDAwMDB9fQ==",
          "dependencies": [
            "data.aws_caller_identity.current",
            "module.kms.data.aws_iam_policy_document.this"
          ]
        }
      ]
    },
    {
      "module": "module.kms[\"wsc2026-db-kms\"]",
      "mode": "data",
      "type": "aws_iam_policy_document",
      "name": "this",
      "provider": "provider[\"registry.terraform.io/hashicorp/aws\"]",
      "instances": [
        {
          "schema_version": 0,
          "attributes": {
            "id": "3147516431",
            "json": "{\n  \"Version\": \"2012-10-17\",\n  \"Statement\": [\n    {\n      \"Effect\": \"Allow\",\n      \"Action\": [\n        \"kms:Update*\",\n        \"kms:UntagResource\",\n        \"kms:TagResource\",\n        \"kms:ScheduleKeyDeletion\",\n        \"kms:Revoke*\",\n        \"kms:ReEncrypt*\",\n        \"kms:Put*\",\n        \"kms:List*\",\n        \"kms:Get*\",\n        \"kms:GenerateDataKey*\",\n        \"kms:Encrypt*\",\n        \"kms:Enable*\",\n        \"kms:Disable*\",\n        \"kms:Describe*\",\n        \"kms:Delete*\",\n        \"kms:Decrypt*\",\n        \"kms:Create*\",\n        \"kms:CancelKeyDeletion\"\n      ],\n      \"Resource\": \"*\",\n      \"Principal\": {\n        \"AWS\": \"*\"\n      },\n      \"Condition\": {\n        \"StringEquals\": {\n          \"aws:PrincipalAccount\": \"076472864721\"\n        }\n      }\n    }\n  ]\n}",
            "minified_json": "{\"Version\":\"2012-10-17\",\"Statement\":[{\"Effect\":\"Allow\",\"Action\":[\"kms:Update*\",\"kms:UntagResource\",\"kms:TagResource\",\"kms:ScheduleKeyDeletion\",\"kms:Revoke*\",\"kms:ReEncrypt*\",\"kms:Put*\",\"kms:List*\",\"kms:Get*\",\"kms:GenerateDataKey*\",\"kms:Encrypt*\",\"kms:Enable*\",\"kms:Disable*\",\"kms:Describe*\",\"kms:Delete*\",\"kms:Decrypt*\",\"kms:Create*\",\"kms:CancelKeyDeletion\"],\"Resource\":\"*\",\"Principal\":{\"AWS\":\"*\"},\"Condition\":{\"StringEquals\":{\"aws:PrincipalAccount\":\"076472864721\"}}}]}",
            "override_json": null,
            "override_policy_documents": null,
            "policy_id": null,
            "source_json": null,
            "source_policy_documents": null,
            "statement": [
              {
                "actions": [
                  "kms:CancelKeyDeletion",
                  "kms:Create*",
                  "kms:Decrypt*",
                  "kms:Delete*",
                  "kms:Describe*",
                  "kms:Disable*",
                  "kms:Enable*",
                  "kms:Encrypt*",
                  "kms:GenerateDataKey*",
                  "kms:Get*",
                  "kms:List*",
                  "kms:Put*",
                  "kms:ReEncrypt*",
                  "kms:Revoke*",
                  "kms:ScheduleKeyDeletion",
                  "kms:TagResource",
                  "kms:UntagResource",
                  "kms:Update*"
                ],
                "condition": [
                  {
                    "test": "StringEquals",
                    "values": [
                      "076472864721"
                    ],
                    "variable": "aws:PrincipalAccount"
                  }
                ],
                "effect": "Allow",
                "not_actions": [],
                "not_principals": [],
                "not_resources": [],
                "principals": [
                  {
                    "identifiers": [
                      "*"
                    ],
                    "type": "AWS"
                  }
                ],
                "resources": [
                  "*"
                ],
                "sid": ""
              }
            ],
            "version": "2012-10-17"
          },
          "sensitive_attributes": [],
          "identity_schema_version": 0
        }
      ]
    },
    {
      "module": "module.kms[\"wsc2026-db-kms\"]",
      "mode": "managed",
      "type": "aws_kms_alias",
      "name": "this",
      "provider": "provider[\"registry.terraform.io/hashicorp/aws\"]",
      "instances": [
        {
          "schema_version": 0,
          "attributes": {
            "arn": "arn:aws:kms:ap-northeast-2:076472864721:alias/wsc2026-db-kms",
            "id": "alias/wsc2026-db-kms",
            "name": "alias/wsc2026-db-kms",
            "name_prefix": "",
            "region": "ap-northeast-2",
            "target_key_arn": "arn:aws:kms:ap-northeast-2:076472864721:key/b9e9203e-064c-468f-94bd-7ae2d04a2f23",
            "target_key_id": "b9e9203e-064c-468f-94bd-7ae2d04a2f23"
          },
          "sensitive_attributes": [],
          "identity_schema_version": 0,
          "identity": {
            "account_id": "076472864721",
            "name": "alias/wsc2026-db-kms",
            "region": "ap-northeast-2"
          },
          "private": "bnVsbA==",
          "dependencies": [
            "data.aws_caller_identity.current",
            "module.kms.aws_kms_key.this",
            "module.kms.data.aws_iam_policy_document.this"
          ]
        }
      ]
    },
    {
      "module": "module.kms[\"wsc2026-db-kms\"]",
      "mode": "managed",
      "type": "aws_kms_key",
      "name": "this",
      "provider": "provider[\"registry.terraform.io/hashicorp/aws\"]",
      "instances": [
        {
          "schema_version": 0,
          "attributes": {
            "arn": "arn:aws:kms:ap-northeast-2:076472864721:key/b9e9203e-064c-468f-94bd-7ae2d04a2f23",
            "bypass_policy_lockout_safety_check": false,
            "custom_key_store_id": "",
            "customer_master_key_spec": "SYMMETRIC_DEFAULT",
            "deletion_window_in_days": 7,
            "description": "",
            "enable_key_rotation": false,
            "id": "b9e9203e-064c-468f-94bd-7ae2d04a2f23",
            "is_enabled": true,
            "key_id": "b9e9203e-064c-468f-94bd-7ae2d04a2f23",
            "key_usage": "ENCRYPT_DECRYPT",
            "multi_region": false,
            "policy": "{\"Statement\":[{\"Action\":[\"kms:Update*\",\"kms:UntagResource\",\"kms:TagResource\",\"kms:ScheduleKeyDeletion\",\"kms:Revoke*\",\"kms:ReEncrypt*\",\"kms:Put*\",\"kms:List*\",\"kms:Get*\",\"kms:GenerateDataKey*\",\"kms:Encrypt*\",\"kms:Enable*\",\"kms:Disable*\",\"kms:Describe*\",\"kms:Delete*\",\"kms:Decrypt*\",\"kms:Create*\",\"kms:CancelKeyDeletion\"],\"Condition\":{\"StringEquals\":{\"aws:PrincipalAccount\":\"076472864721\"}},\"Effect\":\"Allow\",\"Principal\":{\"AWS\":\"*\"},\"Resource\":\"*\"}],\"Version\":\"2012-10-17\"}",
            "region": "ap-northeast-2",
            "rotation_period_in_days": 0,
            "tags": {
              "Name": "wsc2026-db-kms"
            },
            "tags_all": {
              "Name": "wsc2026-db-kms"
            },
            "timeouts": null,
            "xks_key_id": ""
          },
          "sensitive_attributes": [],
          "identity_schema_version": 0,
          "identity": {
            "account_id": "076472864721",
            "id": "b9e9203e-064c-468f-94bd-7ae2d04a2f23",
            "region": "ap-northeast-2"
          },
          "private": "eyJlMmJmYjczMC1lY2FhLTExZTYtOGY4OC0zNDM2M2JjN2M0YzAiOnsiY3JlYXRlIjoxMjAwMDAwMDAwMDB9fQ==",
          "dependencies": [
            "data.aws_caller_identity.current",
            "module.kms.data.aws_iam_policy_document.this"
          ]
        }
      ]
    },
    {
      "module": "module.kms[\"wsc2026-ecr-kms\"]",
      "mode": "data",
      "type": "aws_iam_policy_document",
      "name": "this",
      "provider": "provider[\"registry.terraform.io/hashicorp/aws\"]",
      "instances": [
        {
          "schema_version": 0,
          "attributes": {
            "id": "3147516431",
            "json": "{\n  \"Version\": \"2012-10-17\",\n  \"Statement\": [\n    {\n      \"Effect\": \"Allow\",\n      \"Action\": [\n        \"kms:Update*\",\n        \"kms:UntagResource\",\n        \"kms:TagResource\",\n        \"kms:ScheduleKeyDeletion\",\n        \"kms:Revoke*\",\n        \"kms:ReEncrypt*\",\n        \"kms:Put*\",\n        \"kms:List*\",\n        \"kms:Get*\",\n        \"kms:GenerateDataKey*\",\n        \"kms:Encrypt*\",\n        \"kms:Enable*\",\n        \"kms:Disable*\",\n        \"kms:Describe*\",\n        \"kms:Delete*\",\n        \"kms:Decrypt*\",\n        \"kms:Create*\",\n        \"kms:CancelKeyDeletion\"\n      ],\n      \"Resource\": \"*\",\n      \"Principal\": {\n        \"AWS\": \"*\"\n      },\n      \"Condition\": {\n        \"StringEquals\": {\n          \"aws:PrincipalAccount\": \"076472864721\"\n        }\n      }\n    }\n  ]\n}",
            "minified_json": "{\"Version\":\"2012-10-17\",\"Statement\":[{\"Effect\":\"Allow\",\"Action\":[\"kms:Update*\",\"kms:UntagResource\",\"kms:TagResource\",\"kms:ScheduleKeyDeletion\",\"kms:Revoke*\",\"kms:ReEncrypt*\",\"kms:Put*\",\"kms:List*\",\"kms:Get*\",\"kms:GenerateDataKey*\",\"kms:Encrypt*\",\"kms:Enable*\",\"kms:Disable*\",\"kms:Describe*\",\"kms:Delete*\",\"kms:Decrypt*\",\"kms:Create*\",\"kms:CancelKeyDeletion\"],\"Resource\":\"*\",\"Principal\":{\"AWS\":\"*\"},\"Condition\":{\"StringEquals\":{\"aws:PrincipalAccount\":\"076472864721\"}}}]}",
            "override_json": null,
            "override_policy_documents": null,
            "policy_id": null,
            "source_json": null,
            "source_policy_documents": null,
            "statement": [
              {
                "actions": [
                  "kms:CancelKeyDeletion",
                  "kms:Create*",
                  "kms:Decrypt*",
                  "kms:Delete*",
                  "kms:Describe*",
                  "kms:Disable*",
                  "kms:Enable*",
                  "kms:Encrypt*",
                  "kms:GenerateDataKey*",
                  "kms:Get*",
                  "kms:List*",
                  "kms:Put*",
                  "kms:ReEncrypt*",
                  "kms:Revoke*",
                  "kms:ScheduleKeyDeletion",
                  "kms:TagResource",
                  "kms:UntagResource",
                  "kms:Update*"
                ],
                "condition": [
                  {
                    "test": "StringEquals",
                    "values": [
                      "076472864721"
                    ],
                    "variable": "aws:PrincipalAccount"
                  }
                ],
                "effect": "Allow",
                "not_actions": [],
                "not_principals": [],
                "not_resources": [],
                "principals": [
                  {
                    "identifiers": [
                      "*"
                    ],
                    "type": "AWS"
                  }
                ],
                "resources": [
                  "*"
                ],
                "sid": ""
              }
            ],
            "version": "2012-10-17"
          },
          "sensitive_attributes": [],
          "identity_schema_version": 0
        }
      ]
    },
    {
      "module": "module.kms[\"wsc2026-ecr-kms\"]",
      "mode": "managed",
      "type": "aws_kms_alias",
      "name": "this",
      "provider": "provider[\"registry.terraform.io/hashicorp/aws\"]",
      "instances": [
        {
          "schema_version": 0,
          "attributes": {
            "arn": "arn:aws:kms:ap-northeast-2:076472864721:alias/wsc2026-ecr-kms",
            "id": "alias/wsc2026-ecr-kms",
            "name": "alias/wsc2026-ecr-kms",
            "name_prefix": "",
            "region": "ap-northeast-2",
            "target_key_arn": "arn:aws:kms:ap-northeast-2:076472864721:key/7aac3557-fadd-4a03-97ae-a1b749a4a7f0",
            "target_key_id": "7aac3557-fadd-4a03-97ae-a1b749a4a7f0"
          },
          "sensitive_attributes": [],
          "identity_schema_version": 0,
          "identity": {
            "account_id": "076472864721",
            "name": "alias/wsc2026-ecr-kms",
            "region": "ap-northeast-2"
          },
          "private": "bnVsbA==",
          "dependencies": [
            "data.aws_caller_identity.current",
            "module.kms.aws_kms_key.this",
            "module.kms.data.aws_iam_policy_document.this"
          ]
        }
      ]
    },
    {
      "module": "module.kms[\"wsc2026-ecr-kms\"]",
      "mode": "managed",
      "type": "aws_kms_key",
      "name": "this",
      "provider": "provider[\"registry.terraform.io/hashicorp/aws\"]",
      "instances": [
        {
          "schema_version": 0,
          "attributes": {
            "arn": "arn:aws:kms:ap-northeast-2:076472864721:key/7aac3557-fadd-4a03-97ae-a1b749a4a7f0",
            "bypass_policy_lockout_safety_check": false,
            "custom_key_store_id": "",
            "customer_master_key_spec": "SYMMETRIC_DEFAULT",
            "deletion_window_in_days": 7,
            "description": "",
            "enable_key_rotation": false,
            "id": "7aac3557-fadd-4a03-97ae-a1b749a4a7f0",
            "is_enabled": true,
            "key_id": "7aac3557-fadd-4a03-97ae-a1b749a4a7f0",
            "key_usage": "ENCRYPT_DECRYPT",
            "multi_region": false,
            "policy": "{\"Statement\":[{\"Action\":[\"kms:Update*\",\"kms:UntagResource\",\"kms:TagResource\",\"kms:ScheduleKeyDeletion\",\"kms:Revoke*\",\"kms:ReEncrypt*\",\"kms:Put*\",\"kms:List*\",\"kms:Get*\",\"kms:GenerateDataKey*\",\"kms:Encrypt*\",\"kms:Enable*\",\"kms:Disable*\",\"kms:Describe*\",\"kms:Delete*\",\"kms:Decrypt*\",\"kms:Create*\",\"kms:CancelKeyDeletion\"],\"Condition\":{\"StringEquals\":{\"aws:PrincipalAccount\":\"076472864721\"}},\"Effect\":\"Allow\",\"Principal\":{\"AWS\":\"*\"},\"Resource\":\"*\"}],\"Version\":\"2012-10-17\"}",
            "region": "ap-northeast-2",
            "rotation_period_in_days": 0,
            "tags": {
              "Name": "wsc2026-ecr-kms"
            },
            "tags_all": {
              "Name": "wsc2026-ecr-kms"
            },
            "timeouts": null,
            "xks_key_id": ""
          },
          "sensitive_attributes": [],
          "identity_schema_version": 0,
          "identity": {
            "account_id": "076472864721",
            "id": "7aac3557-fadd-4a03-97ae-a1b749a4a7f0",
            "region": "ap-northeast-2"
          },
          "private": "eyJlMmJmYjczMC1lY2FhLTExZTYtOGY4OC0zNDM2M2JjN2M0YzAiOnsiY3JlYXRlIjoxMjAwMDAwMDAwMDB9fQ==",
          "dependencies": [
            "data.aws_caller_identity.current",
            "module.kms.data.aws_iam_policy_document.this"
          ]
        }
      ]
    },
    {
      "module": "module.kms[\"wsc2026-eks-kms\"]",
      "mode": "data",
      "type": "aws_iam_policy_document",
      "name": "this",
      "provider": "provider[\"registry.terraform.io/hashicorp/aws\"]",
      "instances": [
        {
          "schema_version": 0,
          "attributes": {
            "id": "3147516431",
            "json": "{\n  \"Version\": \"2012-10-17\",\n  \"Statement\": [\n    {\n      \"Effect\": \"Allow\",\n      \"Action\": [\n        \"kms:Update*\",\n        \"kms:UntagResource\",\n        \"kms:TagResource\",\n        \"kms:ScheduleKeyDeletion\",\n        \"kms:Revoke*\",\n        \"kms:ReEncrypt*\",\n        \"kms:Put*\",\n        \"kms:List*\",\n        \"kms:Get*\",\n        \"kms:GenerateDataKey*\",\n        \"kms:Encrypt*\",\n        \"kms:Enable*\",\n        \"kms:Disable*\",\n        \"kms:Describe*\",\n        \"kms:Delete*\",\n        \"kms:Decrypt*\",\n        \"kms:Create*\",\n        \"kms:CancelKeyDeletion\"\n      ],\n      \"Resource\": \"*\",\n      \"Principal\": {\n        \"AWS\": \"*\"\n      },\n      \"Condition\": {\n        \"StringEquals\": {\n          \"aws:PrincipalAccount\": \"076472864721\"\n        }\n      }\n    }\n  ]\n}",
            "minified_json": "{\"Version\":\"2012-10-17\",\"Statement\":[{\"Effect\":\"Allow\",\"Action\":[\"kms:Update*\",\"kms:UntagResource\",\"kms:TagResource\",\"kms:ScheduleKeyDeletion\",\"kms:Revoke*\",\"kms:ReEncrypt*\",\"kms:Put*\",\"kms:List*\",\"kms:Get*\",\"kms:GenerateDataKey*\",\"kms:Encrypt*\",\"kms:Enable*\",\"kms:Disable*\",\"kms:Describe*\",\"kms:Delete*\",\"kms:Decrypt*\",\"kms:Create*\",\"kms:CancelKeyDeletion\"],\"Resource\":\"*\",\"Principal\":{\"AWS\":\"*\"},\"Condition\":{\"StringEquals\":{\"aws:PrincipalAccount\":\"076472864721\"}}}]}",
            "override_json": null,
            "override_policy_documents": null,
            "policy_id": null,
            "source_json": null,
            "source_policy_documents": null,
            "statement": [
              {
                "actions": [
                  "kms:CancelKeyDeletion",
                  "kms:Create*",
                  "kms:Decrypt*",
                  "kms:Delete*",
                  "kms:Describe*",
                  "kms:Disable*",
                  "kms:Enable*",
                  "kms:Encrypt*",
                  "kms:GenerateDataKey*",
                  "kms:Get*",
                  "kms:List*",
                  "kms:Put*",
                  "kms:ReEncrypt*",
                  "kms:Revoke*",
                  "kms:ScheduleKeyDeletion",
                  "kms:TagResource",
                  "kms:UntagResource",
                  "kms:Update*"
                ],
                "condition": [
                  {
                    "test": "StringEquals",
                    "values": [
                      "076472864721"
                    ],
                    "variable": "aws:PrincipalAccount"
                  }
                ],
                "effect": "Allow",
                "not_actions": [],
                "not_principals": [],
                "not_resources": [],
                "principals": [
                  {
                    "identifiers": [
                      "*"
                    ],
                    "type": "AWS"
                  }
                ],
                "resources": [
                  "*"
                ],
                "sid": ""
              }
            ],
            "version": "2012-10-17"
          },
          "sensitive_attributes": [],
          "identity_schema_version": 0
        }
      ]
    },
    {
      "module": "module.kms[\"wsc2026-eks-kms\"]",
      "mode": "managed",
      "type": "aws_kms_alias",
      "name": "this",
      "provider": "provider[\"registry.terraform.io/hashicorp/aws\"]",
      "instances": [
        {
          "schema_version": 0,
          "attributes": {
            "arn": "arn:aws:kms:ap-northeast-2:076472864721:alias/wsc2026-eks-kms",
            "id": "alias/wsc2026-eks-kms",
            "name": "alias/wsc2026-eks-kms",
            "name_prefix": "",
            "region": "ap-northeast-2",
            "target_key_arn": "arn:aws:kms:ap-northeast-2:076472864721:key/2be61e45-adea-4c26-8dea-fc10a7599bf3",
            "target_key_id": "2be61e45-adea-4c26-8dea-fc10a7599bf3"
          },
          "sensitive_attributes": [],
          "identity_schema_version": 0,
          "identity": {
            "account_id": "076472864721",
            "name": "alias/wsc2026-eks-kms",
            "region": "ap-northeast-2"
          },
          "private": "bnVsbA==",
          "dependencies": [
            "data.aws_caller_identity.current",
            "module.kms.aws_kms_key.this",
            "module.kms.data.aws_iam_policy_document.this"
          ]
        }
      ]
    },
    {
      "module": "module.kms[\"wsc2026-eks-kms\"]",
      "mode": "managed",
      "type": "aws_kms_key",
      "name": "this",
      "provider": "provider[\"registry.terraform.io/hashicorp/aws\"]",
      "instances": [
        {
          "schema_version": 0,
          "attributes": {
            "arn": "arn:aws:kms:ap-northeast-2:076472864721:key/2be61e45-adea-4c26-8dea-fc10a7599bf3",
            "bypass_policy_lockout_safety_check": false,
            "custom_key_store_id": "",
            "customer_master_key_spec": "SYMMETRIC_DEFAULT",
            "deletion_window_in_days": 7,
            "description": "",
            "enable_key_rotation": false,
            "id": "2be61e45-adea-4c26-8dea-fc10a7599bf3",
            "is_enabled": true,
            "key_id": "2be61e45-adea-4c26-8dea-fc10a7599bf3",
            "key_usage": "ENCRYPT_DECRYPT",
            "multi_region": false,
            "policy": "{\"Statement\":[{\"Action\":[\"kms:Update*\",\"kms:UntagResource\",\"kms:TagResource\",\"kms:ScheduleKeyDeletion\",\"kms:Revoke*\",\"kms:ReEncrypt*\",\"kms:Put*\",\"kms:List*\",\"kms:Get*\",\"kms:GenerateDataKey*\",\"kms:Encrypt*\",\"kms:Enable*\",\"kms:Disable*\",\"kms:Describe*\",\"kms:Delete*\",\"kms:Decrypt*\",\"kms:Create*\",\"kms:CancelKeyDeletion\"],\"Condition\":{\"StringEquals\":{\"aws:PrincipalAccount\":\"076472864721\"}},\"Effect\":\"Allow\",\"Principal\":{\"AWS\":\"*\"},\"Resource\":\"*\"}],\"Version\":\"2012-10-17\"}",
            "region": "ap-northeast-2",
            "rotation_period_in_days": 0,
            "tags": {
              "Name": "wsc2026-eks-kms"
            },
            "tags_all": {
              "Name": "wsc2026-eks-kms"
            },
            "timeouts": null,
            "xks_key_id": ""
          },
          "sensitive_attributes": [],
          "identity_schema_version": 0,
          "identity": {
            "account_id": "076472864721",
            "id": "2be61e45-adea-4c26-8dea-fc10a7599bf3",
            "region": "ap-northeast-2"
          },
          "private": "eyJlMmJmYjczMC1lY2FhLTExZTYtOGY4OC0zNDM2M2JjN2M0YzAiOnsiY3JlYXRlIjoxMjAwMDAwMDAwMDB9fQ==",
          "dependencies": [
            "data.aws_caller_identity.current",
            "module.kms.data.aws_iam_policy_document.this"
          ]
        }
      ]
    },
    {
      "module": "module.kms[\"wsc2026-function-kms\"]",
      "mode": "data",
      "type": "aws_iam_policy_document",
      "name": "this",
      "provider": "provider[\"registry.terraform.io/hashicorp/aws\"]",
      "instances": [
        {
          "schema_version": 0,
          "attributes": {
            "id": "3147516431",
            "json": "{\n  \"Version\": \"2012-10-17\",\n  \"Statement\": [\n    {\n      \"Effect\": \"Allow\",\n      \"Action\": [\n        \"kms:Update*\",\n        \"kms:UntagResource\",\n        \"kms:TagResource\",\n        \"kms:ScheduleKeyDeletion\",\n        \"kms:Revoke*\",\n        \"kms:ReEncrypt*\",\n        \"kms:Put*\",\n        \"kms:List*\",\n        \"kms:Get*\",\n        \"kms:GenerateDataKey*\",\n        \"kms:Encrypt*\",\n        \"kms:Enable*\",\n        \"kms:Disable*\",\n        \"kms:Describe*\",\n        \"kms:Delete*\",\n        \"kms:Decrypt*\",\n        \"kms:Create*\",\n        \"kms:CancelKeyDeletion\"\n      ],\n      \"Resource\": \"*\",\n      \"Principal\": {\n        \"AWS\": \"*\"\n      },\n      \"Condition\": {\n        \"StringEquals\": {\n          \"aws:PrincipalAccount\": \"076472864721\"\n        }\n      }\n    }\n  ]\n}",
            "minified_json": "{\"Version\":\"2012-10-17\",\"Statement\":[{\"Effect\":\"Allow\",\"Action\":[\"kms:Update*\",\"kms:UntagResource\",\"kms:TagResource\",\"kms:ScheduleKeyDeletion\",\"kms:Revoke*\",\"kms:ReEncrypt*\",\"kms:Put*\",\"kms:List*\",\"kms:Get*\",\"kms:GenerateDataKey*\",\"kms:Encrypt*\",\"kms:Enable*\",\"kms:Disable*\",\"kms:Describe*\",\"kms:Delete*\",\"kms:Decrypt*\",\"kms:Create*\",\"kms:CancelKeyDeletion\"],\"Resource\":\"*\",\"Principal\":{\"AWS\":\"*\"},\"Condition\":{\"StringEquals\":{\"aws:PrincipalAccount\":\"076472864721\"}}}]}",
            "override_json": null,
            "override_policy_documents": null,
            "policy_id": null,
            "source_json": null,
            "source_policy_documents": null,
            "statement": [
              {
                "actions": [
                  "kms:CancelKeyDeletion",
                  "kms:Create*",
                  "kms:Decrypt*",
                  "kms:Delete*",
                  "kms:Describe*",
                  "kms:Disable*",
                  "kms:Enable*",
                  "kms:Encrypt*",
                  "kms:GenerateDataKey*",
                  "kms:Get*",
                  "kms:List*",
                  "kms:Put*",
                  "kms:ReEncrypt*",
                  "kms:Revoke*",
                  "kms:ScheduleKeyDeletion",
                  "kms:TagResource",
                  "kms:UntagResource",
                  "kms:Update*"
                ],
                "condition": [
                  {
                    "test": "StringEquals",
                    "values": [
                      "076472864721"
                    ],
                    "variable": "aws:PrincipalAccount"
                  }
                ],
                "effect": "Allow",
                "not_actions": [],
                "not_principals": [],
                "not_resources": [],
                "principals": [
                  {
                    "identifiers": [
                      "*"
                    ],
                    "type": "AWS"
                  }
                ],
                "resources": [
                  "*"
                ],
                "sid": ""
              }
            ],
            "version": "2012-10-17"
          },
          "sensitive_attributes": [],
          "identity_schema_version": 0
        }
      ]
    },
    {
      "module": "module.kms[\"wsc2026-function-kms\"]",
      "mode": "managed",
      "type": "aws_kms_alias",
      "name": "this",
      "provider": "provider[\"registry.terraform.io/hashicorp/aws\"]",
      "instances": [
        {
          "schema_version": 0,
          "attributes": {
            "arn": "arn:aws:kms:ap-northeast-2:076472864721:alias/wsc2026-function-kms",
            "id": "alias/wsc2026-function-kms",
            "name": "alias/wsc2026-function-kms",
            "name_prefix": "",
            "region": "ap-northeast-2",
            "target_key_arn": "arn:aws:kms:ap-northeast-2:076472864721:key/f8993883-5faf-4bca-83c3-6673d01b3c36",
            "target_key_id": "f8993883-5faf-4bca-83c3-6673d01b3c36"
          },
          "sensitive_attributes": [],
          "identity_schema_version": 0,
          "identity": {
            "account_id": "076472864721",
            "name": "alias/wsc2026-function-kms",
            "region": "ap-northeast-2"
          },
          "private": "bnVsbA==",
          "dependencies": [
            "data.aws_caller_identity.current",
            "module.kms.aws_kms_key.this",
            "module.kms.data.aws_iam_policy_document.this"
          ]
        }
      ]
    },
    {
      "module": "module.kms[\"wsc2026-function-kms\"]",
      "mode": "managed",
      "type": "aws_kms_key",
      "name": "this",
      "provider": "provider[\"registry.terraform.io/hashicorp/aws\"]",
      "instances": [
        {
          "schema_version": 0,
          "attributes": {
            "arn": "arn:aws:kms:ap-northeast-2:076472864721:key/f8993883-5faf-4bca-83c3-6673d01b3c36",
            "bypass_policy_lockout_safety_check": false,
            "custom_key_store_id": "",
            "customer_master_key_spec": "SYMMETRIC_DEFAULT",
            "deletion_window_in_days": 7,
            "description": "",
            "enable_key_rotation": false,
            "id": "f8993883-5faf-4bca-83c3-6673d01b3c36",
            "is_enabled": true,
            "key_id": "f8993883-5faf-4bca-83c3-6673d01b3c36",
            "key_usage": "ENCRYPT_DECRYPT",
            "multi_region": false,
            "policy": "{\"Statement\":[{\"Action\":[\"kms:Update*\",\"kms:UntagResource\",\"kms:TagResource\",\"kms:ScheduleKeyDeletion\",\"kms:Revoke*\",\"kms:ReEncrypt*\",\"kms:Put*\",\"kms:List*\",\"kms:Get*\",\"kms:GenerateDataKey*\",\"kms:Encrypt*\",\"kms:Enable*\",\"kms:Disable*\",\"kms:Describe*\",\"kms:Delete*\",\"kms:Decrypt*\",\"kms:Create*\",\"kms:CancelKeyDeletion\"],\"Condition\":{\"StringEquals\":{\"aws:PrincipalAccount\":\"076472864721\"}},\"Effect\":\"Allow\",\"Principal\":{\"AWS\":\"*\"},\"Resource\":\"*\"}],\"Version\":\"2012-10-17\"}",
            "region": "ap-northeast-2",
            "rotation_period_in_days": 0,
            "tags": {
              "Name": "wsc2026-function-kms"
            },
            "tags_all": {
              "Name": "wsc2026-function-kms"
            },
            "timeouts": null,
            "xks_key_id": ""
          },
          "sensitive_attributes": [],
          "identity_schema_version": 0,
          "identity": {
            "account_id": "076472864721",
            "id": "f8993883-5faf-4bca-83c3-6673d01b3c36",
            "region": "ap-northeast-2"
          },
          "private": "eyJlMmJmYjczMC1lY2FhLTExZTYtOGY4OC0zNDM2M2JjN2M0YzAiOnsiY3JlYXRlIjoxMjAwMDAwMDAwMDB9fQ==",
          "dependencies": [
            "data.aws_caller_identity.current",
            "module.kms.data.aws_iam_policy_document.this"
          ]
        }
      ]
    },
    {
      "module": "module.lambda[\"wsc2026-book-get-function\"]",
      "mode": "data",
      "type": "archive_file",
      "name": "this",
      "provider": "provider[\"registry.terraform.io/hashicorp/archive\"]",
      "instances": [
        {
          "schema_version": 0,
          "attributes": {
            "exclude_symlink_directories": null,
            "excludes": null,
            "id": "64682b88f9e88e5d0261cc04be49c7af8bd19e0a",
            "output_base64sha256": "HSqyekgrfBNpKek3ErpgfQ7nroB3g3HmsJnOPkJQia0=",
            "output_base64sha512": "fkH3vV7alRGAL5WBgFDt17Rl56tiG5pcBYkwKUnvzj3KhtCoGvNh+HYJ6nbdI+F6CGgtGejkUDOp2gcs7PGZZg==",
            "output_file_mode": null,
            "output_md5": "831ed87746c580eb660e38c83894d7dc",
            "output_path": "modules/lambda/../../src/lambda/lambda_function_payload.zip",
            "output_sha": "64682b88f9e88e5d0261cc04be49c7af8bd19e0a",
            "output_sha256": "1d2ab27a482b7c136929e93712ba607d0ee7ae80778371e6b099ce3e425089ad",
            "output_sha512": "7e41f7bd5eda9511802f95818050edd7b465e7ab621b9a5c0589302949efce3dca86d0a81af361f87609ea76dd23e17a08682d19e8e45033a9da072cecf19966",
            "output_size": 1477,
            "source": [],
            "source_content": null,
            "source_content_filename": null,
            "source_dir": null,
            "source_file": "modules/lambda/../../src/lambda/lambda_function.py",
            "type": "zip"
          },
          "sensitive_attributes": [],
          "identity_schema_version": 0
        }
      ]
    },
    {
      "module": "module.lambda[\"wsc2026-book-get-function\"]",
      "mode": "data",
      "type": "aws_iam_policy_document",
      "name": "this",
      "provider": "provider[\"registry.terraform.io/hashicorp/aws\"]",
      "instances": [
        {
          "schema_version": 0,
          "attributes": {
            "id": "2938030612",
            "json": "{\n  \"Version\": \"2012-10-17\",\n  \"Statement\": [\n    {\n      \"Effect\": \"Allow\",\n      \"Action\": [\n        \"logs:PutLogEvents\",\n        \"logs:CreateLogStream\",\n        \"logs:CreateLogGroup\"\n      ],\n      \"Resource\": \"arn:aws:logs:ap-northeast-2:076472864721:log-group:*\"\n    },\n    {\n      \"Effect\": \"Allow\",\n      \"Action\": [\n        \"dynamodb:Query\",\n        \"dynamodb:GetItem\"\n      ],\n      \"Resource\": [\n        \"arn:aws:dynamodb:ap-northeast-2:076472864721:table/wsc2026-book-table/index/booking_id-index\",\n        \"arn:aws:dynamodb:ap-northeast-2:076472864721:table/wsc2026-book-table\"\n      ]\n    }\n  ]\n}",
            "minified_json": "{\"Version\":\"2012-10-17\",\"Statement\":[{\"Effect\":\"Allow\",\"Action\":[\"logs:PutLogEvents\",\"logs:CreateLogStream\",\"logs:CreateLogGroup\"],\"Resource\":\"arn:aws:logs:ap-northeast-2:076472864721:log-group:*\"},{\"Effect\":\"Allow\",\"Action\":[\"dynamodb:Query\",\"dynamodb:GetItem\"],\"Resource\":[\"arn:aws:dynamodb:ap-northeast-2:076472864721:table/wsc2026-book-table/index/booking_id-index\",\"arn:aws:dynamodb:ap-northeast-2:076472864721:table/wsc2026-book-table\"]}]}",
            "override_json": null,
            "override_policy_documents": null,
            "policy_id": null,
            "source_json": null,
            "source_policy_documents": null,
            "statement": [
              {
                "actions": [
                  "logs:CreateLogGroup",
                  "logs:CreateLogStream",
                  "logs:PutLogEvents"
                ],
                "condition": [],
                "effect": "Allow",
                "not_actions": [],
                "not_principals": [],
                "not_resources": [],
                "principals": [],
                "resources": [
                  "arn:aws:logs:ap-northeast-2:076472864721:log-group:*"
                ],
                "sid": ""
              },
              {
                "actions": [
                  "dynamodb:GetItem",
                  "dynamodb:Query"
                ],
                "condition": [],
                "effect": "Allow",
                "not_actions": [],
                "not_principals": [],
                "not_resources": [],
                "principals": [],
                "resources": [
                  "arn:aws:dynamodb:ap-northeast-2:076472864721:table/wsc2026-book-table",
                  "arn:aws:dynamodb:ap-northeast-2:076472864721:table/wsc2026-book-table/index/booking_id-index"
                ],
                "sid": ""
              }
            ],
            "version": "2012-10-17"
          },
          "sensitive_attributes": [],
          "identity_schema_version": 0
        }
      ]
    },
    {
      "module": "module.lambda[\"wsc2026-book-get-function\"]",
      "mode": "managed",
      "type": "aws_iam_policy",
      "name": "this",
      "provider": "provider[\"registry.terraform.io/hashicorp/aws\"]",
      "instances": [
        {
          "index_key": 0,
          "schema_version": 0,
          "attributes": {
            "arn": "arn:aws:iam::076472864721:policy/wsc2026-book-function-policy",
            "attachment_count": 0,
            "delay_after_policy_creation_in_ms": null,
            "description": "",
            "id": "arn:aws:iam::076472864721:policy/wsc2026-book-function-policy",
            "name": "wsc2026-book-function-policy",
            "name_prefix": "",
            "path": "/",
            "policy": "{\"Statement\":[{\"Action\":[\"logs:PutLogEvents\",\"logs:CreateLogStream\",\"logs:CreateLogGroup\"],\"Effect\":\"Allow\",\"Resource\":\"arn:aws:logs:ap-northeast-2:076472864721:log-group:*\"},{\"Action\":[\"dynamodb:Query\",\"dynamodb:GetItem\"],\"Effect\":\"Allow\",\"Resource\":[\"arn:aws:dynamodb:ap-northeast-2:076472864721:table/wsc2026-book-table/index/booking_id-index\",\"arn:aws:dynamodb:ap-northeast-2:076472864721:table/wsc2026-book-table\"]}],\"Version\":\"2012-10-17\"}",
            "policy_id": "ANPARDTRDJ7IWF6OLIZ2K",
            "tags": {
              "Name": "wsc2026-book-function-policy"
            },
            "tags_all": {
              "Name": "wsc2026-book-function-policy"
            }
          },
          "sensitive_attributes": [],
          "identity_schema_version": 0,
          "identity": {
            "arn": "arn:aws:iam::076472864721:policy/wsc2026-book-function-policy"
          },
          "private": "bnVsbA==",
          "dependencies": [
            "data.aws_availability_zones.az",
            "data.aws_caller_identity.current",
            "data.aws_region.current",
            "module.kms.aws_kms_alias.this",
            "module.kms.aws_kms_key.this",
            "module.kms.data.aws_iam_policy_document.this",
            "module.lambda.data.aws_iam_policy_document.this",
            "module.vpc.aws_default_route_table.this",
            "module.vpc.aws_default_security_group.this",
            "module.vpc.aws_eip.this",
            "module.vpc.aws_internet_gateway.this",
            "module.vpc.aws_nat_gateway.this",
            "module.vpc.aws_route.this",
            "module.vpc.aws_route_table.this",
            "module.vpc.aws_route_table_association.this",
            "module.vpc.aws_subnet.this",
            "module.vpc.aws_vpc.this"
          ]
        }
      ]
    },
    {
      "module": "module.lambda[\"wsc2026-book-get-function\"]",
      "mode": "managed",
      "type": "aws_iam_role",
      "name": "this",
      "provider": "provider[\"registry.terraform.io/hashicorp/aws\"]",
      "instances": [
        {
          "schema_version": 0,
          "attributes": {
            "arn": "arn:aws:iam::076472864721:role/wsc2026-book-function-role",
            "assume_role_policy": "{\"Statement\":[{\"Action\":\"sts:AssumeRole\",\"Effect\":\"Allow\",\"Principal\":{\"Service\":[\"lambda.amazonaws.com\"]}}],\"Version\":\"2012-10-17\"}",
            "create_date": "2026-08-22T17:38:27Z",
            "description": "",
            "force_detach_policies": false,
            "id": "wsc2026-book-function-role",
            "inline_policy": [],
            "managed_policy_arns": [],
            "max_session_duration": 3600,
            "name": "wsc2026-book-function-role",
            "name_prefix": "",
            "path": "/",
            "permissions_boundary": "",
            "tags": {
              "Name": "wsc2026-book-function-role"
            },
            "tags_all": {
              "Name": "wsc2026-book-function-role"
            },
            "unique_id": "AROARDTRDJ7I6PVNLIC5A"
          },
          "sensitive_attributes": [],
          "identity_schema_version": 0,
          "identity": {
            "account_id": "076472864721",
            "name": "wsc2026-book-function-role"
          },
          "private": "bnVsbA==",
          "dependencies": [
            "data.aws_availability_zones.az",
            "data.aws_caller_identity.current",
            "data.aws_region.current",
            "module.kms.aws_kms_alias.this",
            "module.kms.aws_kms_key.this",
            "module.kms.data.aws_iam_policy_document.this",
            "module.vpc.aws_default_route_table.this",
            "module.vpc.aws_default_security_group.this",
            "module.vpc.aws_eip.this",
            "module.vpc.aws_internet_gateway.this",
            "module.vpc.aws_nat_gateway.this",
            "module.vpc.aws_route.this",
            "module.vpc.aws_route_table.this",
            "module.vpc.aws_route_table_association.this",
            "module.vpc.aws_subnet.this",
            "module.vpc.aws_vpc.this"
          ]
        }
      ]
    },
    {
      "module": "module.lambda[\"wsc2026-book-get-function\"]",
      "mode": "managed",
      "type": "aws_iam_role_policy_attachment",
      "name": "custom",
      "provider": "provider[\"registry.terraform.io/hashicorp/aws\"]",
      "instances": [
        {
          "index_key": 0,
          "schema_version": 0,
          "attributes": {
            "id": "wsc2026-book-function-role/arn:aws:iam::076472864721:policy/wsc2026-book-function-policy",
            "policy_arn": "arn:aws:iam::076472864721:policy/wsc2026-book-function-policy",
            "role": "wsc2026-book-function-role"
          },
          "sensitive_attributes": [],
          "identity_schema_version": 0,
          "identity": {
            "account_id": "076472864721",
            "policy_arn": "arn:aws:iam::076472864721:policy/wsc2026-book-function-policy",
            "role": "wsc2026-book-function-role"
          },
          "private": "bnVsbA==",
          "dependencies": [
            "data.aws_availability_zones.az",
            "data.aws_caller_identity.current",
            "data.aws_region.current",
            "module.kms.aws_kms_alias.this",
            "module.kms.aws_kms_key.this",
            "module.kms.data.aws_iam_policy_document.this",
            "module.lambda.aws_iam_policy.this",
            "module.lambda.aws_iam_role.this",
            "module.lambda.data.aws_iam_policy_document.this",
            "module.vpc.aws_default_route_table.this",
            "module.vpc.aws_default_security_group.this",
            "module.vpc.aws_eip.this",
            "module.vpc.aws_internet_gateway.this",
            "module.vpc.aws_nat_gateway.this",
            "module.vpc.aws_route.this",
            "module.vpc.aws_route_table.this",
            "module.vpc.aws_route_table_association.this",
            "module.vpc.aws_subnet.this",
            "module.vpc.aws_vpc.this"
          ]
        }
      ]
    },
    {
      "module": "module.lambda[\"wsc2026-book-get-function\"]",
      "mode": "managed",
      "type": "aws_kms_ciphertext",
      "name": "this",
      "provider": "provider[\"registry.terraform.io/hashicorp/aws\"]",
      "instances": [
        {
          "index_key": "TABLE_NAME",
          "schema_version": 0,
          "attributes": {
            "ciphertext_blob": "AQICAHj+ufMzO0eYYuA8dpOBmPlNnGRpXu0aGg4XcHVEEmqaDwFJjg4Q1MXG5HwEULTxE9WWAAAAcDBuBgkqhkiG9w0BBwagYTBfAgEAMFoGCSqGSIb3DQEHATAeBglghkgBZQMEAS4wEQQMjXOGrA+RtBxEpI1xAgEQgC2S4iEEcTuSpK7qFUIYM0WfFihvuHlPlOF04aODb0vWw/U4EI2frcpx1MesMiQ=",
            "context": null,
            "id": "2026-08-22 17:38:27.6195047 +0000 UTC",
            "key_id": "arn:aws:kms:ap-northeast-2:076472864721:key/f8993883-5faf-4bca-83c3-6673d01b3c36",
            "plaintext": "wsc2026-book-table",
            "plaintext_wo": null,
            "plaintext_wo_version": null,
            "region": "ap-northeast-2"
          },
          "sensitive_attributes": [
            [
              {
                "type": "get_attr",
                "value": "plaintext"
              }
            ],
            [
              {
                "type": "get_attr",
                "value": "plaintext_wo"
              }
            ]
          ],
          "identity_schema_version": 0,
          "private": "bnVsbA==",
          "dependencies": [
            "data.aws_availability_zones.az",
            "data.aws_caller_identity.current",
            "data.aws_region.current",
            "module.kms.aws_kms_alias.this",
            "module.kms.aws_kms_key.this",
            "module.kms.data.aws_iam_policy_document.this",
            "module.vpc.aws_default_route_table.this",
            "module.vpc.aws_default_security_group.this",
            "module.vpc.aws_eip.this",
            "module.vpc.aws_internet_gateway.this",
            "module.vpc.aws_nat_gateway.this",
            "module.vpc.aws_route.this",
            "module.vpc.aws_route_table.this",
            "module.vpc.aws_route_table_association.this",
            "module.vpc.aws_subnet.this",
            "module.vpc.aws_vpc.this"
          ]
        }
      ]
    },
    {
      "module": "module.lambda[\"wsc2026-book-get-function\"]",
      "mode": "managed",
      "type": "aws_lambda_function",
      "name": "this",
      "provider": "provider[\"registry.terraform.io/hashicorp/aws\"]",
      "instances": [
        {
          "schema_version": 0,
          "attributes": {
            "architectures": [
              "x86_64"
            ],
            "arn": "arn:aws:lambda:ap-northeast-2:076472864721:function:wsc2026-book-get-function",
            "capacity_provider_config": [],
            "code_sha256": "HSqyekgrfBNpKek3ErpgfQ7nroB3g3HmsJnOPkJQia0=",
            "code_signing_config_arn": "",
            "dead_letter_config": [],
            "description": "",
            "durable_config": [],
            "environment": [
              {
                "variables": {
                  "TABLE_NAME": "AQICAHj+ufMzO0eYYuA8dpOBmPlNnGRpXu0aGg4XcHVEEmqaDwFJjg4Q1MXG5HwEULTxE9WWAAAAcDBuBgkqhkiG9w0BBwagYTBfAgEAMFoGCSqGSIb3DQEHATAeBglghkgBZQMEAS4wEQQMjXOGrA+RtBxEpI1xAgEQgC2S4iEEcTuSpK7qFUIYM0WfFihvuHlPlOF04aODb0vWw/U4EI2frcpx1MesMiQ="
                }
              }
            ],
            "ephemeral_storage": [
              {
                "size": 512
              }
            ],
            "file_system_config": [],
            "filename": "modules/lambda/../../src/lambda/lambda_function_payload.zip",
            "function_name": "wsc2026-book-get-function",
            "handler": "lambda_function.lambda_handler",
            "id": "wsc2026-book-get-function",
            "image_config": [],
            "image_uri": "",
            "invoke_arn": "arn:aws:apigateway:ap-northeast-2:lambda:path/2015-03-31/functions/arn:aws:lambda:ap-northeast-2:076472864721:function:wsc2026-book-get-function/invocations",
            "kms_key_arn": "arn:aws:kms:ap-northeast-2:076472864721:key/f8993883-5faf-4bca-83c3-6673d01b3c36",
            "last_modified": "2026-08-22T17:38:36.890+0000",
            "layers": null,
            "logging_config": [
              {
                "application_log_level": "",
                "log_format": "Text",
                "log_group": "/aws/lambda/wsc2026-book-get-function",
                "system_log_level": ""
              }
            ],
            "memory_size": 128,
            "package_type": "Zip",
            "publish": false,
            "publish_to": null,
            "qualified_arn": "arn:aws:lambda:ap-northeast-2:076472864721:function:wsc2026-book-get-function:$LATEST",
            "qualified_invoke_arn": "arn:aws:apigateway:ap-northeast-2:lambda:path/2015-03-31/functions/arn:aws:lambda:ap-northeast-2:076472864721:function:wsc2026-book-get-function:$LATEST/invocations",
            "region": "ap-northeast-2",
            "replace_security_groups_on_destroy": null,
            "replacement_security_group_ids": null,
            "reserved_concurrent_executions": -1,
            "response_streaming_invoke_arn": "arn:aws:apigateway:ap-northeast-2:lambda:path/2021-11-15/functions/arn:aws:lambda:ap-northeast-2:076472864721:function:wsc2026-book-get-function/response-streaming-invocations",
            "role": "arn:aws:iam::076472864721:role/wsc2026-book-function-role",
            "runtime": "python3.12",
            "s3_bucket": null,
            "s3_key": null,
            "s3_object_version": null,
            "signing_job_arn": "",
            "signing_profile_version_arn": "",
            "skip_destroy": false,
            "snap_start": [],
            "source_code_hash": "HSqyekgrfBNpKek3ErpgfQ7nroB3g3HmsJnOPkJQia0=",
            "source_code_size": 1477,
            "source_kms_key_arn": "",
            "tags": {
              "Name": "wsc2026-book-get-function"
            },
            "tags_all": {
              "Name": "wsc2026-book-get-function"
            },
            "tenancy_config": [],
            "timeout": 180,
            "timeouts": null,
            "tracing_config": [
              {
                "mode": "PassThrough"
              }
            ],
            "use_resource_timeout_for_propagation": null,
            "version": "$LATEST",
            "vpc_config": []
          },
          "sensitive_attributes": [],
          "identity_schema_version": 0,
          "identity": {
            "account_id": "076472864721",
            "function_name": "wsc2026-book-get-function",
            "region": "ap-northeast-2"
          },
          "private": "eyJlMmJmYjczMC1lY2FhLTExZTYtOGY4OC0zNDM2M2JjN2M0YzAiOnsiY3JlYXRlIjo2MDAwMDAwMDAwMDAsImRlbGV0ZSI6NjAwMDAwMDAwMDAwLCJ1cGRhdGUiOjYwMDAwMDAwMDAwMH19",
          "dependencies": [
            "data.aws_availability_zones.az",
            "data.aws_caller_identity.current",
            "data.aws_region.current",
            "module.kms.aws_kms_alias.this",
            "module.kms.aws_kms_key.this",
            "module.kms.data.aws_iam_policy_document.this",
            "module.lambda.aws_iam_role.this",
            "module.lambda.aws_kms_ciphertext.this",
            "module.lambda.aws_security_group.this",
            "module.lambda.data.archive_file.this",
            "module.vpc.aws_default_route_table.this",
            "module.vpc.aws_default_security_group.this",
            "module.vpc.aws_eip.this",
            "module.vpc.aws_internet_gateway.this",
            "module.vpc.aws_nat_gateway.this",
            "module.vpc.aws_route.this",
            "module.vpc.aws_route_table.this",
            "module.vpc.aws_route_table_association.this",
            "module.vpc.aws_subnet.this",
            "module.vpc.aws_vpc.this"
          ]
        }
      ]
    },
    {
      "module": "module.lambda[\"wsc2026-book-get-function\"]",
      "mode": "managed",
      "type": "aws_lambda_function_url",
      "name": "this",
      "provider": "provider[\"registry.terraform.io/hashicorp/aws\"]",
      "instances": [
        {
          "index_key": 0,
          "schema_version": 0,
          "attributes": {
            "authorization_type": "NONE",
            "cors": [],
            "function_arn": "arn:aws:lambda:ap-northeast-2:076472864721:function:wsc2026-book-get-function",
            "function_name": "wsc2026-book-get-function",
            "function_url": "https://6pseiej2e7nrkjf2wfgxyqjkcu0cwhez.lambda-url.ap-northeast-2.on.aws/",
            "id": "wsc2026-book-get-function",
            "invoke_mode": "BUFFERED",
            "qualifier": "",
            "region": "ap-northeast-2",
            "timeouts": null,
            "url_id": "6pseiej2e7nrkjf2wfgxyqjkcu0cwhez"
          },
          "sensitive_attributes": [],
          "identity_schema_version": 0,
          "private": "eyJlMmJmYjczMC1lY2FhLTExZTYtOGY4OC0zNDM2M2JjN2M0YzAiOnsiY3JlYXRlIjo2MDAwMDAwMDAwMDB9fQ==",
          "dependencies": [
            "data.aws_availability_zones.az",
            "data.aws_caller_identity.current",
            "data.aws_region.current",
            "module.kms.aws_kms_alias.this",
            "module.kms.aws_kms_key.this",
            "module.kms.data.aws_iam_policy_document.this",
            "module.lambda.aws_iam_role.this",
            "module.lambda.aws_kms_ciphertext.this",
            "module.lambda.aws_lambda_function.this",
            "module.lambda.aws_security_group.this",
            "module.lambda.data.archive_file.this",
            "module.vpc.aws_default_route_table.this",
            "module.vpc.aws_default_security_group.this",
            "module.vpc.aws_eip.this",
            "module.vpc.aws_internet_gateway.this",
            "module.vpc.aws_nat_gateway.this",
            "module.vpc.aws_route.this",
            "module.vpc.aws_route_table.this",
            "module.vpc.aws_route_table_association.this",
            "module.vpc.aws_subnet.this",
            "module.vpc.aws_vpc.this"
          ]
        }
      ]
    },
    {
      "module": "module.s3[\"wsc2026-static-page-103-bucket\"]",
      "mode": "managed",
      "type": "aws_s3_bucket",
      "name": "this",
      "provider": "provider[\"registry.terraform.io/hashicorp/aws\"]",
      "instances": [
        {
          "schema_version": 0,
          "attributes": {
            "acceleration_status": "",
            "acl": null,
            "arn": "arn:aws:s3:::wsc2026-static-page-103-bucket",
            "bucket": "wsc2026-static-page-103-bucket",
            "bucket_domain_name": "wsc2026-static-page-103-bucket.s3.amazonaws.com",
            "bucket_namespace": "global",
            "bucket_prefix": "",
            "bucket_region": "ap-northeast-2",
            "bucket_regional_domain_name": "wsc2026-static-page-103-bucket.s3.ap-northeast-2.amazonaws.com",
            "cors_rule": [],
            "force_destroy": false,
            "grant": [
              {
                "id": "9fdbee916b1016faf02368d714b7743fa0ce13569966c7cb9d6ec97b9fc2c45a",
                "permissions": [
                  "FULL_CONTROL"
                ],
                "type": "CanonicalUser",
                "uri": ""
              }
            ],
            "hosted_zone_id": "Z3W03O7B5YMIYP",
            "id": "wsc2026-static-page-103-bucket",
            "lifecycle_rule": [],
            "logging": [],
            "object_lock_configuration": [],
            "object_lock_enabled": false,
            "policy": "",
            "region": "ap-northeast-2",
            "replication_configuration": [],
            "request_payer": "BucketOwner",
            "server_side_encryption_configuration": [
              {
                "rule": [
                  {
                    "apply_server_side_encryption_by_default": [
                      {
                        "kms_master_key_id": "",
                        "sse_algorithm": "AES256"
                      }
                    ],
                    "bucket_key_enabled": false
                  }
                ]
              }
            ],
            "tags": {
              "Name": "wsc2026-static-page-103-bucket"
            },
            "tags_all": {
              "Name": "wsc2026-static-page-103-bucket"
            },
            "timeouts": null,
            "versioning": [
              {
                "enabled": false,
                "mfa_delete": false
              }
            ],
            "website": [],
            "website_domain": null,
            "website_endpoint": null
          },
          "sensitive_attributes": [],
          "identity_schema_version": 0,
          "identity": {
            "account_id": "076472864721",
            "bucket": "wsc2026-static-page-103-bucket",
            "region": "ap-northeast-2"
          },
          "private": "eyJlMmJmYjczMC1lY2FhLTExZTYtOGY4OC0zNDM2M2JjN2M0YzAiOnsiY3JlYXRlIjoxMjAwMDAwMDAwMDAwLCJkZWxldGUiOjM2MDAwMDAwMDAwMDAsInJlYWQiOjEyMDAwMDAwMDAwMDAsInVwZGF0ZSI6MTIwMDAwMDAwMDAwMH19",
          "dependencies": [
            "data.aws_caller_identity.current",
            "module.kms.aws_kms_alias.this",
            "module.kms.aws_kms_key.this",
            "module.kms.data.aws_iam_policy_document.this"
          ]
        }
      ]
    },
    {
      "module": "module.s3[\"wsc2026-static-page-103-bucket\"]",
      "mode": "managed",
      "type": "aws_s3_bucket_server_side_encryption_configuration",
      "name": "this",
      "provider": "provider[\"registry.terraform.io/hashicorp/aws\"]",
      "instances": [
        {
          "index_key": 0,
          "schema_version": 0,
          "attributes": {
            "bucket": "wsc2026-static-page-103-bucket",
            "expected_bucket_owner": "",
            "id": "wsc2026-static-page-103-bucket",
            "region": "ap-northeast-2",
            "rule": [
              {
                "apply_server_side_encryption_by_default": [
                  {
                    "kms_master_key_id": "arn:aws:kms:ap-northeast-2:076472864721:key/875eb434-7552-4264-bc6e-356b5078b176",
                    "sse_algorithm": "aws:kms"
                  }
                ],
                "blocked_encryption_types": [
                  "SSE-C"
                ],
                "bucket_key_enabled": true
              }
            ]
          },
          "sensitive_attributes": [],
          "identity_schema_version": 1,
          "identity": {
            "account_id": "076472864721",
            "bucket": "wsc2026-static-page-103-bucket",
            "region": "ap-northeast-2"
          },
          "private": "bnVsbA==",
          "dependencies": [
            "data.aws_caller_identity.current",
            "module.kms.aws_kms_alias.this",
            "module.kms.aws_kms_key.this",
            "module.kms.data.aws_iam_policy_document.this",
            "module.s3.aws_s3_bucket.this"
          ]
        }
      ]
    },
    {
      "module": "module.s3[\"wsc2026-static-page-103-bucket\"]",
      "mode": "managed",
      "type": "aws_s3_object",
      "name": "this",
      "provider": "provider[\"registry.terraform.io/hashicorp/aws\"]",
      "instances": [
        {
          "index_key": "static/index.html",
          "schema_version": 0,
          "attributes": {
            "acl": null,
            "arn": "arn:aws:s3:::wsc2026-static-page-103-bucket/static/index.html",
            "bucket": "wsc2026-static-page-103-bucket",
            "bucket_key_enabled": false,
            "cache_control": "",
            "checksum_algorithm": null,
            "checksum_crc32": "",
            "checksum_crc32c": "",
            "checksum_crc64nvme": "",
            "checksum_sha1": "",
            "checksum_sha256": "",
            "content": null,
            "content_base64": null,
            "content_disposition": "",
            "content_encoding": "",
            "content_language": "",
            "content_type": "text/html",
            "etag": "52c3138b692e7fac9271299d229ffcf7",
            "force_destroy": false,
            "id": "wsc2026-static-page-103-bucket/static/index.html",
            "key": "static/index.html",
            "kms_key_id": "arn:aws:kms:ap-northeast-2:076472864721:key/875eb434-7552-4264-bc6e-356b5078b176",
            "metadata": null,
            "object_lock_legal_hold_status": "",
            "object_lock_mode": "",
            "object_lock_retain_until_date": "",
            "override_provider": [],
            "region": "ap-northeast-2",
            "server_side_encryption": "aws:kms",
            "source": "modules/s3/../../src/s3/index.html",
            "source_hash": "b705955e96dc610cf4547f2f41c3c741",
            "storage_class": "STANDARD",
            "tags": null,
            "tags_all": {},
            "version_id": "",
            "website_redirect": ""
          },
          "sensitive_attributes": [],
          "identity_schema_version": 0,
          "identity": {
            "account_id": "076472864721",
            "bucket": "wsc2026-static-page-103-bucket",
            "key": "static/index.html",
            "region": "ap-northeast-2"
          },
          "private": "bnVsbA==",
          "dependencies": [
            "data.aws_caller_identity.current",
            "module.kms.aws_kms_alias.this",
            "module.kms.aws_kms_key.this",
            "module.kms.data.aws_iam_policy_document.this",
            "module.s3.aws_s3_bucket.this"
          ]
        },
        {
          "index_key": "static/main.jpeg",
          "schema_version": 0,
          "attributes": {
            "acl": null,
            "arn": "arn:aws:s3:::wsc2026-static-page-103-bucket/static/main.jpeg",
            "bucket": "wsc2026-static-page-103-bucket",
            "bucket_key_enabled": false,
            "cache_control": "",
            "checksum_algorithm": null,
            "checksum_crc32": "",
            "checksum_crc32c": "",
            "checksum_crc64nvme": "",
            "checksum_sha1": "",
            "checksum_sha256": "",
            "content": null,
            "content_base64": null,
            "content_disposition": "",
            "content_encoding": "",
            "content_language": "",
            "content_type": "image/jpeg",
            "etag": "067011a30173476f928144e6e3e8a7ce",
            "force_destroy": false,
            "id": "wsc2026-static-page-103-bucket/static/main.jpeg",
            "key": "static/main.jpeg",
            "kms_key_id": "arn:aws:kms:ap-northeast-2:076472864721:key/875eb434-7552-4264-bc6e-356b5078b176",
            "metadata": null,
            "object_lock_legal_hold_status": "",
            "object_lock_mode": "",
            "object_lock_retain_until_date": "",
            "override_provider": [],
            "region": "ap-northeast-2",
            "server_side_encryption": "aws:kms",
            "source": "modules/s3/../../src/s3/main.jpeg",
            "source_hash": "f34e1b7292ca6a7ebdcf9da5527595c0",
            "storage_class": "STANDARD",
            "tags": null,
            "tags_all": {},
            "version_id": "",
            "website_redirect": ""
          },
          "sensitive_attributes": [],
          "identity_schema_version": 0,
          "identity": {
            "account_id": "076472864721",
            "bucket": "wsc2026-static-page-103-bucket",
            "key": "static/main.jpeg",
            "region": "ap-northeast-2"
          },
          "private": "bnVsbA==",
          "dependencies": [
            "data.aws_caller_identity.current",
            "module.kms.aws_kms_alias.this",
            "module.kms.aws_kms_key.this",
            "module.kms.data.aws_iam_policy_document.this",
            "module.s3.aws_s3_bucket.this"
          ]
        }
      ]
    },
    {
      "module": "module.security_group[\"mark-sg\"]",
      "mode": "managed",
      "type": "aws_security_group",
      "name": "this",
      "provider": "provider[\"registry.terraform.io/hashicorp/aws\"]",
      "instances": [
        {
          "schema_version": 1,
          "attributes": {
            "arn": "arn:aws:ec2:ap-northeast-2:076472864721:security-group/sg-0b5f08be192fd1a0f",
            "description": "Managed by Terraform",
            "egress": [
              {
                "cidr_blocks": [
                  "0.0.0.0/0"
                ],
                "description": "",
                "from_port": 0,
                "ipv6_cidr_blocks": [],
                "prefix_list_ids": [],
                "protocol": "-1",
                "security_groups": [],
                "self": false,
                "to_port": 0
              }
            ],
            "id": "sg-0b5f08be192fd1a0f",
            "ingress": [
              {
                "cidr_blocks": [
                  "0.0.0.0/0"
                ],
                "description": "",
                "from_port": 0,
                "ipv6_cidr_blocks": [],
                "prefix_list_ids": [],
                "protocol": "-1",
                "security_groups": [],
                "self": false,
                "to_port": 0
              }
            ],
            "name": "mark-sg",
            "name_prefix": "",
            "owner_id": "076472864721",
            "region": "ap-northeast-2",
            "revoke_rules_on_delete": false,
            "tags": {
              "Name": "mark-sg"
            },
            "tags_all": {
              "Name": "mark-sg"
            },
            "timeouts": null,
            "vpc_id": "vpc-00c116da65719506f"
          },
          "sensitive_attributes": [],
          "identity_schema_version": 0,
          "identity": {
            "account_id": "076472864721",
            "id": "sg-0b5f08be192fd1a0f",
            "region": "ap-northeast-2"
          },
          "private": "eyJlMmJmYjczMC1lY2FhLTExZTYtOGY4OC0zNDM2M2JjN2M0YzAiOnsiY3JlYXRlIjo2MDAwMDAwMDAwMDAsImRlbGV0ZSI6OTAwMDAwMDAwMDAwfSwic2NoZW1hX3ZlcnNpb24iOiIxIn0=",
          "dependencies": [
            "data.aws_availability_zones.az",
            "data.aws_ec2_managed_prefix_list.cloudfront",
            "module.vpc.aws_default_route_table.this",
            "module.vpc.aws_default_security_group.this",
            "module.vpc.aws_eip.this",
            "module.vpc.aws_internet_gateway.this",
            "module.vpc.aws_nat_gateway.this",
            "module.vpc.aws_route.this",
            "module.vpc.aws_route_table.this",
            "module.vpc.aws_route_table_association.this",
            "module.vpc.aws_subnet.this",
            "module.vpc.aws_vpc.this"
          ]
        }
      ]
    },
    {
      "module": "module.security_group[\"wsc2026-app-alb-sg\"]",
      "mode": "managed",
      "type": "aws_security_group",
      "name": "this",
      "provider": "provider[\"registry.terraform.io/hashicorp/aws\"]",
      "instances": [
        {
          "schema_version": 1,
          "attributes": {
            "arn": "arn:aws:ec2:ap-northeast-2:076472864721:security-group/sg-0966f1fddf820a5c9",
            "description": "Managed by Terraform",
            "egress": [
              {
                "cidr_blocks": [
                  "0.0.0.0/0"
                ],
                "description": "",
                "from_port": 8080,
                "ipv6_cidr_blocks": [],
                "prefix_list_ids": [],
                "protocol": "tcp",
                "security_groups": [],
                "self": false,
                "to_port": 8080
              }
            ],
            "id": "sg-0966f1fddf820a5c9",
            "ingress": [
              {
                "cidr_blocks": [],
                "description": "",
                "from_port": 80,
                "ipv6_cidr_blocks": [],
                "prefix_list_ids": [
                  "pl-22a6434b"
                ],
                "protocol": "tcp",
                "security_groups": [],
                "self": false,
                "to_port": 80
              }
            ],
            "name": "wsc2026-app-alb-sg",
            "name_prefix": "",
            "owner_id": "076472864721",
            "region": "ap-northeast-2",
            "revoke_rules_on_delete": false,
            "tags": {
              "Name": "wsc2026-app-alb-sg"
            },
            "tags_all": {
              "Name": "wsc2026-app-alb-sg"
            },
            "timeouts": null,
            "vpc_id": "vpc-00c116da65719506f"
          },
          "sensitive_attributes": [],
          "identity_schema_version": 0,
          "identity": {
            "account_id": "076472864721",
            "id": "sg-0966f1fddf820a5c9",
            "region": "ap-northeast-2"
          },
          "private": "eyJlMmJmYjczMC1lY2FhLTExZTYtOGY4OC0zNDM2M2JjN2M0YzAiOnsiY3JlYXRlIjo2MDAwMDAwMDAwMDAsImRlbGV0ZSI6OTAwMDAwMDAwMDAwfSwic2NoZW1hX3ZlcnNpb24iOiIxIn0=",
          "dependencies": [
            "data.aws_availability_zones.az",
            "data.aws_ec2_managed_prefix_list.cloudfront",
            "module.vpc.aws_default_route_table.this",
            "module.vpc.aws_default_security_group.this",
            "module.vpc.aws_eip.this",
            "module.vpc.aws_internet_gateway.this",
            "module.vpc.aws_nat_gateway.this",
            "module.vpc.aws_route.this",
            "module.vpc.aws_route_table.this",
            "module.vpc.aws_route_table_association.this",
            "module.vpc.aws_subnet.this",
            "module.vpc.aws_vpc.this"
          ]
        }
      ]
    },
    {
      "module": "module.security_group[\"wsc2026-eks-control-plane-sg\"]",
      "mode": "managed",
      "type": "aws_security_group",
      "name": "this",
      "provider": "provider[\"registry.terraform.io/hashicorp/aws\"]",
      "instances": [
        {
          "schema_version": 1,
          "attributes": {
            "arn": "arn:aws:ec2:ap-northeast-2:076472864721:security-group/sg-06be4f70412a7aa8d",
            "description": "Managed by Terraform",
            "egress": [
              {
                "cidr_blocks": [
                  "0.0.0.0/0"
                ],
                "description": "",
                "from_port": 0,
                "ipv6_cidr_blocks": [],
                "prefix_list_ids": [],
                "protocol": "-1",
                "security_groups": [],
                "self": false,
                "to_port": 0
              }
            ],
            "id": "sg-06be4f70412a7aa8d",
            "ingress": [
              {
                "cidr_blocks": [
                  "0.0.0.0/0"
                ],
                "description": "",
                "from_port": 443,
                "ipv6_cidr_blocks": [],
                "prefix_list_ids": [],
                "protocol": "tcp",
                "security_groups": [],
                "self": false,
                "to_port": 443
              }
            ],
            "name": "wsc2026-eks-control-plane-sg",
            "name_prefix": "",
            "owner_id": "076472864721",
            "region": "ap-northeast-2",
            "revoke_rules_on_delete": false,
            "tags": {
              "Name": "wsc2026-eks-control-plane-sg"
            },
            "tags_all": {
              "Name": "wsc2026-eks-control-plane-sg"
            },
            "timeouts": null,
            "vpc_id": "vpc-00c116da65719506f"
          },
          "sensitive_attributes": [],
          "identity_schema_version": 0,
          "identity": {
            "account_id": "076472864721",
            "id": "sg-06be4f70412a7aa8d",
            "region": "ap-northeast-2"
          },
          "private": "eyJlMmJmYjczMC1lY2FhLTExZTYtOGY4OC0zNDM2M2JjN2M0YzAiOnsiY3JlYXRlIjo2MDAwMDAwMDAwMDAsImRlbGV0ZSI6OTAwMDAwMDAwMDAwfSwic2NoZW1hX3ZlcnNpb24iOiIxIn0=",
          "dependencies": [
            "data.aws_availability_zones.az",
            "data.aws_ec2_managed_prefix_list.cloudfront",
            "module.vpc.aws_default_route_table.this",
            "module.vpc.aws_default_security_group.this",
            "module.vpc.aws_eip.this",
            "module.vpc.aws_internet_gateway.this",
            "module.vpc.aws_nat_gateway.this",
            "module.vpc.aws_route.this",
            "module.vpc.aws_route_table.this",
            "module.vpc.aws_route_table_association.this",
            "module.vpc.aws_subnet.this",
            "module.vpc.aws_vpc.this"
          ]
        }
      ]
    },
    {
      "module": "module.vpc[\"wsc2026-skills-vpc\"]",
      "mode": "managed",
      "type": "aws_default_route_table",
      "name": "this",
      "provider": "provider[\"registry.terraform.io/hashicorp/aws\"]",
      "instances": [
        {
          "schema_version": 0,
          "attributes": {
            "arn": "arn:aws:ec2:ap-northeast-2:076472864721:route-table/rtb-0ca609b76cb73137a",
            "default_route_table_id": "rtb-0ca609b76cb73137a",
            "id": "rtb-0ca609b76cb73137a",
            "owner_id": "076472864721",
            "propagating_vgws": null,
            "region": "ap-northeast-2",
            "route": [],
            "tags": null,
            "tags_all": {},
            "timeouts": null,
            "vpc_id": "vpc-00c116da65719506f"
          },
          "sensitive_attributes": [],
          "identity_schema_version": 0,
          "private": "eyJlMmJmYjczMC1lY2FhLTExZTYtOGY4OC0zNDM2M2JjN2M0YzAiOnsiY3JlYXRlIjoxMjAwMDAwMDAwMDAsInVwZGF0ZSI6MTIwMDAwMDAwMDAwfX0=",
          "dependencies": [
            "module.vpc.aws_vpc.this"
          ]
        }
      ]
    },
    {
      "module": "module.vpc[\"wsc2026-skills-vpc\"]",
      "mode": "managed",
      "type": "aws_default_security_group",
      "name": "this",
      "provider": "provider[\"registry.terraform.io/hashicorp/aws\"]",
      "instances": [
        {
          "schema_version": 1,
          "attributes": {
            "arn": "arn:aws:ec2:ap-northeast-2:076472864721:security-group/sg-04db29903bc892432",
            "description": "default VPC security group",
            "egress": [],
            "id": "sg-04db29903bc892432",
            "ingress": [],
            "name": "default",
            "name_prefix": "",
            "owner_id": "076472864721",
            "region": "ap-northeast-2",
            "revoke_rules_on_delete": false,
            "tags": {
              "Name": "wsc2026-skills-default-sg"
            },
            "tags_all": {
              "Name": "wsc2026-skills-default-sg"
            },
            "vpc_id": "vpc-00c116da65719506f"
          },
          "sensitive_attributes": [],
          "identity_schema_version": 0,
          "private": "eyJzY2hlbWFfdmVyc2lvbiI6IjEifQ==",
          "dependencies": [
            "module.vpc.aws_vpc.this"
          ]
        }
      ]
    },
    {
      "module": "module.vpc[\"wsc2026-skills-vpc\"]",
      "mode": "managed",
      "type": "aws_eip",
      "name": "this",
      "provider": "provider[\"registry.terraform.io/hashicorp/aws\"]",
      "instances": [
        {
          "index_key": "public-0",
          "schema_version": 0,
          "attributes": {
            "address": null,
            "allocation_id": "eipalloc-0b2092c6795945304",
            "arn": "arn:aws:ec2:ap-northeast-2:076472864721:elastic-ip/eipalloc-0b2092c6795945304",
            "associate_with_private_ip": null,
            "association_id": "",
            "carrier_ip": "",
            "customer_owned_ip": "",
            "customer_owned_ipv4_pool": "",
            "domain": "vpc",
            "id": "eipalloc-0b2092c6795945304",
            "instance": "",
            "ipam_pool_id": "",
            "network_border_group": "ap-northeast-2",
            "network_interface": "",
            "private_dns": "",
            "private_ip": "",
            "ptr_record": "",
            "public_dns": "ec2-3-36-210-211.ap-northeast-2.compute.amazonaws.com",
            "public_ip": "3.36.210.211",
            "public_ipv4_pool": "amazon",
            "region": "ap-northeast-2",
            "tags": {
              "Name": "public-0-eip"
            },
            "tags_all": {
              "Name": "public-0-eip"
            },
            "timeouts": null
          },
          "sensitive_attributes": [],
          "identity_schema_version": 0,
          "identity": {
            "account_id": "076472864721",
            "id": "eipalloc-0b2092c6795945304",
            "region": "ap-northeast-2"
          },
          "private": "eyJlMmJmYjczMC1lY2FhLTExZTYtOGY4OC0zNDM2M2JjN2M0YzAiOnsiZGVsZXRlIjoxODAwMDAwMDAwMDAsInJlYWQiOjkwMDAwMDAwMDAwMCwidXBkYXRlIjozMDAwMDAwMDAwMDB9fQ==",
          "dependencies": [
            "data.aws_availability_zones.az"
          ]
        },
        {
          "index_key": "public-1",
          "schema_version": 0,
          "attributes": {
            "address": null,
            "allocation_id": "eipalloc-00e0af27d1c466db6",
            "arn": "arn:aws:ec2:ap-northeast-2:076472864721:elastic-ip/eipalloc-00e0af27d1c466db6",
            "associate_with_private_ip": null,
            "association_id": "",
            "carrier_ip": "",
            "customer_owned_ip": "",
            "customer_owned_ipv4_pool": "",
            "domain": "vpc",
            "id": "eipalloc-00e0af27d1c466db6",
            "instance": "",
            "ipam_pool_id": "",
            "network_border_group": "ap-northeast-2",
            "network_interface": "",
            "private_dns": "",
            "private_ip": "",
            "ptr_record": "",
            "public_dns": "ec2-52-78-189-44.ap-northeast-2.compute.amazonaws.com",
            "public_ip": "52.78.189.44",
            "public_ipv4_pool": "amazon",
            "region": "ap-northeast-2",
            "tags": {
              "Name": "public-1-eip"
            },
            "tags_all": {
              "Name": "public-1-eip"
            },
            "timeouts": null
          },
          "sensitive_attributes": [],
          "identity_schema_version": 0,
          "identity": {
            "account_id": "076472864721",
            "id": "eipalloc-00e0af27d1c466db6",
            "region": "ap-northeast-2"
          },
          "private": "eyJlMmJmYjczMC1lY2FhLTExZTYtOGY4OC0zNDM2M2JjN2M0YzAiOnsiZGVsZXRlIjoxODAwMDAwMDAwMDAsInJlYWQiOjkwMDAwMDAwMDAwMCwidXBkYXRlIjozMDAwMDAwMDAwMDB9fQ==",
          "dependencies": [
            "data.aws_availability_zones.az"
          ]
        }
      ]
    },
    {
      "module": "module.vpc[\"wsc2026-skills-vpc\"]",
      "mode": "managed",
      "type": "aws_internet_gateway",
      "name": "this",
      "provider": "provider[\"registry.terraform.io/hashicorp/aws\"]",
      "instances": [
        {
          "index_key": 0,
          "schema_version": 0,
          "attributes": {
            "arn": "arn:aws:ec2:ap-northeast-2:076472864721:internet-gateway/igw-019624a1b883547e9",
            "id": "igw-019624a1b883547e9",
            "owner_id": "076472864721",
            "region": "ap-northeast-2",
            "tags": {
              "Name": "wsc2026-skills-igw"
            },
            "tags_all": {
              "Name": "wsc2026-skills-igw"
            },
            "timeouts": null,
            "vpc_id": "vpc-00c116da65719506f"
          },
          "sensitive_attributes": [],
          "identity_schema_version": 0,
          "identity": {
            "account_id": "076472864721",
            "id": "igw-019624a1b883547e9",
            "region": "ap-northeast-2"
          },
          "private": "eyJlMmJmYjczMC1lY2FhLTExZTYtOGY4OC0zNDM2M2JjN2M0YzAiOnsiY3JlYXRlIjoxMjAwMDAwMDAwMDAwLCJkZWxldGUiOjEyMDAwMDAwMDAwMDAsInVwZGF0ZSI6MTIwMDAwMDAwMDAwMH19",
          "dependencies": [
            "data.aws_availability_zones.az",
            "module.vpc.aws_vpc.this"
          ]
        }
      ]
    },
    {
      "module": "module.vpc[\"wsc2026-skills-vpc\"]",
      "mode": "managed",
      "type": "aws_nat_gateway",
      "name": "this",
      "provider": "provider[\"registry.terraform.io/hashicorp/aws\"]",
      "instances": [
        {
          "index_key": "public-0",
          "schema_version": 0,
          "attributes": {
            "allocation_id": "eipalloc-0b2092c6795945304",
            "association_id": "eipassoc-0abf025fb70560713",
            "auto_provision_zones": null,
            "auto_scaling_ips": null,
            "availability_mode": "zonal",
            "availability_zone_address": [],
            "connectivity_type": "public",
            "id": "nat-0284735658dec531d",
            "network_interface_id": "eni-0919c1da9a66d2018",
            "private_ip": "192.168.1.194",
            "public_ip": "3.36.210.211",
            "region": "ap-northeast-2",
            "regional_nat_gateway_address": [],
            "regional_nat_gateway_auto_mode": null,
            "route_table_id": null,
            "secondary_allocation_ids": [],
            "secondary_private_ip_address_count": 0,
            "secondary_private_ip_addresses": [],
            "subnet_id": "subnet-018bd8e99acc64ab2",
            "tags": {
              "Name": "wsc2026-skills-nat-a"
            },
            "tags_all": {
              "Name": "wsc2026-skills-nat-a"
            },
            "timeouts": null,
            "vpc_id": "vpc-00c116da65719506f"
          },
          "sensitive_attributes": [],
          "identity_schema_version": 0,
          "identity": {
            "account_id": "076472864721",
            "id": "nat-0284735658dec531d",
            "region": "ap-northeast-2"
          },
          "private": "eyJlMmJmYjczMC1lY2FhLTExZTYtOGY4OC0zNDM2M2JjN2M0YzAiOnsiY3JlYXRlIjo2MDAwMDAwMDAwMDAsImRlbGV0ZSI6MTgwMDAwMDAwMDAwMCwidXBkYXRlIjo2MDAwMDAwMDAwMDB9fQ==",
          "dependencies": [
            "data.aws_availability_zones.az",
            "module.vpc.aws_eip.this",
            "module.vpc.aws_internet_gateway.this",
            "module.vpc.aws_subnet.this",
            "module.vpc.aws_vpc.this"
          ]
        },
        {
          "index_key": "public-1",
          "schema_version": 0,
          "attributes": {
            "allocation_id": "eipalloc-00e0af27d1c466db6",
            "association_id": "eipassoc-072c9089372104253",
            "auto_provision_zones": null,
            "auto_scaling_ips": null,
            "availability_mode": "zonal",
            "availability_zone_address": [],
            "connectivity_type": "public",
            "id": "nat-058f7fcb12a0b5b36",
            "network_interface_id": "eni-0c003e2f0cf8d45f8",
            "private_ip": "192.168.10.129",
            "public_ip": "52.78.189.44",
            "region": "ap-northeast-2",
            "regional_nat_gateway_address": [],
            "regional_nat_gateway_auto_mode": null,
            "route_table_id": null,
            "secondary_allocation_ids": [],
            "secondary_private_ip_address_count": 0,
            "secondary_private_ip_addresses": [],
            "subnet_id": "subnet-07d3c25cc0346a706",
            "tags": {
              "Name": "wsc2026-skills-nat-b"
            },
            "tags_all": {
              "Name": "wsc2026-skills-nat-b"
            },
            "timeouts": null,
            "vpc_id": "vpc-00c116da65719506f"
          },
          "sensitive_attributes": [],
          "identity_schema_version": 0,
          "identity": {
            "account_id": "076472864721",
            "id": "nat-058f7fcb12a0b5b36",
            "region": "ap-northeast-2"
          },
          "private": "eyJlMmJmYjczMC1lY2FhLTExZTYtOGY4OC0zNDM2M2JjN2M0YzAiOnsiY3JlYXRlIjo2MDAwMDAwMDAwMDAsImRlbGV0ZSI6MTgwMDAwMDAwMDAwMCwidXBkYXRlIjo2MDAwMDAwMDAwMDB9fQ==",
          "dependencies": [
            "data.aws_availability_zones.az",
            "module.vpc.aws_eip.this",
            "module.vpc.aws_internet_gateway.this",
            "module.vpc.aws_subnet.this",
            "module.vpc.aws_vpc.this"
          ]
        }
      ]
    },
    {
      "module": "module.vpc[\"wsc2026-skills-vpc\"]",
      "mode": "managed",
      "type": "aws_route",
      "name": "this",
      "provider": "provider[\"registry.terraform.io/hashicorp/aws\"]",
      "instances": [
        {
          "index_key": "private-0",
          "schema_version": 0,
          "attributes": {
            "carrier_gateway_id": "",
            "core_network_arn": "",
            "destination_cidr_block": "0.0.0.0/0",
            "destination_ipv6_cidr_block": "",
            "destination_prefix_list_id": "",
            "egress_only_gateway_id": "",
            "gateway_id": "",
            "id": "r-rtb-0c2df6bd22a1f70d71080289494",
            "instance_id": "",
            "instance_owner_id": "",
            "local_gateway_id": "",
            "nat_gateway_id": "nat-0284735658dec531d",
            "network_interface_id": "",
            "odb_network_arn": "",
            "origin": "CreateRoute",
            "region": "ap-northeast-2",
            "route_table_id": "rtb-0c2df6bd22a1f70d7",
            "state": "active",
            "timeouts": null,
            "transit_gateway_id": "",
            "vpc_endpoint_id": "",
            "vpc_peering_connection_id": ""
          },
          "sensitive_attributes": [],
          "identity_schema_version": 0,
          "identity": {
            "account_id": "076472864721",
            "destination_cidr_block": "0.0.0.0/0",
            "destination_ipv6_cidr_block": null,
            "destination_prefix_list_id": null,
            "region": "ap-northeast-2",
            "route_table_id": "rtb-0c2df6bd22a1f70d7"
          },
          "private": "eyJlMmJmYjczMC1lY2FhLTExZTYtOGY4OC0zNDM2M2JjN2M0YzAiOnsiY3JlYXRlIjozMDAwMDAwMDAwMDAsImRlbGV0ZSI6MzAwMDAwMDAwMDAwLCJ1cGRhdGUiOjEyMDAwMDAwMDAwMH19",
          "dependencies": [
            "data.aws_availability_zones.az",
            "module.vpc.aws_eip.this",
            "module.vpc.aws_internet_gateway.this",
            "module.vpc.aws_nat_gateway.this",
            "module.vpc.aws_route_table.this",
            "module.vpc.aws_subnet.this",
            "module.vpc.aws_vpc.this"
          ]
        },
        {
          "index_key": "private-1",
          "schema_version": 0,
          "attributes": {
            "carrier_gateway_id": "",
            "core_network_arn": "",
            "destination_cidr_block": "0.0.0.0/0",
            "destination_ipv6_cidr_block": "",
            "destination_prefix_list_id": "",
            "egress_only_gateway_id": "",
            "gateway_id": "",
            "id": "r-rtb-028831dd6cf8b4c4a1080289494",
            "instance_id": "",
            "instance_owner_id": "",
            "local_gateway_id": "",
            "nat_gateway_id": "nat-058f7fcb12a0b5b36",
            "network_interface_id": "",
            "odb_network_arn": "",
            "origin": "CreateRoute",
            "region": "ap-northeast-2",
            "route_table_id": "rtb-028831dd6cf8b4c4a",
            "state": "active",
            "timeouts": null,
            "transit_gateway_id": "",
            "vpc_endpoint_id": "",
            "vpc_peering_connection_id": ""
          },
          "sensitive_attributes": [],
          "identity_schema_version": 0,
          "identity": {
            "account_id": "076472864721",
            "destination_cidr_block": "0.0.0.0/0",
            "destination_ipv6_cidr_block": null,
            "destination_prefix_list_id": null,
            "region": "ap-northeast-2",
            "route_table_id": "rtb-028831dd6cf8b4c4a"
          },
          "private": "eyJlMmJmYjczMC1lY2FhLTExZTYtOGY4OC0zNDM2M2JjN2M0YzAiOnsiY3JlYXRlIjozMDAwMDAwMDAwMDAsImRlbGV0ZSI6MzAwMDAwMDAwMDAwLCJ1cGRhdGUiOjEyMDAwMDAwMDAwMH19",
          "dependencies": [
            "data.aws_availability_zones.az",
            "module.vpc.aws_eip.this",
            "module.vpc.aws_internet_gateway.this",
            "module.vpc.aws_nat_gateway.this",
            "module.vpc.aws_route_table.this",
            "module.vpc.aws_subnet.this",
            "module.vpc.aws_vpc.this"
          ]
        },
        {
          "index_key": "public",
          "schema_version": 0,
          "attributes": {
            "carrier_gateway_id": "",
            "core_network_arn": "",
            "destination_cidr_block": "0.0.0.0/0",
            "destination_ipv6_cidr_block": "",
            "destination_prefix_list_id": "",
            "egress_only_gateway_id": "",
            "gateway_id": "igw-019624a1b883547e9",
            "id": "r-rtb-0880591d6f347d37c1080289494",
            "instance_id": "",
            "instance_owner_id": "",
            "local_gateway_id": "",
            "nat_gateway_id": "",
            "network_interface_id": "",
            "odb_network_arn": "",
            "origin": "CreateRoute",
            "region": "ap-northeast-2",
            "route_table_id": "rtb-0880591d6f347d37c",
            "state": "active",
            "timeouts": null,
            "transit_gateway_id": "",
            "vpc_endpoint_id": "",
            "vpc_peering_connection_id": ""
          },
          "sensitive_attributes": [],
          "identity_schema_version": 0,
          "identity": {
            "account_id": "076472864721",
            "destination_cidr_block": "0.0.0.0/0",
            "destination_ipv6_cidr_block": null,
            "destination_prefix_list_id": null,
            "region": "ap-northeast-2",
            "route_table_id": "rtb-0880591d6f347d37c"
          },
          "private": "eyJlMmJmYjczMC1lY2FhLTExZTYtOGY4OC0zNDM2M2JjN2M0YzAiOnsiY3JlYXRlIjozMDAwMDAwMDAwMDAsImRlbGV0ZSI6MzAwMDAwMDAwMDAwLCJ1cGRhdGUiOjEyMDAwMDAwMDAwMH19",
          "dependencies": [
            "data.aws_availability_zones.az",
            "module.vpc.aws_eip.this",
            "module.vpc.aws_internet_gateway.this",
            "module.vpc.aws_nat_gateway.this",
            "module.vpc.aws_route_table.this",
            "module.vpc.aws_subnet.this",
            "module.vpc.aws_vpc.this"
          ]
        }
      ]
    },
    {
      "module": "module.vpc[\"wsc2026-skills-vpc\"]",
      "mode": "managed",
      "type": "aws_route_table",
      "name": "this",
      "provider": "provider[\"registry.terraform.io/hashicorp/aws\"]",
      "instances": [
        {
          "index_key": "private-0",
          "schema_version": 0,
          "attributes": {
            "arn": "arn:aws:ec2:ap-northeast-2:076472864721:route-table/rtb-0c2df6bd22a1f70d7",
            "id": "rtb-0c2df6bd22a1f70d7",
            "owner_id": "076472864721",
            "propagating_vgws": [],
            "region": "ap-northeast-2",
            "route": [],
            "tags": {
              "Name": "wsc2026-skills-app-rtb-a"
            },
            "tags_all": {
              "Name": "wsc2026-skills-app-rtb-a"
            },
            "timeouts": null,
            "vpc_id": "vpc-00c116da65719506f"
          },
          "sensitive_attributes": [],
          "identity_schema_version": 0,
          "identity": {
            "account_id": "076472864721",
            "id": "rtb-0c2df6bd22a1f70d7",
            "region": "ap-northeast-2"
          },
          "private": "eyJlMmJmYjczMC1lY2FhLTExZTYtOGY4OC0zNDM2M2JjN2M0YzAiOnsiY3JlYXRlIjozMDAwMDAwMDAwMDAsImRlbGV0ZSI6MzAwMDAwMDAwMDAwLCJ1cGRhdGUiOjEyMDAwMDAwMDAwMH19",
          "dependencies": [
            "data.aws_availability_zones.az",
            "module.vpc.aws_vpc.this"
          ]
        },
        {
          "index_key": "private-1",
          "schema_version": 0,
          "attributes": {
            "arn": "arn:aws:ec2:ap-northeast-2:076472864721:route-table/rtb-028831dd6cf8b4c4a",
            "id": "rtb-028831dd6cf8b4c4a",
            "owner_id": "076472864721",
            "propagating_vgws": [],
            "region": "ap-northeast-2",
            "route": [],
            "tags": {
              "Name": "wsc2026-skills-app-rtb-b"
            },
            "tags_all": {
              "Name": "wsc2026-skills-app-rtb-b"
            },
            "timeouts": null,
            "vpc_id": "vpc-00c116da65719506f"
          },
          "sensitive_attributes": [],
          "identity_schema_version": 0,
          "identity": {
            "account_id": "076472864721",
            "id": "rtb-028831dd6cf8b4c4a",
            "region": "ap-northeast-2"
          },
          "private": "eyJlMmJmYjczMC1lY2FhLTExZTYtOGY4OC0zNDM2M2JjN2M0YzAiOnsiY3JlYXRlIjozMDAwMDAwMDAwMDAsImRlbGV0ZSI6MzAwMDAwMDAwMDAwLCJ1cGRhdGUiOjEyMDAwMDAwMDAwMH19",
          "dependencies": [
            "data.aws_availability_zones.az",
            "module.vpc.aws_vpc.this"
          ]
        },
        {
          "index_key": "public",
          "schema_version": 0,
          "attributes": {
            "arn": "arn:aws:ec2:ap-northeast-2:076472864721:route-table/rtb-0880591d6f347d37c",
            "id": "rtb-0880591d6f347d37c",
            "owner_id": "076472864721",
            "propagating_vgws": [],
            "region": "ap-northeast-2",
            "route": [],
            "tags": {
              "Name": "wsc2026-skills-hub-rtb"
            },
            "tags_all": {
              "Name": "wsc2026-skills-hub-rtb"
            },
            "timeouts": null,
            "vpc_id": "vpc-00c116da65719506f"
          },
          "sensitive_attributes": [],
          "identity_schema_version": 0,
          "identity": {
            "account_id": "076472864721",
            "id": "rtb-0880591d6f347d37c",
            "region": "ap-northeast-2"
          },
          "private": "eyJlMmJmYjczMC1lY2FhLTExZTYtOGY4OC0zNDM2M2JjN2M0YzAiOnsiY3JlYXRlIjozMDAwMDAwMDAwMDAsImRlbGV0ZSI6MzAwMDAwMDAwMDAwLCJ1cGRhdGUiOjEyMDAwMDAwMDAwMH19",
          "dependencies": [
            "data.aws_availability_zones.az",
            "module.vpc.aws_vpc.this"
          ]
        }
      ]
    },
    {
      "module": "module.vpc[\"wsc2026-skills-vpc\"]",
      "mode": "managed",
      "type": "aws_route_table_association",
      "name": "this",
      "provider": "provider[\"registry.terraform.io/hashicorp/aws\"]",
      "instances": [
        {
          "index_key": "private-0",
          "schema_version": 0,
          "attributes": {
            "gateway_id": "",
            "id": "rtbassoc-064f3fa7c9137b100",
            "region": "ap-northeast-2",
            "route_table_id": "rtb-0c2df6bd22a1f70d7",
            "subnet_id": "subnet-0c9bc8cb31ed27477",
            "timeouts": null
          },
          "sensitive_attributes": [],
          "identity_schema_version": 0,
          "identity": {
            "account_id": "076472864721",
            "id": "rtbassoc-064f3fa7c9137b100",
            "region": "ap-northeast-2"
          },
          "private": "eyJlMmJmYjczMC1lY2FhLTExZTYtOGY4OC0zNDM2M2JjN2M0YzAiOnsiY3JlYXRlIjozMDAwMDAwMDAwMDAsImRlbGV0ZSI6MzAwMDAwMDAwMDAwLCJ1cGRhdGUiOjEyMDAwMDAwMDAwMH19",
          "dependencies": [
            "data.aws_availability_zones.az",
            "module.vpc.aws_route_table.this",
            "module.vpc.aws_subnet.this",
            "module.vpc.aws_vpc.this"
          ]
        },
        {
          "index_key": "private-1",
          "schema_version": 0,
          "attributes": {
            "gateway_id": "",
            "id": "rtbassoc-08a8f9fbd280ee030",
            "region": "ap-northeast-2",
            "route_table_id": "rtb-028831dd6cf8b4c4a",
            "subnet_id": "subnet-048cd79e377f1af2a",
            "timeouts": null
          },
          "sensitive_attributes": [],
          "identity_schema_version": 0,
          "identity": {
            "account_id": "076472864721",
            "id": "rtbassoc-08a8f9fbd280ee030",
            "region": "ap-northeast-2"
          },
          "private": "eyJlMmJmYjczMC1lY2FhLTExZTYtOGY4OC0zNDM2M2JjN2M0YzAiOnsiY3JlYXRlIjozMDAwMDAwMDAwMDAsImRlbGV0ZSI6MzAwMDAwMDAwMDAwLCJ1cGRhdGUiOjEyMDAwMDAwMDAwMH19",
          "dependencies": [
            "data.aws_availability_zones.az",
            "module.vpc.aws_route_table.this",
            "module.vpc.aws_subnet.this",
            "module.vpc.aws_vpc.this"
          ]
        },
        {
          "index_key": "public-0",
          "schema_version": 0,
          "attributes": {
            "gateway_id": "",
            "id": "rtbassoc-0411ced66db985ee1",
            "region": "ap-northeast-2",
            "route_table_id": "rtb-0880591d6f347d37c",
            "subnet_id": "subnet-018bd8e99acc64ab2",
            "timeouts": null
          },
          "sensitive_attributes": [],
          "identity_schema_version": 0,
          "identity": {
            "account_id": "076472864721",
            "id": "rtbassoc-0411ced66db985ee1",
            "region": "ap-northeast-2"
          },
          "private": "eyJlMmJmYjczMC1lY2FhLTExZTYtOGY4OC0zNDM2M2JjN2M0YzAiOnsiY3JlYXRlIjozMDAwMDAwMDAwMDAsImRlbGV0ZSI6MzAwMDAwMDAwMDAwLCJ1cGRhdGUiOjEyMDAwMDAwMDAwMH19",
          "dependencies": [
            "data.aws_availability_zones.az",
            "module.vpc.aws_route_table.this",
            "module.vpc.aws_subnet.this",
            "module.vpc.aws_vpc.this"
          ]
        },
        {
          "index_key": "public-1",
          "schema_version": 0,
          "attributes": {
            "gateway_id": "",
            "id": "rtbassoc-0cc0af9d89a460bea",
            "region": "ap-northeast-2",
            "route_table_id": "rtb-0880591d6f347d37c",
            "subnet_id": "subnet-07d3c25cc0346a706",
            "timeouts": null
          },
          "sensitive_attributes": [],
          "identity_schema_version": 0,
          "identity": {
            "account_id": "076472864721",
            "id": "rtbassoc-0cc0af9d89a460bea",
            "region": "ap-northeast-2"
          },
          "private": "eyJlMmJmYjczMC1lY2FhLTExZTYtOGY4OC0zNDM2M2JjN2M0YzAiOnsiY3JlYXRlIjozMDAwMDAwMDAwMDAsImRlbGV0ZSI6MzAwMDAwMDAwMDAwLCJ1cGRhdGUiOjEyMDAwMDAwMDAwMH19",
          "dependencies": [
            "data.aws_availability_zones.az",
            "module.vpc.aws_route_table.this",
            "module.vpc.aws_subnet.this",
            "module.vpc.aws_vpc.this"
          ]
        }
      ]
    },
    {
      "module": "module.vpc[\"wsc2026-skills-vpc\"]",
      "mode": "managed",
      "type": "aws_subnet",
      "name": "this",
      "provider": "provider[\"registry.terraform.io/hashicorp/aws\"]",
      "instances": [
        {
          "index_key": "private-0",
          "schema_version": 1,
          "attributes": {
            "arn": "arn:aws:ec2:ap-northeast-2:076472864721:subnet/subnet-0c9bc8cb31ed27477",
            "assign_ipv6_address_on_creation": false,
            "availability_zone": "ap-northeast-2a",
            "availability_zone_id": "apne2-az1",
            "cidr_block": "192.168.2.0/24",
            "customer_owned_ipv4_pool": "",
            "enable_dns64": false,
            "enable_lni_at_device_index": 0,
            "enable_resource_name_dns_a_record_on_launch": false,
            "enable_resource_name_dns_aaaa_record_on_launch": false,
            "id": "subnet-0c9bc8cb31ed27477",
            "ipv4_ipam_pool_id": null,
            "ipv4_netmask_length": null,
            "ipv6_cidr_block": "",
            "ipv6_cidr_block_association_id": "",
            "ipv6_ipam_pool_id": null,
            "ipv6_native": false,
            "ipv6_netmask_length": null,
            "map_customer_owned_ip_on_launch": false,
            "map_public_ip_on_launch": false,
            "outpost_arn": "",
            "owner_id": "076472864721",
            "private_dns_hostname_type_on_launch": "ip-name",
            "region": "ap-northeast-2",
            "tags": {
              "Name": "wsc2026-skills-app-sub-a"
            },
            "tags_all": {
              "Name": "wsc2026-skills-app-sub-a"
            },
            "timeouts": null,
            "vpc_id": "vpc-00c116da65719506f"
          },
          "sensitive_attributes": [],
          "identity_schema_version": 0,
          "identity": {
            "account_id": "076472864721",
            "id": "subnet-0c9bc8cb31ed27477",
            "region": "ap-northeast-2"
          },
          "private": "eyJlMmJmYjczMC1lY2FhLTExZTYtOGY4OC0zNDM2M2JjN2M0YzAiOnsiY3JlYXRlIjo2MDAwMDAwMDAwMDAsImRlbGV0ZSI6MTIwMDAwMDAwMDAwMH0sInNjaGVtYV92ZXJzaW9uIjoiMSJ9",
          "dependencies": [
            "data.aws_availability_zones.az",
            "module.vpc.aws_vpc.this"
          ]
        },
        {
          "index_key": "private-1",
          "schema_version": 1,
          "attributes": {
            "arn": "arn:aws:ec2:ap-northeast-2:076472864721:subnet/subnet-048cd79e377f1af2a",
            "assign_ipv6_address_on_creation": false,
            "availability_zone": "ap-northeast-2b",
            "availability_zone_id": "apne2-az2",
            "cidr_block": "192.168.20.0/24",
            "customer_owned_ipv4_pool": "",
            "enable_dns64": false,
            "enable_lni_at_device_index": 0,
            "enable_resource_name_dns_a_record_on_launch": false,
            "enable_resource_name_dns_aaaa_record_on_launch": false,
            "id": "subnet-048cd79e377f1af2a",
            "ipv4_ipam_pool_id": null,
            "ipv4_netmask_length": null,
            "ipv6_cidr_block": "",
            "ipv6_cidr_block_association_id": "",
            "ipv6_ipam_pool_id": null,
            "ipv6_native": false,
            "ipv6_netmask_length": null,
            "map_customer_owned_ip_on_launch": false,
            "map_public_ip_on_launch": false,
            "outpost_arn": "",
            "owner_id": "076472864721",
            "private_dns_hostname_type_on_launch": "ip-name",
            "region": "ap-northeast-2",
            "tags": {
              "Name": "wsc2026-skills-app-sub-b"
            },
            "tags_all": {
              "Name": "wsc2026-skills-app-sub-b"
            },
            "timeouts": null,
            "vpc_id": "vpc-00c116da65719506f"
          },
          "sensitive_attributes": [],
          "identity_schema_version": 0,
          "identity": {
            "account_id": "076472864721",
            "id": "subnet-048cd79e377f1af2a",
            "region": "ap-northeast-2"
          },
          "private": "eyJlMmJmYjczMC1lY2FhLTExZTYtOGY4OC0zNDM2M2JjN2M0YzAiOnsiY3JlYXRlIjo2MDAwMDAwMDAwMDAsImRlbGV0ZSI6MTIwMDAwMDAwMDAwMH0sInNjaGVtYV92ZXJzaW9uIjoiMSJ9",
          "dependencies": [
            "data.aws_availability_zones.az",
            "module.vpc.aws_vpc.this"
          ]
        },
        {
          "index_key": "public-0",
          "schema_version": 1,
          "attributes": {
            "arn": "arn:aws:ec2:ap-northeast-2:076472864721:subnet/subnet-018bd8e99acc64ab2",
            "assign_ipv6_address_on_creation": false,
            "availability_zone": "ap-northeast-2a",
            "availability_zone_id": "apne2-az1",
            "cidr_block": "192.168.1.0/24",
            "customer_owned_ipv4_pool": "",
            "enable_dns64": false,
            "enable_lni_at_device_index": 0,
            "enable_resource_name_dns_a_record_on_launch": false,
            "enable_resource_name_dns_aaaa_record_on_launch": false,
            "id": "subnet-018bd8e99acc64ab2",
            "ipv4_ipam_pool_id": null,
            "ipv4_netmask_length": null,
            "ipv6_cidr_block": "",
            "ipv6_cidr_block_association_id": "",
            "ipv6_ipam_pool_id": null,
            "ipv6_native": false,
            "ipv6_netmask_length": null,
            "map_customer_owned_ip_on_launch": false,
            "map_public_ip_on_launch": true,
            "outpost_arn": "",
            "owner_id": "076472864721",
            "private_dns_hostname_type_on_launch": "ip-name",
            "region": "ap-northeast-2",
            "tags": {
              "Name": "wsc2026-skills-hub-sub-a"
            },
            "tags_all": {
              "Name": "wsc2026-skills-hub-sub-a"
            },
            "timeouts": null,
            "vpc_id": "vpc-00c116da65719506f"
          },
          "sensitive_attributes": [],
          "identity_schema_version": 0,
          "identity": {
            "account_id": "076472864721",
            "id": "subnet-018bd8e99acc64ab2",
            "region": "ap-northeast-2"
          },
          "private": "eyJlMmJmYjczMC1lY2FhLTExZTYtOGY4OC0zNDM2M2JjN2M0YzAiOnsiY3JlYXRlIjo2MDAwMDAwMDAwMDAsImRlbGV0ZSI6MTIwMDAwMDAwMDAwMH0sInNjaGVtYV92ZXJzaW9uIjoiMSJ9",
          "dependencies": [
            "data.aws_availability_zones.az",
            "module.vpc.aws_vpc.this"
          ]
        },
        {
          "index_key": "public-1",
          "schema_version": 1,
          "attributes": {
            "arn": "arn:aws:ec2:ap-northeast-2:076472864721:subnet/subnet-07d3c25cc0346a706",
            "assign_ipv6_address_on_creation": false,
            "availability_zone": "ap-northeast-2b",
            "availability_zone_id": "apne2-az2",
            "cidr_block": "192.168.10.0/24",
            "customer_owned_ipv4_pool": "",
            "enable_dns64": false,
            "enable_lni_at_device_index": 0,
            "enable_resource_name_dns_a_record_on_launch": false,
            "enable_resource_name_dns_aaaa_record_on_launch": false,
            "id": "subnet-07d3c25cc0346a706",
            "ipv4_ipam_pool_id": null,
            "ipv4_netmask_length": null,
            "ipv6_cidr_block": "",
            "ipv6_cidr_block_association_id": "",
            "ipv6_ipam_pool_id": null,
            "ipv6_native": false,
            "ipv6_netmask_length": null,
            "map_customer_owned_ip_on_launch": false,
            "map_public_ip_on_launch": true,
            "outpost_arn": "",
            "owner_id": "076472864721",
            "private_dns_hostname_type_on_launch": "ip-name",
            "region": "ap-northeast-2",
            "tags": {
              "Name": "wsc2026-skills-hub-sub-b"
            },
            "tags_all": {
              "Name": "wsc2026-skills-hub-sub-b"
            },
            "timeouts": null,
            "vpc_id": "vpc-00c116da65719506f"
          },
          "sensitive_attributes": [],
          "identity_schema_version": 0,
          "identity": {
            "account_id": "076472864721",
            "id": "subnet-07d3c25cc0346a706",
            "region": "ap-northeast-2"
          },
          "private": "eyJlMmJmYjczMC1lY2FhLTExZTYtOGY4OC0zNDM2M2JjN2M0YzAiOnsiY3JlYXRlIjo2MDAwMDAwMDAwMDAsImRlbGV0ZSI6MTIwMDAwMDAwMDAwMH0sInNjaGVtYV92ZXJzaW9uIjoiMSJ9",
          "dependencies": [
            "data.aws_availability_zones.az",
            "module.vpc.aws_vpc.this"
          ]
        }
      ]
    },
    {
      "module": "module.vpc[\"wsc2026-skills-vpc\"]",
      "mode": "managed",
      "type": "aws_vpc",
      "name": "this",
      "provider": "provider[\"registry.terraform.io/hashicorp/aws\"]",
      "instances": [
        {
          "schema_version": 1,
          "attributes": {
            "arn": "arn:aws:ec2:ap-northeast-2:076472864721:vpc/vpc-00c116da65719506f",
            "assign_generated_ipv6_cidr_block": false,
            "cidr_block": "192.168.0.0/16",
            "default_network_acl_id": "acl-081878b932db10e77",
            "default_route_table_id": "rtb-0ca609b76cb73137a",
            "default_security_group_id": "sg-04db29903bc892432",
            "dhcp_options_id": "dopt-0236ce85fd2ddb432",
            "enable_dns_hostnames": true,
            "enable_dns_support": true,
            "enable_network_address_usage_metrics": false,
            "id": "vpc-00c116da65719506f",
            "instance_tenancy": "default",
            "ipv4_ipam_pool_id": null,
            "ipv4_netmask_length": null,
            "ipv6_association_id": "",
            "ipv6_cidr_block": "",
            "ipv6_cidr_block_network_border_group": "",
            "ipv6_ipam_pool_id": "",
            "ipv6_netmask_length": 0,
            "main_route_table_id": "rtb-0ca609b76cb73137a",
            "owner_id": "076472864721",
            "region": "ap-northeast-2",
            "tags": {
              "Name": "wsc2026-skills-vpc"
            },
            "tags_all": {
              "Name": "wsc2026-skills-vpc"
            }
          },
          "sensitive_attributes": [],
          "identity_schema_version": 0,
          "identity": {
            "account_id": "076472864721",
            "id": "vpc-00c116da65719506f",
            "region": "ap-northeast-2"
          },
          "private": "eyJzY2hlbWFfdmVyc2lvbiI6IjEifQ=="
        }
      ]
    },
    {
      "module": "module.waf[\"wsc2026-waf\"]",
      "mode": "managed",
      "type": "aws_wafv2_web_acl",
      "name": "this",
      "provider": "provider[\"registry.terraform.io/hashicorp/aws\"].us_east_1",
      "instances": [
        {
          "schema_version": 0,
          "attributes": {
            "application_integration_url": "",
            "arn": "arn:aws:wafv2:us-east-1:076472864721:global/webacl/wsc2026-waf/8e7fe0d3-b855-4197-81bc-d1d97a048cae",
            "association_config": [],
            "capacity": 902,
            "captcha_config": [],
            "challenge_config": [],
            "custom_response_body": [
              {
                "content": "Not Found",
                "content_type": "TEXT_PLAIN",
                "key": "custom-block-response"
              }
            ],
            "data_protection_config": [],
            "default_action": [
              {
                "allow": [
                  {
                    "custom_request_handling": []
                  }
                ],
                "block": []
              }
            ],
            "description": "",
            "id": "8e7fe0d3-b855-4197-81bc-d1d97a048cae",
            "lock_token": "9a2b7136-d862-4abf-b61b-024adde88094",
            "name": "wsc2026-waf",
            "name_prefix": "",
            "region": "us-east-1",
            "rule": [
              {
                "action": [
                  {
                    "allow": [],
                    "block": [
                      {
                        "custom_response": []
                      }
                    ],
                    "captcha": [],
                    "challenge": [],
                    "count": []
                  }
                ],
                "captcha_config": [],
                "challenge_config": [],
                "name": "rate-limit-200-per-minutes",
                "override_action": [],
                "priority": 100,
                "rule_label": [],
                "statement": [
                  {
                    "and_statement": [],
                    "asn_match_statement": [],
                    "byte_match_statement": [],
                    "geo_match_statement": [],
                    "ip_set_reference_statement": [],
                    "label_match_statement": [],
                    "managed_rule_group_statement": [],
                    "not_statement": [],
                    "or_statement": [],
                    "rate_based_statement": [
                      {
                        "aggregate_key_type": "IP",
                        "custom_key": [],
                        "evaluation_window_sec": 60,
                        "forwarded_ip_config": [],
                        "limit": 200,
                        "scope_down_statement": []
                      }
                    ],
                    "regex_match_statement": [],
                    "regex_pattern_set_reference_statement": [],
                    "rule_group_reference_statement": [],
                    "size_constraint_statement": [],
                    "sqli_match_statement": [],
                    "xss_match_statement": []
                  }
                ],
                "visibility_config": [
                  {
                    "cloudwatch_metrics_enabled": true,
                    "metric_name": "wsc2026-waf-rate-limit-200-per-minutes",
                    "sampled_requests_enabled": true
                  }
                ]
              },
              {
                "action": [],
                "captcha_config": [],
                "challenge_config": [],
                "name": "AWSManagedRulesSQLiRuleSet",
                "override_action": [
                  {
                    "count": [],
                    "none": [
                      {}
                    ]
                  }
                ],
                "priority": 11,
                "rule_label": [],
                "statement": [
                  {
                    "and_statement": [],
                    "asn_match_statement": [],
                    "byte_match_statement": [],
                    "geo_match_statement": [],
                    "ip_set_reference_statement": [],
                    "label_match_statement": [],
                    "managed_rule_group_statement": [
                      {
                        "managed_rule_group_configs": [],
                        "name": "AWSManagedRulesSQLiRuleSet",
                        "rule_action_override": [],
                        "scope_down_statement": [],
                        "vendor_name": "AWS",
                        "version": ""
                      }
                    ],
                    "not_statement": [],
                    "or_statement": [],
                    "rate_based_statement": [],
                    "regex_match_statement": [],
                    "regex_pattern_set_reference_statement": [],
                    "rule_group_reference_statement": [],
                    "size_constraint_statement": [],
                    "sqli_match_statement": [],
                    "xss_match_statement": []
                  }
                ],
                "visibility_config": [
                  {
                    "cloudwatch_metrics_enabled": true,
                    "metric_name": "wsc2026-waf-AWSManagedRulesSQLiRuleSet",
                    "sampled_requests_enabled": true
                  }
                ]
              },
              {
                "action": [],
                "captcha_config": [],
                "challenge_config": [],
                "name": "AWSanagedRulesCommonRuleSet",
                "override_action": [
                  {
                    "count": [],
                    "none": [
                      {}
                    ]
                  }
                ],
                "priority": 10,
                "rule_label": [],
                "statement": [
                  {
                    "and_statement": [],
                    "asn_match_statement": [],
                    "byte_match_statement": [],
                    "geo_match_statement": [],
                    "ip_set_reference_statement": [],
                    "label_match_statement": [],
                    "managed_rule_group_statement": [
                      {
                        "managed_rule_group_configs": [],
                        "name": "AWSManagedRulesCommonRuleSet",
                        "rule_action_override": [],
                        "scope_down_statement": [],
                        "vendor_name": "AWS",
                        "version": ""
                      }
                    ],
                    "not_statement": [],
                    "or_statement": [],
                    "rate_based_statement": [],
                    "regex_match_statement": [],
                    "regex_pattern_set_reference_statement": [],
                    "rule_group_reference_statement": [],
                    "size_constraint_statement": [],
                    "sqli_match_statement": [],
                    "xss_match_statement": []
                  }
                ],
                "visibility_config": [
                  {
                    "cloudwatch_metrics_enabled": true,
                    "metric_name": "wsc2026-waf-AWSanagedRulesCommonRuleSet",
                    "sampled_requests_enabled": true
                  }
                ]
              }
            ],
            "rule_json": null,
            "scope": "CLOUDFRONT",
            "tags": {
              "Name": "wsc2026-waf"
            },
            "tags_all": {
              "Name": "wsc2026-waf"
            },
            "token_domains": null,
            "visibility_config": [
              {
                "cloudwatch_metrics_enabled": true,
                "metric_name": "wsc2026-waf",
                "sampled_requests_enabled": true
              }
            ]
          },
          "sensitive_attributes": [],
          "identity_schema_version": 0,
          "private": "bnVsbA=="
        }
      ]
    }
  ],
  "check_results": null
}
