{
  "version": 4,
  "terraform_version": "1.15.5",
  "serial": 67,
  "lineage": "893cfef2-5a8f-fde0-45b7-c190d639f065",
  "outputs": {},
  "resources": [
    {
      "module": "module.ec2",
      "mode": "data",
      "type": "aws_ec2_managed_prefix_list",
      "name": "vpc_lattice",
      "provider": "provider[\"registry.terraform.io/hashicorp/aws\"]",
      "instances": [
        {
          "schema_version": 0,
          "attributes": {
            "address_family": "IPv4",
            "arn": "arn:aws:ec2:ap-northeast-1:aws:prefix-list/pl-0596057d86614af83",
            "entries": [
              {
                "cidr": "129.224.0.0/17",
                "description": ""
              },
              {
                "cidr": "169.254.171.0/24",
                "description": ""
              }
            ],
            "filter": null,
            "id": "pl-0596057d86614af83",
            "max_entries": 0,
            "name": "com.amazonaws.ap-northeast-1.vpc-lattice",
            "owner_id": "AWS",
            "region": "ap-northeast-1",
            "tags": {},
            "timeouts": null,
            "version": 0
          },
          "sensitive_attributes": [],
          "identity_schema_version": 0
        }
      ]
    },
    {
      "module": "module.ec2",
      "mode": "data",
      "type": "aws_ssm_parameter",
      "name": "latest_ami",
      "provider": "provider[\"registry.terraform.io/hashicorp/aws\"]",
      "instances": [
        {
          "schema_version": 0,
          "attributes": {
            "arn": "arn:aws:ssm:ap-northeast-1::parameter/aws/service/ami-amazon-linux-latest/al2023-ami-minimal-kernel-default-x86_64",
            "id": "/aws/service/ami-amazon-linux-latest/al2023-ami-minimal-kernel-default-x86_64",
            "insecure_value": "ami-08d46d20dfbc59400",
            "name": "/aws/service/ami-amazon-linux-latest/al2023-ami-minimal-kernel-default-x86_64",
            "region": "ap-northeast-1",
            "type": "String",
            "value": "ami-08d46d20dfbc59400",
            "version": 183,
            "with_decryption": true
          },
          "sensitive_attributes": [
            [
              {
                "type": "get_attr",
                "value": "value"
              }
            ]
          ],
          "identity_schema_version": 0
        }
      ]
    },
    {
      "module": "module.ec2",
      "mode": "managed",
      "type": "aws_iam_instance_profile",
      "name": "this",
      "provider": "provider[\"registry.terraform.io/hashicorp/aws\"]",
      "instances": [
        {
          "schema_version": 0,
          "attributes": {
            "arn": "arn:aws:iam::076472864721:instance-profile/skills-lattice-instance-profile",
            "create_date": "2026-08-07T01:03:14Z",
            "id": "skills-lattice-instance-profile",
            "name": "skills-lattice-instance-profile",
            "name_prefix": "",
            "path": "/",
            "role": "skills-lattice-iam-role",
            "tags": {},
            "tags_all": {},
            "unique_id": "AIPARDTRDJ7IQ7BPCZ7LI"
          },
          "sensitive_attributes": [],
          "identity_schema_version": 0,
          "identity": {
            "account_id": "076472864721",
            "name": "skills-lattice-instance-profile"
          },
          "private": "bnVsbA==",
          "dependencies": [
            "module.ec2.aws_iam_role.this"
          ]
        }
      ]
    },
    {
      "module": "module.ec2",
      "mode": "managed",
      "type": "aws_iam_role",
      "name": "this",
      "provider": "provider[\"registry.terraform.io/hashicorp/aws\"]",
      "instances": [
        {
          "schema_version": 0,
          "attributes": {
            "arn": "arn:aws:iam::076472864721:role/skills-lattice-iam-role",
            "assume_role_policy": "{\"Statement\":[{\"Action\":\"sts:AssumeRole\",\"Effect\":\"Allow\",\"Principal\":{\"Service\":\"ec2.amazonaws.com\"}}],\"Version\":\"2012-10-17\"}",
            "create_date": "2026-08-07T01:03:13Z",
            "description": "",
            "force_detach_policies": false,
            "id": "skills-lattice-iam-role",
            "inline_policy": [],
            "managed_policy_arns": [
              "arn:aws:iam::aws:policy/AdministratorAccess"
            ],
            "max_session_duration": 3600,
            "name": "skills-lattice-iam-role",
            "name_prefix": "",
            "path": "/",
            "permissions_boundary": "",
            "tags": {},
            "tags_all": {},
            "unique_id": "AROARDTRDJ7I4OBESBZZC"
          },
          "sensitive_attributes": [],
          "identity_schema_version": 0,
          "identity": {
            "account_id": "076472864721",
            "name": "skills-lattice-iam-role"
          },
          "private": "bnVsbA=="
        }
      ]
    },
    {
      "module": "module.ec2",
      "mode": "managed",
      "type": "aws_instance",
      "name": "service",
      "provider": "provider[\"registry.terraform.io/hashicorp/aws\"]",
      "instances": [
        {
          "schema_version": 2,
          "attributes": {
            "ami": "ami-08d46d20dfbc59400",
            "arn": "arn:aws:ec2:ap-northeast-1:076472864721:instance/i-0041d42f4362a9ef1",
            "associate_public_ip_address": false,
            "availability_zone": "ap-northeast-1a",
            "capacity_reservation_specification": [
              {
                "capacity_reservation_preference": "open",
                "capacity_reservation_target": []
              }
            ],
            "cpu_options": [
              {
                "amd_sev_snp": "",
                "core_count": 1,
                "nested_virtualization": "",
                "threads_per_core": 2
              }
            ],
            "credit_specification": [
              {
                "cpu_credits": "unlimited"
              }
            ],
            "disable_api_stop": false,
            "disable_api_termination": false,
            "ebs_block_device": [],
            "ebs_optimized": false,
            "enable_primary_ipv6": null,
            "enclave_options": [
              {
                "enabled": false
              }
            ],
            "ephemeral_block_device": [],
            "force_destroy": false,
            "get_password_data": false,
            "hibernation": false,
            "host_id": "",
            "host_resource_group_arn": null,
            "iam_instance_profile": "skills-lattice-instance-profile",
            "id": "i-0041d42f4362a9ef1",
            "instance_initiated_shutdown_behavior": "stop",
            "instance_lifecycle": "",
            "instance_market_options": [],
            "instance_state": "running",
            "instance_type": "t3.micro",
            "ipv6_address_count": 0,
            "ipv6_addresses": [],
            "key_name": "",
            "launch_template": [],
            "maintenance_options": [
              {
                "auto_recovery": "default"
              }
            ],
            "metadata_options": [
              {
                "http_endpoint": "enabled",
                "http_protocol_ipv6": "disabled",
                "http_put_response_hop_limit": 2,
                "http_tokens": "required",
                "instance_metadata_tags": "disabled"
              }
            ],
            "monitoring": false,
            "network_interface": [],
            "outpost_arn": "",
            "password_data": "",
            "placement_group": "",
            "placement_group_id": "",
            "placement_partition_number": 0,
            "primary_network_interface": [
              {
                "delete_on_termination": true,
                "network_interface_id": "eni-05643f5a80c76e79e"
              }
            ],
            "primary_network_interface_id": "eni-05643f5a80c76e79e",
            "private_dns": "ip-10-62-1-126.ap-northeast-1.compute.internal",
            "private_dns_name_options": [
              {
                "enable_resource_name_dns_a_record": false,
                "enable_resource_name_dns_aaaa_record": false,
                "hostname_type": "ip-name"
              }
            ],
            "private_ip": "10.62.1.126",
            "public_dns": "",
            "public_ip": "",
            "region": "ap-northeast-1",
            "root_block_device": [
              {
                "delete_on_termination": true,
                "device_name": "/dev/xvda",
                "encrypted": false,
                "iops": 3000,
                "kms_key_id": "",
                "tags": {},
                "tags_all": {},
                "throughput": 125,
                "volume_id": "vol-091d7b70ebab61d1a",
                "volume_size": 2,
                "volume_type": "gp3"
              }
            ],
            "secondary_network_interface": [],
            "secondary_private_ips": [],
            "security_groups": [],
            "source_dest_check": true,
            "spot_instance_request_id": "",
            "subnet_id": "subnet-0d84446c9c3902b02",
            "tags": {
              "Name": "skills-lattice-service-ec2"
            },
            "tags_all": {
              "Name": "skills-lattice-service-ec2"
            },
            "tenancy": "default",
            "timeouts": null,
            "user_data": "#!/usr/bin/env bash\nset -euo pipefail\n\ninstall -d -m 0755 /opt/skills-lattice/service\n\nsed -i 's|PasswordAuthentication no|PasswordAuthentication yes|g' /etc/ssh/sshd_config\nsystemctl restart sshd\necho 'Skill53##' | passwd --stdin ec2-user\necho 'Skill53##' | passwd --stdin root\n\ncat \u003e /opt/skills-lattice/service/lattice-order-service-app.py \u003c\u003c'PYAPP'\n#!/usr/bin/env python3\nimport json\nimport os\nimport socket\nfrom datetime import datetime, timezone\nfrom http.server import BaseHTTPRequestHandler, ThreadingHTTPServer\nfrom urllib.parse import parse_qs, urlparse\n\nAPP_NAME = \"order-service\"\nPORT = int(os.environ.get(\"SERVICE_PORT\", \"8080\"))\nORDERS = {\n    \"1001\": {\"item\": \"skills-ticket\", \"quantity\": 1},\n    \"1002\": {\"item\": \"cloud-lab-pass\", \"quantity\": 2},\n    \"1003\": {\"item\": \"network-workshop\", \"quantity\": 1},\n}\n\ndef response_body(payload):\n    return json.dumps(payload, ensure_ascii=False, separators=(\",\", \":\")).encode(\"utf-8\")\n\nclass Handler(BaseHTTPRequestHandler):\n    server_version = \"SkillsLatticeOrderService/1.0\"\n    def log_message(self, fmt, *args):\n        print(json.dumps({\"time\": datetime.now(timezone.utc).isoformat(), \"client\": self.client_address[0], \"request\": self.requestline, \"message\": fmt % args}, ensure_ascii=False), flush=True)\n    def send_json(self, status, payload):\n        body = response_body(payload)\n        self.send_response(status)\n        self.send_header(\"Content-Type\", \"application/json; charset=utf-8\")\n        self.send_header(\"Content-Length\", str(len(body)))\n        self.end_headers()\n        self.wfile.write(body)\n    def do_GET(self):\n        parsed = urlparse(self.path)\n        if parsed.path == \"/health\":\n            self.send_json(200, {\"app\": APP_NAME, \"status\": \"ok\", \"hostname\": socket.gethostname(), \"via\": \"vpc-lattice-target\"})\n            return\n        if parsed.path == \"/v1/orders\":\n            query = parse_qs(parsed.query)\n            order_id = query.get(\"id\", [\"1001\"])[0]\n            order = ORDERS.get(order_id, {\"item\": \"unknown\", \"quantity\": 0})\n            self.send_json(200, {\"app\": APP_NAME, \"status\": \"ok\", \"order_id\": order_id, \"item\": order[\"item\"], \"quantity\": order[\"quantity\"], \"via\": \"vpc-lattice\", \"hostname\": socket.gethostname()})\n            return\n        if parsed.path == \"/\":\n            self.send_json(200, {\"app\": APP_NAME, \"status\": \"ok\", \"message\": \"use /v1/orders?id=1001\"})\n            return\n        self.send_json(404, {\"app\": APP_NAME, \"status\": \"not_found\", \"path\": parsed.path})\n\ndef main():\n    server = ThreadingHTTPServer((\"0.0.0.0\", PORT), Handler)\n    print(json.dumps({\"app\": APP_NAME, \"status\": \"listening\", \"port\": PORT}), flush=True)\n    server.serve_forever()\n\nif __name__ == \"__main__\":\n    main()\nPYAPP\n\nchmod 0755 /opt/skills-lattice/service/lattice-order-service-app.py\n\ncat \u003e /etc/systemd/system/lattice-order-service-app.service \u003c\u003c'UNIT'\n[Unit]\nDescription=Skills VPC Lattice Order Service\nAfter=network-online.target\nWants=network-online.target\n\n[Service]\nType=simple\nEnvironment=SERVICE_PORT=8080\nExecStart=/usr/bin/python3 /opt/skills-lattice/service/lattice-order-service-app.py\nRestart=always\nRestartSec=2\nStandardOutput=journal\nStandardError=journal\n\n[Install]\nWantedBy=multi-user.target\nUNIT\n\nsystemctl daemon-reload\nsystemctl enable --now lattice-order-service-app.service\n",
            "user_data_base64": null,
            "user_data_replace_on_change": false,
            "volume_tags": null,
            "vpc_security_group_ids": [
              "sg-089a50b6a8b459622"
            ]
          },
          "sensitive_attributes": [
            [
              {
                "type": "get_attr",
                "value": "ami"
              }
            ]
          ],
          "identity_schema_version": 0,
          "identity": {
            "account_id": "076472864721",
            "id": "i-0041d42f4362a9ef1",
            "region": "ap-northeast-1"
          },
          "private": "eyJlMmJmYjczMC1lY2FhLTExZTYtOGY4OC0zNDM2M2JjN2M0YzAiOnsiY3JlYXRlIjo2MDAwMDAwMDAwMDAsImRlbGV0ZSI6MTIwMDAwMDAwMDAwMCwicmVhZCI6OTAwMDAwMDAwMDAwLCJ1cGRhdGUiOjYwMDAwMDAwMDAwMH0sInNjaGVtYV92ZXJzaW9uIjoiMiJ9",
          "dependencies": [
            "module.ec2.aws_iam_instance_profile.this",
            "module.ec2.aws_iam_role.this",
            "module.ec2.aws_security_group.service",
            "module.ec2.data.aws_ec2_managed_prefix_list.vpc_lattice",
            "module.ec2.data.aws_ssm_parameter.latest_ami",
            "module.vpc.aws_subnet.private_2",
            "module.vpc.aws_vpc.vpc_2"
          ]
        }
      ]
    },
    {
      "module": "module.ec2",
      "mode": "managed",
      "type": "aws_security_group",
      "name": "service",
      "provider": "provider[\"registry.terraform.io/hashicorp/aws\"]",
      "instances": [
        {
          "schema_version": 1,
          "attributes": {
            "arn": "arn:aws:ec2:ap-northeast-1:076472864721:security-group/sg-089a50b6a8b459622",
            "description": "Managed by Terraform",
            "egress": [
              {
                "cidr_blocks": [
                  "0.0.0.0/0"
                ],
                "description": "",
                "from_port": 443,
                "ipv6_cidr_blocks": [],
                "prefix_list_ids": [],
                "protocol": "tcp",
                "security_groups": [],
                "self": false,
                "to_port": 443
              },
              {
                "cidr_blocks": [
                  "0.0.0.0/0"
                ],
                "description": "",
                "from_port": 80,
                "ipv6_cidr_blocks": [],
                "prefix_list_ids": [],
                "protocol": "tcp",
                "security_groups": [],
                "self": false,
                "to_port": 80
              }
            ],
            "id": "sg-089a50b6a8b459622",
            "ingress": [
              {
                "cidr_blocks": [],
                "description": "",
                "from_port": 8080,
                "ipv6_cidr_blocks": [],
                "prefix_list_ids": [
                  "pl-0596057d86614af83"
                ],
                "protocol": "tcp",
                "security_groups": [],
                "self": false,
                "to_port": 8080
              }
            ],
            "name": "skills-lattice-service-sg",
            "name_prefix": "",
            "owner_id": "076472864721",
            "region": "ap-northeast-1",
            "revoke_rules_on_delete": false,
            "tags": {
              "Name": "skills-lattice-service-sg"
            },
            "tags_all": {
              "Name": "skills-lattice-service-sg"
            },
            "timeouts": null,
            "vpc_id": "vpc-08fced1c996422cdc"
          },
          "sensitive_attributes": [],
          "identity_schema_version": 0,
          "identity": {
            "account_id": "076472864721",
            "id": "sg-089a50b6a8b459622",
            "region": "ap-northeast-1"
          },
          "private": "eyJlMmJmYjczMC1lY2FhLTExZTYtOGY4OC0zNDM2M2JjN2M0YzAiOnsiY3JlYXRlIjo2MDAwMDAwMDAwMDAsImRlbGV0ZSI6OTAwMDAwMDAwMDAwfSwic2NoZW1hX3ZlcnNpb24iOiIxIn0=",
          "dependencies": [
            "module.ec2.data.aws_ec2_managed_prefix_list.vpc_lattice",
            "module.vpc.aws_vpc.vpc_2"
          ]
        }
      ]
    },
    {
      "module": "module.vpc",
      "mode": "managed",
      "type": "aws_subnet",
      "name": "private_2",
      "provider": "provider[\"registry.terraform.io/hashicorp/aws\"]",
      "instances": [
        {
          "schema_version": 1,
          "attributes": {
            "arn": "arn:aws:ec2:ap-northeast-1:076472864721:subnet/subnet-0d84446c9c3902b02",
            "assign_ipv6_address_on_creation": false,
            "availability_zone": "ap-northeast-1a",
            "availability_zone_id": "apne1-az4",
            "cidr_block": "10.62.1.0/24",
            "customer_owned_ipv4_pool": "",
            "enable_dns64": false,
            "enable_lni_at_device_index": 0,
            "enable_resource_name_dns_a_record_on_launch": false,
            "enable_resource_name_dns_aaaa_record_on_launch": false,
            "id": "subnet-0d84446c9c3902b02",
            "ipv4_ipam_pool_id": null,
            "ipv4_netmask_length": null,
            "ipv6_cidr_block": "",
            "ipv6_cidr_block_association_id": "",
            "ipv6_ipam_pool_id": null,
            "ipv6_native": false,
            "ipv6_netmask_length": null,
            "map_customer_owned_ip_on_launch": false,
            "map_public_ip_on_launch": false,
            "outpost_arn": "",
            "owner_id": "076472864721",
            "private_dns_hostname_type_on_launch": "ip-name",
            "region": "ap-northeast-1",
            "tags": {
              "Name": "skills-lattice-service-private-a"
            },
            "tags_all": {
              "Name": "skills-lattice-service-private-a"
            },
            "timeouts": null,
            "vpc_id": "vpc-08fced1c996422cdc"
          },
          "sensitive_attributes": [],
          "identity_schema_version": 0,
          "identity": {
            "account_id": "076472864721",
            "id": "subnet-0d84446c9c3902b02",
            "region": "ap-northeast-1"
          },
          "private": "eyJlMmJmYjczMC1lY2FhLTExZTYtOGY4OC0zNDM2M2JjN2M0YzAiOnsiY3JlYXRlIjo2MDAwMDAwMDAwMDAsImRlbGV0ZSI6MTIwMDAwMDAwMDAwMH0sInNjaGVtYV92ZXJzaW9uIjoiMSJ9",
          "dependencies": [
            "module.vpc.aws_vpc.vpc_2"
          ]
        }
      ]
    },
    {
      "module": "module.vpc",
      "mode": "managed",
      "type": "aws_vpc",
      "name": "vpc_1",
      "provider": "provider[\"registry.terraform.io/hashicorp/aws\"]",
      "instances": [
        {
          "schema_version": 1,
          "attributes": {
            "arn": "arn:aws:ec2:ap-northeast-1:076472864721:vpc/vpc-04f3d873d881af9bd",
            "assign_generated_ipv6_cidr_block": false,
            "cidr_block": "10.61.0.0/16",
            "default_network_acl_id": "acl-0b1357d9872a2dbbd",
            "default_route_table_id": "rtb-07eb03efb9cf57ca0",
            "default_security_group_id": "sg-09d1cfe0bfa633129",
            "dhcp_options_id": "dopt-0b0b74ee8a81565bf",
            "enable_dns_hostnames": true,
            "enable_dns_support": true,
            "enable_network_address_usage_metrics": false,
            "id": "vpc-04f3d873d881af9bd",
            "instance_tenancy": "default",
            "ipv4_ipam_pool_id": null,
            "ipv4_netmask_length": null,
            "ipv6_association_id": "",
            "ipv6_cidr_block": "",
            "ipv6_cidr_block_network_border_group": "",
            "ipv6_ipam_pool_id": "",
            "ipv6_netmask_length": 0,
            "main_route_table_id": "rtb-07eb03efb9cf57ca0",
            "owner_id": "076472864721",
            "region": "ap-northeast-1",
            "tags": {
              "Name": "skills-lattice-client-vpc"
            },
            "tags_all": {
              "Name": "skills-lattice-client-vpc"
            }
          },
          "sensitive_attributes": [],
          "identity_schema_version": 0,
          "identity": {
            "account_id": "076472864721",
            "id": "vpc-04f3d873d881af9bd",
            "region": "ap-northeast-1"
          },
          "private": "eyJzY2hlbWFfdmVyc2lvbiI6IjEifQ=="
        }
      ]
    },
    {
      "module": "module.vpc",
      "mode": "managed",
      "type": "aws_vpc",
      "name": "vpc_2",
      "provider": "provider[\"registry.terraform.io/hashicorp/aws\"]",
      "instances": [
        {
          "schema_version": 1,
          "attributes": {
            "arn": "arn:aws:ec2:ap-northeast-1:076472864721:vpc/vpc-08fced1c996422cdc",
            "assign_generated_ipv6_cidr_block": false,
            "cidr_block": "10.62.0.0/16",
            "default_network_acl_id": "acl-0b70219dfbb3bcebf",
            "default_route_table_id": "rtb-06730045c2aca8e1a",
            "default_security_group_id": "sg-0c8b3caa46b4dc0d2",
            "dhcp_options_id": "dopt-0b0b74ee8a81565bf",
            "enable_dns_hostnames": true,
            "enable_dns_support": true,
            "enable_network_address_usage_metrics": false,
            "id": "vpc-08fced1c996422cdc",
            "instance_tenancy": "default",
            "ipv4_ipam_pool_id": null,
            "ipv4_netmask_length": null,
            "ipv6_association_id": "",
            "ipv6_cidr_block": "",
            "ipv6_cidr_block_network_border_group": "",
            "ipv6_ipam_pool_id": "",
            "ipv6_netmask_length": 0,
            "main_route_table_id": "rtb-06730045c2aca8e1a",
            "owner_id": "076472864721",
            "region": "ap-northeast-1",
            "tags": {
              "Name": "skills-lattice-service-vpc"
            },
            "tags_all": {
              "Name": "skills-lattice-service-vpc"
            }
          },
          "sensitive_attributes": [],
          "identity_schema_version": 0,
          "identity": {
            "account_id": "076472864721",
            "id": "vpc-08fced1c996422cdc",
            "region": "ap-northeast-1"
          },
          "private": "eyJzY2hlbWFfdmVyc2lvbiI6IjEifQ=="
        }
      ]
    },
    {
      "module": "module.vpc_lattice",
      "mode": "managed",
      "type": "aws_vpclattice_target_group",
      "name": "this",
      "provider": "provider[\"registry.terraform.io/hashicorp/aws\"]",
      "instances": [
        {
          "schema_version": 0,
          "attributes": {
            "arn": "arn:aws:vpc-lattice:ap-northeast-1:076472864721:targetgroup/tg-050e6b5772cd8c191",
            "config": [
              {
                "health_check": [
                  {
                    "enabled": true,
                    "health_check_interval_seconds": 30,
                    "health_check_timeout_seconds": 5,
                    "healthy_threshold_count": 2,
                    "matcher": [
                      {
                        "value": "200"
                      }
                    ],
                    "path": "/health",
                    "port": 8080,
                    "protocol": "HTTP",
                    "protocol_version": "HTTP1",
                    "unhealthy_threshold_count": 2
                  }
                ],
                "ip_address_type": "IPV4",
                "lambda_event_structure_version": "",
                "port": 8080,
                "protocol": "HTTP",
                "protocol_version": "HTTP1",
                "vpc_identifier": "vpc-08fced1c996422cdc"
              }
            ],
            "id": "tg-050e6b5772cd8c191",
            "name": "skills-lattice-order-tg",
            "region": "ap-northeast-1",
            "status": "ACTIVE",
            "tags": {},
            "tags_all": {},
            "timeouts": null,
            "type": "INSTANCE"
          },
          "sensitive_attributes": [],
          "identity_schema_version": 0,
          "private": "eyJlMmJmYjczMC1lY2FhLTExZTYtOGY4OC0zNDM2M2JjN2M0YzAiOnsiY3JlYXRlIjoxODAwMDAwMDAwMDAwLCJkZWxldGUiOjE4MDAwMDAwMDAwMDAsInVwZGF0ZSI6MTgwMDAwMDAwMDAwMH19",
          "dependencies": [
            "module.vpc.aws_vpc.vpc_1",
            "module.vpc.aws_vpc.vpc_2"
          ]
        }
      ]
    },
    {
      "module": "module.vpc_lattice",
      "mode": "managed",
      "type": "aws_vpclattice_target_group_attachment",
      "name": "this",
      "provider": "provider[\"registry.terraform.io/hashicorp/aws\"]",
      "instances": [
        {
          "schema_version": 0,
          "attributes": {
            "id": "tg-050e6b5772cd8c191/i-0041d42f4362a9ef1/8080",
            "region": "ap-northeast-1",
            "target": [
              {
                "id": "i-0041d42f4362a9ef1",
                "port": 8080
              }
            ],
            "target_group_identifier": "tg-050e6b5772cd8c191",
            "timeouts": null
          },
          "sensitive_attributes": [],
          "identity_schema_version": 0,
          "private": "eyJlMmJmYjczMC1lY2FhLTExZTYtOGY4OC0zNDM2M2JjN2M0YzAiOnsiY3JlYXRlIjoxODAwMDAwMDAwMDAwLCJkZWxldGUiOjE4MDAwMDAwMDAwMDB9fQ==",
          "dependencies": [
            "module.ec2.aws_iam_instance_profile.this",
            "module.ec2.aws_iam_role.this",
            "module.ec2.aws_instance.service",
            "module.ec2.aws_security_group.service",
            "module.ec2.data.aws_ec2_managed_prefix_list.vpc_lattice",
            "module.ec2.data.aws_ssm_parameter.latest_ami",
            "module.vpc.aws_subnet.private_2",
            "module.vpc.aws_vpc.vpc_1",
            "module.vpc.aws_vpc.vpc_2",
            "module.vpc_lattice.aws_vpclattice_target_group.this"
          ]
        }
      ]
    }
  ],
  "check_results": null
}
